{
  "version": 4,
  "terraform_version": "1.11.4",
  "serial": 125,
  "lineage": "44f4514a-348c-57e5-6479-8bc17bb85ae0",
  "outputs": {
    "cluster_addons": {
      "value": {
        "aws-ebs-csi-driver": {
          "addon_name": "aws-ebs-csi-driver",
          "addon_version": "v1.54.0-eksbuild.1",
          "arn": "arn:aws:eks:us-east-1:967985385347:addon/bonz-dev/aws-ebs-csi-driver/facde906-1d53-c931-b264-2c66ed00db43",
          "cluster_name": "bonz-dev",
          "configuration_values": "{\"controller\":{\"tolerations\":[{\"effect\":\"NoSchedule\",\"key\":\"dedicated\",\"operator\":\"Equal\",\"value\":\"general\"}]},\"node\":{\"tolerations\":[{\"effect\":\"NoSchedule\",\"key\":\"dedicated\",\"operator\":\"Equal\",\"value\":\"general\"},{\"effect\":\"NoSchedule\",\"key\":\"voip-environment\",\"operator\":\"Exists\"}]}}",
          "created_at": "2026-01-18T16:59:36Z",
          "id": "bonz-dev:aws-ebs-csi-driver",
          "modified_at": "2026-01-18T17:00:17Z",
          "pod_identity_association": [
            {
              "role_arn": "arn:aws:iam::967985385347:role/bonz-dev-ebs-csi-driver",
              "service_account": "ebs-csi-controller-sa"
            }
          ],
          "preserve": true,
          "region": "us-east-1",
          "resolve_conflicts_on_create": "NONE",
          "resolve_conflicts_on_update": "OVERWRITE",
          "service_account_role_arn": "",
          "tags": {
            "ClusterName": "bonz-dev",
            "Environment": "dev",
            "ManagedBy": "terraform",
            "Project": "bonz-dev"
          },
          "tags_all": {
            "ClusterName": "bonz-dev",
            "Environment": "dev",
            "ManagedBy": "terraform",
            "Project": "bonz-dev"
          },
          "timeouts": {
            "create": null,
            "delete": null,
            "update": null
          }
        },
        "coredns": {
          "addon_name": "coredns",
          "addon_version": "v1.12.4-eksbuild.1",
          "arn": "arn:aws:eks:us-east-1:967985385347:addon/bonz-dev/coredns/dacde906-1d52-dfb1-53d6-d430d0144732",
          "cluster_name": "bonz-dev",
          "configuration_values": "{\"tolerations\":[{\"effect\":\"NoSchedule\",\"key\":\"dedicated\",\"operator\":\"Equal\",\"value\":\"general\"}]}",
          "created_at": "2026-01-18T16:59:35Z",
          "id": "bonz-dev:coredns",
          "modified_at": "2026-01-18T17:00:19Z",
          "pod_identity_association": [],
          "preserve": true,
          "region": "us-east-1",
          "resolve_conflicts_on_create": "NONE",
          "resolve_conflicts_on_update": "OVERWRITE",
          "service_account_role_arn": "",
          "tags": {
            "ClusterName": "bonz-dev",
            "Environment": "dev",
            "ManagedBy": "terraform",
            "Project": "bonz-dev"
          },
          "tags_all": {
            "ClusterName": "bonz-dev",
            "Environment": "dev",
            "ManagedBy": "terraform",
            "Project": "bonz-dev"
          },
          "timeouts": {
            "create": null,
            "delete": null,
            "update": null
          }
        },
        "eks-pod-identity-agent": {
          "addon_name": "eks-pod-identity-agent",
          "addon_version": "v1.3.10-eksbuild.2",
          "arn": "arn:aws:eks:us-east-1:967985385347:addon/bonz-dev/eks-pod-identity-agent/24cde905-1c7b-b696-44c2-f3928f207c7e",
          "cluster_name": "bonz-dev",
          "configuration_values": "",
          "created_at": "2026-01-18T16:57:24Z",
          "id": "bonz-dev:eks-pod-identity-agent",
          "modified_at": "2026-01-18T16:57:40Z",
          "pod_identity_association": [],
          "preserve": true,
          "region": "us-east-1",
          "resolve_conflicts_on_create": "NONE",
          "resolve_conflicts_on_update": "OVERWRITE",
          "service_account_role_arn": "",
          "tags": {
            "ClusterName": "bonz-dev",
            "Environment": "dev",
            "ManagedBy": "terraform",
            "Project": "bonz-dev"
          },
          "tags_all": {
            "ClusterName": "bonz-dev",
            "Environment": "dev",
            "ManagedBy": "terraform",
            "Project": "bonz-dev"
          },
          "timeouts": {
            "create": null,
            "delete": null,
            "update": null
          }
        },
        "kube-proxy": {
          "addon_name": "kube-proxy",
          "addon_version": "v1.33.7-eksbuild.2",
          "arn": "arn:aws:eks:us-east-1:967985385347:addon/bonz-dev/kube-proxy/18cde906-1d55-6891-7b1d-3102093fb4c0",
          "cluster_name": "bonz-dev",
          "configuration_values": "",
          "created_at": "2026-01-18T16:59:35Z",
          "id": "bonz-dev:kube-proxy",
          "modified_at": "2026-01-18T16:59:52Z",
          "pod_identity_association": [],
          "preserve": true,
          "region": "us-east-1",
          "resolve_conflicts_on_create": "NONE",
          "resolve_conflicts_on_update": "OVERWRITE",
          "service_account_role_arn": "",
          "tags": {
            "ClusterName": "bonz-dev",
            "Environment": "dev",
            "ManagedBy": "terraform",
            "Project": "bonz-dev"
          },
          "tags_all": {
            "ClusterName": "bonz-dev",
            "Environment": "dev",
            "ManagedBy": "terraform",
            "Project": "bonz-dev"
          },
          "timeouts": {
            "create": null,
            "delete": null,
            "update": null
          }
        },
        "vpc-cni": {
          "addon_name": "vpc-cni",
          "addon_version": "v1.21.1-eksbuild.1",
          "arn": "arn:aws:eks:us-east-1:967985385347:addon/bonz-dev/vpc-cni/72cde905-1c7b-b9aa-ae3d-79437a8fa865",
          "cluster_name": "bonz-dev",
          "configuration_values": "",
          "created_at": "2026-01-18T16:57:24Z",
          "id": "bonz-dev:vpc-cni",
          "modified_at": "2026-01-18T16:57:32Z",
          "pod_identity_association": [],
          "preserve": true,
          "region": "us-east-1",
          "resolve_conflicts_on_create": "NONE",
          "resolve_conflicts_on_update": "OVERWRITE",
          "service_account_role_arn": "",
          "tags": {
            "ClusterName": "bonz-dev",
            "Environment": "dev",
            "ManagedBy": "terraform",
            "Project": "bonz-dev"
          },
          "tags_all": {
            "ClusterName": "bonz-dev",
            "Environment": "dev",
            "ManagedBy": "terraform",
            "Project": "bonz-dev"
          },
          "timeouts": {
            "create": null,
            "delete": null,
            "update": null
          }
        }
      },
      "type": [
        "object",
        {
          "aws-ebs-csi-driver": [
            "object",
            {
              "addon_name": "string",
              "addon_version": "string",
              "arn": "string",
              "cluster_name": "string",
              "configuration_values": "string",
              "created_at": "string",
              "id": "string",
              "modified_at": "string",
              "pod_identity_association": [
                "set",
                [
                  "object",
                  {
                    "role_arn": "string",
                    "service_account": "string"
                  }
                ]
              ],
              "preserve": "bool",
              "region": "string",
              "resolve_conflicts_on_create": "string",
              "resolve_conflicts_on_update": "string",
              "service_account_role_arn": "string",
              "tags": [
                "map",
                "string"
              ],
              "tags_all": [
                "map",
                "string"
              ],
              "timeouts": [
                "object",
                {
                  "create": "string",
                  "delete": "string",
                  "update": "string"
                }
              ]
            }
          ],
          "coredns": [
            "object",
            {
              "addon_name": "string",
              "addon_version": "string",
              "arn": "string",
              "cluster_name": "string",
              "configuration_values": "string",
              "created_at": "string",
              "id": "string",
              "modified_at": "string",
              "pod_identity_association": [
                "set",
                [
                  "object",
                  {
                    "role_arn": "string",
                    "service_account": "string"
                  }
                ]
              ],
              "preserve": "bool",
              "region": "string",
              "resolve_conflicts_on_create": "string",
              "resolve_conflicts_on_update": "string",
              "service_account_role_arn": "string",
              "tags": [
                "map",
                "string"
              ],
              "tags_all": [
                "map",
                "string"
              ],
              "timeouts": [
                "object",
                {
                  "create": "string",
                  "delete": "string",
                  "update": "string"
                }
              ]
            }
          ],
          "eks-pod-identity-agent": [
            "object",
            {
              "addon_name": "string",
              "addon_version": "string",
              "arn": "string",
              "cluster_name": "string",
              "configuration_values": "string",
              "created_at": "string",
              "id": "string",
              "modified_at": "string",
              "pod_identity_association": [
                "set",
                [
                  "object",
                  {
                    "role_arn": "string",
                    "service_account": "string"
                  }
                ]
              ],
              "preserve": "bool",
              "region": "string",
              "resolve_conflicts_on_create": "string",
              "resolve_conflicts_on_update": "string",
              "service_account_role_arn": "string",
              "tags": [
                "map",
                "string"
              ],
              "tags_all": [
                "map",
                "string"
              ],
              "timeouts": [
                "object",
                {
                  "create": "string",
                  "delete": "string",
                  "update": "string"
                }
              ]
            }
          ],
          "kube-proxy": [
            "object",
            {
              "addon_name": "string",
              "addon_version": "string",
              "arn": "string",
              "cluster_name": "string",
              "configuration_values": "string",
              "created_at": "string",
              "id": "string",
              "modified_at": "string",
              "pod_identity_association": [
                "set",
                [
                  "object",
                  {
                    "role_arn": "string",
                    "service_account": "string"
                  }
                ]
              ],
              "preserve": "bool",
              "region": "string",
              "resolve_conflicts_on_create": "string",
              "resolve_conflicts_on_update": "string",
              "service_account_role_arn": "string",
              "tags": [
                "map",
                "string"
              ],
              "tags_all": [
                "map",
                "string"
              ],
              "timeouts": [
                "object",
                {
                  "create": "string",
                  "delete": "string",
                  "update": "string"
                }
              ]
            }
          ],
          "vpc-cni": [
            "object",
            {
              "addon_name": "string",
              "addon_version": "string",
              "arn": "string",
              "cluster_name": "string",
              "configuration_values": "string",
              "created_at": "string",
              "id": "string",
              "modified_at": "string",
              "pod_identity_association": [
                "set",
                [
                  "object",
                  {
                    "role_arn": "string",
                    "service_account": "string"
                  }
                ]
              ],
              "preserve": "bool",
              "region": "string",
              "resolve_conflicts_on_create": "string",
              "resolve_conflicts_on_update": "string",
              "service_account_role_arn": "string",
              "tags": [
                "map",
                "string"
              ],
              "tags_all": [
                "map",
                "string"
              ],
              "timeouts": [
                "object",
                {
                  "create": "string",
                  "delete": "string",
                  "update": "string"
                }
              ]
            }
          ]
        }
      ]
    },
    "cluster_arn": {
      "value": "arn:aws:eks:us-east-1:967985385347:cluster/bonz-dev",
      "type": "string"
    },
    "cluster_certificate_authority_data": {
      "value": "LS0tLS1CRUdJTiBDRVJUSUZJQ0FURS0tLS0tCk1JSURCVENDQWUyZ0F3SUJBZ0lJVC94bllCcVFpUkV3RFFZSktvWklodmNOQVFFTEJRQXdGVEVUTUJFR0ExVUUKQXhNS2EzVmlaWEp1WlhSbGN6QWVGdzB5TmpBeE1UZ3hOalEzTlRCYUZ3MHpOakF4TVRZeE5qVXlOVEJhTUJVeApFekFSQmdOVkJBTVRDbXQxWW1WeWJtVjBaWE13Z2dFaU1BMEdDU3FHU0liM0RRRUJBUVVBQTRJQkR3QXdnZ0VLCkFvSUJBUUNxczh3V3ArTlowOGpQcGM0UHBXTUIrbEtYT3p0NUJwYTFTZHA4aUhkZUdUeGQ3Mm5ETVRqMnloMmgKdHc5Tkw4MkZJYm9FeXFBU0hvMjROUENkUW55OUJrdHVtb0c2YlBGa2drdGUvSXdTN1B1THVtam82N0FXN2FZNwoyajJXbEFiY1ZMeHFRYnQwRmU0ejl1WUdLa2hkZk95MnhmeXlBVzlFVWJIT2phUjRsMytqb1ZpRVUwTnpJR0pzCkp0VEZaZVEwaForK3FVNkYyanNZZGJxMXJyOExuR2xoWU9WRlJudVRLc1BDZE1JNXoySGk3ZC85bWRVdjJqbnoKNDZBVVJqOFp3R3VJN1RsWkZLS3BKOGRZUG1LNzBFbWRBKzBEMy9VWVZNN0l6YjBrdkI5OS9Fa01OYVVkdC9GcwpEeFljYUlVUWc3SXVDaGcyWGtlNTdNYlh2cGZiQWdNQkFBR2pXVEJYTUE0R0ExVWREd0VCL3dRRUF3SUNwREFQCkJnTlZIUk1CQWY4RUJUQURBUUgvTUIwR0ExVWREZ1FXQkJUdURqd3hCM2psUFFJVU5pMFQ4ZmZhWWVWcGNqQVYKQmdOVkhSRUVEakFNZ2dwcmRXSmxjbTVsZEdWek1BMEdDU3FHU0liM0RRRUJDd1VBQTRJQkFRQTdTTkJCTG5qdgp4NUlocUhrOEZ0SFlSaTIvL2Y3SzdPS1RXOVE1bUkwc2UvbW91bm1pOEZJbkRDYUVBcXc0b0dzT204RmVKRTlVCnVXWVV2cUFQdVh3N3A5bHpmYXpTVGpKY3QzclpUL3QwVHhpYnpvOUd3ZnYxZnhDQllVTkRmZSsrbExBMUxDWHQKRUNPTDNZNEU3blNnKzg0YWhqWVhSbEhTUmEyK2tmZzBzdVRRdWwxZXI5WkZEVEVITFp1WUYvdHVQSnNVNnh5RQp3OUdUdjFwdjFpMWtmaTFOakhSMXMySXRWcTJvQlFEOGVESWdXL0tUMXFLQmRlcFJpc0dGQ0dRbk03N0R5VUZmCjQwTzZjM2xoa0IxNU5Qc280ZTl2NFVKQjVPaU5EQTFaSk5XMklVbUtTLzNwMlJSeklhbGVGU1M3Y1VwS1JIYncKOGlBTThxVWc0Y1JECi0tLS0tRU5EIENFUlRJRklDQVRFLS0tLS0K",
      "type": "string"
    },
    "cluster_endpoint": {
      "value": "https://7B4EE0A7F1738B0BD41BDC24718AA11F.gr7.us-east-1.eks.amazonaws.com",
      "type": "string"
    },
    "cluster_iam_role_arn": {
      "value": "arn:aws:iam::967985385347:role/bonz-dev-cluster-20260118164756555300000002",
      "type": "string"
    },
    "cluster_iam_role_name": {
      "value": "bonz-dev-cluster-20260118164756555300000002",
      "type": "string"
    },
    "cluster_name": {
      "value": "bonz-dev",
      "type": "string"
    },
    "cluster_oidc_issuer_url": {
      "value": "https://oidc.eks.us-east-1.amazonaws.com/id/7B4EE0A7F1738B0BD41BDC24718AA11F",
      "type": "string"
    },
    "cluster_platform_version": {
      "value": "eks.24",
      "type": "string"
    },
    "cluster_primary_security_group_id": {
      "value": "sg-05ad83677f3c1c7e8",
      "type": "string"
    },
    "cluster_security_group_arn": {
      "value": "arn:aws:ec2:us-east-1:967985385347:security-group/sg-0f9ae2545db4e90cb",
      "type": "string"
    },
    "cluster_security_group_id": {
      "value": "sg-0f9ae2545db4e90cb",
      "type": "string"
    },
    "cluster_status": {
      "value": "ACTIVE",
      "type": "string"
    },
    "configure_kubectl": {
      "value": "aws eks update-kubeconfig --region us-east-1 --name bonz-dev --profile suadmin",
      "type": "string"
    },
    "ebs_csi_driver_role_arn": {
      "value": "arn:aws:iam::967985385347:role/bonz-dev-ebs-csi-driver",
      "type": "string"
    },
    "node_security_group_arn": {
      "value": "arn:aws:ec2:us-east-1:967985385347:security-group/sg-07043cef3cc4aaa20",
      "type": "string"
    },
    "node_security_group_id": {
      "value": "sg-07043cef3cc4aaa20",
      "type": "string"
    },
    "oidc_provider": {
      "value": "oidc.eks.us-east-1.amazonaws.com/id/7B4EE0A7F1738B0BD41BDC24718AA11F",
      "type": "string"
    },
    "oidc_provider_arn": {
      "value": "arn:aws:iam::967985385347:oidc-provider/oidc.eks.us-east-1.amazonaws.com/id/7B4EE0A7F1738B0BD41BDC24718AA11F",
      "type": "string"
    },
    "self_managed_node_groups": {
      "value": {
        "general": {
          "access_entry_arn": "arn:aws:eks:us-east-1:967985385347:access-entry/bonz-dev/role/967985385347/workers-general-node-group-20260118164757002600000007/0ecde905-5706-e3f8-e407-1d6ce7f6b37d",
          "autoscaling_group_arn": "arn:aws:autoscaling:us-east-1:967985385347:autoScalingGroup:7e4a707b-04cc-40e1-8601-d3c95b1d99a1:autoScalingGroupName/workers-general-2026011816580028420000001b",
          "autoscaling_group_availability_zones": [
            "us-east-1a",
            "us-east-1b"
          ],
          "autoscaling_group_default_cooldown": 300,
          "autoscaling_group_desired_capacity": 6,
          "autoscaling_group_health_check_grace_period": 300,
          "autoscaling_group_health_check_type": "EC2",
          "autoscaling_group_id": "workers-general-2026011816580028420000001b",
          "autoscaling_group_max_size": 6,
          "autoscaling_group_min_size": 0,
          "autoscaling_group_name": "workers-general-2026011816580028420000001b",
          "autoscaling_group_vpc_zone_identifier": [
            "subnet-047f82639e56e29eb",
            "subnet-086ed49666f6a0f04"
          ],
          "iam_instance_profile_arn": "arn:aws:iam::967985385347:instance-profile/workers-general-node-group-20260118164757351300000008",
          "iam_instance_profile_id": "workers-general-node-group-20260118164757351300000008",
          "iam_instance_profile_unique": "AIPA6CYDMZ6BUQBRRQSJY",
          "iam_role_arn": "arn:aws:iam::967985385347:role/workers-general-node-group-20260118164757002600000007",
          "iam_role_name": "workers-general-node-group-20260118164757002600000007",
          "iam_role_unique_id": "AROA6CYDMZ6BSMX3ZSGQS",
          "image_id": "ami-057056864e83ba9df",
          "launch_template_arn": "arn:aws:ec2:us-east-1:967985385347:launch-template/lt-0e03fc6298a1ff44f",
          "launch_template_id": "lt-0e03fc6298a1ff44f",
          "launch_template_latest_version": 1,
          "launch_template_name": "general-20260118165754246300000017",
          "security_group_arn": null,
          "security_group_id": null,
          "user_data": "Q29udGVudC1UeXBlOiBtdWx0aXBhcnQvbWl4ZWQ7IGJvdW5kYXJ5PSJNSU1FQk9VTkRBUlkiCk1JTUUtVmVyc2lvbjogMS4wDQoNCi0tTUlNRUJPVU5EQVJZDQpDb250ZW50LVRyYW5zZmVyLUVuY29kaW5nOiA3Yml0DQpDb250ZW50LVR5cGU6IGFwcGxpY2F0aW9uL25vZGUuZWtzLmF3cw0KTWltZS1WZXJzaW9uOiAxLjANCg0KLS0tCmFwaVZlcnNpb246IG5vZGUuZWtzLmF3cy92MWFscGhhMQpraW5kOiBOb2RlQ29uZmlnCnNwZWM6CiAga3ViZWxldDoKICAgIGZsYWdzOgogICAgICAtIC0tbm9kZS1sYWJlbHM9d29ya2xvYWQ9Z2VuZXJhbCxlbnZpcm9ubWVudD1kZXYsbGlmZWN5Y2xlPW1peGVkCiAgICBjb25maWc6CiAgICAgIHJlZ2lzdGVyV2l0aFRhaW50czoKICAgICAgICAtIGtleTogZGVkaWNhdGVkCiAgICAgICAgICB2YWx1ZTogZ2VuZXJhbAogICAgICAgICAgZWZmZWN0OiBOb1NjaGVkdWxlCg0KLS1NSU1FQk9VTkRBUlkNCkNvbnRlbnQtVHJhbnNmZXItRW5jb2Rpbmc6IDdiaXQNCkNvbnRlbnQtVHlwZTogYXBwbGljYXRpb24vbm9kZS5la3MuYXdzDQpNaW1lLVZlcnNpb246IDEuMA0KDQotLS0KYXBpVmVyc2lvbjogbm9kZS5la3MuYXdzL3YxYWxwaGExCmtpbmQ6IE5vZGVDb25maWcKc3BlYzoKICBjbHVzdGVyOgogICAgbmFtZTogYm9uei1kZXYKICAgIGFwaVNlcnZlckVuZHBvaW50OiBodHRwczovLzdCNEVFMEE3RjE3MzhCMEJENDFCREMyNDcxOEFBMTFGLmdyNy51cy1lYXN0LTEuZWtzLmFtYXpvbmF3cy5jb20KICAgIGNlcnRpZmljYXRlQXV0aG9yaXR5OiBMUzB0TFMxQ1JVZEpUaUJEUlZKVVNVWkpRMEZVUlMwdExTMHRDazFKU1VSQ1ZFTkRRV1V5WjBGM1NVSkJaMGxKVkM5NGJsbENjVkZwVWtWM1JGRlpTa3R2V2tsb2RtTk9RVkZGVEVKUlFYZEdWRVZVVFVKRlIwRXhWVVVLUVhoTlMyRXpWbWxhV0VwMVdsaFNiR042UVdWR2R6QjVUbXBCZUUxVVozaE9hbEV6VGxSQ1lVWjNNSHBPYWtGNFRWUlplRTVxVlhsT1ZFSmhUVUpWZUFwRmVrRlNRbWRPVmtKQlRWUkRiWFF4V1cxV2VXSnRWakJhV0UxM1oyZEZhVTFCTUVkRFUzRkhVMGxpTTBSUlJVSkJVVlZCUVRSSlFrUjNRWGRuWjBWTENrRnZTVUpCVVVOeGN6aDNWM0FyVGxvd09HcFFjR00wVUhCWFRVSXJiRXRZVDNwME5VSndZVEZUWkhBNGFVaGtaVWRVZUdRM01tNUVUVlJxTW5sb01tZ0tkSGM1VGt3NE1rWkpZbTlGZVhGQlUwaHZNalJPVUVOa1VXNTVPVUpyZEhWdGIwYzJZbEJHYTJkcmRHVXZTWGRUTjFCMVRIVnRhbTgyTjBGWE4yRlpOd295YWpKWGJFRmlZMVpNZUhGUlluUXdSbVUwZWpsMVdVZExhMmhrWms5NU1uaG1lWGxCVnpsRlZXSklUMnBoVWpSc015dHFiMVpwUlZVd1RucEpSMHB6Q2twMFZFWmFaVkV3YUZvckszRlZOa1l5YW5OWlpHSnhNWEp5T0V4dVIyeG9XVTlXUmxKdWRWUkxjMUJEWkUxSk5Yb3lTR2szWkM4NWJXUlZkakpxYm5vS05EWkJWVkpxT0ZwM1IzVkpOMVJzV2taTFMzQktPR1JaVUcxTE56QkZiV1JCS3pCRU15OVZXVlpOTjBsNllqQnJka0k1T1M5RmEwMU9ZVlZrZEM5R2N3cEVlRmxqWVVsVlVXYzNTWFZEYUdjeVdHdGxOVGROWWxoMmNHWmlRV2ROUWtGQlIycFhWRUpZVFVFMFIwRXhWV1JFZDBWQ0wzZFJSVUYzU1VOd1JFRlFDa0puVGxaSVVrMUNRV1k0UlVKVVFVUkJVVWd2VFVJd1IwRXhWV1JFWjFGWFFrSlVkVVJxZDNoQ00ycHNVRkZKVlU1cE1GUTRabVpoV1dWV2NHTnFRVllLUW1kT1ZraFNSVVZFYWtGTloyZHdjbVJYU214amJUVnNaRWRXZWsxQk1FZERVM0ZIVTBsaU0wUlJSVUpEZDFWQlFUUkpRa0ZSUVRkVFRrSkNURzVxZGdwNE5VbG9jVWhyT0VaMFNGbFNhVEl2TDJZM1N6ZFBTMVJYT1ZFMWJVa3djMlV2Ylc5MWJtMXBPRVpKYmtSRFlVVkJjWGMwYjBkelQyMDRSbVZLUlRsVkNuVlhXVlYyY1VGUWRWaDNOM0E1YkhwbVlYcFRWR3BLWTNRemNscFVMM1F3VkhocFlucHZPVWQzWm5ZeFpuaERRbGxWVGtSbVpTc3JiRXhCTVV4RFdIUUtSVU5QVEROWk5FVTNibE5uS3pnMFlXaHFXVmhTYkVoVFVtRXlLMnRtWnpCemRWUlJkV3d4WlhJNVdrWkVWRVZJVEZwMVdVWXZkSFZRU25OVk5uaDVSUXAzT1VkVWRqRndkakZwTVd0bWFURk9ha2hTTVhNeVNYUldjVEp2UWxGRU9HVkVTV2RYTDB0VU1YRkxRbVJsY0ZKcGMwZEdRMGRSYmswM04wUjVWVVptQ2pRd1R6WmpNMnhvYTBJeE5VNVFjMjgwWlRsMk5GVktRalZQYVU1RVFURmFTazVYTWtsVmJVdFRMek53TWxKU2VrbGhiR1ZHVTFNM1kxVndTMUpJWW5jS09HbEJUVGh4VldjMFkxSkVDaTB0TFMwdFJVNUVJRU5GVWxSSlJrbERRVlJGTFMwdExTMEsKICAgIGNpZHI6IDEwLjEwMC4wLjAvMTYKDQotLU1JTUVCT1VOREFSWS0tDQo="
        },
        "infra": {
          "access_entry_arn": "arn:aws:eks:us-east-1:967985385347:access-entry/bonz-dev/role/967985385347/infra-node-group-20260118164756982700000005/02cde905-56fc-c4c0-6b1b-e2e6c5fca004",
          "autoscaling_group_arn": "arn:aws:autoscaling:us-east-1:967985385347:autoScalingGroup:a98108ce-feb3-4e60-b2fa-0eb5c0ab3977:autoScalingGroupName/infra-20260118165919965900000002",
          "autoscaling_group_availability_zones": [
            "us-east-1a",
            "us-east-1b"
          ],
          "autoscaling_group_default_cooldown": 300,
          "autoscaling_group_desired_capacity": 2,
          "autoscaling_group_health_check_grace_period": 300,
          "autoscaling_group_health_check_type": "EC2",
          "autoscaling_group_id": "infra-20260118165919965900000002",
          "autoscaling_group_max_size": 4,
          "autoscaling_group_min_size": 2,
          "autoscaling_group_name": "infra-20260118165919965900000002",
          "autoscaling_group_vpc_zone_identifier": [
            "subnet-047f82639e56e29eb",
            "subnet-086ed49666f6a0f04"
          ],
          "iam_instance_profile_arn": "arn:aws:iam::967985385347:instance-profile/infra-node-group-2026011816475735830000000a",
          "iam_instance_profile_id": "infra-node-group-2026011816475735830000000a",
          "iam_instance_profile_unique": "AIPA6CYDMZ6BXKRO7S4HR",
          "iam_role_arn": "arn:aws:iam::967985385347:role/infra-node-group-20260118164756982700000005",
          "iam_role_name": "infra-node-group-20260118164756982700000005",
          "iam_role_unique_id": "AROA6CYDMZ6BYIU4SWNTQ",
          "image_id": "ami-057056864e83ba9df",
          "launch_template_arn": "arn:aws:ec2:us-east-1:967985385347:launch-template/lt-09f82c6cd2bfbe6fe",
          "launch_template_id": "lt-09f82c6cd2bfbe6fe",
          "launch_template_latest_version": 1,
          "launch_template_name": "infra-20260118165754232000000013",
          "security_group_arn": null,
          "security_group_id": null,
          "user_data": "Q29udGVudC1UeXBlOiBtdWx0aXBhcnQvbWl4ZWQ7IGJvdW5kYXJ5PSJNSU1FQk9VTkRBUlkiCk1JTUUtVmVyc2lvbjogMS4wDQoNCi0tTUlNRUJPVU5EQVJZDQpDb250ZW50LVRyYW5zZmVyLUVuY29kaW5nOiA3Yml0DQpDb250ZW50LVR5cGU6IGFwcGxpY2F0aW9uL25vZGUuZWtzLmF3cw0KTWltZS1WZXJzaW9uOiAxLjANCg0KLS0tCmFwaVZlcnNpb246IG5vZGUuZWtzLmF3cy92MWFscGhhMQpraW5kOiBOb2RlQ29uZmlnCnNwZWM6CiAga3ViZWxldDoKICAgIGZsYWdzOgogICAgICAtIC0tbm9kZS1sYWJlbHM9d29ya2xvYWQ9aW5mcmEsZW52aXJvbm1lbnQ9ZGV2LGxpZmVjeWNsZT1vbi1kZW1hbmQKICAgIGNvbmZpZzoKICAgICAgcmVnaXN0ZXJXaXRoVGFpbnRzOgogICAgICAgIC0ga2V5OiBpbmZyYQogICAgICAgICAgdmFsdWU6ICJ0cnVlIgogICAgICAgICAgZWZmZWN0OiBOb1NjaGVkdWxlCg0KLS1NSU1FQk9VTkRBUlkNCkNvbnRlbnQtVHJhbnNmZXItRW5jb2Rpbmc6IDdiaXQNCkNvbnRlbnQtVHlwZTogYXBwbGljYXRpb24vbm9kZS5la3MuYXdzDQpNaW1lLVZlcnNpb246IDEuMA0KDQotLS0KYXBpVmVyc2lvbjogbm9kZS5la3MuYXdzL3YxYWxwaGExCmtpbmQ6IE5vZGVDb25maWcKc3BlYzoKICBjbHVzdGVyOgogICAgbmFtZTogYm9uei1kZXYKICAgIGFwaVNlcnZlckVuZHBvaW50OiBodHRwczovLzdCNEVFMEE3RjE3MzhCMEJENDFCREMyNDcxOEFBMTFGLmdyNy51cy1lYXN0LTEuZWtzLmFtYXpvbmF3cy5jb20KICAgIGNlcnRpZmljYXRlQXV0aG9yaXR5OiBMUzB0TFMxQ1JVZEpUaUJEUlZKVVNVWkpRMEZVUlMwdExTMHRDazFKU1VSQ1ZFTkRRV1V5WjBGM1NVSkJaMGxKVkM5NGJsbENjVkZwVWtWM1JGRlpTa3R2V2tsb2RtTk9RVkZGVEVKUlFYZEdWRVZVVFVKRlIwRXhWVVVLUVhoTlMyRXpWbWxhV0VwMVdsaFNiR042UVdWR2R6QjVUbXBCZUUxVVozaE9hbEV6VGxSQ1lVWjNNSHBPYWtGNFRWUlplRTVxVlhsT1ZFSmhUVUpWZUFwRmVrRlNRbWRPVmtKQlRWUkRiWFF4V1cxV2VXSnRWakJhV0UxM1oyZEZhVTFCTUVkRFUzRkhVMGxpTTBSUlJVSkJVVlZCUVRSSlFrUjNRWGRuWjBWTENrRnZTVUpCVVVOeGN6aDNWM0FyVGxvd09HcFFjR00wVUhCWFRVSXJiRXRZVDNwME5VSndZVEZUWkhBNGFVaGtaVWRVZUdRM01tNUVUVlJxTW5sb01tZ0tkSGM1VGt3NE1rWkpZbTlGZVhGQlUwaHZNalJPVUVOa1VXNTVPVUpyZEhWdGIwYzJZbEJHYTJkcmRHVXZTWGRUTjFCMVRIVnRhbTgyTjBGWE4yRlpOd295YWpKWGJFRmlZMVpNZUhGUlluUXdSbVUwZWpsMVdVZExhMmhrWms5NU1uaG1lWGxCVnpsRlZXSklUMnBoVWpSc015dHFiMVpwUlZVd1RucEpSMHB6Q2twMFZFWmFaVkV3YUZvckszRlZOa1l5YW5OWlpHSnhNWEp5T0V4dVIyeG9XVTlXUmxKdWRWUkxjMUJEWkUxSk5Yb3lTR2szWkM4NWJXUlZkakpxYm5vS05EWkJWVkpxT0ZwM1IzVkpOMVJzV2taTFMzQktPR1JaVUcxTE56QkZiV1JCS3pCRU15OVZXVlpOTjBsNllqQnJka0k1T1M5RmEwMU9ZVlZrZEM5R2N3cEVlRmxqWVVsVlVXYzNTWFZEYUdjeVdHdGxOVGROWWxoMmNHWmlRV2ROUWtGQlIycFhWRUpZVFVFMFIwRXhWV1JFZDBWQ0wzZFJSVUYzU1VOd1JFRlFDa0puVGxaSVVrMUNRV1k0UlVKVVFVUkJVVWd2VFVJd1IwRXhWV1JFWjFGWFFrSlVkVVJxZDNoQ00ycHNVRkZKVlU1cE1GUTRabVpoV1dWV2NHTnFRVllLUW1kT1ZraFNSVVZFYWtGTloyZHdjbVJYU214amJUVnNaRWRXZWsxQk1FZERVM0ZIVTBsaU0wUlJSVUpEZDFWQlFUUkpRa0ZSUVRkVFRrSkNURzVxZGdwNE5VbG9jVWhyT0VaMFNGbFNhVEl2TDJZM1N6ZFBTMVJYT1ZFMWJVa3djMlV2Ylc5MWJtMXBPRVpKYmtSRFlVVkJjWGMwYjBkelQyMDRSbVZLUlRsVkNuVlhXVlYyY1VGUWRWaDNOM0E1YkhwbVlYcFRWR3BLWTNRemNscFVMM1F3VkhocFlucHZPVWQzWm5ZeFpuaERRbGxWVGtSbVpTc3JiRXhCTVV4RFdIUUtSVU5QVEROWk5FVTNibE5uS3pnMFlXaHFXVmhTYkVoVFVtRXlLMnRtWnpCemRWUlJkV3d4WlhJNVdrWkVWRVZJVEZwMVdVWXZkSFZRU25OVk5uaDVSUXAzT1VkVWRqRndkakZwTVd0bWFURk9ha2hTTVhNeVNYUldjVEp2UWxGRU9HVkVTV2RYTDB0VU1YRkxRbVJsY0ZKcGMwZEdRMGRSYmswM04wUjVWVVptQ2pRd1R6WmpNMnhvYTBJeE5VNVFjMjgwWlRsMk5GVktRalZQYVU1RVFURmFTazVYTWtsVmJVdFRMek53TWxKU2VrbGhiR1ZHVTFNM1kxVndTMUpJWW5jS09HbEJUVGh4VldjMFkxSkVDaTB0TFMwdFJVNUVJRU5GVWxSSlJrbERRVlJGTFMwdExTMEsKICAgIGNpZHI6IDEwLjEwMC4wLjAvMTYKDQotLU1JTUVCT1VOREFSWS0tDQo="
        },
        "voip-rtp": {
          "access_entry_arn": "arn:aws:eks:us-east-1:967985385347:access-entry/bonz-dev/role/967985385347/voip-rtp-node-group-20260118164756986500000006/98cde905-56fc-5f82-8e30-83b7891235d5",
          "autoscaling_group_arn": "arn:aws:autoscaling:us-east-1:967985385347:autoScalingGroup:2bf96d96-9bfe-4a34-b54e-d53ed73d8e53:autoScalingGroupName/voip-rtp-20260118165919969000000003",
          "autoscaling_group_availability_zones": [
            "us-east-1a",
            "us-east-1b"
          ],
          "autoscaling_group_default_cooldown": 300,
          "autoscaling_group_desired_capacity": 1,
          "autoscaling_group_health_check_grace_period": 300,
          "autoscaling_group_health_check_type": "EC2",
          "autoscaling_group_id": "voip-rtp-20260118165919969000000003",
          "autoscaling_group_max_size": 1,
          "autoscaling_group_min_size": 1,
          "autoscaling_group_name": "voip-rtp-20260118165919969000000003",
          "autoscaling_group_vpc_zone_identifier": [
            "subnet-0421df49996ddace1",
            "subnet-0739da08bd41f1623"
          ],
          "iam_instance_profile_arn": "arn:aws:iam::967985385347:instance-profile/voip-rtp-node-group-20260118164757357400000009",
          "iam_instance_profile_id": "voip-rtp-node-group-20260118164757357400000009",
          "iam_instance_profile_unique": "AIPA6CYDMZ6B32QRRIV3E",
          "iam_role_arn": "arn:aws:iam::967985385347:role/voip-rtp-node-group-20260118164756986500000006",
          "iam_role_name": "voip-rtp-node-group-20260118164756986500000006",
          "iam_role_unique_id": "AROA6CYDMZ6B37IDS7XA7",
          "image_id": "ami-057056864e83ba9df",
          "launch_template_arn": "arn:aws:ec2:us-east-1:967985385347:launch-template/lt-0875c7b6a4a4cea66",
          "launch_template_id": "lt-0875c7b6a4a4cea66",
          "launch_template_latest_version": 1,
          "launch_template_name": "voip-rtp-20260118165754245800000015",
          "security_group_arn": "arn:aws:ec2:us-east-1:967985385347:security-group/sg-0550a673bec62e1c2",
          "security_group_id": "sg-0550a673bec62e1c2",
          "user_data": "Q29udGVudC1UeXBlOiBtdWx0aXBhcnQvbWl4ZWQ7IGJvdW5kYXJ5PSJNSU1FQk9VTkRBUlkiCk1JTUUtVmVyc2lvbjogMS4wDQoNCi0tTUlNRUJPVU5EQVJZDQpDb250ZW50LVRyYW5zZmVyLUVuY29kaW5nOiA3Yml0DQpDb250ZW50LVR5cGU6IGFwcGxpY2F0aW9uL25vZGUuZWtzLmF3cw0KTWltZS1WZXJzaW9uOiAxLjANCg0KLS0tCmFwaVZlcnNpb246IG5vZGUuZWtzLmF3cy92MWFscGhhMQpraW5kOiBOb2RlQ29uZmlnCnNwZWM6CiAga3ViZWxldDoKICAgIGZsYWdzOgogICAgICAtIC0tbm9kZS1sYWJlbHM9dm9pcC1lbnZpcm9ubWVudD1ydHAsd29ya2xvYWQ9dm9pcC1lZGdlLG5ldHdvcms9cHVibGljCiAgICBjb25maWc6CiAgICAgIHJlZ2lzdGVyV2l0aFRhaW50czoKICAgICAgICAtIGtleTogdm9pcC1lbnZpcm9ubWVudAogICAgICAgICAgdmFsdWU6IHJ0cAogICAgICAgICAgZWZmZWN0OiBOb1NjaGVkdWxlCg0KLS1NSU1FQk9VTkRBUlkNCkNvbnRlbnQtVHJhbnNmZXItRW5jb2Rpbmc6IDdiaXQNCkNvbnRlbnQtVHlwZTogYXBwbGljYXRpb24vbm9kZS5la3MuYXdzDQpNaW1lLVZlcnNpb246IDEuMA0KDQotLS0KYXBpVmVyc2lvbjogbm9kZS5la3MuYXdzL3YxYWxwaGExCmtpbmQ6IE5vZGVDb25maWcKc3BlYzoKICBjbHVzdGVyOgogICAgbmFtZTogYm9uei1kZXYKICAgIGFwaVNlcnZlckVuZHBvaW50OiBodHRwczovLzdCNEVFMEE3RjE3MzhCMEJENDFCREMyNDcxOEFBMTFGLmdyNy51cy1lYXN0LTEuZWtzLmFtYXpvbmF3cy5jb20KICAgIGNlcnRpZmljYXRlQXV0aG9yaXR5OiBMUzB0TFMxQ1JVZEpUaUJEUlZKVVNVWkpRMEZVUlMwdExTMHRDazFKU1VSQ1ZFTkRRV1V5WjBGM1NVSkJaMGxKVkM5NGJsbENjVkZwVWtWM1JGRlpTa3R2V2tsb2RtTk9RVkZGVEVKUlFYZEdWRVZVVFVKRlIwRXhWVVVLUVhoTlMyRXpWbWxhV0VwMVdsaFNiR042UVdWR2R6QjVUbXBCZUUxVVozaE9hbEV6VGxSQ1lVWjNNSHBPYWtGNFRWUlplRTVxVlhsT1ZFSmhUVUpWZUFwRmVrRlNRbWRPVmtKQlRWUkRiWFF4V1cxV2VXSnRWakJhV0UxM1oyZEZhVTFCTUVkRFUzRkhVMGxpTTBSUlJVSkJVVlZCUVRSSlFrUjNRWGRuWjBWTENrRnZTVUpCVVVOeGN6aDNWM0FyVGxvd09HcFFjR00wVUhCWFRVSXJiRXRZVDNwME5VSndZVEZUWkhBNGFVaGtaVWRVZUdRM01tNUVUVlJxTW5sb01tZ0tkSGM1VGt3NE1rWkpZbTlGZVhGQlUwaHZNalJPVUVOa1VXNTVPVUpyZEhWdGIwYzJZbEJHYTJkcmRHVXZTWGRUTjFCMVRIVnRhbTgyTjBGWE4yRlpOd295YWpKWGJFRmlZMVpNZUhGUlluUXdSbVUwZWpsMVdVZExhMmhrWms5NU1uaG1lWGxCVnpsRlZXSklUMnBoVWpSc015dHFiMVpwUlZVd1RucEpSMHB6Q2twMFZFWmFaVkV3YUZvckszRlZOa1l5YW5OWlpHSnhNWEp5T0V4dVIyeG9XVTlXUmxKdWRWUkxjMUJEWkUxSk5Yb3lTR2szWkM4NWJXUlZkakpxYm5vS05EWkJWVkpxT0ZwM1IzVkpOMVJzV2taTFMzQktPR1JaVUcxTE56QkZiV1JCS3pCRU15OVZXVlpOTjBsNllqQnJka0k1T1M5RmEwMU9ZVlZrZEM5R2N3cEVlRmxqWVVsVlVXYzNTWFZEYUdjeVdHdGxOVGROWWxoMmNHWmlRV2ROUWtGQlIycFhWRUpZVFVFMFIwRXhWV1JFZDBWQ0wzZFJSVUYzU1VOd1JFRlFDa0puVGxaSVVrMUNRV1k0UlVKVVFVUkJVVWd2VFVJd1IwRXhWV1JFWjFGWFFrSlVkVVJxZDNoQ00ycHNVRkZKVlU1cE1GUTRabVpoV1dWV2NHTnFRVllLUW1kT1ZraFNSVVZFYWtGTloyZHdjbVJYU214amJUVnNaRWRXZWsxQk1FZERVM0ZIVTBsaU0wUlJSVUpEZDFWQlFUUkpRa0ZSUVRkVFRrSkNURzVxZGdwNE5VbG9jVWhyT0VaMFNGbFNhVEl2TDJZM1N6ZFBTMVJYT1ZFMWJVa3djMlV2Ylc5MWJtMXBPRVpKYmtSRFlVVkJjWGMwYjBkelQyMDRSbVZLUlRsVkNuVlhXVlYyY1VGUWRWaDNOM0E1YkhwbVlYcFRWR3BLWTNRemNscFVMM1F3VkhocFlucHZPVWQzWm5ZeFpuaERRbGxWVGtSbVpTc3JiRXhCTVV4RFdIUUtSVU5QVEROWk5FVTNibE5uS3pnMFlXaHFXVmhTYkVoVFVtRXlLMnRtWnpCemRWUlJkV3d4WlhJNVdrWkVWRVZJVEZwMVdVWXZkSFZRU25OVk5uaDVSUXAzT1VkVWRqRndkakZwTVd0bWFURk9ha2hTTVhNeVNYUldjVEp2UWxGRU9HVkVTV2RYTDB0VU1YRkxRbVJsY0ZKcGMwZEdRMGRSYmswM04wUjVWVVptQ2pRd1R6WmpNMnhvYTBJeE5VNVFjMjgwWlRsMk5GVktRalZQYVU1RVFURmFTazVYTWtsVmJVdFRMek53TWxKU2VrbGhiR1ZHVTFNM1kxVndTMUpJWW5jS09HbEJUVGh4VldjMFkxSkVDaTB0TFMwdFJVNUVJRU5GVWxSSlJrbERRVlJGTFMwdExTMEsKICAgIGNpZHI6IDEwLjEwMC4wLjAvMTYKDQotLU1JTUVCT1VOREFSWS0tDQo="
        },
        "voip-sip": {
          "access_entry_arn": "arn:aws:eks:us-east-1:967985385347:access-entry/bonz-dev/role/967985385347/voip-sip-node-group-20260118164756556200000003/5ecde905-5706-4c04-0050-548a448ef49a",
          "autoscaling_group_arn": "arn:aws:autoscaling:us-east-1:967985385347:autoScalingGroup:8ea0f460-abe6-4c2e-a9d2-b8f7c65db2ef:autoScalingGroupName/voip-sip-20260118165919964300000001",
          "autoscaling_group_availability_zones": [
            "us-east-1a",
            "us-east-1b"
          ],
          "autoscaling_group_default_cooldown": 300,
          "autoscaling_group_desired_capacity": 1,
          "autoscaling_group_health_check_grace_period": 300,
          "autoscaling_group_health_check_type": "EC2",
          "autoscaling_group_id": "voip-sip-20260118165919964300000001",
          "autoscaling_group_max_size": 1,
          "autoscaling_group_min_size": 1,
          "autoscaling_group_name": "voip-sip-20260118165919964300000001",
          "autoscaling_group_vpc_zone_identifier": [
            "subnet-0421df49996ddace1",
            "subnet-0739da08bd41f1623"
          ],
          "iam_instance_profile_arn": "arn:aws:iam::967985385347:instance-profile/voip-sip-node-group-2026011816475735880000000b",
          "iam_instance_profile_id": "voip-sip-node-group-2026011816475735880000000b",
          "iam_instance_profile_unique": "AIPA6CYDMZ6BQ6QD4SU3U",
          "iam_role_arn": "arn:aws:iam::967985385347:role/voip-sip-node-group-20260118164756556200000003",
          "iam_role_name": "voip-sip-node-group-20260118164756556200000003",
          "iam_role_unique_id": "AROA6CYDMZ6B75GRDYMHY",
          "image_id": "ami-057056864e83ba9df",
          "launch_template_arn": "arn:aws:ec2:us-east-1:967985385347:launch-template/lt-015e73a620e6b8041",
          "launch_template_id": "lt-015e73a620e6b8041",
          "launch_template_latest_version": 1,
          "launch_template_name": "voip-sip-20260118165754230100000011",
          "security_group_arn": "arn:aws:ec2:us-east-1:967985385347:security-group/sg-0777b8a0e7f416c17",
          "security_group_id": "sg-0777b8a0e7f416c17",
          "user_data": "Q29udGVudC1UeXBlOiBtdWx0aXBhcnQvbWl4ZWQ7IGJvdW5kYXJ5PSJNSU1FQk9VTkRBUlkiCk1JTUUtVmVyc2lvbjogMS4wDQoNCi0tTUlNRUJPVU5EQVJZDQpDb250ZW50LVRyYW5zZmVyLUVuY29kaW5nOiA3Yml0DQpDb250ZW50LVR5cGU6IGFwcGxpY2F0aW9uL25vZGUuZWtzLmF3cw0KTWltZS1WZXJzaW9uOiAxLjANCg0KLS0tCmFwaVZlcnNpb246IG5vZGUuZWtzLmF3cy92MWFscGhhMQpraW5kOiBOb2RlQ29uZmlnCnNwZWM6CiAga3ViZWxldDoKICAgIGZsYWdzOgogICAgICAtIC0tbm9kZS1sYWJlbHM9dm9pcC1lbnZpcm9ubWVudD1zaXAsd29ya2xvYWQ9dm9pcC1lZGdlLG5ldHdvcms9cHVibGljCiAgICBjb25maWc6CiAgICAgIHJlZ2lzdGVyV2l0aFRhaW50czoKICAgICAgICAtIGtleTogdm9pcC1lbnZpcm9ubWVudAogICAgICAgICAgdmFsdWU6IHNpcAogICAgICAgICAgZWZmZWN0OiBOb1NjaGVkdWxlCg0KLS1NSU1FQk9VTkRBUlkNCkNvbnRlbnQtVHJhbnNmZXItRW5jb2Rpbmc6IDdiaXQNCkNvbnRlbnQtVHlwZTogYXBwbGljYXRpb24vbm9kZS5la3MuYXdzDQpNaW1lLVZlcnNpb246IDEuMA0KDQotLS0KYXBpVmVyc2lvbjogbm9kZS5la3MuYXdzL3YxYWxwaGExCmtpbmQ6IE5vZGVDb25maWcKc3BlYzoKICBjbHVzdGVyOgogICAgbmFtZTogYm9uei1kZXYKICAgIGFwaVNlcnZlckVuZHBvaW50OiBodHRwczovLzdCNEVFMEE3RjE3MzhCMEJENDFCREMyNDcxOEFBMTFGLmdyNy51cy1lYXN0LTEuZWtzLmFtYXpvbmF3cy5jb20KICAgIGNlcnRpZmljYXRlQXV0aG9yaXR5OiBMUzB0TFMxQ1JVZEpUaUJEUlZKVVNVWkpRMEZVUlMwdExTMHRDazFKU1VSQ1ZFTkRRV1V5WjBGM1NVSkJaMGxKVkM5NGJsbENjVkZwVWtWM1JGRlpTa3R2V2tsb2RtTk9RVkZGVEVKUlFYZEdWRVZVVFVKRlIwRXhWVVVLUVhoTlMyRXpWbWxhV0VwMVdsaFNiR042UVdWR2R6QjVUbXBCZUUxVVozaE9hbEV6VGxSQ1lVWjNNSHBPYWtGNFRWUlplRTVxVlhsT1ZFSmhUVUpWZUFwRmVrRlNRbWRPVmtKQlRWUkRiWFF4V1cxV2VXSnRWakJhV0UxM1oyZEZhVTFCTUVkRFUzRkhVMGxpTTBSUlJVSkJVVlZCUVRSSlFrUjNRWGRuWjBWTENrRnZTVUpCVVVOeGN6aDNWM0FyVGxvd09HcFFjR00wVUhCWFRVSXJiRXRZVDNwME5VSndZVEZUWkhBNGFVaGtaVWRVZUdRM01tNUVUVlJxTW5sb01tZ0tkSGM1VGt3NE1rWkpZbTlGZVhGQlUwaHZNalJPVUVOa1VXNTVPVUpyZEhWdGIwYzJZbEJHYTJkcmRHVXZTWGRUTjFCMVRIVnRhbTgyTjBGWE4yRlpOd295YWpKWGJFRmlZMVpNZUhGUlluUXdSbVUwZWpsMVdVZExhMmhrWms5NU1uaG1lWGxCVnpsRlZXSklUMnBoVWpSc015dHFiMVpwUlZVd1RucEpSMHB6Q2twMFZFWmFaVkV3YUZvckszRlZOa1l5YW5OWlpHSnhNWEp5T0V4dVIyeG9XVTlXUmxKdWRWUkxjMUJEWkUxSk5Yb3lTR2szWkM4NWJXUlZkakpxYm5vS05EWkJWVkpxT0ZwM1IzVkpOMVJzV2taTFMzQktPR1JaVUcxTE56QkZiV1JCS3pCRU15OVZXVlpOTjBsNllqQnJka0k1T1M5RmEwMU9ZVlZrZEM5R2N3cEVlRmxqWVVsVlVXYzNTWFZEYUdjeVdHdGxOVGROWWxoMmNHWmlRV2ROUWtGQlIycFhWRUpZVFVFMFIwRXhWV1JFZDBWQ0wzZFJSVUYzU1VOd1JFRlFDa0puVGxaSVVrMUNRV1k0UlVKVVFVUkJVVWd2VFVJd1IwRXhWV1JFWjFGWFFrSlVkVVJxZDNoQ00ycHNVRkZKVlU1cE1GUTRabVpoV1dWV2NHTnFRVllLUW1kT1ZraFNSVVZFYWtGTloyZHdjbVJYU214amJUVnNaRWRXZWsxQk1FZERVM0ZIVTBsaU0wUlJSVUpEZDFWQlFUUkpRa0ZSUVRkVFRrSkNURzVxZGdwNE5VbG9jVWhyT0VaMFNGbFNhVEl2TDJZM1N6ZFBTMVJYT1ZFMWJVa3djMlV2Ylc5MWJtMXBPRVpKYmtSRFlVVkJjWGMwYjBkelQyMDRSbVZLUlRsVkNuVlhXVlYyY1VGUWRWaDNOM0E1YkhwbVlYcFRWR3BLWTNRemNscFVMM1F3VkhocFlucHZPVWQzWm5ZeFpuaERRbGxWVGtSbVpTc3JiRXhCTVV4RFdIUUtSVU5QVEROWk5FVTNibE5uS3pnMFlXaHFXVmhTYkVoVFVtRXlLMnRtWnpCemRWUlJkV3d4WlhJNVdrWkVWRVZJVEZwMVdVWXZkSFZRU25OVk5uaDVSUXAzT1VkVWRqRndkakZwTVd0bWFURk9ha2hTTVhNeVNYUldjVEp2UWxGRU9HVkVTV2RYTDB0VU1YRkxRbVJsY0ZKcGMwZEdRMGRSYmswM04wUjVWVVptQ2pRd1R6WmpNMnhvYTBJeE5VNVFjMjgwWlRsMk5GVktRalZQYVU1RVFURmFTazVYTWtsVmJVdFRMek53TWxKU2VrbGhiR1ZHVTFNM1kxVndTMUpJWW5jS09HbEJUVGh4VldjMFkxSkVDaTB0TFMwdFJVNUVJRU5GVWxSSlJrbERRVlJGTFMwdExTMEsKICAgIGNpZHI6IDEwLjEwMC4wLjAvMTYKDQotLU1JTUVCT1VOREFSWS0tDQo="
        }
      },
      "type": [
        "object",
        {
          "general": [
            "object",
            {
              "access_entry_arn": "string",
              "autoscaling_group_arn": "string",
              "autoscaling_group_availability_zones": [
                "set",
                "string"
              ],
              "autoscaling_group_default_cooldown": "number",
              "autoscaling_group_desired_capacity": "number",
              "autoscaling_group_health_check_grace_period": "number",
              "autoscaling_group_health_check_type": "string",
              "autoscaling_group_id": "string",
              "autoscaling_group_max_size": "number",
              "autoscaling_group_min_size": "number",
              "autoscaling_group_name": "string",
              "autoscaling_group_vpc_zone_identifier": [
                "set",
                "string"
              ],
              "iam_instance_profile_arn": "string",
              "iam_instance_profile_id": "string",
              "iam_instance_profile_unique": "string",
              "iam_role_arn": "string",
              "iam_role_name": "string",
              "iam_role_unique_id": "string",
              "image_id": "string",
              "launch_template_arn": "string",
              "launch_template_id": "string",
              "launch_template_latest_version": "number",
              "launch_template_name": "string",
              "security_group_arn": "dynamic",
              "security_group_id": "dynamic",
              "user_data": "string"
            }
          ],
          "infra": [
            "object",
            {
              "access_entry_arn": "string",
              "autoscaling_group_arn": "string",
              "autoscaling_group_availability_zones": [
                "set",
                "string"
              ],
              "autoscaling_group_default_cooldown": "number",
              "autoscaling_group_desired_capacity": "number",
              "autoscaling_group_health_check_grace_period": "number",
              "autoscaling_group_health_check_type": "string",
              "autoscaling_group_id": "string",
              "autoscaling_group_max_size": "number",
              "autoscaling_group_min_size": "number",
              "autoscaling_group_name": "string",
              "autoscaling_group_vpc_zone_identifier": [
                "set",
                "string"
              ],
              "iam_instance_profile_arn": "string",
              "iam_instance_profile_id": "string",
              "iam_instance_profile_unique": "string",
              "iam_role_arn": "string",
              "iam_role_name": "string",
              "iam_role_unique_id": "string",
              "image_id": "string",
              "launch_template_arn": "string",
              "launch_template_id": "string",
              "launch_template_latest_version": "number",
              "launch_template_name": "string",
              "security_group_arn": "dynamic",
              "security_group_id": "dynamic",
              "user_data": "string"
            }
          ],
          "voip-rtp": [
            "object",
            {
              "access_entry_arn": "string",
              "autoscaling_group_arn": "string",
              "autoscaling_group_availability_zones": [
                "set",
                "string"
              ],
              "autoscaling_group_default_cooldown": "number",
              "autoscaling_group_desired_capacity": "number",
              "autoscaling_group_health_check_grace_period": "number",
              "autoscaling_group_health_check_type": "string",
              "autoscaling_group_id": "string",
              "autoscaling_group_max_size": "number",
              "autoscaling_group_min_size": "number",
              "autoscaling_group_name": "string",
              "autoscaling_group_vpc_zone_identifier": [
                "set",
                "string"
              ],
              "iam_instance_profile_arn": "string",
              "iam_instance_profile_id": "string",
              "iam_instance_profile_unique": "string",
              "iam_role_arn": "string",
              "iam_role_name": "string",
              "iam_role_unique_id": "string",
              "image_id": "string",
              "launch_template_arn": "string",
              "launch_template_id": "string",
              "launch_template_latest_version": "number",
              "launch_template_name": "string",
              "security_group_arn": "string",
              "security_group_id": "string",
              "user_data": "string"
            }
          ],
          "voip-sip": [
            "object",
            {
              "access_entry_arn": "string",
              "autoscaling_group_arn": "string",
              "autoscaling_group_availability_zones": [
                "set",
                "string"
              ],
              "autoscaling_group_default_cooldown": "number",
              "autoscaling_group_desired_capacity": "number",
              "autoscaling_group_health_check_grace_period": "number",
              "autoscaling_group_health_check_type": "string",
              "autoscaling_group_id": "string",
              "autoscaling_group_max_size": "number",
              "autoscaling_group_min_size": "number",
              "autoscaling_group_name": "string",
              "autoscaling_group_vpc_zone_identifier": [
                "set",
                "string"
              ],
              "iam_instance_profile_arn": "string",
              "iam_instance_profile_id": "string",
              "iam_instance_profile_unique": "string",
              "iam_role_arn": "string",
              "iam_role_name": "string",
              "iam_role_unique_id": "string",
              "image_id": "string",
              "launch_template_arn": "string",
              "launch_template_id": "string",
              "launch_template_latest_version": "number",
              "launch_template_name": "string",
              "security_group_arn": "string",
              "security_group_id": "string",
              "user_data": "string"
            }
          ]
        }
      ]
    },
    "self_managed_node_groups_autoscaling_group_names": {
      "value": [
        "workers-general-2026011816580028420000001b",
        "infra-20260118165919965900000002",
        "voip-rtp-20260118165919969000000003",
        "voip-sip-20260118165919964300000001"
      ],
      "type": [
        "list",
        "string"
      ]
    }
  },
  "resources": [
    {
      "mode": "data",
      "type": "aws_iam_policy_document",
      "name": "ebs_csi_assume_role",
      "provider": "provider[\"registry.terraform.io/hashicorp/aws\"]",
      "instances": [
        {
          "schema_version": 0,
          "attributes": {
            "id": "819195744",
            "json": "{\n  \"Version\": \"2012-10-17\",\n  \"Statement\": [\n    {\n      \"Effect\": \"Allow\",\n      \"Action\": [\n        \"sts:TagSession\",\n        \"sts:AssumeRole\"\n      ],\n      \"Principal\": {\n        \"Service\": \"pods.eks.amazonaws.com\"\n      }\n    }\n  ]\n}",
            "minified_json": "{\"Version\":\"2012-10-17\",\"Statement\":[{\"Effect\":\"Allow\",\"Action\":[\"sts:TagSession\",\"sts:AssumeRole\"],\"Principal\":{\"Service\":\"pods.eks.amazonaws.com\"}}]}",
            "override_json": null,
            "override_policy_documents": null,
            "policy_id": null,
            "source_json": null,
            "source_policy_documents": null,
            "statement": [
              {
                "actions": [
                  "sts:AssumeRole",
                  "sts:TagSession"
                ],
                "condition": [],
                "effect": "Allow",
                "not_actions": [],
                "not_principals": [],
                "not_resources": [],
                "principals": [
                  {
                    "identifiers": [
                      "pods.eks.amazonaws.com"
                    ],
                    "type": "Service"
                  }
                ],
                "resources": [],
                "sid": ""
              }
            ],
            "version": "2012-10-17"
          },
          "sensitive_attributes": []
        }
      ]
    },
    {
      "mode": "managed",
      "type": "aws_ec2_tag",
      "name": "private_subnet_internal_elb",
      "provider": "provider[\"registry.terraform.io/hashicorp/aws\"]",
      "instances": [
        {
          "index_key": "subnet-047f82639e56e29eb",
          "schema_version": 0,
          "attributes": {
            "id": "subnet-047f82639e56e29eb,kubernetes.io/role/internal-elb",
            "key": "kubernetes.io/role/internal-elb",
            "region": "us-east-1",
            "resource_id": "subnet-047f82639e56e29eb",
            "value": "1"
          },
          "sensitive_attributes": [],
          "private": "bnVsbA=="
        },
        {
          "index_key": "subnet-086ed49666f6a0f04",
          "schema_version": 0,
          "attributes": {
            "id": "subnet-086ed49666f6a0f04,kubernetes.io/role/internal-elb",
            "key": "kubernetes.io/role/internal-elb",
            "region": "us-east-1",
            "resource_id": "subnet-086ed49666f6a0f04",
            "value": "1"
          },
          "sensitive_attributes": [],
          "private": "bnVsbA=="
        }
      ]
    },
    {
      "mode": "managed",
      "type": "aws_ec2_tag",
      "name": "public_subnet_elb",
      "provider": "provider[\"registry.terraform.io/hashicorp/aws\"]",
      "instances": [
        {
          "index_key": "subnet-0421df49996ddace1",
          "schema_version": 0,
          "attributes": {
            "id": "subnet-0421df49996ddace1,kubernetes.io/role/elb",
            "key": "kubernetes.io/role/elb",
            "region": "us-east-1",
            "resource_id": "subnet-0421df49996ddace1",
            "value": "1"
          },
          "sensitive_attributes": [],
          "private": "bnVsbA=="
        },
        {
          "index_key": "subnet-0739da08bd41f1623",
          "schema_version": 0,
          "attributes": {
            "id": "subnet-0739da08bd41f1623,kubernetes.io/role/elb",
            "key": "kubernetes.io/role/elb",
            "region": "us-east-1",
            "resource_id": "subnet-0739da08bd41f1623",
            "value": "1"
          },
          "sensitive_attributes": [],
          "private": "bnVsbA=="
        }
      ]
    },
    {
      "mode": "managed",
      "type": "aws_iam_role",
      "name": "ebs_csi",
      "provider": "provider[\"registry.terraform.io/hashicorp/aws\"]",
      "instances": [
        {
          "schema_version": 0,
          "attributes": {
            "arn": "arn:aws:iam::967985385347:role/bonz-dev-ebs-csi-driver",
            "assume_role_policy": "{\"Statement\":[{\"Action\":[\"sts:TagSession\",\"sts:AssumeRole\"],\"Effect\":\"Allow\",\"Principal\":{\"Service\":\"pods.eks.amazonaws.com\"}}],\"Version\":\"2012-10-17\"}",
            "create_date": "2026-01-18T16:47:56Z",
            "description": "",
            "force_detach_policies": false,
            "id": "bonz-dev-ebs-csi-driver",
            "inline_policy": [],
            "managed_policy_arns": [
              "arn:aws:iam::aws:policy/service-role/AmazonEBSCSIDriverPolicy"
            ],
            "max_session_duration": 3600,
            "name": "bonz-dev-ebs-csi-driver",
            "name_prefix": "",
            "path": "/",
            "permissions_boundary": "",
            "tags": {
              "ClusterName": "bonz-dev",
              "Environment": "dev",
              "ManagedBy": "terraform",
              "Project": "bonz-dev"
            },
            "tags_all": {
              "ClusterName": "bonz-dev",
              "Environment": "dev",
              "ManagedBy": "terraform",
              "Project": "bonz-dev"
            },
            "unique_id": "AROA6CYDMZ6B4P2UC37J5"
          },
          "sensitive_attributes": [],
          "private": "bnVsbA==",
          "dependencies": [
            "data.aws_iam_policy_document.ebs_csi_assume_role"
          ]
        }
      ]
    },
    {
      "mode": "managed",
      "type": "aws_iam_role_policy_attachment",
      "name": "ebs_csi",
      "provider": "provider[\"registry.terraform.io/hashicorp/aws\"]",
      "instances": [
        {
          "schema_version": 0,
          "attributes": {
            "id": "bonz-dev-ebs-csi-driver/arn:aws:iam::aws:policy/service-role/AmazonEBSCSIDriverPolicy",
            "policy_arn": "arn:aws:iam::aws:policy/service-role/AmazonEBSCSIDriverPolicy",
            "role": "bonz-dev-ebs-csi-driver"
          },
          "sensitive_attributes": [],
          "private": "bnVsbA==",
          "dependencies": [
            "aws_iam_role.ebs_csi",
            "data.aws_iam_policy_document.ebs_csi_assume_role"
          ]
        }
      ]
    },
    {
      "module": "module.eks",
      "mode": "data",
      "type": "aws_caller_identity",
      "name": "current",
      "provider": "provider[\"registry.terraform.io/hashicorp/aws\"]",
      "instances": [
        {
          "index_key": 0,
          "schema_version": 0,
          "attributes": {
            "account_id": "967985385347",
            "arn": "arn:aws:iam::967985385347:user/suadmin",
            "id": "967985385347",
            "user_id": "AIDA6CYDMZ6BVF5PXT4XB"
          },
          "sensitive_attributes": []
        }
      ]
    },
    {
      "module": "module.eks",
      "mode": "data",
      "type": "aws_eks_addon_version",
      "name": "this",
      "provider": "provider[\"registry.terraform.io/hashicorp/aws\"]",
      "instances": [
        {
          "index_key": "aws-ebs-csi-driver",
          "schema_version": 0,
          "attributes": {
            "addon_name": "aws-ebs-csi-driver",
            "id": "aws-ebs-csi-driver",
            "kubernetes_version": "1.33",
            "most_recent": true,
            "region": "us-east-1",
            "version": "v1.54.0-eksbuild.1"
          },
          "sensitive_attributes": []
        },
        {
          "index_key": "coredns",
          "schema_version": 0,
          "attributes": {
            "addon_name": "coredns",
            "id": "coredns",
            "kubernetes_version": "1.33",
            "most_recent": true,
            "region": "us-east-1",
            "version": "v1.12.4-eksbuild.1"
          },
          "sensitive_attributes": []
        },
        {
          "index_key": "eks-pod-identity-agent",
          "schema_version": 0,
          "attributes": {
            "addon_name": "eks-pod-identity-agent",
            "id": "eks-pod-identity-agent",
            "kubernetes_version": "1.33",
            "most_recent": true,
            "region": "us-east-1",
            "version": "v1.3.10-eksbuild.2"
          },
          "sensitive_attributes": []
        },
        {
          "index_key": "kube-proxy",
          "schema_version": 0,
          "attributes": {
            "addon_name": "kube-proxy",
            "id": "kube-proxy",
            "kubernetes_version": "1.33",
            "most_recent": true,
            "region": "us-east-1",
            "version": "v1.33.7-eksbuild.2"
          },
          "sensitive_attributes": []
        },
        {
          "index_key": "vpc-cni",
          "schema_version": 0,
          "attributes": {
            "addon_name": "vpc-cni",
            "id": "vpc-cni",
            "kubernetes_version": "1.33",
            "most_recent": true,
            "region": "us-east-1",
            "version": "v1.21.1-eksbuild.1"
          },
          "sensitive_attributes": []
        }
      ]
    },
    {
      "module": "module.eks",
      "mode": "data",
      "type": "aws_iam_policy_document",
      "name": "assume_role_policy",
      "provider": "provider[\"registry.terraform.io/hashicorp/aws\"]",
      "instances": [
        {
          "index_key": 0,
          "schema_version": 0,
          "attributes": {
            "id": "2830595799",
            "json": "{\n  \"Version\": \"2012-10-17\",\n  \"Statement\": [\n    {\n      \"Sid\": \"EKSClusterAssumeRole\",\n      \"Effect\": \"Allow\",\n      \"Action\": [\n        \"sts:TagSession\",\n        \"sts:AssumeRole\"\n      ],\n      \"Principal\": {\n        \"Service\": \"eks.amazonaws.com\"\n      }\n    }\n  ]\n}",
            "minified_json": "{\"Version\":\"2012-10-17\",\"Statement\":[{\"Sid\":\"EKSClusterAssumeRole\",\"Effect\":\"Allow\",\"Action\":[\"sts:TagSession\",\"sts:AssumeRole\"],\"Principal\":{\"Service\":\"eks.amazonaws.com\"}}]}",
            "override_json": null,
            "override_policy_documents": null,
            "policy_id": null,
            "source_json": null,
            "source_policy_documents": null,
            "statement": [
              {
                "actions": [
                  "sts:AssumeRole",
                  "sts:TagSession"
                ],
                "condition": [],
                "effect": "Allow",
                "not_actions": [],
                "not_principals": [],
                "not_resources": [],
                "principals": [
                  {
                    "identifiers": [
                      "eks.amazonaws.com"
                    ],
                    "type": "Service"
                  }
                ],
                "resources": [],
                "sid": "EKSClusterAssumeRole"
              }
            ],
            "version": "2012-10-17"
          },
          "sensitive_attributes": []
        }
      ]
    },
    {
      "module": "module.eks",
      "mode": "data",
      "type": "aws_iam_session_context",
      "name": "current",
      "provider": "provider[\"registry.terraform.io/hashicorp/aws\"]",
      "instances": [
        {
          "index_key": 0,
          "schema_version": 0,
          "attributes": {
            "arn": "arn:aws:iam::967985385347:user/suadmin",
            "id": "arn:aws:iam::967985385347:user/suadmin",
            "issuer_arn": "arn:aws:iam::967985385347:user/suadmin",
            "issuer_id": "",
            "issuer_name": "",
            "session_name": ""
          },
          "sensitive_attributes": []
        }
      ]
    },
    {
      "module": "module.eks",
      "mode": "data",
      "type": "aws_partition",
      "name": "current",
      "provider": "provider[\"registry.terraform.io/hashicorp/aws\"]",
      "instances": [
        {
          "index_key": 0,
          "schema_version": 0,
          "attributes": {
            "dns_suffix": "amazonaws.com",
            "id": "aws",
            "partition": "aws",
            "reverse_dns_prefix": "com.amazonaws"
          },
          "sensitive_attributes": []
        }
      ]
    },
    {
      "module": "module.eks",
      "mode": "data",
      "type": "tls_certificate",
      "name": "this",
      "provider": "provider[\"registry.terraform.io/hashicorp/tls\"]",
      "instances": [
        {
          "index_key": 0,
          "schema_version": 0,
          "attributes": {
            "certificates": [
              {
                "cert_pem": "-----BEGIN CERTIFICATE-----\nMIIEkjCCA3qgAwIBAgITBn+USionzfP6wq4rAfkI7rnExjANBgkqhkiG9w0BAQsF\nADCBmDELMAkGA1UEBhMCVVMxEDAOBgNVBAgTB0FyaXpvbmExEzARBgNVBAcTClNj\nb3R0c2RhbGUxJTAjBgNVBAoTHFN0YXJmaWVsZCBUZWNobm9sb2dpZXMsIEluYy4x\nOzA5BgNVBAMTMlN0YXJmaWVsZCBTZXJ2aWNlcyBSb290IENlcnRpZmljYXRlIEF1\ndGhvcml0eSAtIEcyMB4XDTE1MDUyNTEyMDAwMFoXDTM3MTIzMTAxMDAwMFowOTEL\nMAkGA1UEBhMCVVMxDzANBgNVBAoTBkFtYXpvbjEZMBcGA1UEAxMQQW1hem9uIFJv\nb3QgQ0EgMTCCASIwDQYJKoZIhvcNAQEBBQADggEPADCCAQoCggEBALJ4gHHKeNXj\nca9HgFB0fW7Y14h29Jlo91ghYPl0hAEvrAIthtOgQ3pOsqTQNroBvo3bSMgHFzZM\n9O6II8c+6zf1tRn4SWiw3te5djgdYZ6k/oI2peVKVuRF4fn9tBb6dNqcmzU5L/qw\nIFAGbHrQgLKm+a/sRxmPUDgH3KKHOVj4utWp+UhnMJbulHheb4mjUcAwhmahRWa6\nVOujw5H5SNz/0egwLX0tdHA114gk957EWW67c4cX8jJGKLhD+rcdqsq08p8kDi1L\n93FcXmn/6pUCyziKrlA4b9v7LWIbxcceVOF34GfID5yHI9Y/QCB/IIDEgEw+OyQm\njgSubJrIqg0CAwEAAaOCATEwggEtMA8GA1UdEwEB/wQFMAMBAf8wDgYDVR0PAQH/\nBAQDAgGGMB0GA1UdDgQWBBSEGMyFNOy8DJSULghZnMeyEE4KCDAfBgNVHSMEGDAW\ngBScXwDfqgHXMCs4iKK4bUqc8hGRgzB4BggrBgEFBQcBAQRsMGowLgYIKwYBBQUH\nMAGGImh0dHA6Ly9vY3NwLnJvb3RnMi5hbWF6b250cnVzdC5jb20wOAYIKwYBBQUH\nMAKGLGh0dHA6Ly9jcnQucm9vdGcyLmFtYXpvbnRydXN0LmNvbS9yb290ZzIuY2Vy\nMD0GA1UdHwQ2MDQwMqAwoC6GLGh0dHA6Ly9jcmwucm9vdGcyLmFtYXpvbnRydXN0\nLmNvbS9yb290ZzIuY3JsMBEGA1UdIAQKMAgwBgYEVR0gADANBgkqhkiG9w0BAQsF\nAAOCAQEAYjdCXLwQtT6LLOkMm2xF4gcAevnFWAu5CIw+7bMlPLVvUOTNNWqnkzSW\nMiGpSESrnO09tKpzbeR/FoCJbM8oAxiDR3mjEH4wW6w7sGDgd9QIpuEdfF7Au/ma\neyKdpwAJfqxGF4PcnCZXmTA5YpaP7dreqsXMGz7KQ2hsVxa81Q4gLv7/wmpdLqBK\nbRRYh5TmOTFffHPLkIhqhBGWJ6bt2YFGpn6jcgAKUj6DiAdjd4lpFw85hdKrCEVN\n0FE6/V1dN2RMfjCyVSRCnTawXZwXgWHxyvkQAiSr6w10kY17RSlQOYiypok1JR4U\nakcjMS9cmvqtmg5iUaQqqcT5NJ0hGA==\n-----END CERTIFICATE-----\n",
                "is_ca": true,
                "issuer": "CN=Starfield Services Root Certificate Authority - G2,O=Starfield Technologies\\, Inc.,L=Scottsdale,ST=Arizona,C=US",
                "not_after": "2037-12-31T01:00:00Z",
                "not_before": "2015-05-25T12:00:00Z",
                "public_key_algorithm": "RSA",
                "serial_number": "144918191876577076464031512351042010504348870",
                "sha1_fingerprint": "06b25927c42a721631c1efd9431e648fa62e1e39",
                "signature_algorithm": "SHA256-RSA",
                "subject": "CN=Amazon Root CA 1,O=Amazon,C=US",
                "version": 3
              },
              {
                "cert_pem": "-----BEGIN CERTIFICATE-----\nMIIEXjCCA0agAwIBAgITB3MSOAudZoijOx7Zv5zNpo4ODzANBgkqhkiG9w0BAQsF\nADA5MQswCQYDVQQGEwJVUzEPMA0GA1UEChMGQW1hem9uMRkwFwYDVQQDExBBbWF6\nb24gUm9vdCBDQSAxMB4XDTIyMDgyMzIyMjEyOFoXDTMwMDgyMzIyMjEyOFowPDEL\nMAkGA1UEBhMCVVMxDzANBgNVBAoTBkFtYXpvbjEcMBoGA1UEAxMTQW1hem9uIFJT\nQSAyMDQ4IE0wMTCCASIwDQYJKoZIhvcNAQEBBQADggEPADCCAQoCggEBAOtxLKnL\nH4gokjIwr4pXD3i3NyWVVYesZ1yX0yLI2qIUZ2t88Gfa4gMqs1YSXca1R/lnCKeT\nepWSGA+0+fkQNpp/L4C2T7oTTsddUx7g3ZYzByDTlrwS5HRQQqEFE3O1T5tEJP4t\nf+28IoXsNiEzl3UGzicYgtzj2cWCB41eJgEmJmcf2T8TzzK6a614ZPyq/w4CPAff\nnAV4coz96nW3AyiE2uhuB4zQUIXvgVSycW7sbWLvj5TDXunEpNCRwC4kkZjK7rol\njtT2cbb7W2s4Bkg3R42G3PLqBvt2N32e/0JOTViCk8/iccJ4sXqrS1uUN4iB5Nmv\nJK74csVl+0u0UecCAwEAAaOCAVowggFWMBIGA1UdEwEB/wQIMAYBAf8CAQAwDgYD\nVR0PAQH/BAQDAgGGMB0GA1UdJQQWMBQGCCsGAQUFBwMBBggrBgEFBQcDAjAdBgNV\nHQ4EFgQUgbgOY4qJEhjl+js7UJWf5uWQE4UwHwYDVR0jBBgwFoAUhBjMhTTsvAyU\nlC4IWZzHshBOCggwewYIKwYBBQUHAQEEbzBtMC8GCCsGAQUFBzABhiNodHRwOi8v\nb2NzcC5yb290Y2ExLmFtYXpvbnRydXN0LmNvbTA6BggrBgEFBQcwAoYuaHR0cDov\nL2NydC5yb290Y2ExLmFtYXpvbnRydXN0LmNvbS9yb290Y2ExLmNlcjA/BgNVHR8E\nODA2MDSgMqAwhi5odHRwOi8vY3JsLnJvb3RjYTEuYW1hem9udHJ1c3QuY29tL3Jv\nb3RjYTEuY3JsMBMGA1UdIAQMMAowCAYGZ4EMAQIBMA0GCSqGSIb3DQEBCwUAA4IB\nAQCtAN4CBSMuBjJitGuxlBbkEUDeK/pZwTXv4KqPK0G50fOHOQAd8j21p0cMBgbG\nkfMHVwLU7b0XwZCav0h1ogdPMN1KakK1DT0VwA/+hFvGPJnMV1Kx2G4S1ZaSk0uU\n5QfoiYIIano01J5k4T2HapKQmmOhS/iPtuo00wW+IMLeBuKMn3OLn005hcrOGTad\nhcmeyfhQP7Z+iKHvyoQGi1C0ClymHETx/chhQGDyYSWqB/THwnN15AwLQo0E5V9E\nSJlbe4mBlqeInUsNYugExNf+tOiybcrswBy8OFsd34XOW3rjSUtsuafd9AWySa3h\nxRRrwszrzX/WWGm6wyB+f7C4\n-----END CERTIFICATE-----\n",
                "is_ca": true,
                "issuer": "CN=Amazon Root CA 1,O=Amazon,C=US",
                "not_after": "2030-08-23T22:21:28Z",
                "not_before": "2022-08-23T22:21:28Z",
                "public_key_algorithm": "RSA",
                "serial_number": "166129328851546858514271303855646110030630415",
                "sha1_fingerprint": "2ad974a775f73cbdbbd8f5ac3a49255fa8fb1f8c",
                "signature_algorithm": "SHA256-RSA",
                "subject": "CN=Amazon RSA 2048 M01,O=Amazon,C=US",
                "version": 3
              },
              {
                "cert_pem": "-----BEGIN CERTIFICATE-----\nMIIF3DCCBMSgAwIBAgIQB14f0Z6brALSpKigLOiS6jANBgkqhkiG9w0BAQsFADA8\nMQswCQYDVQQGEwJVUzEPMA0GA1UEChMGQW1hem9uMRwwGgYDVQQDExNBbWF6b24g\nUlNBIDIwNDggTTAxMB4XDTI1MTAwNjAwMDAwMFoXDTI2MDMyNzIzNTk1OVowKDEm\nMCQGA1UEAwwdKi5la3MudXMtZWFzdC0xLmFtYXpvbmF3cy5jb20wggEiMA0GCSqG\nSIb3DQEBAQUAA4IBDwAwggEKAoIBAQCwz97XCUOv8dM3smhrqq7RglkPLC/3B/Zy\nP4Zekfo/B/a2vNQ4F7HlvwH6S7ziPSuN2I0/py6CBULTg+ffrINzuSb3rwcQNzXd\nTct/JG/36hEejxCcPcP1ok+V2j3GHCt3tIdh80c2Ug2dSj5jIEhi3AwXPdXanHz6\nvyLi5Tst9sdZi0NXQwoY49PIpQEcxp70LVr5+OyMIGRt2/WaUJblHbDjjuj6IHEA\nICm6zd8Bimr1c+YzVAMXP2sw0sbX7yd0bgItKD7dUM/qokhJwGo3jHupXyh/K89/\nqnl4TF/yAzBq8r3Ipfxj6CIvPFfm0xTq8CRDNiYeekpeWYf041CBAgMBAAGjggLs\nMIIC6DAfBgNVHSMEGDAWgBSBuA5jiokSGOX6OztQlZ/m5ZAThTAdBgNVHQ4EFgQU\nV3222qV/dAUJo/pYeDTe95DKaQYwKAYDVR0RBCEwH4IdKi5la3MudXMtZWFzdC0x\nLmFtYXpvbmF3cy5jb20wEwYDVR0gBAwwCjAIBgZngQwBAgEwDgYDVR0PAQH/BAQD\nAgWgMBMGA1UdJQQMMAoGCCsGAQUFBwMBMDsGA1UdHwQ0MDIwMKAuoCyGKmh0dHA6\nLy9jcmwucjJtMDEuYW1hem9udHJ1c3QuY29tL3IybTAxLmNybDB1BggrBgEFBQcB\nAQRpMGcwLQYIKwYBBQUHMAGGIWh0dHA6Ly9vY3NwLnIybTAxLmFtYXpvbnRydXN0\nLmNvbTA2BggrBgEFBQcwAoYqaHR0cDovL2NydC5yMm0wMS5hbWF6b250cnVzdC5j\nb20vcjJtMDEuY2VyMAwGA1UdEwEB/wQCMAAwggF+BgorBgEEAdZ5AgQCBIIBbgSC\nAWoBaAB2AA5XlLzzrqk+MxssmQez95Dfm8I9cTIl3SGpJaxhxU4hAAABmbs7sv8A\nAAQDAEcwRQIhAL86q0K2FzUXW6WfqeuY+r+iIajJXNNyY3arS6evrfOeAiBElus1\n/3b0kY/e8L5gErtac/IHEufuNudmXd5vLiCDCAB2AGQRxGykEuyniRyiAi4AvKtP\nKAfUHjUnq+r+1QPJfc3wAAABmbs7sz8AAAQDAEcwRQIgG2ep4FQnhdrmTs0rUp6x\nr1pEIJ72DblPnqw3jFm8MGkCIQCuuEOvK3TMnnjVRALy8roN65umJw0IC8PiwLn1\ni9phfQB2AEmcm2neHXzs/DbezYdkprhbrwqHgBnRVVL76esp3fjDAAABmbs7s0sA\nAAQDAEcwRQIgKGFGo+2dXRe9CruBH/vrUjcLyxdkvTR9dNWsgDFWR5wCIQDTYce6\nL0yv1LRQvElypbWRRBD7jQHBqBvjldIjtfJ6yTANBgkqhkiG9w0BAQsFAAOCAQEA\ndomdsxTvmYQMT+HYareaMRBmrWGcfi3NRcTaoRTLMjDECu7HlJN6uqVEtqUyJ2Wt\nu4QMAcEEB8sfxG8oDlFNrl+zp0YpuxcyoBN5xsK7luLMDWTr9/3ypqd4mZWTRD7J\npE3yi8uYm5Jh4r+AtQ8pOcEVCZwvftmbbdVitFjrS4lf3KUiJDQdsp3KXfiHloy4\nb2JzrmW2u+IEhUrD4G4qC72QzmmqFnvjRJFGvzjmMNOZiK9G1hw8+hkg9qG9hDll\nAeVBncO+rSB1ZZv3E8UtOfd42CVuizIkC4iZgTOAtahPov2hYVzwU6CHq+67c7LD\n8GuVFisgUWRBu0QW++R6bA==\n-----END CERTIFICATE-----\n",
                "is_ca": false,
                "issuer": "CN=Amazon RSA 2048 M01,O=Amazon,C=US",
                "not_after": "2026-03-27T23:59:59Z",
                "not_before": "2025-10-06T00:00:00Z",
                "public_key_algorithm": "RSA",
                "serial_number": "9793317237667190943357987649422398186",
                "sha1_fingerprint": "d7d10ac1fd7e87f1a3787a9a8be9b0f8538ec059",
                "signature_algorithm": "SHA256-RSA",
                "subject": "CN=*.eks.us-east-1.amazonaws.com",
                "version": 3
              }
            ],
            "content": null,
            "id": "0c37bb608751c2a14704338d4b14c14e6dbe88ac",
            "url": "https://oidc.eks.us-east-1.amazonaws.com/id/7B4EE0A7F1738B0BD41BDC24718AA11F",
            "verify_chain": true
          },
          "sensitive_attributes": []
        }
      ]
    },
    {
      "module": "module.eks",
      "mode": "managed",
      "type": "aws_cloudwatch_log_group",
      "name": "this",
      "provider": "provider[\"registry.terraform.io/hashicorp/aws\"]",
      "instances": [
        {
          "index_key": 0,
          "schema_version": 0,
          "attributes": {
            "arn": "arn:aws:logs:us-east-1:967985385347:log-group:/aws/eks/bonz-dev/cluster",
            "deletion_protection_enabled": false,
            "id": "/aws/eks/bonz-dev/cluster",
            "kms_key_id": "",
            "log_group_class": "STANDARD",
            "name": "/aws/eks/bonz-dev/cluster",
            "name_prefix": "",
            "region": "us-east-1",
            "retention_in_days": 90,
            "skip_destroy": false,
            "tags": {
              "ClusterName": "bonz-dev",
              "Environment": "dev",
              "ManagedBy": "terraform",
              "Name": "/aws/eks/bonz-dev/cluster",
              "Project": "bonz-dev"
            },
            "tags_all": {
              "ClusterName": "bonz-dev",
              "Environment": "dev",
              "ManagedBy": "terraform",
              "Name": "/aws/eks/bonz-dev/cluster",
              "Project": "bonz-dev"
            }
          },
          "sensitive_attributes": [],
          "private": "bnVsbA==",
          "create_before_destroy": true
        }
      ]
    },
    {
      "module": "module.eks",
      "mode": "managed",
      "type": "aws_ec2_tag",
      "name": "cluster_primary_security_group",
      "provider": "provider[\"registry.terraform.io/hashicorp/aws\"]",
      "instances": [
        {
          "index_key": "ClusterName",
          "schema_version": 0,
          "attributes": {
            "id": "sg-05ad83677f3c1c7e8,ClusterName",
            "key": "ClusterName",
            "region": "us-east-1",
            "resource_id": "sg-05ad83677f3c1c7e8",
            "value": "bonz-dev"
          },
          "sensitive_attributes": [],
          "private": "bnVsbA==",
          "dependencies": [
            "module.eks.aws_cloudwatch_log_group.this",
            "module.eks.aws_eks_cluster.this",
            "module.eks.aws_iam_policy.cni_ipv6_policy",
            "module.eks.aws_iam_role.eks_auto",
            "module.eks.aws_iam_role.this",
            "module.eks.aws_iam_role_policy_attachment.this",
            "module.eks.aws_security_group.cluster",
            "module.eks.aws_security_group.node",
            "module.eks.aws_security_group_rule.cluster",
            "module.eks.aws_security_group_rule.node",
            "module.eks.data.aws_caller_identity.current",
            "module.eks.data.aws_iam_policy_document.assume_role_policy",
            "module.eks.data.aws_iam_policy_document.cni_ipv6_policy",
            "module.eks.data.aws_iam_policy_document.node_assume_role_policy",
            "module.eks.data.aws_iam_session_context.current",
            "module.eks.data.aws_partition.current",
            "module.eks.module.kms.aws_kms_external_key.this",
            "module.eks.module.kms.aws_kms_key.this",
            "module.eks.module.kms.aws_kms_replica_external_key.this",
            "module.eks.module.kms.aws_kms_replica_key.this",
            "module.eks.module.kms.data.aws_caller_identity.current",
            "module.eks.module.kms.data.aws_iam_policy_document.this",
            "module.eks.module.kms.data.aws_partition.current"
          ]
        },
        {
          "index_key": "Environment",
          "schema_version": 0,
          "attributes": {
            "id": "sg-05ad83677f3c1c7e8,Environment",
            "key": "Environment",
            "region": "us-east-1",
            "resource_id": "sg-05ad83677f3c1c7e8",
            "value": "dev"
          },
          "sensitive_attributes": [],
          "private": "bnVsbA==",
          "dependencies": [
            "module.eks.aws_cloudwatch_log_group.this",
            "module.eks.aws_eks_cluster.this",
            "module.eks.aws_iam_policy.cni_ipv6_policy",
            "module.eks.aws_iam_role.eks_auto",
            "module.eks.aws_iam_role.this",
            "module.eks.aws_iam_role_policy_attachment.this",
            "module.eks.aws_security_group.cluster",
            "module.eks.aws_security_group.node",
            "module.eks.aws_security_group_rule.cluster",
            "module.eks.aws_security_group_rule.node",
            "module.eks.data.aws_caller_identity.current",
            "module.eks.data.aws_iam_policy_document.assume_role_policy",
            "module.eks.data.aws_iam_policy_document.cni_ipv6_policy",
            "module.eks.data.aws_iam_policy_document.node_assume_role_policy",
            "module.eks.data.aws_iam_session_context.current",
            "module.eks.data.aws_partition.current",
            "module.eks.module.kms.aws_kms_external_key.this",
            "module.eks.module.kms.aws_kms_key.this",
            "module.eks.module.kms.aws_kms_replica_external_key.this",
            "module.eks.module.kms.aws_kms_replica_key.this",
            "module.eks.module.kms.data.aws_caller_identity.current",
            "module.eks.module.kms.data.aws_iam_policy_document.this",
            "module.eks.module.kms.data.aws_partition.current"
          ]
        },
        {
          "index_key": "ManagedBy",
          "schema_version": 0,
          "attributes": {
            "id": "sg-05ad83677f3c1c7e8,ManagedBy",
            "key": "ManagedBy",
            "region": "us-east-1",
            "resource_id": "sg-05ad83677f3c1c7e8",
            "value": "terraform"
          },
          "sensitive_attributes": [],
          "private": "bnVsbA==",
          "dependencies": [
            "module.eks.aws_cloudwatch_log_group.this",
            "module.eks.aws_eks_cluster.this",
            "module.eks.aws_iam_policy.cni_ipv6_policy",
            "module.eks.aws_iam_role.eks_auto",
            "module.eks.aws_iam_role.this",
            "module.eks.aws_iam_role_policy_attachment.this",
            "module.eks.aws_security_group.cluster",
            "module.eks.aws_security_group.node",
            "module.eks.aws_security_group_rule.cluster",
            "module.eks.aws_security_group_rule.node",
            "module.eks.data.aws_caller_identity.current",
            "module.eks.data.aws_iam_policy_document.assume_role_policy",
            "module.eks.data.aws_iam_policy_document.cni_ipv6_policy",
            "module.eks.data.aws_iam_policy_document.node_assume_role_policy",
            "module.eks.data.aws_iam_session_context.current",
            "module.eks.data.aws_partition.current",
            "module.eks.module.kms.aws_kms_external_key.this",
            "module.eks.module.kms.aws_kms_key.this",
            "module.eks.module.kms.aws_kms_replica_external_key.this",
            "module.eks.module.kms.aws_kms_replica_key.this",
            "module.eks.module.kms.data.aws_caller_identity.current",
            "module.eks.module.kms.data.aws_iam_policy_document.this",
            "module.eks.module.kms.data.aws_partition.current"
          ]
        },
        {
          "index_key": "Project",
          "schema_version": 0,
          "attributes": {
            "id": "sg-05ad83677f3c1c7e8,Project",
            "key": "Project",
            "region": "us-east-1",
            "resource_id": "sg-05ad83677f3c1c7e8",
            "value": "bonz-dev"
          },
          "sensitive_attributes": [],
          "private": "bnVsbA==",
          "dependencies": [
            "module.eks.aws_cloudwatch_log_group.this",
            "module.eks.aws_eks_cluster.this",
            "module.eks.aws_iam_policy.cni_ipv6_policy",
            "module.eks.aws_iam_role.eks_auto",
            "module.eks.aws_iam_role.this",
            "module.eks.aws_iam_role_policy_attachment.this",
            "module.eks.aws_security_group.cluster",
            "module.eks.aws_security_group.node",
            "module.eks.aws_security_group_rule.cluster",
            "module.eks.aws_security_group_rule.node",
            "module.eks.data.aws_caller_identity.current",
            "module.eks.data.aws_iam_policy_document.assume_role_policy",
            "module.eks.data.aws_iam_policy_document.cni_ipv6_policy",
            "module.eks.data.aws_iam_policy_document.node_assume_role_policy",
            "module.eks.data.aws_iam_session_context.current",
            "module.eks.data.aws_partition.current",
            "module.eks.module.kms.aws_kms_external_key.this",
            "module.eks.module.kms.aws_kms_key.this",
            "module.eks.module.kms.aws_kms_replica_external_key.this",
            "module.eks.module.kms.aws_kms_replica_key.this",
            "module.eks.module.kms.data.aws_caller_identity.current",
            "module.eks.module.kms.data.aws_iam_policy_document.this",
            "module.eks.module.kms.data.aws_partition.current"
          ]
        }
      ]
    },
    {
      "module": "module.eks",
      "mode": "managed",
      "type": "aws_eks_access_entry",
      "name": "this",
      "provider": "provider[\"registry.terraform.io/hashicorp/aws\"]",
      "instances": [
        {
          "index_key": "cluster_creator",
          "schema_version": 0,
          "attributes": {
            "access_entry_arn": "arn:aws:eks:us-east-1:967985385347:access-entry/bonz-dev/user/967985385347/suadmin/7acde905-1bbd-9663-ae3e-5914d92c0f35",
            "cluster_name": "bonz-dev",
            "created_at": "2026-01-18T16:57:23Z",
            "id": "bonz-dev:arn:aws:iam::967985385347:user/suadmin",
            "kubernetes_groups": [],
            "modified_at": "2026-01-18T16:57:23Z",
            "principal_arn": "arn:aws:iam::967985385347:user/suadmin",
            "region": "us-east-1",
            "tags": {
              "ClusterName": "bonz-dev",
              "Environment": "dev",
              "ManagedBy": "terraform",
              "Project": "bonz-dev"
            },
            "tags_all": {
              "ClusterName": "bonz-dev",
              "Environment": "dev",
              "ManagedBy": "terraform",
              "Project": "bonz-dev"
            },
            "timeouts": null,
            "type": "STANDARD",
            "user_name": "arn:aws:iam::967985385347:user/suadmin"
          },
          "sensitive_attributes": [],
          "private": "eyJlMmJmYjczMC1lY2FhLTExZTYtOGY4OC0zNDM2M2JjN2M0YzAiOnsiY3JlYXRlIjo2MDAwMDAwMDAwMDAsImRlbGV0ZSI6NjAwMDAwMDAwMDAwfX0=",
          "dependencies": [
            "module.eks.aws_cloudwatch_log_group.this",
            "module.eks.aws_eks_cluster.this",
            "module.eks.aws_iam_policy.cni_ipv6_policy",
            "module.eks.aws_iam_role.eks_auto",
            "module.eks.aws_iam_role.this",
            "module.eks.aws_iam_role_policy_attachment.this",
            "module.eks.aws_security_group.cluster",
            "module.eks.aws_security_group.node",
            "module.eks.aws_security_group_rule.cluster",
            "module.eks.aws_security_group_rule.node",
            "module.eks.data.aws_caller_identity.current",
            "module.eks.data.aws_iam_policy_document.assume_role_policy",
            "module.eks.data.aws_iam_policy_document.cni_ipv6_policy",
            "module.eks.data.aws_iam_policy_document.node_assume_role_policy",
            "module.eks.data.aws_iam_session_context.current",
            "module.eks.data.aws_partition.current",
            "module.eks.module.kms.aws_kms_external_key.this",
            "module.eks.module.kms.aws_kms_key.this",
            "module.eks.module.kms.aws_kms_replica_external_key.this",
            "module.eks.module.kms.aws_kms_replica_key.this",
            "module.eks.module.kms.data.aws_caller_identity.current",
            "module.eks.module.kms.data.aws_iam_policy_document.this",
            "module.eks.module.kms.data.aws_partition.current"
          ]
        }
      ]
    },
    {
      "module": "module.eks",
      "mode": "managed",
      "type": "aws_eks_access_policy_association",
      "name": "this",
      "provider": "provider[\"registry.terraform.io/hashicorp/aws\"]",
      "instances": [
        {
          "index_key": "cluster_creator_admin",
          "schema_version": 0,
          "attributes": {
            "access_scope": [
              {
                "namespaces": [],
                "type": "cluster"
              }
            ],
            "associated_at": "2026-01-18 16:57:24.53 +0000 UTC",
            "cluster_name": "bonz-dev",
            "id": "bonz-dev#arn:aws:iam::967985385347:user/suadmin#arn:aws:eks::aws:cluster-access-policy/AmazonEKSClusterAdminPolicy",
            "modified_at": "2026-01-18 16:57:24.53 +0000 UTC",
            "policy_arn": "arn:aws:eks::aws:cluster-access-policy/AmazonEKSClusterAdminPolicy",
            "principal_arn": "arn:aws:iam::967985385347:user/suadmin",
            "region": "us-east-1",
            "timeouts": null
          },
          "sensitive_attributes": [],
          "private": "eyJlMmJmYjczMC1lY2FhLTExZTYtOGY4OC0zNDM2M2JjN2M0YzAiOnsiY3JlYXRlIjo2MDAwMDAwMDAwMDAsImRlbGV0ZSI6NjAwMDAwMDAwMDAwfX0=",
          "dependencies": [
            "module.eks.aws_cloudwatch_log_group.this",
            "module.eks.aws_eks_access_entry.this",
            "module.eks.aws_eks_cluster.this",
            "module.eks.aws_iam_policy.cni_ipv6_policy",
            "module.eks.aws_iam_role.eks_auto",
            "module.eks.aws_iam_role.this",
            "module.eks.aws_iam_role_policy_attachment.this",
            "module.eks.aws_security_group.cluster",
            "module.eks.aws_security_group.node",
            "module.eks.aws_security_group_rule.cluster",
            "module.eks.aws_security_group_rule.node",
            "module.eks.data.aws_caller_identity.current",
            "module.eks.data.aws_iam_policy_document.assume_role_policy",
            "module.eks.data.aws_iam_policy_document.cni_ipv6_policy",
            "module.eks.data.aws_iam_policy_document.node_assume_role_policy",
            "module.eks.data.aws_iam_session_context.current",
            "module.eks.data.aws_partition.current",
            "module.eks.module.kms.aws_kms_external_key.this",
            "module.eks.module.kms.aws_kms_key.this",
            "module.eks.module.kms.aws_kms_replica_external_key.this",
            "module.eks.module.kms.aws_kms_replica_key.this",
            "module.eks.module.kms.data.aws_caller_identity.current",
            "module.eks.module.kms.data.aws_iam_policy_document.this",
            "module.eks.module.kms.data.aws_partition.current"
          ]
        }
      ]
    },
    {
      "module": "module.eks",
      "mode": "managed",
      "type": "aws_eks_addon",
      "name": "before_compute",
      "provider": "provider[\"registry.terraform.io/hashicorp/aws\"]",
      "instances": [
        {
          "index_key": "eks-pod-identity-agent",
          "schema_version": 0,
          "attributes": {
            "addon_name": "eks-pod-identity-agent",
            "addon_version": "v1.3.10-eksbuild.2",
            "arn": "arn:aws:eks:us-east-1:967985385347:addon/bonz-dev/eks-pod-identity-agent/24cde905-1c7b-b696-44c2-f3928f207c7e",
            "cluster_name": "bonz-dev",
            "configuration_values": "",
            "created_at": "2026-01-18T16:57:24Z",
            "id": "bonz-dev:eks-pod-identity-agent",
            "modified_at": "2026-01-18T16:57:40Z",
            "pod_identity_association": [],
            "preserve": true,
            "region": "us-east-1",
            "resolve_conflicts_on_create": "NONE",
            "resolve_conflicts_on_update": "OVERWRITE",
            "service_account_role_arn": "",
            "tags": {
              "ClusterName": "bonz-dev",
              "Environment": "dev",
              "ManagedBy": "terraform",
              "Project": "bonz-dev"
            },
            "tags_all": {
              "ClusterName": "bonz-dev",
              "Environment": "dev",
              "ManagedBy": "terraform",
              "Project": "bonz-dev"
            },
            "timeouts": {
              "create": null,
              "delete": null,
              "update": null
            }
          },
          "sensitive_attributes": [],
          "private": "eyJlMmJmYjczMC1lY2FhLTExZTYtOGY4OC0zNDM2M2JjN2M0YzAiOnsiY3JlYXRlIjoxMjAwMDAwMDAwMDAwLCJkZWxldGUiOjI0MDAwMDAwMDAwMDAsInVwZGF0ZSI6MTIwMDAwMDAwMDAwMH19",
          "dependencies": [
            "aws_iam_role.ebs_csi",
            "data.aws_iam_policy_document.ebs_csi_assume_role",
            "module.eks.aws_cloudwatch_log_group.this",
            "module.eks.aws_eks_cluster.this",
            "module.eks.aws_iam_policy.cni_ipv6_policy",
            "module.eks.aws_iam_role.eks_auto",
            "module.eks.aws_iam_role.this",
            "module.eks.aws_iam_role_policy_attachment.this",
            "module.eks.aws_security_group.cluster",
            "module.eks.aws_security_group.node",
            "module.eks.aws_security_group_rule.cluster",
            "module.eks.aws_security_group_rule.node",
            "module.eks.data.aws_caller_identity.current",
            "module.eks.data.aws_eks_addon_version.this",
            "module.eks.data.aws_iam_policy_document.assume_role_policy",
            "module.eks.data.aws_iam_policy_document.cni_ipv6_policy",
            "module.eks.data.aws_iam_policy_document.node_assume_role_policy",
            "module.eks.data.aws_iam_session_context.current",
            "module.eks.data.aws_partition.current",
            "module.eks.module.kms.aws_kms_external_key.this",
            "module.eks.module.kms.aws_kms_key.this",
            "module.eks.module.kms.aws_kms_replica_external_key.this",
            "module.eks.module.kms.aws_kms_replica_key.this",
            "module.eks.module.kms.data.aws_caller_identity.current",
            "module.eks.module.kms.data.aws_iam_policy_document.this",
            "module.eks.module.kms.data.aws_partition.current"
          ]
        },
        {
          "index_key": "vpc-cni",
          "schema_version": 0,
          "attributes": {
            "addon_name": "vpc-cni",
            "addon_version": "v1.21.1-eksbuild.1",
            "arn": "arn:aws:eks:us-east-1:967985385347:addon/bonz-dev/vpc-cni/72cde905-1c7b-b9aa-ae3d-79437a8fa865",
            "cluster_name": "bonz-dev",
            "configuration_values": "",
            "created_at": "2026-01-18T16:57:24Z",
            "id": "bonz-dev:vpc-cni",
            "modified_at": "2026-01-18T16:57:32Z",
            "pod_identity_association": [],
            "preserve": true,
            "region": "us-east-1",
            "resolve_conflicts_on_create": "NONE",
            "resolve_conflicts_on_update": "OVERWRITE",
            "service_account_role_arn": "",
            "tags": {
              "ClusterName": "bonz-dev",
              "Environment": "dev",
              "ManagedBy": "terraform",
              "Project": "bonz-dev"
            },
            "tags_all": {
              "ClusterName": "bonz-dev",
              "Environment": "dev",
              "ManagedBy": "terraform",
              "Project": "bonz-dev"
            },
            "timeouts": {
              "create": null,
              "delete": null,
              "update": null
            }
          },
          "sensitive_attributes": [],
          "private": "eyJlMmJmYjczMC1lY2FhLTExZTYtOGY4OC0zNDM2M2JjN2M0YzAiOnsiY3JlYXRlIjoxMjAwMDAwMDAwMDAwLCJkZWxldGUiOjI0MDAwMDAwMDAwMDAsInVwZGF0ZSI6MTIwMDAwMDAwMDAwMH19",
          "dependencies": [
            "aws_iam_role.ebs_csi",
            "data.aws_iam_policy_document.ebs_csi_assume_role",
            "module.eks.aws_cloudwatch_log_group.this",
            "module.eks.aws_eks_cluster.this",
            "module.eks.aws_iam_policy.cni_ipv6_policy",
            "module.eks.aws_iam_role.eks_auto",
            "module.eks.aws_iam_role.this",
            "module.eks.aws_iam_role_policy_attachment.this",
            "module.eks.aws_security_group.cluster",
            "module.eks.aws_security_group.node",
            "module.eks.aws_security_group_rule.cluster",
            "module.eks.aws_security_group_rule.node",
            "module.eks.data.aws_caller_identity.current",
            "module.eks.data.aws_eks_addon_version.this",
            "module.eks.data.aws_iam_policy_document.assume_role_policy",
            "module.eks.data.aws_iam_policy_document.cni_ipv6_policy",
            "module.eks.data.aws_iam_policy_document.node_assume_role_policy",
            "module.eks.data.aws_iam_session_context.current",
            "module.eks.data.aws_partition.current",
            "module.eks.module.kms.aws_kms_external_key.this",
            "module.eks.module.kms.aws_kms_key.this",
            "module.eks.module.kms.aws_kms_replica_external_key.this",
            "module.eks.module.kms.aws_kms_replica_key.this",
            "module.eks.module.kms.data.aws_caller_identity.current",
            "module.eks.module.kms.data.aws_iam_policy_document.this",
            "module.eks.module.kms.data.aws_partition.current"
          ]
        }
      ]
    },
    {
      "module": "module.eks",
      "mode": "managed",
      "type": "aws_eks_addon",
      "name": "this",
      "provider": "provider[\"registry.terraform.io/hashicorp/aws\"]",
      "instances": [
        {
          "index_key": "aws-ebs-csi-driver",
          "schema_version": 0,
          "attributes": {
            "addon_name": "aws-ebs-csi-driver",
            "addon_version": "v1.54.0-eksbuild.1",
            "arn": "arn:aws:eks:us-east-1:967985385347:addon/bonz-dev/aws-ebs-csi-driver/facde906-1d53-c931-b264-2c66ed00db43",
            "cluster_name": "bonz-dev",
            "configuration_values": "{\"controller\":{\"tolerations\":[{\"effect\":\"NoSchedule\",\"key\":\"dedicated\",\"operator\":\"Equal\",\"value\":\"general\"}]},\"node\":{\"tolerations\":[{\"effect\":\"NoSchedule\",\"key\":\"dedicated\",\"operator\":\"Equal\",\"value\":\"general\"},{\"effect\":\"NoSchedule\",\"key\":\"voip-environment\",\"operator\":\"Exists\"}]}}",
            "created_at": "2026-01-18T16:59:36Z",
            "id": "bonz-dev:aws-ebs-csi-driver",
            "modified_at": "2026-01-18T17:00:17Z",
            "pod_identity_association": [
              {
                "role_arn": "arn:aws:iam::967985385347:role/bonz-dev-ebs-csi-driver",
                "service_account": "ebs-csi-controller-sa"
              }
            ],
            "preserve": true,
            "region": "us-east-1",
            "resolve_conflicts_on_create": "NONE",
            "resolve_conflicts_on_update": "OVERWRITE",
            "service_account_role_arn": "",
            "tags": {
              "ClusterName": "bonz-dev",
              "Environment": "dev",
              "ManagedBy": "terraform",
              "Project": "bonz-dev"
            },
            "tags_all": {
              "ClusterName": "bonz-dev",
              "Environment": "dev",
              "ManagedBy": "terraform",
              "Project": "bonz-dev"
            },
            "timeouts": {
              "create": null,
              "delete": null,
              "update": null
            }
          },
          "sensitive_attributes": [],
          "private": "eyJlMmJmYjczMC1lY2FhLTExZTYtOGY4OC0zNDM2M2JjN2M0YzAiOnsiY3JlYXRlIjoxMjAwMDAwMDAwMDAwLCJkZWxldGUiOjI0MDAwMDAwMDAwMDAsInVwZGF0ZSI6MTIwMDAwMDAwMDAwMH19",
          "dependencies": [
            "aws_iam_role.ebs_csi",
            "data.aws_iam_policy_document.ebs_csi_assume_role",
            "module.eks.aws_cloudwatch_log_group.this",
            "module.eks.aws_eks_cluster.this",
            "module.eks.aws_iam_policy.cni_ipv6_policy",
            "module.eks.aws_iam_role.eks_auto",
            "module.eks.aws_iam_role.this",
            "module.eks.aws_iam_role_policy_attachment.this",
            "module.eks.aws_security_group.cluster",
            "module.eks.aws_security_group.node",
            "module.eks.aws_security_group_rule.cluster",
            "module.eks.aws_security_group_rule.node",
            "module.eks.data.aws_caller_identity.current",
            "module.eks.data.aws_eks_addon_version.this",
            "module.eks.data.aws_iam_policy_document.assume_role_policy",
            "module.eks.data.aws_iam_policy_document.cni_ipv6_policy",
            "module.eks.data.aws_iam_policy_document.node_assume_role_policy",
            "module.eks.data.aws_iam_session_context.current",
            "module.eks.data.aws_partition.current",
            "module.eks.module.eks_managed_node_group.aws_eks_node_group.this",
            "module.eks.module.eks_managed_node_group.aws_iam_role.this",
            "module.eks.module.eks_managed_node_group.aws_iam_role_policy.this",
            "module.eks.module.eks_managed_node_group.aws_iam_role_policy_attachment.additional",
            "module.eks.module.eks_managed_node_group.aws_iam_role_policy_attachment.this",
            "module.eks.module.eks_managed_node_group.aws_launch_template.this",
            "module.eks.module.eks_managed_node_group.aws_placement_group.this",
            "module.eks.module.eks_managed_node_group.aws_security_group.this",
            "module.eks.module.eks_managed_node_group.aws_vpc_security_group_egress_rule.this",
            "module.eks.module.eks_managed_node_group.aws_vpc_security_group_ingress_rule.this",
            "module.eks.module.eks_managed_node_group.data.aws_caller_identity.current",
            "module.eks.module.eks_managed_node_group.data.aws_ec2_instance_type.this",
            "module.eks.module.eks_managed_node_group.data.aws_eks_cluster_versions.this",
            "module.eks.module.eks_managed_node_group.data.aws_iam_policy_document.assume_role_policy",
            "module.eks.module.eks_managed_node_group.data.aws_iam_policy_document.role",
            "module.eks.module.eks_managed_node_group.data.aws_partition.current",
            "module.eks.module.eks_managed_node_group.data.aws_ssm_parameter.ami",
            "module.eks.module.eks_managed_node_group.data.aws_subnet.this",
            "module.eks.module.eks_managed_node_group.module.user_data.data.cloudinit_config.al2023_eks_managed_node_group",
            "module.eks.module.eks_managed_node_group.module.user_data.data.cloudinit_config.al2_eks_managed_node_group",
            "module.eks.module.eks_managed_node_group.module.user_data.null_resource.validate_cluster_service_cidr",
            "module.eks.module.fargate_profile.aws_eks_fargate_profile.this",
            "module.eks.module.fargate_profile.aws_iam_role.this",
            "module.eks.module.fargate_profile.aws_iam_role_policy.this",
            "module.eks.module.fargate_profile.aws_iam_role_policy_attachment.additional",
            "module.eks.module.fargate_profile.aws_iam_role_policy_attachment.this",
            "module.eks.module.fargate_profile.data.aws_caller_identity.current",
            "module.eks.module.fargate_profile.data.aws_iam_policy_document.assume_role_policy",
            "module.eks.module.fargate_profile.data.aws_iam_policy_document.role",
            "module.eks.module.fargate_profile.data.aws_partition.current",
            "module.eks.module.fargate_profile.data.aws_region.current",
            "module.eks.module.kms.aws_kms_external_key.this",
            "module.eks.module.kms.aws_kms_key.this",
            "module.eks.module.kms.aws_kms_replica_external_key.this",
            "module.eks.module.kms.aws_kms_replica_key.this",
            "module.eks.module.kms.data.aws_caller_identity.current",
            "module.eks.module.kms.data.aws_iam_policy_document.this",
            "module.eks.module.kms.data.aws_partition.current",
            "module.eks.module.self_managed_node_group.aws_autoscaling_group.this",
            "module.eks.module.self_managed_node_group.aws_eks_access_entry.this",
            "module.eks.module.self_managed_node_group.aws_iam_instance_profile.this",
            "module.eks.module.self_managed_node_group.aws_iam_role.this",
            "module.eks.module.self_managed_node_group.aws_iam_role_policy.this",
            "module.eks.module.self_managed_node_group.aws_iam_role_policy_attachment.additional",
            "module.eks.module.self_managed_node_group.aws_iam_role_policy_attachment.this",
            "module.eks.module.self_managed_node_group.aws_launch_template.this",
            "module.eks.module.self_managed_node_group.aws_placement_group.this",
            "module.eks.module.self_managed_node_group.aws_security_group.this",
            "module.eks.module.self_managed_node_group.aws_vpc_security_group_egress_rule.this",
            "module.eks.module.self_managed_node_group.aws_vpc_security_group_ingress_rule.this",
            "module.eks.module.self_managed_node_group.data.aws_caller_identity.current",
            "module.eks.module.self_managed_node_group.data.aws_ec2_instance_type.this",
            "module.eks.module.self_managed_node_group.data.aws_iam_policy_document.assume_role_policy",
            "module.eks.module.self_managed_node_group.data.aws_iam_policy_document.role",
            "module.eks.module.self_managed_node_group.data.aws_partition.current",
            "module.eks.module.self_managed_node_group.data.aws_ssm_parameter.ami",
            "module.eks.module.self_managed_node_group.data.aws_subnet.this",
            "module.eks.module.self_managed_node_group.module.user_data.data.cloudinit_config.al2023_eks_managed_node_group",
            "module.eks.module.self_managed_node_group.module.user_data.data.cloudinit_config.al2_eks_managed_node_group",
            "module.eks.module.self_managed_node_group.module.user_data.null_resource.validate_cluster_service_cidr",
            "module.eks.time_sleep.this"
          ]
        },
        {
          "index_key": "coredns",
          "schema_version": 0,
          "attributes": {
            "addon_name": "coredns",
            "addon_version": "v1.12.4-eksbuild.1",
            "arn": "arn:aws:eks:us-east-1:967985385347:addon/bonz-dev/coredns/dacde906-1d52-dfb1-53d6-d430d0144732",
            "cluster_name": "bonz-dev",
            "configuration_values": "{\"tolerations\":[{\"effect\":\"NoSchedule\",\"key\":\"dedicated\",\"operator\":\"Equal\",\"value\":\"general\"}]}",
            "created_at": "2026-01-18T16:59:35Z",
            "id": "bonz-dev:coredns",
            "modified_at": "2026-01-18T17:00:19Z",
            "pod_identity_association": [],
            "preserve": true,
            "region": "us-east-1",
            "resolve_conflicts_on_create": "NONE",
            "resolve_conflicts_on_update": "OVERWRITE",
            "service_account_role_arn": "",
            "tags": {
              "ClusterName": "bonz-dev",
              "Environment": "dev",
              "ManagedBy": "terraform",
              "Project": "bonz-dev"
            },
            "tags_all": {
              "ClusterName": "bonz-dev",
              "Environment": "dev",
              "ManagedBy": "terraform",
              "Project": "bonz-dev"
            },
            "timeouts": {
              "create": null,
              "delete": null,
              "update": null
            }
          },
          "sensitive_attributes": [],
          "private": "eyJlMmJmYjczMC1lY2FhLTExZTYtOGY4OC0zNDM2M2JjN2M0YzAiOnsiY3JlYXRlIjoxMjAwMDAwMDAwMDAwLCJkZWxldGUiOjI0MDAwMDAwMDAwMDAsInVwZGF0ZSI6MTIwMDAwMDAwMDAwMH19",
          "dependencies": [
            "aws_iam_role.ebs_csi",
            "data.aws_iam_policy_document.ebs_csi_assume_role",
            "module.eks.aws_cloudwatch_log_group.this",
            "module.eks.aws_eks_cluster.this",
            "module.eks.aws_iam_policy.cni_ipv6_policy",
            "module.eks.aws_iam_role.eks_auto",
            "module.eks.aws_iam_role.this",
            "module.eks.aws_iam_role_policy_attachment.this",
            "module.eks.aws_security_group.cluster",
            "module.eks.aws_security_group.node",
            "module.eks.aws_security_group_rule.cluster",
            "module.eks.aws_security_group_rule.node",
            "module.eks.data.aws_caller_identity.current",
            "module.eks.data.aws_eks_addon_version.this",
            "module.eks.data.aws_iam_policy_document.assume_role_policy",
            "module.eks.data.aws_iam_policy_document.cni_ipv6_policy",
            "module.eks.data.aws_iam_policy_document.node_assume_role_policy",
            "module.eks.data.aws_iam_session_context.current",
            "module.eks.data.aws_partition.current",
            "module.eks.module.eks_managed_node_group.aws_eks_node_group.this",
            "module.eks.module.eks_managed_node_group.aws_iam_role.this",
            "module.eks.module.eks_managed_node_group.aws_iam_role_policy.this",
            "module.eks.module.eks_managed_node_group.aws_iam_role_policy_attachment.additional",
            "module.eks.module.eks_managed_node_group.aws_iam_role_policy_attachment.this",
            "module.eks.module.eks_managed_node_group.aws_launch_template.this",
            "module.eks.module.eks_managed_node_group.aws_placement_group.this",
            "module.eks.module.eks_managed_node_group.aws_security_group.this",
            "module.eks.module.eks_managed_node_group.aws_vpc_security_group_egress_rule.this",
            "module.eks.module.eks_managed_node_group.aws_vpc_security_group_ingress_rule.this",
            "module.eks.module.eks_managed_node_group.data.aws_caller_identity.current",
            "module.eks.module.eks_managed_node_group.data.aws_ec2_instance_type.this",
            "module.eks.module.eks_managed_node_group.data.aws_eks_cluster_versions.this",
            "module.eks.module.eks_managed_node_group.data.aws_iam_policy_document.assume_role_policy",
            "module.eks.module.eks_managed_node_group.data.aws_iam_policy_document.role",
            "module.eks.module.eks_managed_node_group.data.aws_partition.current",
            "module.eks.module.eks_managed_node_group.data.aws_ssm_parameter.ami",
            "module.eks.module.eks_managed_node_group.data.aws_subnet.this",
            "module.eks.module.eks_managed_node_group.module.user_data.data.cloudinit_config.al2023_eks_managed_node_group",
            "module.eks.module.eks_managed_node_group.module.user_data.data.cloudinit_config.al2_eks_managed_node_group",
            "module.eks.module.eks_managed_node_group.module.user_data.null_resource.validate_cluster_service_cidr",
            "module.eks.module.fargate_profile.aws_eks_fargate_profile.this",
            "module.eks.module.fargate_profile.aws_iam_role.this",
            "module.eks.module.fargate_profile.aws_iam_role_policy.this",
            "module.eks.module.fargate_profile.aws_iam_role_policy_attachment.additional",
            "module.eks.module.fargate_profile.aws_iam_role_policy_attachment.this",
            "module.eks.module.fargate_profile.data.aws_caller_identity.current",
            "module.eks.module.fargate_profile.data.aws_iam_policy_document.assume_role_policy",
            "module.eks.module.fargate_profile.data.aws_iam_policy_document.role",
            "module.eks.module.fargate_profile.data.aws_partition.current",
            "module.eks.module.fargate_profile.data.aws_region.current",
            "module.eks.module.kms.aws_kms_external_key.this",
            "module.eks.module.kms.aws_kms_key.this",
            "module.eks.module.kms.aws_kms_replica_external_key.this",
            "module.eks.module.kms.aws_kms_replica_key.this",
            "module.eks.module.kms.data.aws_caller_identity.current",
            "module.eks.module.kms.data.aws_iam_policy_document.this",
            "module.eks.module.kms.data.aws_partition.current",
            "module.eks.module.self_managed_node_group.aws_autoscaling_group.this",
            "module.eks.module.self_managed_node_group.aws_eks_access_entry.this",
            "module.eks.module.self_managed_node_group.aws_iam_instance_profile.this",
            "module.eks.module.self_managed_node_group.aws_iam_role.this",
            "module.eks.module.self_managed_node_group.aws_iam_role_policy.this",
            "module.eks.module.self_managed_node_group.aws_iam_role_policy_attachment.additional",
            "module.eks.module.self_managed_node_group.aws_iam_role_policy_attachment.this",
            "module.eks.module.self_managed_node_group.aws_launch_template.this",
            "module.eks.module.self_managed_node_group.aws_placement_group.this",
            "module.eks.module.self_managed_node_group.aws_security_group.this",
            "module.eks.module.self_managed_node_group.aws_vpc_security_group_egress_rule.this",
            "module.eks.module.self_managed_node_group.aws_vpc_security_group_ingress_rule.this",
            "module.eks.module.self_managed_node_group.data.aws_caller_identity.current",
            "module.eks.module.self_managed_node_group.data.aws_ec2_instance_type.this",
            "module.eks.module.self_managed_node_group.data.aws_iam_policy_document.assume_role_policy",
            "module.eks.module.self_managed_node_group.data.aws_iam_policy_document.role",
            "module.eks.module.self_managed_node_group.data.aws_partition.current",
            "module.eks.module.self_managed_node_group.data.aws_ssm_parameter.ami",
            "module.eks.module.self_managed_node_group.data.aws_subnet.this",
            "module.eks.module.self_managed_node_group.module.user_data.data.cloudinit_config.al2023_eks_managed_node_group",
            "module.eks.module.self_managed_node_group.module.user_data.data.cloudinit_config.al2_eks_managed_node_group",
            "module.eks.module.self_managed_node_group.module.user_data.null_resource.validate_cluster_service_cidr",
            "module.eks.time_sleep.this"
          ]
        },
        {
          "index_key": "kube-proxy",
          "schema_version": 0,
          "attributes": {
            "addon_name": "kube-proxy",
            "addon_version": "v1.33.7-eksbuild.2",
            "arn": "arn:aws:eks:us-east-1:967985385347:addon/bonz-dev/kube-proxy/18cde906-1d55-6891-7b1d-3102093fb4c0",
            "cluster_name": "bonz-dev",
            "configuration_values": "",
            "created_at": "2026-01-18T16:59:35Z",
            "id": "bonz-dev:kube-proxy",
            "modified_at": "2026-01-18T16:59:52Z",
            "pod_identity_association": [],
            "preserve": true,
            "region": "us-east-1",
            "resolve_conflicts_on_create": "NONE",
            "resolve_conflicts_on_update": "OVERWRITE",
            "service_account_role_arn": "",
            "tags": {
              "ClusterName": "bonz-dev",
              "Environment": "dev",
              "ManagedBy": "terraform",
              "Project": "bonz-dev"
            },
            "tags_all": {
              "ClusterName": "bonz-dev",
              "Environment": "dev",
              "ManagedBy": "terraform",
              "Project": "bonz-dev"
            },
            "timeouts": {
              "create": null,
              "delete": null,
              "update": null
            }
          },
          "sensitive_attributes": [],
          "private": "eyJlMmJmYjczMC1lY2FhLTExZTYtOGY4OC0zNDM2M2JjN2M0YzAiOnsiY3JlYXRlIjoxMjAwMDAwMDAwMDAwLCJkZWxldGUiOjI0MDAwMDAwMDAwMDAsInVwZGF0ZSI6MTIwMDAwMDAwMDAwMH19",
          "dependencies": [
            "aws_iam_role.ebs_csi",
            "data.aws_iam_policy_document.ebs_csi_assume_role",
            "module.eks.aws_cloudwatch_log_group.this",
            "module.eks.aws_eks_cluster.this",
            "module.eks.aws_iam_policy.cni_ipv6_policy",
            "module.eks.aws_iam_role.eks_auto",
            "module.eks.aws_iam_role.this",
            "module.eks.aws_iam_role_policy_attachment.this",
            "module.eks.aws_security_group.cluster",
            "module.eks.aws_security_group.node",
            "module.eks.aws_security_group_rule.cluster",
            "module.eks.aws_security_group_rule.node",
            "module.eks.data.aws_caller_identity.current",
            "module.eks.data.aws_eks_addon_version.this",
            "module.eks.data.aws_iam_policy_document.assume_role_policy",
            "module.eks.data.aws_iam_policy_document.cni_ipv6_policy",
            "module.eks.data.aws_iam_policy_document.node_assume_role_policy",
            "module.eks.data.aws_iam_session_context.current",
            "module.eks.data.aws_partition.current",
            "module.eks.module.eks_managed_node_group.aws_eks_node_group.this",
            "module.eks.module.eks_managed_node_group.aws_iam_role.this",
            "module.eks.module.eks_managed_node_group.aws_iam_role_policy.this",
            "module.eks.module.eks_managed_node_group.aws_iam_role_policy_attachment.additional",
            "module.eks.module.eks_managed_node_group.aws_iam_role_policy_attachment.this",
            "module.eks.module.eks_managed_node_group.aws_launch_template.this",
            "module.eks.module.eks_managed_node_group.aws_placement_group.this",
            "module.eks.module.eks_managed_node_group.aws_security_group.this",
            "module.eks.module.eks_managed_node_group.aws_vpc_security_group_egress_rule.this",
            "module.eks.module.eks_managed_node_group.aws_vpc_security_group_ingress_rule.this",
            "module.eks.module.eks_managed_node_group.data.aws_caller_identity.current",
            "module.eks.module.eks_managed_node_group.data.aws_ec2_instance_type.this",
            "module.eks.module.eks_managed_node_group.data.aws_eks_cluster_versions.this",
            "module.eks.module.eks_managed_node_group.data.aws_iam_policy_document.assume_role_policy",
            "module.eks.module.eks_managed_node_group.data.aws_iam_policy_document.role",
            "module.eks.module.eks_managed_node_group.data.aws_partition.current",
            "module.eks.module.eks_managed_node_group.data.aws_ssm_parameter.ami",
            "module.eks.module.eks_managed_node_group.data.aws_subnet.this",
            "module.eks.module.eks_managed_node_group.module.user_data.data.cloudinit_config.al2023_eks_managed_node_group",
            "module.eks.module.eks_managed_node_group.module.user_data.data.cloudinit_config.al2_eks_managed_node_group",
            "module.eks.module.eks_managed_node_group.module.user_data.null_resource.validate_cluster_service_cidr",
            "module.eks.module.fargate_profile.aws_eks_fargate_profile.this",
            "module.eks.module.fargate_profile.aws_iam_role.this",
            "module.eks.module.fargate_profile.aws_iam_role_policy.this",
            "module.eks.module.fargate_profile.aws_iam_role_policy_attachment.additional",
            "module.eks.module.fargate_profile.aws_iam_role_policy_attachment.this",
            "module.eks.module.fargate_profile.data.aws_caller_identity.current",
            "module.eks.module.fargate_profile.data.aws_iam_policy_document.assume_role_policy",
            "module.eks.module.fargate_profile.data.aws_iam_policy_document.role",
            "module.eks.module.fargate_profile.data.aws_partition.current",
            "module.eks.module.fargate_profile.data.aws_region.current",
            "module.eks.module.kms.aws_kms_external_key.this",
            "module.eks.module.kms.aws_kms_key.this",
            "module.eks.module.kms.aws_kms_replica_external_key.this",
            "module.eks.module.kms.aws_kms_replica_key.this",
            "module.eks.module.kms.data.aws_caller_identity.current",
            "module.eks.module.kms.data.aws_iam_policy_document.this",
            "module.eks.module.kms.data.aws_partition.current",
            "module.eks.module.self_managed_node_group.aws_autoscaling_group.this",
            "module.eks.module.self_managed_node_group.aws_eks_access_entry.this",
            "module.eks.module.self_managed_node_group.aws_iam_instance_profile.this",
            "module.eks.module.self_managed_node_group.aws_iam_role.this",
            "module.eks.module.self_managed_node_group.aws_iam_role_policy.this",
            "module.eks.module.self_managed_node_group.aws_iam_role_policy_attachment.additional",
            "module.eks.module.self_managed_node_group.aws_iam_role_policy_attachment.this",
            "module.eks.module.self_managed_node_group.aws_launch_template.this",
            "module.eks.module.self_managed_node_group.aws_placement_group.this",
            "module.eks.module.self_managed_node_group.aws_security_group.this",
            "module.eks.module.self_managed_node_group.aws_vpc_security_group_egress_rule.this",
            "module.eks.module.self_managed_node_group.aws_vpc_security_group_ingress_rule.this",
            "module.eks.module.self_managed_node_group.data.aws_caller_identity.current",
            "module.eks.module.self_managed_node_group.data.aws_ec2_instance_type.this",
            "module.eks.module.self_managed_node_group.data.aws_iam_policy_document.assume_role_policy",
            "module.eks.module.self_managed_node_group.data.aws_iam_policy_document.role",
            "module.eks.module.self_managed_node_group.data.aws_partition.current",
            "module.eks.module.self_managed_node_group.data.aws_ssm_parameter.ami",
            "module.eks.module.self_managed_node_group.data.aws_subnet.this",
            "module.eks.module.self_managed_node_group.module.user_data.data.cloudinit_config.al2023_eks_managed_node_group",
            "module.eks.module.self_managed_node_group.module.user_data.data.cloudinit_config.al2_eks_managed_node_group",
            "module.eks.module.self_managed_node_group.module.user_data.null_resource.validate_cluster_service_cidr",
            "module.eks.time_sleep.this"
          ]
        }
      ]
    },
    {
      "module": "module.eks",
      "mode": "managed",
      "type": "aws_eks_cluster",
      "name": "this",
      "provider": "provider[\"registry.terraform.io/hashicorp/aws\"]",
      "instances": [
        {
          "index_key": 0,
          "schema_version": 1,
          "attributes": {
            "access_config": [
              {
                "authentication_mode": "API_AND_CONFIG_MAP",
                "bootstrap_cluster_creator_admin_permissions": false
              }
            ],
            "arn": "arn:aws:eks:us-east-1:967985385347:cluster/bonz-dev",
            "bootstrap_self_managed_addons": false,
            "certificate_authority": [
              {
                "data": "LS0tLS1CRUdJTiBDRVJUSUZJQ0FURS0tLS0tCk1JSURCVENDQWUyZ0F3SUJBZ0lJVC94bllCcVFpUkV3RFFZSktvWklodmNOQVFFTEJRQXdGVEVUTUJFR0ExVUUKQXhNS2EzVmlaWEp1WlhSbGN6QWVGdzB5TmpBeE1UZ3hOalEzTlRCYUZ3MHpOakF4TVRZeE5qVXlOVEJhTUJVeApFekFSQmdOVkJBTVRDbXQxWW1WeWJtVjBaWE13Z2dFaU1BMEdDU3FHU0liM0RRRUJBUVVBQTRJQkR3QXdnZ0VLCkFvSUJBUUNxczh3V3ArTlowOGpQcGM0UHBXTUIrbEtYT3p0NUJwYTFTZHA4aUhkZUdUeGQ3Mm5ETVRqMnloMmgKdHc5Tkw4MkZJYm9FeXFBU0hvMjROUENkUW55OUJrdHVtb0c2YlBGa2drdGUvSXdTN1B1THVtam82N0FXN2FZNwoyajJXbEFiY1ZMeHFRYnQwRmU0ejl1WUdLa2hkZk95MnhmeXlBVzlFVWJIT2phUjRsMytqb1ZpRVUwTnpJR0pzCkp0VEZaZVEwaForK3FVNkYyanNZZGJxMXJyOExuR2xoWU9WRlJudVRLc1BDZE1JNXoySGk3ZC85bWRVdjJqbnoKNDZBVVJqOFp3R3VJN1RsWkZLS3BKOGRZUG1LNzBFbWRBKzBEMy9VWVZNN0l6YjBrdkI5OS9Fa01OYVVkdC9GcwpEeFljYUlVUWc3SXVDaGcyWGtlNTdNYlh2cGZiQWdNQkFBR2pXVEJYTUE0R0ExVWREd0VCL3dRRUF3SUNwREFQCkJnTlZIUk1CQWY4RUJUQURBUUgvTUIwR0ExVWREZ1FXQkJUdURqd3hCM2psUFFJVU5pMFQ4ZmZhWWVWcGNqQVYKQmdOVkhSRUVEakFNZ2dwcmRXSmxjbTVsZEdWek1BMEdDU3FHU0liM0RRRUJDd1VBQTRJQkFRQTdTTkJCTG5qdgp4NUlocUhrOEZ0SFlSaTIvL2Y3SzdPS1RXOVE1bUkwc2UvbW91bm1pOEZJbkRDYUVBcXc0b0dzT204RmVKRTlVCnVXWVV2cUFQdVh3N3A5bHpmYXpTVGpKY3QzclpUL3QwVHhpYnpvOUd3ZnYxZnhDQllVTkRmZSsrbExBMUxDWHQKRUNPTDNZNEU3blNnKzg0YWhqWVhSbEhTUmEyK2tmZzBzdVRRdWwxZXI5WkZEVEVITFp1WUYvdHVQSnNVNnh5RQp3OUdUdjFwdjFpMWtmaTFOakhSMXMySXRWcTJvQlFEOGVESWdXL0tUMXFLQmRlcFJpc0dGQ0dRbk03N0R5VUZmCjQwTzZjM2xoa0IxNU5Qc280ZTl2NFVKQjVPaU5EQTFaSk5XMklVbUtTLzNwMlJSeklhbGVGU1M3Y1VwS1JIYncKOGlBTThxVWc0Y1JECi0tLS0tRU5EIENFUlRJRklDQVRFLS0tLS0K"
              }
            ],
            "cluster_id": null,
            "compute_config": [
              {
                "enabled": false,
                "node_pools": [],
                "node_role_arn": ""
              }
            ],
            "control_plane_scaling_config": [
              {
                "tier": "standard"
              }
            ],
            "created_at": "2026-01-18T16:48:19Z",
            "deletion_protection": false,
            "enabled_cluster_log_types": [
              "api",
              "audit",
              "authenticator"
            ],
            "encryption_config": [
              {
                "provider": [
                  {
                    "key_arn": "arn:aws:kms:us-east-1:967985385347:key/3fbd51cd-efd1-4622-b3df-3e9784b7b133"
                  }
                ],
                "resources": [
                  "secrets"
                ]
              }
            ],
            "endpoint": "https://7B4EE0A7F1738B0BD41BDC24718AA11F.gr7.us-east-1.eks.amazonaws.com",
            "force_update_version": null,
            "id": "bonz-dev",
            "identity": [
              {
                "oidc": [
                  {
                    "issuer": "https://oidc.eks.us-east-1.amazonaws.com/id/7B4EE0A7F1738B0BD41BDC24718AA11F"
                  }
                ]
              }
            ],
            "kubernetes_network_config": [
              {
                "elastic_load_balancing": [
                  {
                    "enabled": false
                  }
                ],
                "ip_family": "ipv4",
                "service_ipv4_cidr": "10.100.0.0/16",
                "service_ipv6_cidr": ""
              }
            ],
            "name": "bonz-dev",
            "outpost_config": [],
            "platform_version": "eks.24",
            "region": "us-east-1",
            "remote_network_config": [],
            "role_arn": "arn:aws:iam::967985385347:role/bonz-dev-cluster-20260118164756555300000002",
            "status": "ACTIVE",
            "storage_config": [
              {
                "block_storage": [
                  {
                    "enabled": false
                  }
                ]
              }
            ],
            "tags": {
              "ClusterName": "bonz-dev",
              "Environment": "dev",
              "ManagedBy": "terraform",
              "Project": "bonz-dev",
              "terraform-aws-modules": "eks"
            },
            "tags_all": {
              "ClusterName": "bonz-dev",
              "Environment": "dev",
              "ManagedBy": "terraform",
              "Project": "bonz-dev",
              "terraform-aws-modules": "eks"
            },
            "timeouts": null,
            "upgrade_policy": [
              {
                "support_type": "EXTENDED"
              }
            ],
            "version": "1.33",
            "vpc_config": [
              {
                "cluster_security_group_id": "sg-05ad83677f3c1c7e8",
                "endpoint_private_access": true,
                "endpoint_public_access": true,
                "public_access_cidrs": [
                  "0.0.0.0/0"
                ],
                "security_group_ids": [
                  "sg-0f9ae2545db4e90cb"
                ],
                "subnet_ids": [
                  "subnet-0421df49996ddace1",
                  "subnet-0739da08bd41f1623"
                ],
                "vpc_id": "vpc-02cd6ac6167097a01"
              }
            ],
            "zonal_shift_config": []
          },
          "sensitive_attributes": [],
          "private": "eyJlMmJmYjczMC1lY2FhLTExZTYtOGY4OC0zNDM2M2JjN2M0YzAiOnsiY3JlYXRlIjoxODAwMDAwMDAwMDAwLCJkZWxldGUiOjkwMDAwMDAwMDAwMCwidXBkYXRlIjozNjAwMDAwMDAwMDAwfSwic2NoZW1hX3ZlcnNpb24iOiIxIn0=",
          "dependencies": [
            "module.eks.aws_cloudwatch_log_group.this",
            "module.eks.aws_iam_policy.cni_ipv6_policy",
            "module.eks.aws_iam_role.eks_auto",
            "module.eks.aws_iam_role.this",
            "module.eks.aws_iam_role_policy_attachment.this",
            "module.eks.aws_security_group.cluster",
            "module.eks.aws_security_group.node",
            "module.eks.aws_security_group_rule.cluster",
            "module.eks.aws_security_group_rule.node",
            "module.eks.data.aws_caller_identity.current",
            "module.eks.data.aws_iam_policy_document.assume_role_policy",
            "module.eks.data.aws_iam_policy_document.cni_ipv6_policy",
            "module.eks.data.aws_iam_policy_document.node_assume_role_policy",
            "module.eks.data.aws_iam_session_context.current",
            "module.eks.data.aws_partition.current",
            "module.eks.module.kms.aws_kms_external_key.this",
            "module.eks.module.kms.aws_kms_key.this",
            "module.eks.module.kms.aws_kms_replica_external_key.this",
            "module.eks.module.kms.aws_kms_replica_key.this",
            "module.eks.module.kms.data.aws_caller_identity.current",
            "module.eks.module.kms.data.aws_iam_policy_document.this",
            "module.eks.module.kms.data.aws_partition.current"
          ],
          "create_before_destroy": true
        }
      ]
    },
    {
      "module": "module.eks",
      "mode": "managed",
      "type": "aws_iam_openid_connect_provider",
      "name": "oidc_provider",
      "provider": "provider[\"registry.terraform.io/hashicorp/aws\"]",
      "instances": [
        {
          "index_key": 0,
          "schema_version": 0,
          "attributes": {
            "arn": "arn:aws:iam::967985385347:oidc-provider/oidc.eks.us-east-1.amazonaws.com/id/7B4EE0A7F1738B0BD41BDC24718AA11F",
            "client_id_list": [
              "sts.amazonaws.com"
            ],
            "id": "arn:aws:iam::967985385347:oidc-provider/oidc.eks.us-east-1.amazonaws.com/id/7B4EE0A7F1738B0BD41BDC24718AA11F",
            "tags": {
              "ClusterName": "bonz-dev",
              "Environment": "dev",
              "ManagedBy": "terraform",
              "Name": "bonz-dev-eks-irsa",
              "Project": "bonz-dev"
            },
            "tags_all": {
              "ClusterName": "bonz-dev",
              "Environment": "dev",
              "ManagedBy": "terraform",
              "Name": "bonz-dev-eks-irsa",
              "Project": "bonz-dev"
            },
            "thumbprint_list": [
              "06b25927c42a721631c1efd9431e648fa62e1e39"
            ],
            "url": "oidc.eks.us-east-1.amazonaws.com/id/7B4EE0A7F1738B0BD41BDC24718AA11F"
          },
          "sensitive_attributes": [],
          "private": "bnVsbA==",
          "dependencies": [
            "module.eks.aws_cloudwatch_log_group.this",
            "module.eks.aws_eks_cluster.this",
            "module.eks.aws_iam_policy.cni_ipv6_policy",
            "module.eks.aws_iam_role.eks_auto",
            "module.eks.aws_iam_role.this",
            "module.eks.aws_iam_role_policy_attachment.this",
            "module.eks.aws_security_group.cluster",
            "module.eks.aws_security_group.node",
            "module.eks.aws_security_group_rule.cluster",
            "module.eks.aws_security_group_rule.node",
            "module.eks.data.aws_caller_identity.current",
            "module.eks.data.aws_iam_policy_document.assume_role_policy",
            "module.eks.data.aws_iam_policy_document.cni_ipv6_policy",
            "module.eks.data.aws_iam_policy_document.node_assume_role_policy",
            "module.eks.data.aws_iam_session_context.current",
            "module.eks.data.aws_partition.current",
            "module.eks.data.tls_certificate.this",
            "module.eks.module.kms.aws_kms_external_key.this",
            "module.eks.module.kms.aws_kms_key.this",
            "module.eks.module.kms.aws_kms_replica_external_key.this",
            "module.eks.module.kms.aws_kms_replica_key.this",
            "module.eks.module.kms.data.aws_caller_identity.current",
            "module.eks.module.kms.data.aws_iam_policy_document.this",
            "module.eks.module.kms.data.aws_partition.current"
          ]
        }
      ]
    },
    {
      "module": "module.eks",
      "mode": "managed",
      "type": "aws_iam_policy",
      "name": "cluster_encryption",
      "provider": "provider[\"registry.terraform.io/hashicorp/aws\"]",
      "instances": [
        {
          "index_key": 0,
          "schema_version": 0,
          "attributes": {
            "arn": "arn:aws:iam::967985385347:policy/bonz-dev-cluster-ClusterEncryption2026011816481779380000000c",
            "attachment_count": 1,
            "delay_after_policy_creation_in_ms": null,
            "description": "Cluster encryption policy to allow cluster role to utilize CMK provided",
            "id": "arn:aws:iam::967985385347:policy/bonz-dev-cluster-ClusterEncryption2026011816481779380000000c",
            "name": "bonz-dev-cluster-ClusterEncryption2026011816481779380000000c",
            "name_prefix": "bonz-dev-cluster-ClusterEncryption",
            "path": "/",
            "policy": "{\"Statement\":[{\"Action\":[\"kms:Encrypt\",\"kms:Decrypt\",\"kms:ListGrants\",\"kms:DescribeKey\"],\"Effect\":\"Allow\",\"Resource\":\"arn:aws:kms:us-east-1:967985385347:key/3fbd51cd-efd1-4622-b3df-3e9784b7b133\"}],\"Version\":\"2012-10-17\"}",
            "policy_id": "ANPA6CYDMZ6BXLI3Z5IR3",
            "tags": {
              "ClusterName": "bonz-dev",
              "Environment": "dev",
              "ManagedBy": "terraform",
              "Project": "bonz-dev"
            },
            "tags_all": {
              "ClusterName": "bonz-dev",
              "Environment": "dev",
              "ManagedBy": "terraform",
              "Project": "bonz-dev"
            }
          },
          "sensitive_attributes": [],
          "private": "bnVsbA==",
          "dependencies": [
            "module.eks.aws_iam_role.this",
            "module.eks.data.aws_caller_identity.current",
            "module.eks.data.aws_iam_policy_document.assume_role_policy",
            "module.eks.data.aws_iam_session_context.current",
            "module.eks.module.kms.aws_kms_external_key.this",
            "module.eks.module.kms.aws_kms_key.this",
            "module.eks.module.kms.aws_kms_replica_external_key.this",
            "module.eks.module.kms.aws_kms_replica_key.this",
            "module.eks.module.kms.data.aws_caller_identity.current",
            "module.eks.module.kms.data.aws_iam_policy_document.this",
            "module.eks.module.kms.data.aws_partition.current"
          ]
        }
      ]
    },
    {
      "module": "module.eks",
      "mode": "managed",
      "type": "aws_iam_role",
      "name": "this",
      "provider": "provider[\"registry.terraform.io/hashicorp/aws\"]",
      "instances": [
        {
          "index_key": 0,
          "schema_version": 0,
          "attributes": {
            "arn": "arn:aws:iam::967985385347:role/bonz-dev-cluster-20260118164756555300000002",
            "assume_role_policy": "{\"Statement\":[{\"Action\":[\"sts:TagSession\",\"sts:AssumeRole\"],\"Effect\":\"Allow\",\"Principal\":{\"Service\":\"eks.amazonaws.com\"},\"Sid\":\"EKSClusterAssumeRole\"}],\"Version\":\"2012-10-17\"}",
            "create_date": "2026-01-18T16:47:56Z",
            "description": "",
            "force_detach_policies": true,
            "id": "bonz-dev-cluster-20260118164756555300000002",
            "inline_policy": [],
            "managed_policy_arns": [
              "arn:aws:iam::967985385347:policy/bonz-dev-cluster-ClusterEncryption2026011816481779380000000c",
              "arn:aws:iam::aws:policy/AmazonEKSClusterPolicy"
            ],
            "max_session_duration": 3600,
            "name": "bonz-dev-cluster-20260118164756555300000002",
            "name_prefix": "bonz-dev-cluster-",
            "path": "/",
            "permissions_boundary": "",
            "tags": {
              "ClusterName": "bonz-dev",
              "Environment": "dev",
              "ManagedBy": "terraform",
              "Project": "bonz-dev"
            },
            "tags_all": {
              "ClusterName": "bonz-dev",
              "Environment": "dev",
              "ManagedBy": "terraform",
              "Project": "bonz-dev"
            },
            "unique_id": "AROA6CYDMZ6BTZOQ3IZ27"
          },
          "sensitive_attributes": [],
          "private": "bnVsbA==",
          "dependencies": [
            "module.eks.data.aws_iam_policy_document.assume_role_policy"
          ],
          "create_before_destroy": true
        }
      ]
    },
    {
      "module": "module.eks",
      "mode": "managed",
      "type": "aws_iam_role_policy_attachment",
      "name": "cluster_encryption",
      "provider": "provider[\"registry.terraform.io/hashicorp/aws\"]",
      "instances": [
        {
          "index_key": 0,
          "schema_version": 0,
          "attributes": {
            "id": "bonz-dev-cluster-20260118164756555300000002/arn:aws:iam::967985385347:policy/bonz-dev-cluster-ClusterEncryption2026011816481779380000000c",
            "policy_arn": "arn:aws:iam::967985385347:policy/bonz-dev-cluster-ClusterEncryption2026011816481779380000000c",
            "role": "bonz-dev-cluster-20260118164756555300000002"
          },
          "sensitive_attributes": [],
          "private": "bnVsbA==",
          "dependencies": [
            "module.eks.aws_iam_policy.cluster_encryption",
            "module.eks.aws_iam_role.this",
            "module.eks.data.aws_caller_identity.current",
            "module.eks.data.aws_iam_policy_document.assume_role_policy",
            "module.eks.data.aws_iam_session_context.current",
            "module.eks.module.kms.aws_kms_external_key.this",
            "module.eks.module.kms.aws_kms_key.this",
            "module.eks.module.kms.aws_kms_replica_external_key.this",
            "module.eks.module.kms.aws_kms_replica_key.this",
            "module.eks.module.kms.data.aws_caller_identity.current",
            "module.eks.module.kms.data.aws_iam_policy_document.this",
            "module.eks.module.kms.data.aws_partition.current"
          ]
        }
      ]
    },
    {
      "module": "module.eks",
      "mode": "managed",
      "type": "aws_iam_role_policy_attachment",
      "name": "this",
      "provider": "provider[\"registry.terraform.io/hashicorp/aws\"]",
      "instances": [
        {
          "index_key": "AmazonEKSClusterPolicy",
          "schema_version": 0,
          "attributes": {
            "id": "bonz-dev-cluster-20260118164756555300000002/arn:aws:iam::aws:policy/AmazonEKSClusterPolicy",
            "policy_arn": "arn:aws:iam::aws:policy/AmazonEKSClusterPolicy",
            "role": "bonz-dev-cluster-20260118164756555300000002"
          },
          "sensitive_attributes": [],
          "private": "bnVsbA==",
          "dependencies": [
            "module.eks.aws_iam_role.this",
            "module.eks.data.aws_iam_policy_document.assume_role_policy",
            "module.eks.data.aws_partition.current"
          ],
          "create_before_destroy": true
        }
      ]
    },
    {
      "module": "module.eks",
      "mode": "managed",
      "type": "aws_security_group",
      "name": "cluster",
      "provider": "provider[\"registry.terraform.io/hashicorp/aws\"]",
      "instances": [
        {
          "index_key": 0,
          "schema_version": 1,
          "attributes": {
            "arn": "arn:aws:ec2:us-east-1:967985385347:security-group/sg-0f9ae2545db4e90cb",
            "description": "EKS cluster security group",
            "egress": [],
            "id": "sg-0f9ae2545db4e90cb",
            "ingress": [
              {
                "cidr_blocks": [],
                "description": "Node groups to cluster API",
                "from_port": 443,
                "ipv6_cidr_blocks": [],
                "prefix_list_ids": [],
                "protocol": "tcp",
                "security_groups": [
                  "sg-07043cef3cc4aaa20"
                ],
                "self": false,
                "to_port": 443
              }
            ],
            "name": "bonz-dev-cluster-20260118164756558900000004",
            "name_prefix": "bonz-dev-cluster-",
            "owner_id": "967985385347",
            "region": "us-east-1",
            "revoke_rules_on_delete": false,
            "tags": {
              "ClusterName": "bonz-dev",
              "Environment": "dev",
              "ManagedBy": "terraform",
              "Name": "bonz-dev-cluster",
              "Project": "bonz-dev"
            },
            "tags_all": {
              "ClusterName": "bonz-dev",
              "Environment": "dev",
              "ManagedBy": "terraform",
              "Name": "bonz-dev-cluster",
              "Project": "bonz-dev"
            },
            "timeouts": null,
            "vpc_id": "vpc-02cd6ac6167097a01"
          },
          "sensitive_attributes": [],
          "private": "eyJlMmJmYjczMC1lY2FhLTExZTYtOGY4OC0zNDM2M2JjN2M0YzAiOnsiY3JlYXRlIjo2MDAwMDAwMDAwMDAsImRlbGV0ZSI6OTAwMDAwMDAwMDAwfSwic2NoZW1hX3ZlcnNpb24iOiIxIn0=",
          "create_before_destroy": true
        }
      ]
    },
    {
      "module": "module.eks",
      "mode": "managed",
      "type": "aws_security_group",
      "name": "node",
      "provider": "provider[\"registry.terraform.io/hashicorp/aws\"]",
      "instances": [
        {
          "index_key": 0,
          "schema_version": 1,
          "attributes": {
            "arn": "arn:aws:ec2:us-east-1:967985385347:security-group/sg-07043cef3cc4aaa20",
            "description": "EKS node shared security group",
            "egress": [
              {
                "cidr_blocks": [
                  "0.0.0.0/0"
                ],
                "description": "Allow all egress",
                "from_port": 0,
                "ipv6_cidr_blocks": [],
                "prefix_list_ids": [],
                "protocol": "-1",
                "security_groups": [],
                "self": false,
                "to_port": 0
              }
            ],
            "id": "sg-07043cef3cc4aaa20",
            "ingress": [
              {
                "cidr_blocks": [],
                "description": "Cluster API to node 10251/tcp webhook",
                "from_port": 10251,
                "ipv6_cidr_blocks": [],
                "prefix_list_ids": [],
                "protocol": "tcp",
                "security_groups": [
                  "sg-0f9ae2545db4e90cb"
                ],
                "self": false,
                "to_port": 10251
              },
              {
                "cidr_blocks": [],
                "description": "Cluster API to node 4443/tcp webhook",
                "from_port": 4443,
                "ipv6_cidr_blocks": [],
                "prefix_list_ids": [],
                "protocol": "tcp",
                "security_groups": [
                  "sg-0f9ae2545db4e90cb"
                ],
                "self": false,
                "to_port": 4443
              },
              {
                "cidr_blocks": [],
                "description": "Cluster API to node 6443/tcp webhook",
                "from_port": 6443,
                "ipv6_cidr_blocks": [],
                "prefix_list_ids": [],
                "protocol": "tcp",
                "security_groups": [
                  "sg-0f9ae2545db4e90cb"
                ],
                "self": false,
                "to_port": 6443
              },
              {
                "cidr_blocks": [],
                "description": "Cluster API to node 8443/tcp webhook",
                "from_port": 8443,
                "ipv6_cidr_blocks": [],
                "prefix_list_ids": [],
                "protocol": "tcp",
                "security_groups": [
                  "sg-0f9ae2545db4e90cb"
                ],
                "self": false,
                "to_port": 8443
              },
              {
                "cidr_blocks": [],
                "description": "Cluster API to node 9443/tcp webhook",
                "from_port": 9443,
                "ipv6_cidr_blocks": [],
                "prefix_list_ids": [],
                "protocol": "tcp",
                "security_groups": [
                  "sg-0f9ae2545db4e90cb"
                ],
                "self": false,
                "to_port": 9443
              },
              {
                "cidr_blocks": [],
                "description": "Cluster API to node groups",
                "from_port": 443,
                "ipv6_cidr_blocks": [],
                "prefix_list_ids": [],
                "protocol": "tcp",
                "security_groups": [
                  "sg-0f9ae2545db4e90cb"
                ],
                "self": false,
                "to_port": 443
              },
              {
                "cidr_blocks": [],
                "description": "Cluster API to node kubelets",
                "from_port": 10250,
                "ipv6_cidr_blocks": [],
                "prefix_list_ids": [],
                "protocol": "tcp",
                "security_groups": [
                  "sg-0f9ae2545db4e90cb"
                ],
                "self": false,
                "to_port": 10250
              },
              {
                "cidr_blocks": [],
                "description": "Node to node CoreDNS UDP",
                "from_port": 53,
                "ipv6_cidr_blocks": [],
                "prefix_list_ids": [],
                "protocol": "udp",
                "security_groups": [],
                "self": true,
                "to_port": 53
              },
              {
                "cidr_blocks": [],
                "description": "Node to node CoreDNS",
                "from_port": 53,
                "ipv6_cidr_blocks": [],
                "prefix_list_ids": [],
                "protocol": "tcp",
                "security_groups": [],
                "self": true,
                "to_port": 53
              },
              {
                "cidr_blocks": [],
                "description": "Node to node ingress on ephemeral ports",
                "from_port": 1025,
                "ipv6_cidr_blocks": [],
                "prefix_list_ids": [],
                "protocol": "tcp",
                "security_groups": [],
                "self": true,
                "to_port": 65535
              }
            ],
            "name": "bonz-dev-node-20260118164756551400000001",
            "name_prefix": "bonz-dev-node-",
            "owner_id": "967985385347",
            "region": "us-east-1",
            "revoke_rules_on_delete": false,
            "tags": {
              "ClusterName": "bonz-dev",
              "Environment": "dev",
              "ManagedBy": "terraform",
              "Name": "bonz-dev-node",
              "Project": "bonz-dev",
              "kubernetes.io/cluster/bonz-dev": "owned"
            },
            "tags_all": {
              "ClusterName": "bonz-dev",
              "Environment": "dev",
              "ManagedBy": "terraform",
              "Name": "bonz-dev-node",
              "Project": "bonz-dev",
              "kubernetes.io/cluster/bonz-dev": "owned"
            },
            "timeouts": null,
            "vpc_id": "vpc-02cd6ac6167097a01"
          },
          "sensitive_attributes": [],
          "private": "eyJlMmJmYjczMC1lY2FhLTExZTYtOGY4OC0zNDM2M2JjN2M0YzAiOnsiY3JlYXRlIjo2MDAwMDAwMDAwMDAsImRlbGV0ZSI6OTAwMDAwMDAwMDAwfSwic2NoZW1hX3ZlcnNpb24iOiIxIn0=",
          "create_before_destroy": true
        }
      ]
    },
    {
      "module": "module.eks",
      "mode": "managed",
      "type": "aws_security_group_rule",
      "name": "cluster",
      "provider": "provider[\"registry.terraform.io/hashicorp/aws\"]",
      "instances": [
        {
          "index_key": "ingress_nodes_443",
          "schema_version": 2,
          "attributes": {
            "cidr_blocks": null,
            "description": "Node groups to cluster API",
            "from_port": 443,
            "id": "sgrule-107494653",
            "ipv6_cidr_blocks": null,
            "prefix_list_ids": null,
            "protocol": "tcp",
            "region": "us-east-1",
            "security_group_id": "sg-0f9ae2545db4e90cb",
            "security_group_rule_id": "sgr-0525ba1d32119ffb4",
            "self": false,
            "source_security_group_id": "sg-07043cef3cc4aaa20",
            "timeouts": null,
            "to_port": 443,
            "type": "ingress"
          },
          "sensitive_attributes": [],
          "private": "eyJlMmJmYjczMC1lY2FhLTExZTYtOGY4OC0zNDM2M2JjN2M0YzAiOnsiY3JlYXRlIjozMDAwMDAwMDAwMDB9LCJzY2hlbWFfdmVyc2lvbiI6IjIifQ==",
          "dependencies": [
            "module.eks.aws_security_group.cluster",
            "module.eks.aws_security_group.node"
          ],
          "create_before_destroy": true
        }
      ]
    },
    {
      "module": "module.eks",
      "mode": "managed",
      "type": "aws_security_group_rule",
      "name": "node",
      "provider": "provider[\"registry.terraform.io/hashicorp/aws\"]",
      "instances": [
        {
          "index_key": "egress_all",
          "schema_version": 2,
          "attributes": {
            "cidr_blocks": [
              "0.0.0.0/0"
            ],
            "description": "Allow all egress",
            "from_port": 0,
            "id": "sgrule-1067344498",
            "ipv6_cidr_blocks": null,
            "prefix_list_ids": null,
            "protocol": "-1",
            "region": "us-east-1",
            "security_group_id": "sg-07043cef3cc4aaa20",
            "security_group_rule_id": "sgr-0ba707669b41b5861",
            "self": false,
            "source_security_group_id": null,
            "timeouts": null,
            "to_port": 0,
            "type": "egress"
          },
          "sensitive_attributes": [],
          "private": "eyJlMmJmYjczMC1lY2FhLTExZTYtOGY4OC0zNDM2M2JjN2M0YzAiOnsiY3JlYXRlIjozMDAwMDAwMDAwMDB9LCJzY2hlbWFfdmVyc2lvbiI6IjIifQ==",
          "dependencies": [
            "module.eks.aws_security_group.cluster",
            "module.eks.aws_security_group.node"
          ],
          "create_before_destroy": true
        },
        {
          "index_key": "ingress_cluster_10251_webhook",
          "schema_version": 2,
          "attributes": {
            "cidr_blocks": null,
            "description": "Cluster API to node 10251/tcp webhook",
            "from_port": 10251,
            "id": "sgrule-1013105548",
            "ipv6_cidr_blocks": null,
            "prefix_list_ids": null,
            "protocol": "tcp",
            "region": "us-east-1",
            "security_group_id": "sg-07043cef3cc4aaa20",
            "security_group_rule_id": "sgr-0f9cfd912b827b91b",
            "self": false,
            "source_security_group_id": "sg-0f9ae2545db4e90cb",
            "timeouts": null,
            "to_port": 10251,
            "type": "ingress"
          },
          "sensitive_attributes": [],
          "private": "eyJlMmJmYjczMC1lY2FhLTExZTYtOGY4OC0zNDM2M2JjN2M0YzAiOnsiY3JlYXRlIjozMDAwMDAwMDAwMDB9LCJzY2hlbWFfdmVyc2lvbiI6IjIifQ==",
          "dependencies": [
            "module.eks.aws_security_group.cluster",
            "module.eks.aws_security_group.node"
          ],
          "create_before_destroy": true
        },
        {
          "index_key": "ingress_cluster_443",
          "schema_version": 2,
          "attributes": {
            "cidr_blocks": null,
            "description": "Cluster API to node groups",
            "from_port": 443,
            "id": "sgrule-3867848956",
            "ipv6_cidr_blocks": null,
            "prefix_list_ids": null,
            "protocol": "tcp",
            "region": "us-east-1",
            "security_group_id": "sg-07043cef3cc4aaa20",
            "security_group_rule_id": "sgr-0b9a4c7f2974bf715",
            "self": false,
            "source_security_group_id": "sg-0f9ae2545db4e90cb",
            "timeouts": null,
            "to_port": 443,
            "type": "ingress"
          },
          "sensitive_attributes": [],
          "private": "eyJlMmJmYjczMC1lY2FhLTExZTYtOGY4OC0zNDM2M2JjN2M0YzAiOnsiY3JlYXRlIjozMDAwMDAwMDAwMDB9LCJzY2hlbWFfdmVyc2lvbiI6IjIifQ==",
          "dependencies": [
            "module.eks.aws_security_group.cluster",
            "module.eks.aws_security_group.node"
          ],
          "create_before_destroy": true
        },
        {
          "index_key": "ingress_cluster_4443_webhook",
          "schema_version": 2,
          "attributes": {
            "cidr_blocks": null,
            "description": "Cluster API to node 4443/tcp webhook",
            "from_port": 4443,
            "id": "sgrule-591210186",
            "ipv6_cidr_blocks": null,
            "prefix_list_ids": null,
            "protocol": "tcp",
            "region": "us-east-1",
            "security_group_id": "sg-07043cef3cc4aaa20",
            "security_group_rule_id": "sgr-061f2136042396222",
            "self": false,
            "source_security_group_id": "sg-0f9ae2545db4e90cb",
            "timeouts": null,
            "to_port": 4443,
            "type": "ingress"
          },
          "sensitive_attributes": [],
          "private": "eyJlMmJmYjczMC1lY2FhLTExZTYtOGY4OC0zNDM2M2JjN2M0YzAiOnsiY3JlYXRlIjozMDAwMDAwMDAwMDB9LCJzY2hlbWFfdmVyc2lvbiI6IjIifQ==",
          "dependencies": [
            "module.eks.aws_security_group.cluster",
            "module.eks.aws_security_group.node"
          ],
          "create_before_destroy": true
        },
        {
          "index_key": "ingress_cluster_6443_webhook",
          "schema_version": 2,
          "attributes": {
            "cidr_blocks": null,
            "description": "Cluster API to node 6443/tcp webhook",
            "from_port": 6443,
            "id": "sgrule-3934208348",
            "ipv6_cidr_blocks": null,
            "prefix_list_ids": null,
            "protocol": "tcp",
            "region": "us-east-1",
            "security_group_id": "sg-07043cef3cc4aaa20",
            "security_group_rule_id": "sgr-093ce01a4cd5578f5",
            "self": false,
            "source_security_group_id": "sg-0f9ae2545db4e90cb",
            "timeouts": null,
            "to_port": 6443,
            "type": "ingress"
          },
          "sensitive_attributes": [],
          "private": "eyJlMmJmYjczMC1lY2FhLTExZTYtOGY4OC0zNDM2M2JjN2M0YzAiOnsiY3JlYXRlIjozMDAwMDAwMDAwMDB9LCJzY2hlbWFfdmVyc2lvbiI6IjIifQ==",
          "dependencies": [
            "module.eks.aws_security_group.cluster",
            "module.eks.aws_security_group.node"
          ],
          "create_before_destroy": true
        },
        {
          "index_key": "ingress_cluster_8443_webhook",
          "schema_version": 2,
          "attributes": {
            "cidr_blocks": null,
            "description": "Cluster API to node 8443/tcp webhook",
            "from_port": 8443,
            "id": "sgrule-4179852669",
            "ipv6_cidr_blocks": null,
            "prefix_list_ids": null,
            "protocol": "tcp",
            "region": "us-east-1",
            "security_group_id": "sg-07043cef3cc4aaa20",
            "security_group_rule_id": "sgr-0752411ddafe1c2ce",
            "self": false,
            "source_security_group_id": "sg-0f9ae2545db4e90cb",
            "timeouts": null,
            "to_port": 8443,
            "type": "ingress"
          },
          "sensitive_attributes": [],
          "private": "eyJlMmJmYjczMC1lY2FhLTExZTYtOGY4OC0zNDM2M2JjN2M0YzAiOnsiY3JlYXRlIjozMDAwMDAwMDAwMDB9LCJzY2hlbWFfdmVyc2lvbiI6IjIifQ==",
          "dependencies": [
            "module.eks.aws_security_group.cluster",
            "module.eks.aws_security_group.node"
          ],
          "create_before_destroy": true
        },
        {
          "index_key": "ingress_cluster_9443_webhook",
          "schema_version": 2,
          "attributes": {
            "cidr_blocks": null,
            "description": "Cluster API to node 9443/tcp webhook",
            "from_port": 9443,
            "id": "sgrule-2642562742",
            "ipv6_cidr_blocks": null,
            "prefix_list_ids": null,
            "protocol": "tcp",
            "region": "us-east-1",
            "security_group_id": "sg-07043cef3cc4aaa20",
            "security_group_rule_id": "sgr-07b97c3891d85c68d",
            "self": false,
            "source_security_group_id": "sg-0f9ae2545db4e90cb",
            "timeouts": null,
            "to_port": 9443,
            "type": "ingress"
          },
          "sensitive_attributes": [],
          "private": "eyJlMmJmYjczMC1lY2FhLTExZTYtOGY4OC0zNDM2M2JjN2M0YzAiOnsiY3JlYXRlIjozMDAwMDAwMDAwMDB9LCJzY2hlbWFfdmVyc2lvbiI6IjIifQ==",
          "dependencies": [
            "module.eks.aws_security_group.cluster",
            "module.eks.aws_security_group.node"
          ],
          "create_before_destroy": true
        },
        {
          "index_key": "ingress_cluster_kubelet",
          "schema_version": 2,
          "attributes": {
            "cidr_blocks": null,
            "description": "Cluster API to node kubelets",
            "from_port": 10250,
            "id": "sgrule-137073655",
            "ipv6_cidr_blocks": null,
            "prefix_list_ids": null,
            "protocol": "tcp",
            "region": "us-east-1",
            "security_group_id": "sg-07043cef3cc4aaa20",
            "security_group_rule_id": "sgr-04bf5c8db886b6c00",
            "self": false,
            "source_security_group_id": "sg-0f9ae2545db4e90cb",
            "timeouts": null,
            "to_port": 10250,
            "type": "ingress"
          },
          "sensitive_attributes": [],
          "private": "eyJlMmJmYjczMC1lY2FhLTExZTYtOGY4OC0zNDM2M2JjN2M0YzAiOnsiY3JlYXRlIjozMDAwMDAwMDAwMDB9LCJzY2hlbWFfdmVyc2lvbiI6IjIifQ==",
          "dependencies": [
            "module.eks.aws_security_group.cluster",
            "module.eks.aws_security_group.node"
          ],
          "create_before_destroy": true
        },
        {
          "index_key": "ingress_nodes_ephemeral",
          "schema_version": 2,
          "attributes": {
            "cidr_blocks": null,
            "description": "Node to node ingress on ephemeral ports",
            "from_port": 1025,
            "id": "sgrule-3506960711",
            "ipv6_cidr_blocks": null,
            "prefix_list_ids": null,
            "protocol": "tcp",
            "region": "us-east-1",
            "security_group_id": "sg-07043cef3cc4aaa20",
            "security_group_rule_id": "sgr-081afa8a04a2d6623",
            "self": true,
            "source_security_group_id": null,
            "timeouts": null,
            "to_port": 65535,
            "type": "ingress"
          },
          "sensitive_attributes": [],
          "private": "eyJlMmJmYjczMC1lY2FhLTExZTYtOGY4OC0zNDM2M2JjN2M0YzAiOnsiY3JlYXRlIjozMDAwMDAwMDAwMDB9LCJzY2hlbWFfdmVyc2lvbiI6IjIifQ==",
          "dependencies": [
            "module.eks.aws_security_group.cluster",
            "module.eks.aws_security_group.node"
          ],
          "create_before_destroy": true
        },
        {
          "index_key": "ingress_self_coredns_tcp",
          "schema_version": 2,
          "attributes": {
            "cidr_blocks": null,
            "description": "Node to node CoreDNS",
            "from_port": 53,
            "id": "sgrule-3358217680",
            "ipv6_cidr_blocks": null,
            "prefix_list_ids": null,
            "protocol": "tcp",
            "region": "us-east-1",
            "security_group_id": "sg-07043cef3cc4aaa20",
            "security_group_rule_id": "sgr-0362b53a02e18d5e4",
            "self": true,
            "source_security_group_id": null,
            "timeouts": null,
            "to_port": 53,
            "type": "ingress"
          },
          "sensitive_attributes": [],
          "private": "eyJlMmJmYjczMC1lY2FhLTExZTYtOGY4OC0zNDM2M2JjN2M0YzAiOnsiY3JlYXRlIjozMDAwMDAwMDAwMDB9LCJzY2hlbWFfdmVyc2lvbiI6IjIifQ==",
          "dependencies": [
            "module.eks.aws_security_group.cluster",
            "module.eks.aws_security_group.node"
          ],
          "create_before_destroy": true
        },
        {
          "index_key": "ingress_self_coredns_udp",
          "schema_version": 2,
          "attributes": {
            "cidr_blocks": null,
            "description": "Node to node CoreDNS UDP",
            "from_port": 53,
            "id": "sgrule-1819670079",
            "ipv6_cidr_blocks": null,
            "prefix_list_ids": null,
            "protocol": "udp",
            "region": "us-east-1",
            "security_group_id": "sg-07043cef3cc4aaa20",
            "security_group_rule_id": "sgr-09ce7129fc1e23c38",
            "self": true,
            "source_security_group_id": null,
            "timeouts": null,
            "to_port": 53,
            "type": "ingress"
          },
          "sensitive_attributes": [],
          "private": "eyJlMmJmYjczMC1lY2FhLTExZTYtOGY4OC0zNDM2M2JjN2M0YzAiOnsiY3JlYXRlIjozMDAwMDAwMDAwMDB9LCJzY2hlbWFfdmVyc2lvbiI6IjIifQ==",
          "dependencies": [
            "module.eks.aws_security_group.cluster",
            "module.eks.aws_security_group.node"
          ],
          "create_before_destroy": true
        }
      ]
    },
    {
      "module": "module.eks",
      "mode": "managed",
      "type": "time_sleep",
      "name": "this",
      "provider": "provider[\"registry.terraform.io/hashicorp/time\"]",
      "instances": [
        {
          "index_key": 0,
          "schema_version": 0,
          "attributes": {
            "create_duration": "30s",
            "destroy_duration": null,
            "id": "2026-01-18T16:57:53Z",
            "triggers": {
              "certificate_authority_data": "LS0tLS1CRUdJTiBDRVJUSUZJQ0FURS0tLS0tCk1JSURCVENDQWUyZ0F3SUJBZ0lJVC94bllCcVFpUkV3RFFZSktvWklodmNOQVFFTEJRQXdGVEVUTUJFR0ExVUUKQXhNS2EzVmlaWEp1WlhSbGN6QWVGdzB5TmpBeE1UZ3hOalEzTlRCYUZ3MHpOakF4TVRZeE5qVXlOVEJhTUJVeApFekFSQmdOVkJBTVRDbXQxWW1WeWJtVjBaWE13Z2dFaU1BMEdDU3FHU0liM0RRRUJBUVVBQTRJQkR3QXdnZ0VLCkFvSUJBUUNxczh3V3ArTlowOGpQcGM0UHBXTUIrbEtYT3p0NUJwYTFTZHA4aUhkZUdUeGQ3Mm5ETVRqMnloMmgKdHc5Tkw4MkZJYm9FeXFBU0hvMjROUENkUW55OUJrdHVtb0c2YlBGa2drdGUvSXdTN1B1THVtam82N0FXN2FZNwoyajJXbEFiY1ZMeHFRYnQwRmU0ejl1WUdLa2hkZk95MnhmeXlBVzlFVWJIT2phUjRsMytqb1ZpRVUwTnpJR0pzCkp0VEZaZVEwaForK3FVNkYyanNZZGJxMXJyOExuR2xoWU9WRlJudVRLc1BDZE1JNXoySGk3ZC85bWRVdjJqbnoKNDZBVVJqOFp3R3VJN1RsWkZLS3BKOGRZUG1LNzBFbWRBKzBEMy9VWVZNN0l6YjBrdkI5OS9Fa01OYVVkdC9GcwpEeFljYUlVUWc3SXVDaGcyWGtlNTdNYlh2cGZiQWdNQkFBR2pXVEJYTUE0R0ExVWREd0VCL3dRRUF3SUNwREFQCkJnTlZIUk1CQWY4RUJUQURBUUgvTUIwR0ExVWREZ1FXQkJUdURqd3hCM2psUFFJVU5pMFQ4ZmZhWWVWcGNqQVYKQmdOVkhSRUVEakFNZ2dwcmRXSmxjbTVsZEdWek1BMEdDU3FHU0liM0RRRUJDd1VBQTRJQkFRQTdTTkJCTG5qdgp4NUlocUhrOEZ0SFlSaTIvL2Y3SzdPS1RXOVE1bUkwc2UvbW91bm1pOEZJbkRDYUVBcXc0b0dzT204RmVKRTlVCnVXWVV2cUFQdVh3N3A5bHpmYXpTVGpKY3QzclpUL3QwVHhpYnpvOUd3ZnYxZnhDQllVTkRmZSsrbExBMUxDWHQKRUNPTDNZNEU3blNnKzg0YWhqWVhSbEhTUmEyK2tmZzBzdVRRdWwxZXI5WkZEVEVITFp1WUYvdHVQSnNVNnh5RQp3OUdUdjFwdjFpMWtmaTFOakhSMXMySXRWcTJvQlFEOGVESWdXL0tUMXFLQmRlcFJpc0dGQ0dRbk03N0R5VUZmCjQwTzZjM2xoa0IxNU5Qc280ZTl2NFVKQjVPaU5EQTFaSk5XMklVbUtTLzNwMlJSeklhbGVGU1M3Y1VwS1JIYncKOGlBTThxVWc0Y1JECi0tLS0tRU5EIENFUlRJRklDQVRFLS0tLS0K",
              "endpoint": "https://7B4EE0A7F1738B0BD41BDC24718AA11F.gr7.us-east-1.eks.amazonaws.com",
              "kubernetes_version": "1.33",
              "name": "bonz-dev",
              "service_cidr": "10.100.0.0/16"
            }
          },
          "sensitive_attributes": [],
          "dependencies": [
            "module.eks.aws_cloudwatch_log_group.this",
            "module.eks.aws_eks_cluster.this",
            "module.eks.aws_iam_policy.cni_ipv6_policy",
            "module.eks.aws_iam_role.eks_auto",
            "module.eks.aws_iam_role.this",
            "module.eks.aws_iam_role_policy_attachment.this",
            "module.eks.aws_security_group.cluster",
            "module.eks.aws_security_group.node",
            "module.eks.aws_security_group_rule.cluster",
            "module.eks.aws_security_group_rule.node",
            "module.eks.data.aws_caller_identity.current",
            "module.eks.data.aws_iam_policy_document.assume_role_policy",
            "module.eks.data.aws_iam_policy_document.cni_ipv6_policy",
            "module.eks.data.aws_iam_policy_document.node_assume_role_policy",
            "module.eks.data.aws_iam_session_context.current",
            "module.eks.data.aws_partition.current",
            "module.eks.module.kms.aws_kms_external_key.this",
            "module.eks.module.kms.aws_kms_key.this",
            "module.eks.module.kms.aws_kms_replica_external_key.this",
            "module.eks.module.kms.aws_kms_replica_key.this",
            "module.eks.module.kms.data.aws_caller_identity.current",
            "module.eks.module.kms.data.aws_iam_policy_document.this",
            "module.eks.module.kms.data.aws_partition.current"
          ],
          "create_before_destroy": true
        }
      ]
    },
    {
      "module": "module.eks.module.kms",
      "mode": "data",
      "type": "aws_caller_identity",
      "name": "current",
      "provider": "provider[\"registry.terraform.io/hashicorp/aws\"]",
      "instances": [
        {
          "index_key": 0,
          "schema_version": 0,
          "attributes": {
            "account_id": "967985385347",
            "arn": "arn:aws:iam::967985385347:user/suadmin",
            "id": "967985385347",
            "user_id": "AIDA6CYDMZ6BVF5PXT4XB"
          },
          "sensitive_attributes": []
        }
      ]
    },
    {
      "module": "module.eks.module.kms",
      "mode": "data",
      "type": "aws_iam_policy_document",
      "name": "this",
      "provider": "provider[\"registry.terraform.io/hashicorp/aws\"]",
      "instances": [
        {
          "index_key": 0,
          "schema_version": 0,
          "attributes": {
            "id": "586857451",
            "json": "{\n  \"Version\": \"2012-10-17\",\n  \"Statement\": [\n    {\n      \"Sid\": \"Default\",\n      \"Effect\": \"Allow\",\n      \"Action\": \"kms:*\",\n      \"Resource\": \"*\",\n      \"Principal\": {\n        \"AWS\": \"arn:aws:iam::967985385347:root\"\n      }\n    },\n    {\n      \"Sid\": \"KeyAdministration\",\n      \"Effect\": \"Allow\",\n      \"Action\": [\n        \"kms:Update*\",\n        \"kms:UntagResource\",\n        \"kms:TagResource\",\n        \"kms:ScheduleKeyDeletion\",\n        \"kms:Revoke*\",\n        \"kms:ReplicateKey\",\n        \"kms:Put*\",\n        \"kms:List*\",\n        \"kms:ImportKeyMaterial\",\n        \"kms:Get*\",\n        \"kms:Enable*\",\n        \"kms:Disable*\",\n        \"kms:Describe*\",\n        \"kms:Delete*\",\n        \"kms:Create*\",\n        \"kms:CancelKeyDeletion\"\n      ],\n      \"Resource\": \"*\",\n      \"Principal\": {\n        \"AWS\": \"arn:aws:iam::967985385347:user/suadmin\"\n      }\n    },\n    {\n      \"Sid\": \"KeyUsage\",\n      \"Effect\": \"Allow\",\n      \"Action\": [\n        \"kms:ReEncrypt*\",\n        \"kms:GenerateDataKey*\",\n        \"kms:Encrypt\",\n        \"kms:DescribeKey\",\n        \"kms:Decrypt\"\n      ],\n      \"Resource\": \"*\",\n      \"Principal\": {\n        \"AWS\": \"arn:aws:iam::967985385347:role/bonz-dev-cluster-20260118164756555300000002\"\n      }\n    }\n  ]\n}",
            "minified_json": "{\"Version\":\"2012-10-17\",\"Statement\":[{\"Sid\":\"Default\",\"Effect\":\"Allow\",\"Action\":\"kms:*\",\"Resource\":\"*\",\"Principal\":{\"AWS\":\"arn:aws:iam::967985385347:root\"}},{\"Sid\":\"KeyAdministration\",\"Effect\":\"Allow\",\"Action\":[\"kms:Update*\",\"kms:UntagResource\",\"kms:TagResource\",\"kms:ScheduleKeyDeletion\",\"kms:Revoke*\",\"kms:ReplicateKey\",\"kms:Put*\",\"kms:List*\",\"kms:ImportKeyMaterial\",\"kms:Get*\",\"kms:Enable*\",\"kms:Disable*\",\"kms:Describe*\",\"kms:Delete*\",\"kms:Create*\",\"kms:CancelKeyDeletion\"],\"Resource\":\"*\",\"Principal\":{\"AWS\":\"arn:aws:iam::967985385347:user/suadmin\"}},{\"Sid\":\"KeyUsage\",\"Effect\":\"Allow\",\"Action\":[\"kms:ReEncrypt*\",\"kms:GenerateDataKey*\",\"kms:Encrypt\",\"kms:DescribeKey\",\"kms:Decrypt\"],\"Resource\":\"*\",\"Principal\":{\"AWS\":\"arn:aws:iam::967985385347:role/bonz-dev-cluster-20260118164756555300000002\"}}]}",
            "override_json": null,
            "override_policy_documents": null,
            "policy_id": null,
            "source_json": null,
            "source_policy_documents": null,
            "statement": [
              {
                "actions": [
                  "kms:*"
                ],
                "condition": [],
                "effect": "Allow",
                "not_actions": [],
                "not_principals": [],
                "not_resources": [],
                "principals": [
                  {
                    "identifiers": [
                      "arn:aws:iam::967985385347:root"
                    ],
                    "type": "AWS"
                  }
                ],
                "resources": [
                  "*"
                ],
                "sid": "Default"
              },
              {
                "actions": [
                  "kms:CancelKeyDeletion",
                  "kms:Create*",
                  "kms:Delete*",
                  "kms:Describe*",
                  "kms:Disable*",
                  "kms:Enable*",
                  "kms:Get*",
                  "kms:ImportKeyMaterial",
                  "kms:List*",
                  "kms:Put*",
                  "kms:ReplicateKey",
                  "kms:Revoke*",
                  "kms:ScheduleKeyDeletion",
                  "kms:TagResource",
                  "kms:UntagResource",
                  "kms:Update*"
                ],
                "condition": [],
                "effect": "Allow",
                "not_actions": [],
                "not_principals": [],
                "not_resources": [],
                "principals": [
                  {
                    "identifiers": [
                      "arn:aws:iam::967985385347:user/suadmin"
                    ],
                    "type": "AWS"
                  }
                ],
                "resources": [
                  "*"
                ],
                "sid": "KeyAdministration"
              },
              {
                "actions": [
                  "kms:Decrypt",
                  "kms:DescribeKey",
                  "kms:Encrypt",
                  "kms:GenerateDataKey*",
                  "kms:ReEncrypt*"
                ],
                "condition": [],
                "effect": "Allow",
                "not_actions": [],
                "not_principals": [],
                "not_resources": [],
                "principals": [
                  {
                    "identifiers": [
                      "arn:aws:iam::967985385347:role/bonz-dev-cluster-20260118164756555300000002"
                    ],
                    "type": "AWS"
                  }
                ],
                "resources": [
                  "*"
                ],
                "sid": "KeyUsage"
              }
            ],
            "version": "2012-10-17"
          },
          "sensitive_attributes": []
        }
      ]
    },
    {
      "module": "module.eks.module.kms",
      "mode": "data",
      "type": "aws_partition",
      "name": "current",
      "provider": "provider[\"registry.terraform.io/hashicorp/aws\"]",
      "instances": [
        {
          "index_key": 0,
          "schema_version": 0,
          "attributes": {
            "dns_suffix": "amazonaws.com",
            "id": "aws",
            "partition": "aws",
            "reverse_dns_prefix": "com.amazonaws"
          },
          "sensitive_attributes": []
        }
      ]
    },
    {
      "module": "module.eks.module.kms",
      "mode": "managed",
      "type": "aws_kms_alias",
      "name": "this",
      "provider": "provider[\"registry.terraform.io/hashicorp/aws\"]",
      "instances": [
        {
          "index_key": "cluster",
          "schema_version": 0,
          "attributes": {
            "arn": "arn:aws:kms:us-east-1:967985385347:alias/eks/bonz-dev",
            "id": "alias/eks/bonz-dev",
            "name": "alias/eks/bonz-dev",
            "name_prefix": "",
            "region": "us-east-1",
            "target_key_arn": "arn:aws:kms:us-east-1:967985385347:key/3fbd51cd-efd1-4622-b3df-3e9784b7b133",
            "target_key_id": "3fbd51cd-efd1-4622-b3df-3e9784b7b133"
          },
          "sensitive_attributes": [],
          "private": "bnVsbA==",
          "dependencies": [
            "module.eks.aws_iam_role.this",
            "module.eks.data.aws_caller_identity.current",
            "module.eks.data.aws_iam_policy_document.assume_role_policy",
            "module.eks.data.aws_iam_session_context.current",
            "module.eks.module.kms.aws_kms_external_key.this",
            "module.eks.module.kms.aws_kms_key.this",
            "module.eks.module.kms.aws_kms_replica_external_key.this",
            "module.eks.module.kms.aws_kms_replica_key.this",
            "module.eks.module.kms.data.aws_caller_identity.current",
            "module.eks.module.kms.data.aws_iam_policy_document.this",
            "module.eks.module.kms.data.aws_partition.current"
          ]
        }
      ]
    },
    {
      "module": "module.eks.module.kms",
      "mode": "managed",
      "type": "aws_kms_key",
      "name": "this",
      "provider": "provider[\"registry.terraform.io/hashicorp/aws\"]",
      "instances": [
        {
          "index_key": 0,
          "schema_version": 0,
          "attributes": {
            "arn": "arn:aws:kms:us-east-1:967985385347:key/3fbd51cd-efd1-4622-b3df-3e9784b7b133",
            "bypass_policy_lockout_safety_check": false,
            "custom_key_store_id": "",
            "customer_master_key_spec": "SYMMETRIC_DEFAULT",
            "deletion_window_in_days": null,
            "description": "bonz-dev cluster encryption key",
            "enable_key_rotation": true,
            "id": "3fbd51cd-efd1-4622-b3df-3e9784b7b133",
            "is_enabled": true,
            "key_id": "3fbd51cd-efd1-4622-b3df-3e9784b7b133",
            "key_usage": "ENCRYPT_DECRYPT",
            "multi_region": false,
            "policy": "{\"Statement\":[{\"Action\":\"kms:*\",\"Effect\":\"Allow\",\"Principal\":{\"AWS\":\"arn:aws:iam::967985385347:root\"},\"Resource\":\"*\",\"Sid\":\"Default\"},{\"Action\":[\"kms:Update*\",\"kms:UntagResource\",\"kms:TagResource\",\"kms:ScheduleKeyDeletion\",\"kms:Revoke*\",\"kms:ReplicateKey\",\"kms:Put*\",\"kms:List*\",\"kms:ImportKeyMaterial\",\"kms:Get*\",\"kms:Enable*\",\"kms:Disable*\",\"kms:Describe*\",\"kms:Delete*\",\"kms:Create*\",\"kms:CancelKeyDeletion\"],\"Effect\":\"Allow\",\"Principal\":{\"AWS\":\"arn:aws:iam::967985385347:user/suadmin\"},\"Resource\":\"*\",\"Sid\":\"KeyAdministration\"},{\"Action\":[\"kms:ReEncrypt*\",\"kms:GenerateDataKey*\",\"kms:Encrypt\",\"kms:DescribeKey\",\"kms:Decrypt\"],\"Effect\":\"Allow\",\"Principal\":{\"AWS\":\"arn:aws:iam::967985385347:role/bonz-dev-cluster-20260118164756555300000002\"},\"Resource\":\"*\",\"Sid\":\"KeyUsage\"}],\"Version\":\"2012-10-17\"}",
            "region": "us-east-1",
            "rotation_period_in_days": 365,
            "tags": {
              "ClusterName": "bonz-dev",
              "Environment": "dev",
              "ManagedBy": "terraform",
              "Project": "bonz-dev",
              "terraform-aws-modules": "eks"
            },
            "tags_all": {
              "ClusterName": "bonz-dev",
              "Environment": "dev",
              "ManagedBy": "terraform",
              "Project": "bonz-dev",
              "terraform-aws-modules": "eks"
            },
            "timeouts": null,
            "xks_key_id": ""
          },
          "sensitive_attributes": [],
          "private": "eyJlMmJmYjczMC1lY2FhLTExZTYtOGY4OC0zNDM2M2JjN2M0YzAiOnsiY3JlYXRlIjoxMjAwMDAwMDAwMDB9fQ==",
          "dependencies": [
            "module.eks.aws_iam_role.this",
            "module.eks.data.aws_caller_identity.current",
            "module.eks.data.aws_iam_policy_document.assume_role_policy",
            "module.eks.data.aws_iam_session_context.current",
            "module.eks.module.kms.data.aws_caller_identity.current",
            "module.eks.module.kms.data.aws_iam_policy_document.this",
            "module.eks.module.kms.data.aws_partition.current"
          ],
          "create_before_destroy": true
        }
      ]
    },
    {
      "module": "module.eks.module.self_managed_node_group[\"general\"]",
      "mode": "data",
      "type": "aws_iam_policy_document",
      "name": "assume_role_policy",
      "provider": "provider[\"registry.terraform.io/hashicorp/aws\"]",
      "instances": [
        {
          "index_key": 0,
          "schema_version": 0,
          "attributes": {
            "id": "2560088296",
            "json": "{\n  \"Version\": \"2012-10-17\",\n  \"Statement\": [\n    {\n      \"Sid\": \"EKSNodeAssumeRole\",\n      \"Effect\": \"Allow\",\n      \"Action\": \"sts:AssumeRole\",\n      \"Principal\": {\n        \"Service\": \"ec2.amazonaws.com\"\n      }\n    }\n  ]\n}",
            "minified_json": "{\"Version\":\"2012-10-17\",\"Statement\":[{\"Sid\":\"EKSNodeAssumeRole\",\"Effect\":\"Allow\",\"Action\":\"sts:AssumeRole\",\"Principal\":{\"Service\":\"ec2.amazonaws.com\"}}]}",
            "override_json": null,
            "override_policy_documents": null,
            "policy_id": null,
            "source_json": null,
            "source_policy_documents": null,
            "statement": [
              {
                "actions": [
                  "sts:AssumeRole"
                ],
                "condition": [],
                "effect": "Allow",
                "not_actions": [],
                "not_principals": [],
                "not_resources": [],
                "principals": [
                  {
                    "identifiers": [
                      "ec2.amazonaws.com"
                    ],
                    "type": "Service"
                  }
                ],
                "resources": [],
                "sid": "EKSNodeAssumeRole"
              }
            ],
            "version": "2012-10-17"
          },
          "sensitive_attributes": []
        }
      ]
    },
    {
      "module": "module.eks.module.self_managed_node_group[\"general\"]",
      "mode": "data",
      "type": "aws_ssm_parameter",
      "name": "ami",
      "provider": "provider[\"registry.terraform.io/hashicorp/aws\"]",
      "instances": [
        {
          "index_key": 0,
          "schema_version": 0,
          "attributes": {
            "arn": "arn:aws:ssm:us-east-1::parameter/aws/service/eks/optimized-ami/1.33/amazon-linux-2023/x86_64/standard/recommended/image_id",
            "id": "/aws/service/eks/optimized-ami/1.33/amazon-linux-2023/x86_64/standard/recommended/image_id",
            "insecure_value": "ami-057056864e83ba9df",
            "name": "/aws/service/eks/optimized-ami/1.33/amazon-linux-2023/x86_64/standard/recommended/image_id",
            "region": "us-east-1",
            "type": "String",
            "value": "ami-057056864e83ba9df",
            "version": 29,
            "with_decryption": true
          },
          "sensitive_attributes": [
            [
              {
                "type": "get_attr",
                "value": "value"
              }
            ]
          ]
        }
      ]
    },
    {
      "module": "module.eks.module.self_managed_node_group[\"general\"]",
      "mode": "managed",
      "type": "aws_autoscaling_group",
      "name": "this",
      "provider": "provider[\"registry.terraform.io/hashicorp/aws\"]",
      "instances": [
        {
          "index_key": 0,
          "schema_version": 1,
          "attributes": {
            "arn": "arn:aws:autoscaling:us-east-1:967985385347:autoScalingGroup:7e4a707b-04cc-40e1-8601-d3c95b1d99a1:autoScalingGroupName/workers-general-2026011816580028420000001b",
            "availability_zone_distribution": [
              {
                "capacity_distribution_strategy": "balanced-best-effort"
              }
            ],
            "availability_zones": [
              "us-east-1a",
              "us-east-1b"
            ],
            "capacity_rebalance": true,
            "capacity_reservation_specification": [
              {
                "capacity_reservation_preference": "default",
                "capacity_reservation_target": []
              }
            ],
            "context": "",
            "default_cooldown": 300,
            "default_instance_warmup": 0,
            "desired_capacity": 6,
            "desired_capacity_type": "",
            "enabled_metrics": [],
            "force_delete": false,
            "force_delete_warm_pool": false,
            "health_check_grace_period": 300,
            "health_check_type": "EC2",
            "id": "workers-general-2026011816580028420000001b",
            "ignore_failed_scaling_activities": false,
            "initial_lifecycle_hook": [],
            "instance_maintenance_policy": [],
            "instance_refresh": [
              {
                "preferences": [
                  {
                    "alarm_specification": [],
                    "auto_rollback": false,
                    "checkpoint_delay": "",
                    "checkpoint_percentages": [],
                    "instance_warmup": "",
                    "max_healthy_percentage": 100,
                    "min_healthy_percentage": 66,
                    "scale_in_protected_instances": "Ignore",
                    "skip_matching": false,
                    "standby_instances": "Ignore"
                  }
                ],
                "strategy": "Rolling",
                "triggers": []
              }
            ],
            "launch_configuration": "",
            "launch_template": [],
            "load_balancers": [],
            "max_instance_lifetime": 0,
            "max_size": 6,
            "metrics_granularity": "1Minute",
            "min_elb_capacity": null,
            "min_size": 0,
            "mixed_instances_policy": [
              {
                "instances_distribution": [
                  {
                    "on_demand_allocation_strategy": "prioritized",
                    "on_demand_base_capacity": 1,
                    "on_demand_percentage_above_base_capacity": 25,
                    "spot_allocation_strategy": "capacity-optimized",
                    "spot_instance_pools": 0,
                    "spot_max_price": ""
                  }
                ],
                "launch_template": [
                  {
                    "launch_template_specification": [
                      {
                        "launch_template_id": "lt-0e03fc6298a1ff44f",
                        "launch_template_name": "general-20260118165754246300000017",
                        "version": "1"
                      }
                    ],
                    "override": [
                      {
                        "instance_requirements": [],
                        "instance_type": "c7i-flex.large",
                        "launch_template_specification": [],
                        "weighted_capacity": ""
                      },
                      {
                        "instance_requirements": [],
                        "instance_type": "m7i-flex.xlarge",
                        "launch_template_specification": [],
                        "weighted_capacity": ""
                      }
                    ]
                  }
                ]
              }
            ],
            "name": "workers-general-2026011816580028420000001b",
            "name_prefix": "workers-general-",
            "placement_group": "",
            "predicted_capacity": 0,
            "protect_from_scale_in": false,
            "region": "us-east-1",
            "service_linked_role_arn": "arn:aws:iam::967985385347:role/aws-service-role/autoscaling.amazonaws.com/AWSServiceRoleForAutoScaling",
            "suspended_processes": [],
            "tag": [
              {
                "key": "ClusterName",
                "propagate_at_launch": true,
                "value": "bonz-dev"
              },
              {
                "key": "Environment",
                "propagate_at_launch": true,
                "value": "dev"
              },
              {
                "key": "Lifecycle",
                "propagate_at_launch": true,
                "value": "mixed"
              },
              {
                "key": "ManagedBy",
                "propagate_at_launch": true,
                "value": "terraform"
              },
              {
                "key": "Name",
                "propagate_at_launch": true,
                "value": "workers-general"
              },
              {
                "key": "NodeGroup",
                "propagate_at_launch": true,
                "value": "general"
              },
              {
                "key": "Project",
                "propagate_at_launch": true,
                "value": "bonz-dev"
              },
              {
                "key": "Purpose",
                "propagate_at_launch": true,
                "value": "general-workloads"
              },
              {
                "key": "k8s.io/cluster/bonz-dev",
                "propagate_at_launch": true,
                "value": "owned"
              },
              {
                "key": "kubernetes.io/cluster/bonz-dev",
                "propagate_at_launch": true,
                "value": "owned"
              }
            ],
            "target_group_arns": [],
            "termination_policies": [],
            "timeouts": null,
            "traffic_source": [],
            "vpc_zone_identifier": [
              "subnet-047f82639e56e29eb",
              "subnet-086ed49666f6a0f04"
            ],
            "wait_for_capacity_timeout": "10m",
            "wait_for_elb_capacity": null,
            "warm_pool": [],
            "warm_pool_size": 0
          },
          "sensitive_attributes": [],
          "private": "eyJlMmJmYjczMC1lY2FhLTExZTYtOGY4OC0zNDM2M2JjN2M0YzAiOnsiZGVsZXRlIjo2MDAwMDAwMDAwMDAsInVwZGF0ZSI6NjAwMDAwMDAwMDAwfSwic2NoZW1hX3ZlcnNpb24iOiIxIn0=",
          "dependencies": [
            "module.eks.aws_cloudwatch_log_group.this",
            "module.eks.aws_eks_cluster.this",
            "module.eks.aws_iam_policy.cni_ipv6_policy",
            "module.eks.aws_iam_role.eks_auto",
            "module.eks.aws_iam_role.this",
            "module.eks.aws_iam_role_policy_attachment.this",
            "module.eks.aws_security_group.cluster",
            "module.eks.aws_security_group.node",
            "module.eks.aws_security_group_rule.cluster",
            "module.eks.aws_security_group_rule.node",
            "module.eks.data.aws_caller_identity.current",
            "module.eks.data.aws_iam_policy_document.assume_role_policy",
            "module.eks.data.aws_iam_policy_document.cni_ipv6_policy",
            "module.eks.data.aws_iam_policy_document.node_assume_role_policy",
            "module.eks.data.aws_iam_session_context.current",
            "module.eks.data.aws_partition.current",
            "module.eks.module.kms.aws_kms_external_key.this",
            "module.eks.module.kms.aws_kms_key.this",
            "module.eks.module.kms.aws_kms_replica_external_key.this",
            "module.eks.module.kms.aws_kms_replica_key.this",
            "module.eks.module.kms.data.aws_caller_identity.current",
            "module.eks.module.kms.data.aws_iam_policy_document.this",
            "module.eks.module.kms.data.aws_partition.current",
            "module.eks.module.self_managed_node_group.aws_iam_instance_profile.this",
            "module.eks.module.self_managed_node_group.aws_iam_role.this",
            "module.eks.module.self_managed_node_group.aws_iam_role_policy_attachment.additional",
            "module.eks.module.self_managed_node_group.aws_iam_role_policy_attachment.this",
            "module.eks.module.self_managed_node_group.aws_launch_template.this",
            "module.eks.module.self_managed_node_group.aws_placement_group.this",
            "module.eks.module.self_managed_node_group.data.aws_caller_identity.current",
            "module.eks.module.self_managed_node_group.data.aws_ec2_instance_type.this",
            "module.eks.module.self_managed_node_group.data.aws_iam_policy_document.assume_role_policy",
            "module.eks.module.self_managed_node_group.data.aws_partition.current",
            "module.eks.module.self_managed_node_group.data.aws_ssm_parameter.ami",
            "module.eks.module.self_managed_node_group.module.user_data.data.cloudinit_config.al2023_eks_managed_node_group",
            "module.eks.module.self_managed_node_group.module.user_data.data.cloudinit_config.al2_eks_managed_node_group",
            "module.eks.time_sleep.this"
          ],
          "create_before_destroy": true
        }
      ]
    },
    {
      "module": "module.eks.module.self_managed_node_group[\"general\"]",
      "mode": "managed",
      "type": "aws_eks_access_entry",
      "name": "this",
      "provider": "provider[\"registry.terraform.io/hashicorp/aws\"]",
      "instances": [
        {
          "index_key": 0,
          "schema_version": 0,
          "attributes": {
            "access_entry_arn": "arn:aws:eks:us-east-1:967985385347:access-entry/bonz-dev/role/967985385347/workers-general-node-group-20260118164757002600000007/0ecde905-5706-e3f8-e407-1d6ce7f6b37d",
            "cluster_name": "bonz-dev",
            "created_at": "2026-01-18T16:57:54Z",
            "id": "bonz-dev:arn:aws:iam::967985385347:role/workers-general-node-group-20260118164757002600000007",
            "kubernetes_groups": [
              "system:nodes"
            ],
            "modified_at": "2026-01-18T16:57:54Z",
            "principal_arn": "arn:aws:iam::967985385347:role/workers-general-node-group-20260118164757002600000007",
            "region": "us-east-1",
            "tags": {
              "ClusterName": "bonz-dev",
              "Environment": "dev",
              "Lifecycle": "mixed",
              "ManagedBy": "terraform",
              "NodeGroup": "general",
              "Project": "bonz-dev",
              "Purpose": "general-workloads"
            },
            "tags_all": {
              "ClusterName": "bonz-dev",
              "Environment": "dev",
              "Lifecycle": "mixed",
              "ManagedBy": "terraform",
              "NodeGroup": "general",
              "Project": "bonz-dev",
              "Purpose": "general-workloads"
            },
            "timeouts": null,
            "type": "EC2_LINUX",
            "user_name": "system:node:{{EC2PrivateDNSName}}"
          },
          "sensitive_attributes": [],
          "private": "eyJlMmJmYjczMC1lY2FhLTExZTYtOGY4OC0zNDM2M2JjN2M0YzAiOnsiY3JlYXRlIjo2MDAwMDAwMDAwMDAsImRlbGV0ZSI6NjAwMDAwMDAwMDAwfX0=",
          "dependencies": [
            "module.eks.aws_cloudwatch_log_group.this",
            "module.eks.aws_eks_cluster.this",
            "module.eks.aws_iam_policy.cni_ipv6_policy",
            "module.eks.aws_iam_role.eks_auto",
            "module.eks.aws_iam_role.this",
            "module.eks.aws_iam_role_policy_attachment.this",
            "module.eks.aws_security_group.cluster",
            "module.eks.aws_security_group.node",
            "module.eks.aws_security_group_rule.cluster",
            "module.eks.aws_security_group_rule.node",
            "module.eks.data.aws_caller_identity.current",
            "module.eks.data.aws_iam_policy_document.assume_role_policy",
            "module.eks.data.aws_iam_policy_document.cni_ipv6_policy",
            "module.eks.data.aws_iam_policy_document.node_assume_role_policy",
            "module.eks.data.aws_iam_session_context.current",
            "module.eks.data.aws_partition.current",
            "module.eks.module.kms.aws_kms_external_key.this",
            "module.eks.module.kms.aws_kms_key.this",
            "module.eks.module.kms.aws_kms_replica_external_key.this",
            "module.eks.module.kms.aws_kms_replica_key.this",
            "module.eks.module.kms.data.aws_caller_identity.current",
            "module.eks.module.kms.data.aws_iam_policy_document.this",
            "module.eks.module.kms.data.aws_partition.current",
            "module.eks.module.self_managed_node_group.aws_iam_role.this",
            "module.eks.module.self_managed_node_group.data.aws_iam_policy_document.assume_role_policy",
            "module.eks.time_sleep.this"
          ]
        }
      ]
    },
    {
      "module": "module.eks.module.self_managed_node_group[\"general\"]",
      "mode": "managed",
      "type": "aws_iam_instance_profile",
      "name": "this",
      "provider": "provider[\"registry.terraform.io/hashicorp/aws\"]",
      "instances": [
        {
          "index_key": 0,
          "schema_version": 0,
          "attributes": {
            "arn": "arn:aws:iam::967985385347:instance-profile/workers-general-node-group-20260118164757351300000008",
            "create_date": "2026-01-18T16:47:57Z",
            "id": "workers-general-node-group-20260118164757351300000008",
            "name": "workers-general-node-group-20260118164757351300000008",
            "name_prefix": "workers-general-node-group-",
            "path": "/",
            "role": "workers-general-node-group-20260118164757002600000007",
            "tags": {
              "ClusterName": "bonz-dev",
              "Environment": "dev",
              "Lifecycle": "mixed",
              "ManagedBy": "terraform",
              "NodeGroup": "general",
              "Project": "bonz-dev",
              "Purpose": "general-workloads"
            },
            "tags_all": {
              "ClusterName": "bonz-dev",
              "Environment": "dev",
              "Lifecycle": "mixed",
              "ManagedBy": "terraform",
              "NodeGroup": "general",
              "Project": "bonz-dev",
              "Purpose": "general-workloads"
            },
            "unique_id": "AIPA6CYDMZ6BUQBRRQSJY"
          },
          "sensitive_attributes": [],
          "private": "bnVsbA==",
          "dependencies": [
            "module.eks.module.self_managed_node_group.aws_iam_role.this",
            "module.eks.module.self_managed_node_group.data.aws_iam_policy_document.assume_role_policy"
          ],
          "create_before_destroy": true
        }
      ]
    },
    {
      "module": "module.eks.module.self_managed_node_group[\"general\"]",
      "mode": "managed",
      "type": "aws_iam_role",
      "name": "this",
      "provider": "provider[\"registry.terraform.io/hashicorp/aws\"]",
      "instances": [
        {
          "index_key": 0,
          "schema_version": 0,
          "attributes": {
            "arn": "arn:aws:iam::967985385347:role/workers-general-node-group-20260118164757002600000007",
            "assume_role_policy": "{\"Statement\":[{\"Action\":\"sts:AssumeRole\",\"Effect\":\"Allow\",\"Principal\":{\"Service\":\"ec2.amazonaws.com\"},\"Sid\":\"EKSNodeAssumeRole\"}],\"Version\":\"2012-10-17\"}",
            "create_date": "2026-01-18T16:47:56Z",
            "description": "Self managed node group IAM role",
            "force_detach_policies": true,
            "id": "workers-general-node-group-20260118164757002600000007",
            "inline_policy": [],
            "managed_policy_arns": [
              "arn:aws:iam::aws:policy/AmazonEC2ContainerRegistryReadOnly",
              "arn:aws:iam::aws:policy/AmazonEKSWorkerNodePolicy",
              "arn:aws:iam::aws:policy/AmazonEKS_CNI_Policy"
            ],
            "max_session_duration": 3600,
            "name": "workers-general-node-group-20260118164757002600000007",
            "name_prefix": "workers-general-node-group-",
            "path": "/",
            "permissions_boundary": "",
            "tags": {
              "ClusterName": "bonz-dev",
              "Environment": "dev",
              "Lifecycle": "mixed",
              "ManagedBy": "terraform",
              "NodeGroup": "general",
              "Project": "bonz-dev",
              "Purpose": "general-workloads"
            },
            "tags_all": {
              "ClusterName": "bonz-dev",
              "Environment": "dev",
              "Lifecycle": "mixed",
              "ManagedBy": "terraform",
              "NodeGroup": "general",
              "Project": "bonz-dev",
              "Purpose": "general-workloads"
            },
            "unique_id": "AROA6CYDMZ6BSMX3ZSGQS"
          },
          "sensitive_attributes": [],
          "private": "bnVsbA==",
          "dependencies": [
            "module.eks.module.self_managed_node_group.data.aws_iam_policy_document.assume_role_policy"
          ],
          "create_before_destroy": true
        }
      ]
    },
    {
      "module": "module.eks.module.self_managed_node_group[\"general\"]",
      "mode": "managed",
      "type": "aws_iam_role_policy_attachment",
      "name": "this",
      "provider": "provider[\"registry.terraform.io/hashicorp/aws\"]",
      "instances": [
        {
          "index_key": "AmazonEC2ContainerRegistryReadOnly",
          "schema_version": 0,
          "attributes": {
            "id": "workers-general-node-group-20260118164757002600000007/arn:aws:iam::aws:policy/AmazonEC2ContainerRegistryReadOnly",
            "policy_arn": "arn:aws:iam::aws:policy/AmazonEC2ContainerRegistryReadOnly",
            "role": "workers-general-node-group-20260118164757002600000007"
          },
          "sensitive_attributes": [],
          "private": "bnVsbA==",
          "dependencies": [
            "module.eks.data.aws_caller_identity.current",
            "module.eks.data.aws_partition.current",
            "module.eks.module.self_managed_node_group.aws_iam_role.this",
            "module.eks.module.self_managed_node_group.data.aws_caller_identity.current",
            "module.eks.module.self_managed_node_group.data.aws_iam_policy_document.assume_role_policy",
            "module.eks.module.self_managed_node_group.data.aws_partition.current"
          ],
          "create_before_destroy": true
        },
        {
          "index_key": "AmazonEKSWorkerNodePolicy",
          "schema_version": 0,
          "attributes": {
            "id": "workers-general-node-group-20260118164757002600000007/arn:aws:iam::aws:policy/AmazonEKSWorkerNodePolicy",
            "policy_arn": "arn:aws:iam::aws:policy/AmazonEKSWorkerNodePolicy",
            "role": "workers-general-node-group-20260118164757002600000007"
          },
          "sensitive_attributes": [],
          "private": "bnVsbA==",
          "dependencies": [
            "module.eks.data.aws_caller_identity.current",
            "module.eks.data.aws_partition.current",
            "module.eks.module.self_managed_node_group.aws_iam_role.this",
            "module.eks.module.self_managed_node_group.data.aws_caller_identity.current",
            "module.eks.module.self_managed_node_group.data.aws_iam_policy_document.assume_role_policy",
            "module.eks.module.self_managed_node_group.data.aws_partition.current"
          ],
          "create_before_destroy": true
        },
        {
          "index_key": "AmazonEKS_CNI_Policy",
          "schema_version": 0,
          "attributes": {
            "id": "workers-general-node-group-20260118164757002600000007/arn:aws:iam::aws:policy/AmazonEKS_CNI_Policy",
            "policy_arn": "arn:aws:iam::aws:policy/AmazonEKS_CNI_Policy",
            "role": "workers-general-node-group-20260118164757002600000007"
          },
          "sensitive_attributes": [],
          "private": "bnVsbA==",
          "dependencies": [
            "module.eks.data.aws_caller_identity.current",
            "module.eks.data.aws_partition.current",
            "module.eks.module.self_managed_node_group.aws_iam_role.this",
            "module.eks.module.self_managed_node_group.data.aws_caller_identity.current",
            "module.eks.module.self_managed_node_group.data.aws_iam_policy_document.assume_role_policy",
            "module.eks.module.self_managed_node_group.data.aws_partition.current"
          ],
          "create_before_destroy": true
        }
      ]
    },
    {
      "module": "module.eks.module.self_managed_node_group[\"general\"]",
      "mode": "managed",
      "type": "aws_launch_template",
      "name": "this",
      "provider": "provider[\"registry.terraform.io/hashicorp/aws\"]",
      "instances": [
        {
          "index_key": 0,
          "schema_version": 1,
          "attributes": {
            "arn": "arn:aws:ec2:us-east-1:967985385347:launch-template/lt-0e03fc6298a1ff44f",
            "block_device_mappings": [
              {
                "device_name": "/dev/xvda",
                "ebs": [
                  {
                    "delete_on_termination": "true",
                    "encrypted": "true",
                    "iops": 0,
                    "kms_key_id": "",
                    "snapshot_id": "",
                    "throughput": 0,
                    "volume_initialization_rate": 0,
                    "volume_size": 50,
                    "volume_type": "gp3"
                  }
                ],
                "no_device": "",
                "virtual_name": ""
              }
            ],
            "capacity_reservation_specification": [],
            "cpu_options": [],
            "credit_specification": [],
            "default_version": 1,
            "description": "Custom launch template for workers-general self managed node group",
            "disable_api_stop": false,
            "disable_api_termination": false,
            "ebs_optimized": "",
            "enclave_options": [],
            "hibernation_options": [],
            "iam_instance_profile": [
              {
                "arn": "arn:aws:iam::967985385347:instance-profile/workers-general-node-group-20260118164757351300000008",
                "name": ""
              }
            ],
            "id": "lt-0e03fc6298a1ff44f",
            "image_id": "ami-057056864e83ba9df",
            "instance_initiated_shutdown_behavior": "",
            "instance_market_options": [],
            "instance_requirements": [],
            "instance_type": "c7i-flex.large",
            "kernel_id": "",
            "key_name": "",
            "latest_version": 1,
            "license_specification": [],
            "maintenance_options": [],
            "metadata_options": [
              {
                "http_endpoint": "enabled",
                "http_protocol_ipv6": "",
                "http_put_response_hop_limit": 2,
                "http_tokens": "required",
                "instance_metadata_tags": ""
              }
            ],
            "monitoring": [],
            "name": "general-20260118165754246300000017",
            "name_prefix": "general-",
            "network_interfaces": [],
            "placement": [],
            "private_dns_name_options": [],
            "ram_disk_id": "",
            "region": "us-east-1",
            "security_group_names": [],
            "tag_specifications": [
              {
                "resource_type": "instance",
                "tags": {
                  "ClusterName": "bonz-dev",
                  "Environment": "dev",
                  "Lifecycle": "mixed",
                  "ManagedBy": "terraform",
                  "Name": "workers-general",
                  "NodeGroup": "general",
                  "Project": "bonz-dev",
                  "Purpose": "general-workloads"
                }
              },
              {
                "resource_type": "network-interface",
                "tags": {
                  "ClusterName": "bonz-dev",
                  "Environment": "dev",
                  "Lifecycle": "mixed",
                  "ManagedBy": "terraform",
                  "Name": "workers-general",
                  "NodeGroup": "general",
                  "Project": "bonz-dev",
                  "Purpose": "general-workloads"
                }
              },
              {
                "resource_type": "volume",
                "tags": {
                  "ClusterName": "bonz-dev",
                  "Environment": "dev",
                  "Lifecycle": "mixed",
                  "ManagedBy": "terraform",
                  "Name": "workers-general",
                  "NodeGroup": "general",
                  "Project": "bonz-dev",
                  "Purpose": "general-workloads"
                }
              }
            ],
            "tags": {
              "ClusterName": "bonz-dev",
              "Environment": "dev",
              "Lifecycle": "mixed",
              "ManagedBy": "terraform",
              "NodeGroup": "general",
              "Project": "bonz-dev",
              "Purpose": "general-workloads"
            },
            "tags_all": {
              "ClusterName": "bonz-dev",
              "Environment": "dev",
              "Lifecycle": "mixed",
              "ManagedBy": "terraform",
              "NodeGroup": "general",
              "Project": "bonz-dev",
              "Purpose": "general-workloads"
            },
            "update_default_version": true,
            "user_data": "Q29udGVudC1UeXBlOiBtdWx0aXBhcnQvbWl4ZWQ7IGJvdW5kYXJ5PSJNSU1FQk9VTkRBUlkiCk1JTUUtVmVyc2lvbjogMS4wDQoNCi0tTUlNRUJPVU5EQVJZDQpDb250ZW50LVRyYW5zZmVyLUVuY29kaW5nOiA3Yml0DQpDb250ZW50LVR5cGU6IGFwcGxpY2F0aW9uL25vZGUuZWtzLmF3cw0KTWltZS1WZXJzaW9uOiAxLjANCg0KLS0tCmFwaVZlcnNpb246IG5vZGUuZWtzLmF3cy92MWFscGhhMQpraW5kOiBOb2RlQ29uZmlnCnNwZWM6CiAga3ViZWxldDoKICAgIGZsYWdzOgogICAgICAtIC0tbm9kZS1sYWJlbHM9d29ya2xvYWQ9Z2VuZXJhbCxlbnZpcm9ubWVudD1kZXYsbGlmZWN5Y2xlPW1peGVkCiAgICBjb25maWc6CiAgICAgIHJlZ2lzdGVyV2l0aFRhaW50czoKICAgICAgICAtIGtleTogZGVkaWNhdGVkCiAgICAgICAgICB2YWx1ZTogZ2VuZXJhbAogICAgICAgICAgZWZmZWN0OiBOb1NjaGVkdWxlCg0KLS1NSU1FQk9VTkRBUlkNCkNvbnRlbnQtVHJhbnNmZXItRW5jb2Rpbmc6IDdiaXQNCkNvbnRlbnQtVHlwZTogYXBwbGljYXRpb24vbm9kZS5la3MuYXdzDQpNaW1lLVZlcnNpb246IDEuMA0KDQotLS0KYXBpVmVyc2lvbjogbm9kZS5la3MuYXdzL3YxYWxwaGExCmtpbmQ6IE5vZGVDb25maWcKc3BlYzoKICBjbHVzdGVyOgogICAgbmFtZTogYm9uei1kZXYKICAgIGFwaVNlcnZlckVuZHBvaW50OiBodHRwczovLzdCNEVFMEE3RjE3MzhCMEJENDFCREMyNDcxOEFBMTFGLmdyNy51cy1lYXN0LTEuZWtzLmFtYXpvbmF3cy5jb20KICAgIGNlcnRpZmljYXRlQXV0aG9yaXR5OiBMUzB0TFMxQ1JVZEpUaUJEUlZKVVNVWkpRMEZVUlMwdExTMHRDazFKU1VSQ1ZFTkRRV1V5WjBGM1NVSkJaMGxKVkM5NGJsbENjVkZwVWtWM1JGRlpTa3R2V2tsb2RtTk9RVkZGVEVKUlFYZEdWRVZVVFVKRlIwRXhWVVVLUVhoTlMyRXpWbWxhV0VwMVdsaFNiR042UVdWR2R6QjVUbXBCZUUxVVozaE9hbEV6VGxSQ1lVWjNNSHBPYWtGNFRWUlplRTVxVlhsT1ZFSmhUVUpWZUFwRmVrRlNRbWRPVmtKQlRWUkRiWFF4V1cxV2VXSnRWakJhV0UxM1oyZEZhVTFCTUVkRFUzRkhVMGxpTTBSUlJVSkJVVlZCUVRSSlFrUjNRWGRuWjBWTENrRnZTVUpCVVVOeGN6aDNWM0FyVGxvd09HcFFjR00wVUhCWFRVSXJiRXRZVDNwME5VSndZVEZUWkhBNGFVaGtaVWRVZUdRM01tNUVUVlJxTW5sb01tZ0tkSGM1VGt3NE1rWkpZbTlGZVhGQlUwaHZNalJPVUVOa1VXNTVPVUpyZEhWdGIwYzJZbEJHYTJkcmRHVXZTWGRUTjFCMVRIVnRhbTgyTjBGWE4yRlpOd295YWpKWGJFRmlZMVpNZUhGUlluUXdSbVUwZWpsMVdVZExhMmhrWms5NU1uaG1lWGxCVnpsRlZXSklUMnBoVWpSc015dHFiMVpwUlZVd1RucEpSMHB6Q2twMFZFWmFaVkV3YUZvckszRlZOa1l5YW5OWlpHSnhNWEp5T0V4dVIyeG9XVTlXUmxKdWRWUkxjMUJEWkUxSk5Yb3lTR2szWkM4NWJXUlZkakpxYm5vS05EWkJWVkpxT0ZwM1IzVkpOMVJzV2taTFMzQktPR1JaVUcxTE56QkZiV1JCS3pCRU15OVZXVlpOTjBsNllqQnJka0k1T1M5RmEwMU9ZVlZrZEM5R2N3cEVlRmxqWVVsVlVXYzNTWFZEYUdjeVdHdGxOVGROWWxoMmNHWmlRV2ROUWtGQlIycFhWRUpZVFVFMFIwRXhWV1JFZDBWQ0wzZFJSVUYzU1VOd1JFRlFDa0puVGxaSVVrMUNRV1k0UlVKVVFVUkJVVWd2VFVJd1IwRXhWV1JFWjFGWFFrSlVkVVJxZDNoQ00ycHNVRkZKVlU1cE1GUTRabVpoV1dWV2NHTnFRVllLUW1kT1ZraFNSVVZFYWtGTloyZHdjbVJYU214amJUVnNaRWRXZWsxQk1FZERVM0ZIVTBsaU0wUlJSVUpEZDFWQlFUUkpRa0ZSUVRkVFRrSkNURzVxZGdwNE5VbG9jVWhyT0VaMFNGbFNhVEl2TDJZM1N6ZFBTMVJYT1ZFMWJVa3djMlV2Ylc5MWJtMXBPRVpKYmtSRFlVVkJjWGMwYjBkelQyMDRSbVZLUlRsVkNuVlhXVlYyY1VGUWRWaDNOM0E1YkhwbVlYcFRWR3BLWTNRemNscFVMM1F3VkhocFlucHZPVWQzWm5ZeFpuaERRbGxWVGtSbVpTc3JiRXhCTVV4RFdIUUtSVU5QVEROWk5FVTNibE5uS3pnMFlXaHFXVmhTYkVoVFVtRXlLMnRtWnpCemRWUlJkV3d4WlhJNVdrWkVWRVZJVEZwMVdVWXZkSFZRU25OVk5uaDVSUXAzT1VkVWRqRndkakZwTVd0bWFURk9ha2hTTVhNeVNYUldjVEp2UWxGRU9HVkVTV2RYTDB0VU1YRkxRbVJsY0ZKcGMwZEdRMGRSYmswM04wUjVWVVptQ2pRd1R6WmpNMnhvYTBJeE5VNVFjMjgwWlRsMk5GVktRalZQYVU1RVFURmFTazVYTWtsVmJVdFRMek53TWxKU2VrbGhiR1ZHVTFNM1kxVndTMUpJWW5jS09HbEJUVGh4VldjMFkxSkVDaTB0TFMwdFJVNUVJRU5GVWxSSlJrbERRVlJGTFMwdExTMEsKICAgIGNpZHI6IDEwLjEwMC4wLjAvMTYKDQotLU1JTUVCT1VOREFSWS0tDQo=",
            "vpc_security_group_ids": [
              "sg-07043cef3cc4aaa20"
            ]
          },
          "sensitive_attributes": [],
          "private": "eyJzY2hlbWFfdmVyc2lvbiI6IjEifQ==",
          "dependencies": [
            "module.eks.aws_cloudwatch_log_group.this",
            "module.eks.aws_eks_cluster.this",
            "module.eks.aws_iam_policy.cni_ipv6_policy",
            "module.eks.aws_iam_role.eks_auto",
            "module.eks.aws_iam_role.this",
            "module.eks.aws_iam_role_policy_attachment.this",
            "module.eks.aws_security_group.cluster",
            "module.eks.aws_security_group.node",
            "module.eks.aws_security_group_rule.cluster",
            "module.eks.aws_security_group_rule.node",
            "module.eks.data.aws_caller_identity.current",
            "module.eks.data.aws_iam_policy_document.assume_role_policy",
            "module.eks.data.aws_iam_policy_document.cni_ipv6_policy",
            "module.eks.data.aws_iam_policy_document.node_assume_role_policy",
            "module.eks.data.aws_iam_session_context.current",
            "module.eks.data.aws_partition.current",
            "module.eks.module.kms.aws_kms_external_key.this",
            "module.eks.module.kms.aws_kms_key.this",
            "module.eks.module.kms.aws_kms_replica_external_key.this",
            "module.eks.module.kms.aws_kms_replica_key.this",
            "module.eks.module.kms.data.aws_caller_identity.current",
            "module.eks.module.kms.data.aws_iam_policy_document.this",
            "module.eks.module.kms.data.aws_partition.current",
            "module.eks.module.self_managed_node_group.aws_iam_instance_profile.this",
            "module.eks.module.self_managed_node_group.aws_iam_role.this",
            "module.eks.module.self_managed_node_group.aws_iam_role_policy_attachment.additional",
            "module.eks.module.self_managed_node_group.aws_iam_role_policy_attachment.this",
            "module.eks.module.self_managed_node_group.aws_placement_group.this",
            "module.eks.module.self_managed_node_group.data.aws_caller_identity.current",
            "module.eks.module.self_managed_node_group.data.aws_ec2_instance_type.this",
            "module.eks.module.self_managed_node_group.data.aws_iam_policy_document.assume_role_policy",
            "module.eks.module.self_managed_node_group.data.aws_partition.current",
            "module.eks.module.self_managed_node_group.data.aws_ssm_parameter.ami",
            "module.eks.module.self_managed_node_group.module.user_data.data.cloudinit_config.al2023_eks_managed_node_group",
            "module.eks.module.self_managed_node_group.module.user_data.data.cloudinit_config.al2_eks_managed_node_group",
            "module.eks.time_sleep.this"
          ],
          "create_before_destroy": true
        }
      ]
    },
    {
      "module": "module.eks.module.self_managed_node_group[\"general\"].module.user_data",
      "mode": "data",
      "type": "cloudinit_config",
      "name": "al2023_eks_managed_node_group",
      "provider": "provider[\"registry.terraform.io/hashicorp/cloudinit\"]",
      "instances": [
        {
          "index_key": 0,
          "schema_version": 0,
          "attributes": {
            "base64_encode": true,
            "boundary": "MIMEBOUNDARY",
            "gzip": false,
            "id": "2029531561",
            "part": [
              {
                "content": "---\napiVersion: node.eks.aws/v1alpha1\nkind: NodeConfig\nspec:\n  kubelet:\n    flags:\n      - --node-labels=workload=general,environment=dev,lifecycle=mixed\n    config:\n      registerWithTaints:\n        - key: dedicated\n          value: general\n          effect: NoSchedule\n",
                "content_type": "application/node.eks.aws",
                "filename": null,
                "merge_type": null
              },
              {
                "content": "---\napiVersion: node.eks.aws/v1alpha1\nkind: NodeConfig\nspec:\n  cluster:\n    name: bonz-dev\n    apiServerEndpoint: https://7B4EE0A7F1738B0BD41BDC24718AA11F.gr7.us-east-1.eks.amazonaws.com\n    certificateAuthority: LS0tLS1CRUdJTiBDRVJUSUZJQ0FURS0tLS0tCk1JSURCVENDQWUyZ0F3SUJBZ0lJVC94bllCcVFpUkV3RFFZSktvWklodmNOQVFFTEJRQXdGVEVUTUJFR0ExVUUKQXhNS2EzVmlaWEp1WlhSbGN6QWVGdzB5TmpBeE1UZ3hOalEzTlRCYUZ3MHpOakF4TVRZeE5qVXlOVEJhTUJVeApFekFSQmdOVkJBTVRDbXQxWW1WeWJtVjBaWE13Z2dFaU1BMEdDU3FHU0liM0RRRUJBUVVBQTRJQkR3QXdnZ0VLCkFvSUJBUUNxczh3V3ArTlowOGpQcGM0UHBXTUIrbEtYT3p0NUJwYTFTZHA4aUhkZUdUeGQ3Mm5ETVRqMnloMmgKdHc5Tkw4MkZJYm9FeXFBU0hvMjROUENkUW55OUJrdHVtb0c2YlBGa2drdGUvSXdTN1B1THVtam82N0FXN2FZNwoyajJXbEFiY1ZMeHFRYnQwRmU0ejl1WUdLa2hkZk95MnhmeXlBVzlFVWJIT2phUjRsMytqb1ZpRVUwTnpJR0pzCkp0VEZaZVEwaForK3FVNkYyanNZZGJxMXJyOExuR2xoWU9WRlJudVRLc1BDZE1JNXoySGk3ZC85bWRVdjJqbnoKNDZBVVJqOFp3R3VJN1RsWkZLS3BKOGRZUG1LNzBFbWRBKzBEMy9VWVZNN0l6YjBrdkI5OS9Fa01OYVVkdC9GcwpEeFljYUlVUWc3SXVDaGcyWGtlNTdNYlh2cGZiQWdNQkFBR2pXVEJYTUE0R0ExVWREd0VCL3dRRUF3SUNwREFQCkJnTlZIUk1CQWY4RUJUQURBUUgvTUIwR0ExVWREZ1FXQkJUdURqd3hCM2psUFFJVU5pMFQ4ZmZhWWVWcGNqQVYKQmdOVkhSRUVEakFNZ2dwcmRXSmxjbTVsZEdWek1BMEdDU3FHU0liM0RRRUJDd1VBQTRJQkFRQTdTTkJCTG5qdgp4NUlocUhrOEZ0SFlSaTIvL2Y3SzdPS1RXOVE1bUkwc2UvbW91bm1pOEZJbkRDYUVBcXc0b0dzT204RmVKRTlVCnVXWVV2cUFQdVh3N3A5bHpmYXpTVGpKY3QzclpUL3QwVHhpYnpvOUd3ZnYxZnhDQllVTkRmZSsrbExBMUxDWHQKRUNPTDNZNEU3blNnKzg0YWhqWVhSbEhTUmEyK2tmZzBzdVRRdWwxZXI5WkZEVEVITFp1WUYvdHVQSnNVNnh5RQp3OUdUdjFwdjFpMWtmaTFOakhSMXMySXRWcTJvQlFEOGVESWdXL0tUMXFLQmRlcFJpc0dGQ0dRbk03N0R5VUZmCjQwTzZjM2xoa0IxNU5Qc280ZTl2NFVKQjVPaU5EQTFaSk5XMklVbUtTLzNwMlJSeklhbGVGU1M3Y1VwS1JIYncKOGlBTThxVWc0Y1JECi0tLS0tRU5EIENFUlRJRklDQVRFLS0tLS0K\n    cidr: 10.100.0.0/16\n",
                "content_type": "application/node.eks.aws",
                "filename": null,
                "merge_type": null
              }
            ],
            "rendered": "Q29udGVudC1UeXBlOiBtdWx0aXBhcnQvbWl4ZWQ7IGJvdW5kYXJ5PSJNSU1FQk9VTkRBUlkiCk1JTUUtVmVyc2lvbjogMS4wDQoNCi0tTUlNRUJPVU5EQVJZDQpDb250ZW50LVRyYW5zZmVyLUVuY29kaW5nOiA3Yml0DQpDb250ZW50LVR5cGU6IGFwcGxpY2F0aW9uL25vZGUuZWtzLmF3cw0KTWltZS1WZXJzaW9uOiAxLjANCg0KLS0tCmFwaVZlcnNpb246IG5vZGUuZWtzLmF3cy92MWFscGhhMQpraW5kOiBOb2RlQ29uZmlnCnNwZWM6CiAga3ViZWxldDoKICAgIGZsYWdzOgogICAgICAtIC0tbm9kZS1sYWJlbHM9d29ya2xvYWQ9Z2VuZXJhbCxlbnZpcm9ubWVudD1kZXYsbGlmZWN5Y2xlPW1peGVkCiAgICBjb25maWc6CiAgICAgIHJlZ2lzdGVyV2l0aFRhaW50czoKICAgICAgICAtIGtleTogZGVkaWNhdGVkCiAgICAgICAgICB2YWx1ZTogZ2VuZXJhbAogICAgICAgICAgZWZmZWN0OiBOb1NjaGVkdWxlCg0KLS1NSU1FQk9VTkRBUlkNCkNvbnRlbnQtVHJhbnNmZXItRW5jb2Rpbmc6IDdiaXQNCkNvbnRlbnQtVHlwZTogYXBwbGljYXRpb24vbm9kZS5la3MuYXdzDQpNaW1lLVZlcnNpb246IDEuMA0KDQotLS0KYXBpVmVyc2lvbjogbm9kZS5la3MuYXdzL3YxYWxwaGExCmtpbmQ6IE5vZGVDb25maWcKc3BlYzoKICBjbHVzdGVyOgogICAgbmFtZTogYm9uei1kZXYKICAgIGFwaVNlcnZlckVuZHBvaW50OiBodHRwczovLzdCNEVFMEE3RjE3MzhCMEJENDFCREMyNDcxOEFBMTFGLmdyNy51cy1lYXN0LTEuZWtzLmFtYXpvbmF3cy5jb20KICAgIGNlcnRpZmljYXRlQXV0aG9yaXR5OiBMUzB0TFMxQ1JVZEpUaUJEUlZKVVNVWkpRMEZVUlMwdExTMHRDazFKU1VSQ1ZFTkRRV1V5WjBGM1NVSkJaMGxKVkM5NGJsbENjVkZwVWtWM1JGRlpTa3R2V2tsb2RtTk9RVkZGVEVKUlFYZEdWRVZVVFVKRlIwRXhWVVVLUVhoTlMyRXpWbWxhV0VwMVdsaFNiR042UVdWR2R6QjVUbXBCZUUxVVozaE9hbEV6VGxSQ1lVWjNNSHBPYWtGNFRWUlplRTVxVlhsT1ZFSmhUVUpWZUFwRmVrRlNRbWRPVmtKQlRWUkRiWFF4V1cxV2VXSnRWakJhV0UxM1oyZEZhVTFCTUVkRFUzRkhVMGxpTTBSUlJVSkJVVlZCUVRSSlFrUjNRWGRuWjBWTENrRnZTVUpCVVVOeGN6aDNWM0FyVGxvd09HcFFjR00wVUhCWFRVSXJiRXRZVDNwME5VSndZVEZUWkhBNGFVaGtaVWRVZUdRM01tNUVUVlJxTW5sb01tZ0tkSGM1VGt3NE1rWkpZbTlGZVhGQlUwaHZNalJPVUVOa1VXNTVPVUpyZEhWdGIwYzJZbEJHYTJkcmRHVXZTWGRUTjFCMVRIVnRhbTgyTjBGWE4yRlpOd295YWpKWGJFRmlZMVpNZUhGUlluUXdSbVUwZWpsMVdVZExhMmhrWms5NU1uaG1lWGxCVnpsRlZXSklUMnBoVWpSc015dHFiMVpwUlZVd1RucEpSMHB6Q2twMFZFWmFaVkV3YUZvckszRlZOa1l5YW5OWlpHSnhNWEp5T0V4dVIyeG9XVTlXUmxKdWRWUkxjMUJEWkUxSk5Yb3lTR2szWkM4NWJXUlZkakpxYm5vS05EWkJWVkpxT0ZwM1IzVkpOMVJzV2taTFMzQktPR1JaVUcxTE56QkZiV1JCS3pCRU15OVZXVlpOTjBsNllqQnJka0k1T1M5RmEwMU9ZVlZrZEM5R2N3cEVlRmxqWVVsVlVXYzNTWFZEYUdjeVdHdGxOVGROWWxoMmNHWmlRV2ROUWtGQlIycFhWRUpZVFVFMFIwRXhWV1JFZDBWQ0wzZFJSVUYzU1VOd1JFRlFDa0puVGxaSVVrMUNRV1k0UlVKVVFVUkJVVWd2VFVJd1IwRXhWV1JFWjFGWFFrSlVkVVJxZDNoQ00ycHNVRkZKVlU1cE1GUTRabVpoV1dWV2NHTnFRVllLUW1kT1ZraFNSVVZFYWtGTloyZHdjbVJYU214amJUVnNaRWRXZWsxQk1FZERVM0ZIVTBsaU0wUlJSVUpEZDFWQlFUUkpRa0ZSUVRkVFRrSkNURzVxZGdwNE5VbG9jVWhyT0VaMFNGbFNhVEl2TDJZM1N6ZFBTMVJYT1ZFMWJVa3djMlV2Ylc5MWJtMXBPRVpKYmtSRFlVVkJjWGMwYjBkelQyMDRSbVZLUlRsVkNuVlhXVlYyY1VGUWRWaDNOM0E1YkhwbVlYcFRWR3BLWTNRemNscFVMM1F3VkhocFlucHZPVWQzWm5ZeFpuaERRbGxWVGtSbVpTc3JiRXhCTVV4RFdIUUtSVU5QVEROWk5FVTNibE5uS3pnMFlXaHFXVmhTYkVoVFVtRXlLMnRtWnpCemRWUlJkV3d4WlhJNVdrWkVWRVZJVEZwMVdVWXZkSFZRU25OVk5uaDVSUXAzT1VkVWRqRndkakZwTVd0bWFURk9ha2hTTVhNeVNYUldjVEp2UWxGRU9HVkVTV2RYTDB0VU1YRkxRbVJsY0ZKcGMwZEdRMGRSYmswM04wUjVWVVptQ2pRd1R6WmpNMnhvYTBJeE5VNVFjMjgwWlRsMk5GVktRalZQYVU1RVFURmFTazVYTWtsVmJVdFRMek53TWxKU2VrbGhiR1ZHVTFNM1kxVndTMUpJWW5jS09HbEJUVGh4VldjMFkxSkVDaTB0TFMwdFJVNUVJRU5GVWxSSlJrbERRVlJGTFMwdExTMEsKICAgIGNpZHI6IDEwLjEwMC4wLjAvMTYKDQotLU1JTUVCT1VOREFSWS0tDQo="
          },
          "sensitive_attributes": []
        }
      ]
    },
    {
      "module": "module.eks.module.self_managed_node_group[\"general\"].module.user_data",
      "mode": "managed",
      "type": "null_resource",
      "name": "validate_cluster_service_cidr",
      "provider": "provider[\"registry.terraform.io/hashicorp/null\"]",
      "instances": [
        {
          "schema_version": 0,
          "attributes": {
            "id": "6801366310840321631",
            "triggers": null
          },
          "sensitive_attributes": [],
          "dependencies": [
            "module.eks.aws_cloudwatch_log_group.this",
            "module.eks.aws_eks_cluster.this",
            "module.eks.aws_iam_policy.cni_ipv6_policy",
            "module.eks.aws_iam_role.eks_auto",
            "module.eks.aws_iam_role.this",
            "module.eks.aws_iam_role_policy_attachment.this",
            "module.eks.aws_security_group.cluster",
            "module.eks.aws_security_group.node",
            "module.eks.aws_security_group_rule.cluster",
            "module.eks.aws_security_group_rule.node",
            "module.eks.data.aws_caller_identity.current",
            "module.eks.data.aws_iam_policy_document.assume_role_policy",
            "module.eks.data.aws_iam_policy_document.cni_ipv6_policy",
            "module.eks.data.aws_iam_policy_document.node_assume_role_policy",
            "module.eks.data.aws_iam_session_context.current",
            "module.eks.data.aws_partition.current",
            "module.eks.module.kms.aws_kms_external_key.this",
            "module.eks.module.kms.aws_kms_key.this",
            "module.eks.module.kms.aws_kms_replica_external_key.this",
            "module.eks.module.kms.aws_kms_replica_key.this",
            "module.eks.module.kms.data.aws_caller_identity.current",
            "module.eks.module.kms.data.aws_iam_policy_document.this",
            "module.eks.module.kms.data.aws_partition.current",
            "module.eks.time_sleep.this"
          ]
        }
      ]
    },
    {
      "module": "module.eks.module.self_managed_node_group[\"infra\"]",
      "mode": "data",
      "type": "aws_iam_policy_document",
      "name": "assume_role_policy",
      "provider": "provider[\"registry.terraform.io/hashicorp/aws\"]",
      "instances": [
        {
          "index_key": 0,
          "schema_version": 0,
          "attributes": {
            "id": "2560088296",
            "json": "{\n  \"Version\": \"2012-10-17\",\n  \"Statement\": [\n    {\n      \"Sid\": \"EKSNodeAssumeRole\",\n      \"Effect\": \"Allow\",\n      \"Action\": \"sts:AssumeRole\",\n      \"Principal\": {\n        \"Service\": \"ec2.amazonaws.com\"\n      }\n    }\n  ]\n}",
            "minified_json": "{\"Version\":\"2012-10-17\",\"Statement\":[{\"Sid\":\"EKSNodeAssumeRole\",\"Effect\":\"Allow\",\"Action\":\"sts:AssumeRole\",\"Principal\":{\"Service\":\"ec2.amazonaws.com\"}}]}",
            "override_json": null,
            "override_policy_documents": null,
            "policy_id": null,
            "source_json": null,
            "source_policy_documents": null,
            "statement": [
              {
                "actions": [
                  "sts:AssumeRole"
                ],
                "condition": [],
                "effect": "Allow",
                "not_actions": [],
                "not_principals": [],
                "not_resources": [],
                "principals": [
                  {
                    "identifiers": [
                      "ec2.amazonaws.com"
                    ],
                    "type": "Service"
                  }
                ],
                "resources": [],
                "sid": "EKSNodeAssumeRole"
              }
            ],
            "version": "2012-10-17"
          },
          "sensitive_attributes": []
        }
      ]
    },
    {
      "module": "module.eks.module.self_managed_node_group[\"infra\"]",
      "mode": "data",
      "type": "aws_ssm_parameter",
      "name": "ami",
      "provider": "provider[\"registry.terraform.io/hashicorp/aws\"]",
      "instances": [
        {
          "index_key": 0,
          "schema_version": 0,
          "attributes": {
            "arn": "arn:aws:ssm:us-east-1::parameter/aws/service/eks/optimized-ami/1.33/amazon-linux-2023/x86_64/standard/recommended/image_id",
            "id": "/aws/service/eks/optimized-ami/1.33/amazon-linux-2023/x86_64/standard/recommended/image_id",
            "insecure_value": "ami-057056864e83ba9df",
            "name": "/aws/service/eks/optimized-ami/1.33/amazon-linux-2023/x86_64/standard/recommended/image_id",
            "region": "us-east-1",
            "type": "String",
            "value": "ami-057056864e83ba9df",
            "version": 29,
            "with_decryption": true
          },
          "sensitive_attributes": [
            [
              {
                "type": "get_attr",
                "value": "value"
              }
            ]
          ]
        }
      ]
    },
    {
      "module": "module.eks.module.self_managed_node_group[\"infra\"]",
      "mode": "managed",
      "type": "aws_autoscaling_group",
      "name": "this",
      "provider": "provider[\"registry.terraform.io/hashicorp/aws\"]",
      "instances": [
        {
          "index_key": 0,
          "schema_version": 1,
          "attributes": {
            "arn": "arn:aws:autoscaling:us-east-1:967985385347:autoScalingGroup:a98108ce-feb3-4e60-b2fa-0eb5c0ab3977:autoScalingGroupName/infra-20260118165919965900000002",
            "availability_zone_distribution": [
              {
                "capacity_distribution_strategy": "balanced-best-effort"
              }
            ],
            "availability_zones": [
              "us-east-1a",
              "us-east-1b"
            ],
            "capacity_rebalance": false,
            "capacity_reservation_specification": [
              {
                "capacity_reservation_preference": "default",
                "capacity_reservation_target": []
              }
            ],
            "context": "",
            "default_cooldown": 300,
            "default_instance_warmup": 0,
            "desired_capacity": 2,
            "desired_capacity_type": "",
            "enabled_metrics": null,
            "force_delete": false,
            "force_delete_warm_pool": false,
            "health_check_grace_period": 300,
            "health_check_type": "EC2",
            "id": "infra-20260118165919965900000002",
            "ignore_failed_scaling_activities": false,
            "initial_lifecycle_hook": [],
            "instance_maintenance_policy": [],
            "instance_refresh": [
              {
                "preferences": [
                  {
                    "alarm_specification": [],
                    "auto_rollback": false,
                    "checkpoint_delay": "",
                    "checkpoint_percentages": null,
                    "instance_warmup": "",
                    "max_healthy_percentage": 100,
                    "min_healthy_percentage": 66,
                    "scale_in_protected_instances": "Ignore",
                    "skip_matching": false,
                    "standby_instances": "Ignore"
                  }
                ],
                "strategy": "Rolling",
                "triggers": null
              }
            ],
            "launch_configuration": "",
            "launch_template": [
              {
                "id": "lt-09f82c6cd2bfbe6fe",
                "name": "infra-20260118165754232000000013",
                "version": "1"
              }
            ],
            "load_balancers": [],
            "max_instance_lifetime": 0,
            "max_size": 4,
            "metrics_granularity": "1Minute",
            "min_elb_capacity": null,
            "min_size": 2,
            "mixed_instances_policy": [],
            "name": "infra-20260118165919965900000002",
            "name_prefix": "infra-",
            "placement_group": "",
            "predicted_capacity": 0,
            "protect_from_scale_in": false,
            "region": "us-east-1",
            "service_linked_role_arn": "arn:aws:iam::967985385347:role/aws-service-role/autoscaling.amazonaws.com/AWSServiceRoleForAutoScaling",
            "suspended_processes": null,
            "tag": [
              {
                "key": "ClusterName",
                "propagate_at_launch": true,
                "value": "bonz-dev"
              },
              {
                "key": "Environment",
                "propagate_at_launch": true,
                "value": "dev"
              },
              {
                "key": "Lifecycle",
                "propagate_at_launch": true,
                "value": "on-demand"
              },
              {
                "key": "ManagedBy",
                "propagate_at_launch": true,
                "value": "terraform"
              },
              {
                "key": "Name",
                "propagate_at_launch": true,
                "value": "infra"
              },
              {
                "key": "NodeGroup",
                "propagate_at_launch": true,
                "value": "infra"
              },
              {
                "key": "Project",
                "propagate_at_launch": true,
                "value": "bonz-dev"
              },
              {
                "key": "Purpose",
                "propagate_at_launch": true,
                "value": "infrastructure-workloads"
              },
              {
                "key": "k8s.io/cluster/bonz-dev",
                "propagate_at_launch": true,
                "value": "owned"
              },
              {
                "key": "kubernetes.io/cluster/bonz-dev",
                "propagate_at_launch": true,
                "value": "owned"
              }
            ],
            "target_group_arns": [],
            "termination_policies": [],
            "timeouts": null,
            "traffic_source": [],
            "vpc_zone_identifier": [
              "subnet-047f82639e56e29eb",
              "subnet-086ed49666f6a0f04"
            ],
            "wait_for_capacity_timeout": "10m",
            "wait_for_elb_capacity": null,
            "warm_pool": [],
            "warm_pool_size": 0
          },
          "sensitive_attributes": [],
          "private": "eyJlMmJmYjczMC1lY2FhLTExZTYtOGY4OC0zNDM2M2JjN2M0YzAiOnsiZGVsZXRlIjo2MDAwMDAwMDAwMDAsInVwZGF0ZSI6NjAwMDAwMDAwMDAwfSwic2NoZW1hX3ZlcnNpb24iOiIxIn0=",
          "dependencies": [
            "module.eks.aws_cloudwatch_log_group.this",
            "module.eks.aws_eks_cluster.this",
            "module.eks.aws_iam_policy.cni_ipv6_policy",
            "module.eks.aws_iam_role.eks_auto",
            "module.eks.aws_iam_role.this",
            "module.eks.aws_iam_role_policy_attachment.this",
            "module.eks.aws_security_group.cluster",
            "module.eks.aws_security_group.node",
            "module.eks.aws_security_group_rule.cluster",
            "module.eks.aws_security_group_rule.node",
            "module.eks.data.aws_caller_identity.current",
            "module.eks.data.aws_iam_policy_document.assume_role_policy",
            "module.eks.data.aws_iam_policy_document.cni_ipv6_policy",
            "module.eks.data.aws_iam_policy_document.node_assume_role_policy",
            "module.eks.data.aws_iam_session_context.current",
            "module.eks.data.aws_partition.current",
            "module.eks.module.kms.aws_kms_external_key.this",
            "module.eks.module.kms.aws_kms_key.this",
            "module.eks.module.kms.aws_kms_replica_external_key.this",
            "module.eks.module.kms.aws_kms_replica_key.this",
            "module.eks.module.kms.data.aws_caller_identity.current",
            "module.eks.module.kms.data.aws_iam_policy_document.this",
            "module.eks.module.kms.data.aws_partition.current",
            "module.eks.module.self_managed_node_group.aws_iam_instance_profile.this",
            "module.eks.module.self_managed_node_group.aws_iam_role.this",
            "module.eks.module.self_managed_node_group.aws_iam_role_policy_attachment.additional",
            "module.eks.module.self_managed_node_group.aws_iam_role_policy_attachment.this",
            "module.eks.module.self_managed_node_group.aws_launch_template.this",
            "module.eks.module.self_managed_node_group.aws_placement_group.this",
            "module.eks.module.self_managed_node_group.data.aws_caller_identity.current",
            "module.eks.module.self_managed_node_group.data.aws_ec2_instance_type.this",
            "module.eks.module.self_managed_node_group.data.aws_iam_policy_document.assume_role_policy",
            "module.eks.module.self_managed_node_group.data.aws_partition.current",
            "module.eks.module.self_managed_node_group.data.aws_ssm_parameter.ami",
            "module.eks.module.self_managed_node_group.module.user_data.data.cloudinit_config.al2023_eks_managed_node_group",
            "module.eks.module.self_managed_node_group.module.user_data.data.cloudinit_config.al2_eks_managed_node_group",
            "module.eks.time_sleep.this"
          ],
          "create_before_destroy": true
        }
      ]
    },
    {
      "module": "module.eks.module.self_managed_node_group[\"infra\"]",
      "mode": "managed",
      "type": "aws_eks_access_entry",
      "name": "this",
      "provider": "provider[\"registry.terraform.io/hashicorp/aws\"]",
      "instances": [
        {
          "index_key": 0,
          "schema_version": 0,
          "attributes": {
            "access_entry_arn": "arn:aws:eks:us-east-1:967985385347:access-entry/bonz-dev/role/967985385347/infra-node-group-20260118164756982700000005/02cde905-56fc-c4c0-6b1b-e2e6c5fca004",
            "cluster_name": "bonz-dev",
            "created_at": "2026-01-18T16:57:54Z",
            "id": "bonz-dev:arn:aws:iam::967985385347:role/infra-node-group-20260118164756982700000005",
            "kubernetes_groups": [
              "system:nodes"
            ],
            "modified_at": "2026-01-18T16:57:54Z",
            "principal_arn": "arn:aws:iam::967985385347:role/infra-node-group-20260118164756982700000005",
            "region": "us-east-1",
            "tags": {
              "ClusterName": "bonz-dev",
              "Environment": "dev",
              "Lifecycle": "on-demand",
              "ManagedBy": "terraform",
              "NodeGroup": "infra",
              "Project": "bonz-dev",
              "Purpose": "infrastructure-workloads"
            },
            "tags_all": {
              "ClusterName": "bonz-dev",
              "Environment": "dev",
              "Lifecycle": "on-demand",
              "ManagedBy": "terraform",
              "NodeGroup": "infra",
              "Project": "bonz-dev",
              "Purpose": "infrastructure-workloads"
            },
            "timeouts": null,
            "type": "EC2_LINUX",
            "user_name": "system:node:{{EC2PrivateDNSName}}"
          },
          "sensitive_attributes": [],
          "private": "eyJlMmJmYjczMC1lY2FhLTExZTYtOGY4OC0zNDM2M2JjN2M0YzAiOnsiY3JlYXRlIjo2MDAwMDAwMDAwMDAsImRlbGV0ZSI6NjAwMDAwMDAwMDAwfX0=",
          "dependencies": [
            "module.eks.aws_cloudwatch_log_group.this",
            "module.eks.aws_eks_cluster.this",
            "module.eks.aws_iam_policy.cni_ipv6_policy",
            "module.eks.aws_iam_role.eks_auto",
            "module.eks.aws_iam_role.this",
            "module.eks.aws_iam_role_policy_attachment.this",
            "module.eks.aws_security_group.cluster",
            "module.eks.aws_security_group.node",
            "module.eks.aws_security_group_rule.cluster",
            "module.eks.aws_security_group_rule.node",
            "module.eks.data.aws_caller_identity.current",
            "module.eks.data.aws_iam_policy_document.assume_role_policy",
            "module.eks.data.aws_iam_policy_document.cni_ipv6_policy",
            "module.eks.data.aws_iam_policy_document.node_assume_role_policy",
            "module.eks.data.aws_iam_session_context.current",
            "module.eks.data.aws_partition.current",
            "module.eks.module.kms.aws_kms_external_key.this",
            "module.eks.module.kms.aws_kms_key.this",
            "module.eks.module.kms.aws_kms_replica_external_key.this",
            "module.eks.module.kms.aws_kms_replica_key.this",
            "module.eks.module.kms.data.aws_caller_identity.current",
            "module.eks.module.kms.data.aws_iam_policy_document.this",
            "module.eks.module.kms.data.aws_partition.current",
            "module.eks.module.self_managed_node_group.aws_iam_role.this",
            "module.eks.module.self_managed_node_group.data.aws_iam_policy_document.assume_role_policy",
            "module.eks.time_sleep.this"
          ]
        }
      ]
    },
    {
      "module": "module.eks.module.self_managed_node_group[\"infra\"]",
      "mode": "managed",
      "type": "aws_iam_instance_profile",
      "name": "this",
      "provider": "provider[\"registry.terraform.io/hashicorp/aws\"]",
      "instances": [
        {
          "index_key": 0,
          "schema_version": 0,
          "attributes": {
            "arn": "arn:aws:iam::967985385347:instance-profile/infra-node-group-2026011816475735830000000a",
            "create_date": "2026-01-18T16:47:57Z",
            "id": "infra-node-group-2026011816475735830000000a",
            "name": "infra-node-group-2026011816475735830000000a",
            "name_prefix": "infra-node-group-",
            "path": "/",
            "role": "infra-node-group-20260118164756982700000005",
            "tags": {
              "ClusterName": "bonz-dev",
              "Environment": "dev",
              "Lifecycle": "on-demand",
              "ManagedBy": "terraform",
              "NodeGroup": "infra",
              "Project": "bonz-dev",
              "Purpose": "infrastructure-workloads"
            },
            "tags_all": {
              "ClusterName": "bonz-dev",
              "Environment": "dev",
              "Lifecycle": "on-demand",
              "ManagedBy": "terraform",
              "NodeGroup": "infra",
              "Project": "bonz-dev",
              "Purpose": "infrastructure-workloads"
            },
            "unique_id": "AIPA6CYDMZ6BXKRO7S4HR"
          },
          "sensitive_attributes": [],
          "private": "bnVsbA==",
          "dependencies": [
            "module.eks.module.self_managed_node_group.aws_iam_role.this",
            "module.eks.module.self_managed_node_group.data.aws_iam_policy_document.assume_role_policy"
          ],
          "create_before_destroy": true
        }
      ]
    },
    {
      "module": "module.eks.module.self_managed_node_group[\"infra\"]",
      "mode": "managed",
      "type": "aws_iam_role",
      "name": "this",
      "provider": "provider[\"registry.terraform.io/hashicorp/aws\"]",
      "instances": [
        {
          "index_key": 0,
          "schema_version": 0,
          "attributes": {
            "arn": "arn:aws:iam::967985385347:role/infra-node-group-20260118164756982700000005",
            "assume_role_policy": "{\"Statement\":[{\"Action\":\"sts:AssumeRole\",\"Effect\":\"Allow\",\"Principal\":{\"Service\":\"ec2.amazonaws.com\"},\"Sid\":\"EKSNodeAssumeRole\"}],\"Version\":\"2012-10-17\"}",
            "create_date": "2026-01-18T16:47:56Z",
            "description": "Self managed node group IAM role",
            "force_detach_policies": true,
            "id": "infra-node-group-20260118164756982700000005",
            "inline_policy": [],
            "managed_policy_arns": [
              "arn:aws:iam::aws:policy/AmazonEC2ContainerRegistryReadOnly",
              "arn:aws:iam::aws:policy/AmazonEKSWorkerNodePolicy",
              "arn:aws:iam::aws:policy/AmazonEKS_CNI_Policy"
            ],
            "max_session_duration": 3600,
            "name": "infra-node-group-20260118164756982700000005",
            "name_prefix": "infra-node-group-",
            "path": "/",
            "permissions_boundary": "",
            "tags": {
              "ClusterName": "bonz-dev",
              "Environment": "dev",
              "Lifecycle": "on-demand",
              "ManagedBy": "terraform",
              "NodeGroup": "infra",
              "Project": "bonz-dev",
              "Purpose": "infrastructure-workloads"
            },
            "tags_all": {
              "ClusterName": "bonz-dev",
              "Environment": "dev",
              "Lifecycle": "on-demand",
              "ManagedBy": "terraform",
              "NodeGroup": "infra",
              "Project": "bonz-dev",
              "Purpose": "infrastructure-workloads"
            },
            "unique_id": "AROA6CYDMZ6BYIU4SWNTQ"
          },
          "sensitive_attributes": [],
          "private": "bnVsbA==",
          "dependencies": [
            "module.eks.module.self_managed_node_group.data.aws_iam_policy_document.assume_role_policy"
          ],
          "create_before_destroy": true
        }
      ]
    },
    {
      "module": "module.eks.module.self_managed_node_group[\"infra\"]",
      "mode": "managed",
      "type": "aws_iam_role_policy_attachment",
      "name": "this",
      "provider": "provider[\"registry.terraform.io/hashicorp/aws\"]",
      "instances": [
        {
          "index_key": "AmazonEC2ContainerRegistryReadOnly",
          "schema_version": 0,
          "attributes": {
            "id": "infra-node-group-20260118164756982700000005/arn:aws:iam::aws:policy/AmazonEC2ContainerRegistryReadOnly",
            "policy_arn": "arn:aws:iam::aws:policy/AmazonEC2ContainerRegistryReadOnly",
            "role": "infra-node-group-20260118164756982700000005"
          },
          "sensitive_attributes": [],
          "private": "bnVsbA==",
          "dependencies": [
            "module.eks.data.aws_caller_identity.current",
            "module.eks.data.aws_partition.current",
            "module.eks.module.self_managed_node_group.aws_iam_role.this",
            "module.eks.module.self_managed_node_group.data.aws_caller_identity.current",
            "module.eks.module.self_managed_node_group.data.aws_iam_policy_document.assume_role_policy",
            "module.eks.module.self_managed_node_group.data.aws_partition.current"
          ],
          "create_before_destroy": true
        },
        {
          "index_key": "AmazonEKSWorkerNodePolicy",
          "schema_version": 0,
          "attributes": {
            "id": "infra-node-group-20260118164756982700000005/arn:aws:iam::aws:policy/AmazonEKSWorkerNodePolicy",
            "policy_arn": "arn:aws:iam::aws:policy/AmazonEKSWorkerNodePolicy",
            "role": "infra-node-group-20260118164756982700000005"
          },
          "sensitive_attributes": [],
          "private": "bnVsbA==",
          "dependencies": [
            "module.eks.data.aws_caller_identity.current",
            "module.eks.data.aws_partition.current",
            "module.eks.module.self_managed_node_group.aws_iam_role.this",
            "module.eks.module.self_managed_node_group.data.aws_caller_identity.current",
            "module.eks.module.self_managed_node_group.data.aws_iam_policy_document.assume_role_policy",
            "module.eks.module.self_managed_node_group.data.aws_partition.current"
          ],
          "create_before_destroy": true
        },
        {
          "index_key": "AmazonEKS_CNI_Policy",
          "schema_version": 0,
          "attributes": {
            "id": "infra-node-group-20260118164756982700000005/arn:aws:iam::aws:policy/AmazonEKS_CNI_Policy",
            "policy_arn": "arn:aws:iam::aws:policy/AmazonEKS_CNI_Policy",
            "role": "infra-node-group-20260118164756982700000005"
          },
          "sensitive_attributes": [],
          "private": "bnVsbA==",
          "dependencies": [
            "module.eks.data.aws_caller_identity.current",
            "module.eks.data.aws_partition.current",
            "module.eks.module.self_managed_node_group.aws_iam_role.this",
            "module.eks.module.self_managed_node_group.data.aws_caller_identity.current",
            "module.eks.module.self_managed_node_group.data.aws_iam_policy_document.assume_role_policy",
            "module.eks.module.self_managed_node_group.data.aws_partition.current"
          ],
          "create_before_destroy": true
        }
      ]
    },
    {
      "module": "module.eks.module.self_managed_node_group[\"infra\"]",
      "mode": "managed",
      "type": "aws_launch_template",
      "name": "this",
      "provider": "provider[\"registry.terraform.io/hashicorp/aws\"]",
      "instances": [
        {
          "index_key": 0,
          "schema_version": 1,
          "attributes": {
            "arn": "arn:aws:ec2:us-east-1:967985385347:launch-template/lt-09f82c6cd2bfbe6fe",
            "block_device_mappings": [
              {
                "device_name": "/dev/xvda",
                "ebs": [
                  {
                    "delete_on_termination": "true",
                    "encrypted": "true",
                    "iops": 0,
                    "kms_key_id": "",
                    "snapshot_id": "",
                    "throughput": 0,
                    "volume_initialization_rate": 0,
                    "volume_size": 50,
                    "volume_type": "gp3"
                  }
                ],
                "no_device": "",
                "virtual_name": ""
              }
            ],
            "capacity_reservation_specification": [],
            "cpu_options": [],
            "credit_specification": [],
            "default_version": 1,
            "description": "Custom launch template for infra self managed node group",
            "disable_api_stop": false,
            "disable_api_termination": false,
            "ebs_optimized": "",
            "enclave_options": [],
            "hibernation_options": [],
            "iam_instance_profile": [
              {
                "arn": "arn:aws:iam::967985385347:instance-profile/infra-node-group-2026011816475735830000000a",
                "name": ""
              }
            ],
            "id": "lt-09f82c6cd2bfbe6fe",
            "image_id": "ami-057056864e83ba9df",
            "instance_initiated_shutdown_behavior": "",
            "instance_market_options": [],
            "instance_requirements": [],
            "instance_type": "c7i-flex.large",
            "kernel_id": "",
            "key_name": "",
            "latest_version": 1,
            "license_specification": [],
            "maintenance_options": [],
            "metadata_options": [
              {
                "http_endpoint": "enabled",
                "http_protocol_ipv6": "",
                "http_put_response_hop_limit": 2,
                "http_tokens": "required",
                "instance_metadata_tags": ""
              }
            ],
            "monitoring": [],
            "name": "infra-20260118165754232000000013",
            "name_prefix": "infra-",
            "network_interfaces": [],
            "placement": [],
            "private_dns_name_options": [],
            "ram_disk_id": "",
            "region": "us-east-1",
            "security_group_names": [],
            "tag_specifications": [
              {
                "resource_type": "instance",
                "tags": {
                  "ClusterName": "bonz-dev",
                  "Environment": "dev",
                  "Lifecycle": "on-demand",
                  "ManagedBy": "terraform",
                  "Name": "infra",
                  "NodeGroup": "infra",
                  "Project": "bonz-dev",
                  "Purpose": "infrastructure-workloads"
                }
              },
              {
                "resource_type": "network-interface",
                "tags": {
                  "ClusterName": "bonz-dev",
                  "Environment": "dev",
                  "Lifecycle": "on-demand",
                  "ManagedBy": "terraform",
                  "Name": "infra",
                  "NodeGroup": "infra",
                  "Project": "bonz-dev",
                  "Purpose": "infrastructure-workloads"
                }
              },
              {
                "resource_type": "volume",
                "tags": {
                  "ClusterName": "bonz-dev",
                  "Environment": "dev",
                  "Lifecycle": "on-demand",
                  "ManagedBy": "terraform",
                  "Name": "infra",
                  "NodeGroup": "infra",
                  "Project": "bonz-dev",
                  "Purpose": "infrastructure-workloads"
                }
              }
            ],
            "tags": {
              "ClusterName": "bonz-dev",
              "Environment": "dev",
              "Lifecycle": "on-demand",
              "ManagedBy": "terraform",
              "NodeGroup": "infra",
              "Project": "bonz-dev",
              "Purpose": "infrastructure-workloads"
            },
            "tags_all": {
              "ClusterName": "bonz-dev",
              "Environment": "dev",
              "Lifecycle": "on-demand",
              "ManagedBy": "terraform",
              "NodeGroup": "infra",
              "Project": "bonz-dev",
              "Purpose": "infrastructure-workloads"
            },
            "update_default_version": true,
            "user_data": "Q29udGVudC1UeXBlOiBtdWx0aXBhcnQvbWl4ZWQ7IGJvdW5kYXJ5PSJNSU1FQk9VTkRBUlkiCk1JTUUtVmVyc2lvbjogMS4wDQoNCi0tTUlNRUJPVU5EQVJZDQpDb250ZW50LVRyYW5zZmVyLUVuY29kaW5nOiA3Yml0DQpDb250ZW50LVR5cGU6IGFwcGxpY2F0aW9uL25vZGUuZWtzLmF3cw0KTWltZS1WZXJzaW9uOiAxLjANCg0KLS0tCmFwaVZlcnNpb246IG5vZGUuZWtzLmF3cy92MWFscGhhMQpraW5kOiBOb2RlQ29uZmlnCnNwZWM6CiAga3ViZWxldDoKICAgIGZsYWdzOgogICAgICAtIC0tbm9kZS1sYWJlbHM9d29ya2xvYWQ9aW5mcmEsZW52aXJvbm1lbnQ9ZGV2LGxpZmVjeWNsZT1vbi1kZW1hbmQKICAgIGNvbmZpZzoKICAgICAgcmVnaXN0ZXJXaXRoVGFpbnRzOgogICAgICAgIC0ga2V5OiBpbmZyYQogICAgICAgICAgdmFsdWU6ICJ0cnVlIgogICAgICAgICAgZWZmZWN0OiBOb1NjaGVkdWxlCg0KLS1NSU1FQk9VTkRBUlkNCkNvbnRlbnQtVHJhbnNmZXItRW5jb2Rpbmc6IDdiaXQNCkNvbnRlbnQtVHlwZTogYXBwbGljYXRpb24vbm9kZS5la3MuYXdzDQpNaW1lLVZlcnNpb246IDEuMA0KDQotLS0KYXBpVmVyc2lvbjogbm9kZS5la3MuYXdzL3YxYWxwaGExCmtpbmQ6IE5vZGVDb25maWcKc3BlYzoKICBjbHVzdGVyOgogICAgbmFtZTogYm9uei1kZXYKICAgIGFwaVNlcnZlckVuZHBvaW50OiBodHRwczovLzdCNEVFMEE3RjE3MzhCMEJENDFCREMyNDcxOEFBMTFGLmdyNy51cy1lYXN0LTEuZWtzLmFtYXpvbmF3cy5jb20KICAgIGNlcnRpZmljYXRlQXV0aG9yaXR5OiBMUzB0TFMxQ1JVZEpUaUJEUlZKVVNVWkpRMEZVUlMwdExTMHRDazFKU1VSQ1ZFTkRRV1V5WjBGM1NVSkJaMGxKVkM5NGJsbENjVkZwVWtWM1JGRlpTa3R2V2tsb2RtTk9RVkZGVEVKUlFYZEdWRVZVVFVKRlIwRXhWVVVLUVhoTlMyRXpWbWxhV0VwMVdsaFNiR042UVdWR2R6QjVUbXBCZUUxVVozaE9hbEV6VGxSQ1lVWjNNSHBPYWtGNFRWUlplRTVxVlhsT1ZFSmhUVUpWZUFwRmVrRlNRbWRPVmtKQlRWUkRiWFF4V1cxV2VXSnRWakJhV0UxM1oyZEZhVTFCTUVkRFUzRkhVMGxpTTBSUlJVSkJVVlZCUVRSSlFrUjNRWGRuWjBWTENrRnZTVUpCVVVOeGN6aDNWM0FyVGxvd09HcFFjR00wVUhCWFRVSXJiRXRZVDNwME5VSndZVEZUWkhBNGFVaGtaVWRVZUdRM01tNUVUVlJxTW5sb01tZ0tkSGM1VGt3NE1rWkpZbTlGZVhGQlUwaHZNalJPVUVOa1VXNTVPVUpyZEhWdGIwYzJZbEJHYTJkcmRHVXZTWGRUTjFCMVRIVnRhbTgyTjBGWE4yRlpOd295YWpKWGJFRmlZMVpNZUhGUlluUXdSbVUwZWpsMVdVZExhMmhrWms5NU1uaG1lWGxCVnpsRlZXSklUMnBoVWpSc015dHFiMVpwUlZVd1RucEpSMHB6Q2twMFZFWmFaVkV3YUZvckszRlZOa1l5YW5OWlpHSnhNWEp5T0V4dVIyeG9XVTlXUmxKdWRWUkxjMUJEWkUxSk5Yb3lTR2szWkM4NWJXUlZkakpxYm5vS05EWkJWVkpxT0ZwM1IzVkpOMVJzV2taTFMzQktPR1JaVUcxTE56QkZiV1JCS3pCRU15OVZXVlpOTjBsNllqQnJka0k1T1M5RmEwMU9ZVlZrZEM5R2N3cEVlRmxqWVVsVlVXYzNTWFZEYUdjeVdHdGxOVGROWWxoMmNHWmlRV2ROUWtGQlIycFhWRUpZVFVFMFIwRXhWV1JFZDBWQ0wzZFJSVUYzU1VOd1JFRlFDa0puVGxaSVVrMUNRV1k0UlVKVVFVUkJVVWd2VFVJd1IwRXhWV1JFWjFGWFFrSlVkVVJxZDNoQ00ycHNVRkZKVlU1cE1GUTRabVpoV1dWV2NHTnFRVllLUW1kT1ZraFNSVVZFYWtGTloyZHdjbVJYU214amJUVnNaRWRXZWsxQk1FZERVM0ZIVTBsaU0wUlJSVUpEZDFWQlFUUkpRa0ZSUVRkVFRrSkNURzVxZGdwNE5VbG9jVWhyT0VaMFNGbFNhVEl2TDJZM1N6ZFBTMVJYT1ZFMWJVa3djMlV2Ylc5MWJtMXBPRVpKYmtSRFlVVkJjWGMwYjBkelQyMDRSbVZLUlRsVkNuVlhXVlYyY1VGUWRWaDNOM0E1YkhwbVlYcFRWR3BLWTNRemNscFVMM1F3VkhocFlucHZPVWQzWm5ZeFpuaERRbGxWVGtSbVpTc3JiRXhCTVV4RFdIUUtSVU5QVEROWk5FVTNibE5uS3pnMFlXaHFXVmhTYkVoVFVtRXlLMnRtWnpCemRWUlJkV3d4WlhJNVdrWkVWRVZJVEZwMVdVWXZkSFZRU25OVk5uaDVSUXAzT1VkVWRqRndkakZwTVd0bWFURk9ha2hTTVhNeVNYUldjVEp2UWxGRU9HVkVTV2RYTDB0VU1YRkxRbVJsY0ZKcGMwZEdRMGRSYmswM04wUjVWVVptQ2pRd1R6WmpNMnhvYTBJeE5VNVFjMjgwWlRsMk5GVktRalZQYVU1RVFURmFTazVYTWtsVmJVdFRMek53TWxKU2VrbGhiR1ZHVTFNM1kxVndTMUpJWW5jS09HbEJUVGh4VldjMFkxSkVDaTB0TFMwdFJVNUVJRU5GVWxSSlJrbERRVlJGTFMwdExTMEsKICAgIGNpZHI6IDEwLjEwMC4wLjAvMTYKDQotLU1JTUVCT1VOREFSWS0tDQo=",
            "vpc_security_group_ids": [
              "sg-07043cef3cc4aaa20"
            ]
          },
          "sensitive_attributes": [],
          "private": "eyJzY2hlbWFfdmVyc2lvbiI6IjEifQ==",
          "dependencies": [
            "module.eks.aws_cloudwatch_log_group.this",
            "module.eks.aws_eks_cluster.this",
            "module.eks.aws_iam_policy.cni_ipv6_policy",
            "module.eks.aws_iam_role.eks_auto",
            "module.eks.aws_iam_role.this",
            "module.eks.aws_iam_role_policy_attachment.this",
            "module.eks.aws_security_group.cluster",
            "module.eks.aws_security_group.node",
            "module.eks.aws_security_group_rule.cluster",
            "module.eks.aws_security_group_rule.node",
            "module.eks.data.aws_caller_identity.current",
            "module.eks.data.aws_iam_policy_document.assume_role_policy",
            "module.eks.data.aws_iam_policy_document.cni_ipv6_policy",
            "module.eks.data.aws_iam_policy_document.node_assume_role_policy",
            "module.eks.data.aws_iam_session_context.current",
            "module.eks.data.aws_partition.current",
            "module.eks.module.kms.aws_kms_external_key.this",
            "module.eks.module.kms.aws_kms_key.this",
            "module.eks.module.kms.aws_kms_replica_external_key.this",
            "module.eks.module.kms.aws_kms_replica_key.this",
            "module.eks.module.kms.data.aws_caller_identity.current",
            "module.eks.module.kms.data.aws_iam_policy_document.this",
            "module.eks.module.kms.data.aws_partition.current",
            "module.eks.module.self_managed_node_group.aws_iam_instance_profile.this",
            "module.eks.module.self_managed_node_group.aws_iam_role.this",
            "module.eks.module.self_managed_node_group.aws_iam_role_policy_attachment.additional",
            "module.eks.module.self_managed_node_group.aws_iam_role_policy_attachment.this",
            "module.eks.module.self_managed_node_group.aws_placement_group.this",
            "module.eks.module.self_managed_node_group.data.aws_caller_identity.current",
            "module.eks.module.self_managed_node_group.data.aws_ec2_instance_type.this",
            "module.eks.module.self_managed_node_group.data.aws_iam_policy_document.assume_role_policy",
            "module.eks.module.self_managed_node_group.data.aws_partition.current",
            "module.eks.module.self_managed_node_group.data.aws_ssm_parameter.ami",
            "module.eks.module.self_managed_node_group.module.user_data.data.cloudinit_config.al2023_eks_managed_node_group",
            "module.eks.module.self_managed_node_group.module.user_data.data.cloudinit_config.al2_eks_managed_node_group",
            "module.eks.time_sleep.this"
          ],
          "create_before_destroy": true
        }
      ]
    },
    {
      "module": "module.eks.module.self_managed_node_group[\"infra\"].module.user_data",
      "mode": "data",
      "type": "cloudinit_config",
      "name": "al2023_eks_managed_node_group",
      "provider": "provider[\"registry.terraform.io/hashicorp/cloudinit\"]",
      "instances": [
        {
          "index_key": 0,
          "schema_version": 0,
          "attributes": {
            "base64_encode": true,
            "boundary": "MIMEBOUNDARY",
            "gzip": false,
            "id": "4224920939",
            "part": [
              {
                "content": "---\napiVersion: node.eks.aws/v1alpha1\nkind: NodeConfig\nspec:\n  kubelet:\n    flags:\n      - --node-labels=workload=infra,environment=dev,lifecycle=on-demand\n    config:\n      registerWithTaints:\n        - key: infra\n          value: \"true\"\n          effect: NoSchedule\n",
                "content_type": "application/node.eks.aws",
                "filename": null,
                "merge_type": null
              },
              {
                "content": "---\napiVersion: node.eks.aws/v1alpha1\nkind: NodeConfig\nspec:\n  cluster:\n    name: bonz-dev\n    apiServerEndpoint: https://7B4EE0A7F1738B0BD41BDC24718AA11F.gr7.us-east-1.eks.amazonaws.com\n    certificateAuthority: LS0tLS1CRUdJTiBDRVJUSUZJQ0FURS0tLS0tCk1JSURCVENDQWUyZ0F3SUJBZ0lJVC94bllCcVFpUkV3RFFZSktvWklodmNOQVFFTEJRQXdGVEVUTUJFR0ExVUUKQXhNS2EzVmlaWEp1WlhSbGN6QWVGdzB5TmpBeE1UZ3hOalEzTlRCYUZ3MHpOakF4TVRZeE5qVXlOVEJhTUJVeApFekFSQmdOVkJBTVRDbXQxWW1WeWJtVjBaWE13Z2dFaU1BMEdDU3FHU0liM0RRRUJBUVVBQTRJQkR3QXdnZ0VLCkFvSUJBUUNxczh3V3ArTlowOGpQcGM0UHBXTUIrbEtYT3p0NUJwYTFTZHA4aUhkZUdUeGQ3Mm5ETVRqMnloMmgKdHc5Tkw4MkZJYm9FeXFBU0hvMjROUENkUW55OUJrdHVtb0c2YlBGa2drdGUvSXdTN1B1THVtam82N0FXN2FZNwoyajJXbEFiY1ZMeHFRYnQwRmU0ejl1WUdLa2hkZk95MnhmeXlBVzlFVWJIT2phUjRsMytqb1ZpRVUwTnpJR0pzCkp0VEZaZVEwaForK3FVNkYyanNZZGJxMXJyOExuR2xoWU9WRlJudVRLc1BDZE1JNXoySGk3ZC85bWRVdjJqbnoKNDZBVVJqOFp3R3VJN1RsWkZLS3BKOGRZUG1LNzBFbWRBKzBEMy9VWVZNN0l6YjBrdkI5OS9Fa01OYVVkdC9GcwpEeFljYUlVUWc3SXVDaGcyWGtlNTdNYlh2cGZiQWdNQkFBR2pXVEJYTUE0R0ExVWREd0VCL3dRRUF3SUNwREFQCkJnTlZIUk1CQWY4RUJUQURBUUgvTUIwR0ExVWREZ1FXQkJUdURqd3hCM2psUFFJVU5pMFQ4ZmZhWWVWcGNqQVYKQmdOVkhSRUVEakFNZ2dwcmRXSmxjbTVsZEdWek1BMEdDU3FHU0liM0RRRUJDd1VBQTRJQkFRQTdTTkJCTG5qdgp4NUlocUhrOEZ0SFlSaTIvL2Y3SzdPS1RXOVE1bUkwc2UvbW91bm1pOEZJbkRDYUVBcXc0b0dzT204RmVKRTlVCnVXWVV2cUFQdVh3N3A5bHpmYXpTVGpKY3QzclpUL3QwVHhpYnpvOUd3ZnYxZnhDQllVTkRmZSsrbExBMUxDWHQKRUNPTDNZNEU3blNnKzg0YWhqWVhSbEhTUmEyK2tmZzBzdVRRdWwxZXI5WkZEVEVITFp1WUYvdHVQSnNVNnh5RQp3OUdUdjFwdjFpMWtmaTFOakhSMXMySXRWcTJvQlFEOGVESWdXL0tUMXFLQmRlcFJpc0dGQ0dRbk03N0R5VUZmCjQwTzZjM2xoa0IxNU5Qc280ZTl2NFVKQjVPaU5EQTFaSk5XMklVbUtTLzNwMlJSeklhbGVGU1M3Y1VwS1JIYncKOGlBTThxVWc0Y1JECi0tLS0tRU5EIENFUlRJRklDQVRFLS0tLS0K\n    cidr: 10.100.0.0/16\n",
                "content_type": "application/node.eks.aws",
                "filename": null,
                "merge_type": null
              }
            ],
            "rendered": "Q29udGVudC1UeXBlOiBtdWx0aXBhcnQvbWl4ZWQ7IGJvdW5kYXJ5PSJNSU1FQk9VTkRBUlkiCk1JTUUtVmVyc2lvbjogMS4wDQoNCi0tTUlNRUJPVU5EQVJZDQpDb250ZW50LVRyYW5zZmVyLUVuY29kaW5nOiA3Yml0DQpDb250ZW50LVR5cGU6IGFwcGxpY2F0aW9uL25vZGUuZWtzLmF3cw0KTWltZS1WZXJzaW9uOiAxLjANCg0KLS0tCmFwaVZlcnNpb246IG5vZGUuZWtzLmF3cy92MWFscGhhMQpraW5kOiBOb2RlQ29uZmlnCnNwZWM6CiAga3ViZWxldDoKICAgIGZsYWdzOgogICAgICAtIC0tbm9kZS1sYWJlbHM9d29ya2xvYWQ9aW5mcmEsZW52aXJvbm1lbnQ9ZGV2LGxpZmVjeWNsZT1vbi1kZW1hbmQKICAgIGNvbmZpZzoKICAgICAgcmVnaXN0ZXJXaXRoVGFpbnRzOgogICAgICAgIC0ga2V5OiBpbmZyYQogICAgICAgICAgdmFsdWU6ICJ0cnVlIgogICAgICAgICAgZWZmZWN0OiBOb1NjaGVkdWxlCg0KLS1NSU1FQk9VTkRBUlkNCkNvbnRlbnQtVHJhbnNmZXItRW5jb2Rpbmc6IDdiaXQNCkNvbnRlbnQtVHlwZTogYXBwbGljYXRpb24vbm9kZS5la3MuYXdzDQpNaW1lLVZlcnNpb246IDEuMA0KDQotLS0KYXBpVmVyc2lvbjogbm9kZS5la3MuYXdzL3YxYWxwaGExCmtpbmQ6IE5vZGVDb25maWcKc3BlYzoKICBjbHVzdGVyOgogICAgbmFtZTogYm9uei1kZXYKICAgIGFwaVNlcnZlckVuZHBvaW50OiBodHRwczovLzdCNEVFMEE3RjE3MzhCMEJENDFCREMyNDcxOEFBMTFGLmdyNy51cy1lYXN0LTEuZWtzLmFtYXpvbmF3cy5jb20KICAgIGNlcnRpZmljYXRlQXV0aG9yaXR5OiBMUzB0TFMxQ1JVZEpUaUJEUlZKVVNVWkpRMEZVUlMwdExTMHRDazFKU1VSQ1ZFTkRRV1V5WjBGM1NVSkJaMGxKVkM5NGJsbENjVkZwVWtWM1JGRlpTa3R2V2tsb2RtTk9RVkZGVEVKUlFYZEdWRVZVVFVKRlIwRXhWVVVLUVhoTlMyRXpWbWxhV0VwMVdsaFNiR042UVdWR2R6QjVUbXBCZUUxVVozaE9hbEV6VGxSQ1lVWjNNSHBPYWtGNFRWUlplRTVxVlhsT1ZFSmhUVUpWZUFwRmVrRlNRbWRPVmtKQlRWUkRiWFF4V1cxV2VXSnRWakJhV0UxM1oyZEZhVTFCTUVkRFUzRkhVMGxpTTBSUlJVSkJVVlZCUVRSSlFrUjNRWGRuWjBWTENrRnZTVUpCVVVOeGN6aDNWM0FyVGxvd09HcFFjR00wVUhCWFRVSXJiRXRZVDNwME5VSndZVEZUWkhBNGFVaGtaVWRVZUdRM01tNUVUVlJxTW5sb01tZ0tkSGM1VGt3NE1rWkpZbTlGZVhGQlUwaHZNalJPVUVOa1VXNTVPVUpyZEhWdGIwYzJZbEJHYTJkcmRHVXZTWGRUTjFCMVRIVnRhbTgyTjBGWE4yRlpOd295YWpKWGJFRmlZMVpNZUhGUlluUXdSbVUwZWpsMVdVZExhMmhrWms5NU1uaG1lWGxCVnpsRlZXSklUMnBoVWpSc015dHFiMVpwUlZVd1RucEpSMHB6Q2twMFZFWmFaVkV3YUZvckszRlZOa1l5YW5OWlpHSnhNWEp5T0V4dVIyeG9XVTlXUmxKdWRWUkxjMUJEWkUxSk5Yb3lTR2szWkM4NWJXUlZkakpxYm5vS05EWkJWVkpxT0ZwM1IzVkpOMVJzV2taTFMzQktPR1JaVUcxTE56QkZiV1JCS3pCRU15OVZXVlpOTjBsNllqQnJka0k1T1M5RmEwMU9ZVlZrZEM5R2N3cEVlRmxqWVVsVlVXYzNTWFZEYUdjeVdHdGxOVGROWWxoMmNHWmlRV2ROUWtGQlIycFhWRUpZVFVFMFIwRXhWV1JFZDBWQ0wzZFJSVUYzU1VOd1JFRlFDa0puVGxaSVVrMUNRV1k0UlVKVVFVUkJVVWd2VFVJd1IwRXhWV1JFWjFGWFFrSlVkVVJxZDNoQ00ycHNVRkZKVlU1cE1GUTRabVpoV1dWV2NHTnFRVllLUW1kT1ZraFNSVVZFYWtGTloyZHdjbVJYU214amJUVnNaRWRXZWsxQk1FZERVM0ZIVTBsaU0wUlJSVUpEZDFWQlFUUkpRa0ZSUVRkVFRrSkNURzVxZGdwNE5VbG9jVWhyT0VaMFNGbFNhVEl2TDJZM1N6ZFBTMVJYT1ZFMWJVa3djMlV2Ylc5MWJtMXBPRVpKYmtSRFlVVkJjWGMwYjBkelQyMDRSbVZLUlRsVkNuVlhXVlYyY1VGUWRWaDNOM0E1YkhwbVlYcFRWR3BLWTNRemNscFVMM1F3VkhocFlucHZPVWQzWm5ZeFpuaERRbGxWVGtSbVpTc3JiRXhCTVV4RFdIUUtSVU5QVEROWk5FVTNibE5uS3pnMFlXaHFXVmhTYkVoVFVtRXlLMnRtWnpCemRWUlJkV3d4WlhJNVdrWkVWRVZJVEZwMVdVWXZkSFZRU25OVk5uaDVSUXAzT1VkVWRqRndkakZwTVd0bWFURk9ha2hTTVhNeVNYUldjVEp2UWxGRU9HVkVTV2RYTDB0VU1YRkxRbVJsY0ZKcGMwZEdRMGRSYmswM04wUjVWVVptQ2pRd1R6WmpNMnhvYTBJeE5VNVFjMjgwWlRsMk5GVktRalZQYVU1RVFURmFTazVYTWtsVmJVdFRMek53TWxKU2VrbGhiR1ZHVTFNM1kxVndTMUpJWW5jS09HbEJUVGh4VldjMFkxSkVDaTB0TFMwdFJVNUVJRU5GVWxSSlJrbERRVlJGTFMwdExTMEsKICAgIGNpZHI6IDEwLjEwMC4wLjAvMTYKDQotLU1JTUVCT1VOREFSWS0tDQo="
          },
          "sensitive_attributes": []
        }
      ]
    },
    {
      "module": "module.eks.module.self_managed_node_group[\"infra\"].module.user_data",
      "mode": "managed",
      "type": "null_resource",
      "name": "validate_cluster_service_cidr",
      "provider": "provider[\"registry.terraform.io/hashicorp/null\"]",
      "instances": [
        {
          "schema_version": 0,
          "attributes": {
            "id": "5202176115862053863",
            "triggers": null
          },
          "sensitive_attributes": [],
          "dependencies": [
            "module.eks.aws_cloudwatch_log_group.this",
            "module.eks.aws_eks_cluster.this",
            "module.eks.aws_iam_policy.cni_ipv6_policy",
            "module.eks.aws_iam_role.eks_auto",
            "module.eks.aws_iam_role.this",
            "module.eks.aws_iam_role_policy_attachment.this",
            "module.eks.aws_security_group.cluster",
            "module.eks.aws_security_group.node",
            "module.eks.aws_security_group_rule.cluster",
            "module.eks.aws_security_group_rule.node",
            "module.eks.data.aws_caller_identity.current",
            "module.eks.data.aws_iam_policy_document.assume_role_policy",
            "module.eks.data.aws_iam_policy_document.cni_ipv6_policy",
            "module.eks.data.aws_iam_policy_document.node_assume_role_policy",
            "module.eks.data.aws_iam_session_context.current",
            "module.eks.data.aws_partition.current",
            "module.eks.module.kms.aws_kms_external_key.this",
            "module.eks.module.kms.aws_kms_key.this",
            "module.eks.module.kms.aws_kms_replica_external_key.this",
            "module.eks.module.kms.aws_kms_replica_key.this",
            "module.eks.module.kms.data.aws_caller_identity.current",
            "module.eks.module.kms.data.aws_iam_policy_document.this",
            "module.eks.module.kms.data.aws_partition.current",
            "module.eks.time_sleep.this"
          ]
        }
      ]
    },
    {
      "module": "module.eks.module.self_managed_node_group[\"voip-rtp\"]",
      "mode": "data",
      "type": "aws_iam_policy_document",
      "name": "assume_role_policy",
      "provider": "provider[\"registry.terraform.io/hashicorp/aws\"]",
      "instances": [
        {
          "index_key": 0,
          "schema_version": 0,
          "attributes": {
            "id": "2560088296",
            "json": "{\n  \"Version\": \"2012-10-17\",\n  \"Statement\": [\n    {\n      \"Sid\": \"EKSNodeAssumeRole\",\n      \"Effect\": \"Allow\",\n      \"Action\": \"sts:AssumeRole\",\n      \"Principal\": {\n        \"Service\": \"ec2.amazonaws.com\"\n      }\n    }\n  ]\n}",
            "minified_json": "{\"Version\":\"2012-10-17\",\"Statement\":[{\"Sid\":\"EKSNodeAssumeRole\",\"Effect\":\"Allow\",\"Action\":\"sts:AssumeRole\",\"Principal\":{\"Service\":\"ec2.amazonaws.com\"}}]}",
            "override_json": null,
            "override_policy_documents": null,
            "policy_id": null,
            "source_json": null,
            "source_policy_documents": null,
            "statement": [
              {
                "actions": [
                  "sts:AssumeRole"
                ],
                "condition": [],
                "effect": "Allow",
                "not_actions": [],
                "not_principals": [],
                "not_resources": [],
                "principals": [
                  {
                    "identifiers": [
                      "ec2.amazonaws.com"
                    ],
                    "type": "Service"
                  }
                ],
                "resources": [],
                "sid": "EKSNodeAssumeRole"
              }
            ],
            "version": "2012-10-17"
          },
          "sensitive_attributes": []
        }
      ]
    },
    {
      "module": "module.eks.module.self_managed_node_group[\"voip-rtp\"]",
      "mode": "data",
      "type": "aws_ssm_parameter",
      "name": "ami",
      "provider": "provider[\"registry.terraform.io/hashicorp/aws\"]",
      "instances": [
        {
          "index_key": 0,
          "schema_version": 0,
          "attributes": {
            "arn": "arn:aws:ssm:us-east-1::parameter/aws/service/eks/optimized-ami/1.33/amazon-linux-2023/x86_64/standard/recommended/image_id",
            "id": "/aws/service/eks/optimized-ami/1.33/amazon-linux-2023/x86_64/standard/recommended/image_id",
            "insecure_value": "ami-057056864e83ba9df",
            "name": "/aws/service/eks/optimized-ami/1.33/amazon-linux-2023/x86_64/standard/recommended/image_id",
            "region": "us-east-1",
            "type": "String",
            "value": "ami-057056864e83ba9df",
            "version": 29,
            "with_decryption": true
          },
          "sensitive_attributes": [
            [
              {
                "type": "get_attr",
                "value": "value"
              }
            ]
          ]
        }
      ]
    },
    {
      "module": "module.eks.module.self_managed_node_group[\"voip-rtp\"]",
      "mode": "data",
      "type": "aws_subnet",
      "name": "this",
      "provider": "provider[\"registry.terraform.io/hashicorp/aws\"]",
      "instances": [
        {
          "index_key": 0,
          "schema_version": 0,
          "attributes": {
            "arn": "arn:aws:ec2:us-east-1:967985385347:subnet/subnet-0739da08bd41f1623",
            "assign_ipv6_address_on_creation": false,
            "availability_zone": "us-east-1b",
            "availability_zone_id": "use1-az2",
            "available_ip_address_count": 1018,
            "cidr_block": "172.31.4.0/22",
            "customer_owned_ipv4_pool": "",
            "default_for_az": false,
            "enable_dns64": false,
            "enable_lni_at_device_index": 0,
            "enable_resource_name_dns_a_record_on_launch": false,
            "enable_resource_name_dns_aaaa_record_on_launch": false,
            "filter": null,
            "id": "subnet-0739da08bd41f1623",
            "ipv6_cidr_block": "",
            "ipv6_cidr_block_association_id": "",
            "ipv6_native": false,
            "map_customer_owned_ip_on_launch": false,
            "map_public_ip_on_launch": false,
            "outpost_arn": "",
            "owner_id": "967985385347",
            "private_dns_hostname_type_on_launch": "ip-name",
            "region": "us-east-1",
            "state": "available",
            "tags": {
              "Environment": "development",
              "ManagedBy": "terraform",
              "Name": "bonz-dev-public-us-east-1b",
              "kubernetes.io/role/elb": "1"
            },
            "timeouts": null,
            "vpc_id": "vpc-02cd6ac6167097a01"
          },
          "sensitive_attributes": []
        }
      ]
    },
    {
      "module": "module.eks.module.self_managed_node_group[\"voip-rtp\"]",
      "mode": "managed",
      "type": "aws_autoscaling_group",
      "name": "this",
      "provider": "provider[\"registry.terraform.io/hashicorp/aws\"]",
      "instances": [
        {
          "index_key": 0,
          "schema_version": 1,
          "attributes": {
            "arn": "arn:aws:autoscaling:us-east-1:967985385347:autoScalingGroup:2bf96d96-9bfe-4a34-b54e-d53ed73d8e53:autoScalingGroupName/voip-rtp-20260118165919969000000003",
            "availability_zone_distribution": [
              {
                "capacity_distribution_strategy": "balanced-best-effort"
              }
            ],
            "availability_zones": [
              "us-east-1a",
              "us-east-1b"
            ],
            "capacity_rebalance": false,
            "capacity_reservation_specification": [
              {
                "capacity_reservation_preference": "default",
                "capacity_reservation_target": []
              }
            ],
            "context": "",
            "default_cooldown": 300,
            "default_instance_warmup": 0,
            "desired_capacity": 1,
            "desired_capacity_type": "",
            "enabled_metrics": null,
            "force_delete": false,
            "force_delete_warm_pool": false,
            "health_check_grace_period": 300,
            "health_check_type": "EC2",
            "id": "voip-rtp-20260118165919969000000003",
            "ignore_failed_scaling_activities": false,
            "initial_lifecycle_hook": [],
            "instance_maintenance_policy": [],
            "instance_refresh": [
              {
                "preferences": [
                  {
                    "alarm_specification": [],
                    "auto_rollback": false,
                    "checkpoint_delay": "",
                    "checkpoint_percentages": null,
                    "instance_warmup": "",
                    "max_healthy_percentage": 100,
                    "min_healthy_percentage": 66,
                    "scale_in_protected_instances": "Ignore",
                    "skip_matching": false,
                    "standby_instances": "Ignore"
                  }
                ],
                "strategy": "Rolling",
                "triggers": null
              }
            ],
            "launch_configuration": "",
            "launch_template": [
              {
                "id": "lt-0875c7b6a4a4cea66",
                "name": "voip-rtp-20260118165754245800000015",
                "version": "1"
              }
            ],
            "load_balancers": [],
            "max_instance_lifetime": 0,
            "max_size": 1,
            "metrics_granularity": "1Minute",
            "min_elb_capacity": null,
            "min_size": 1,
            "mixed_instances_policy": [],
            "name": "voip-rtp-20260118165919969000000003",
            "name_prefix": "voip-rtp-",
            "placement_group": "",
            "predicted_capacity": 0,
            "protect_from_scale_in": false,
            "region": "us-east-1",
            "service_linked_role_arn": "arn:aws:iam::967985385347:role/aws-service-role/autoscaling.amazonaws.com/AWSServiceRoleForAutoScaling",
            "suspended_processes": null,
            "tag": [
              {
                "key": "ClusterName",
                "propagate_at_launch": true,
                "value": "bonz-dev"
              },
              {
                "key": "Component",
                "propagate_at_launch": true,
                "value": "jambonz-sbc-rtp"
              },
              {
                "key": "Environment",
                "propagate_at_launch": true,
                "value": "dev"
              },
              {
                "key": "ManagedBy",
                "propagate_at_launch": true,
                "value": "terraform"
              },
              {
                "key": "Name",
                "propagate_at_launch": true,
                "value": "voip-rtp"
              },
              {
                "key": "NodeGroup",
                "propagate_at_launch": true,
                "value": "voip-rtp"
              },
              {
                "key": "Project",
                "propagate_at_launch": true,
                "value": "bonz-dev"
              },
              {
                "key": "Purpose",
                "propagate_at_launch": true,
                "value": "rtp-media"
              },
              {
                "key": "k8s.io/cluster/bonz-dev",
                "propagate_at_launch": true,
                "value": "owned"
              },
              {
                "key": "kubernetes.io/cluster/bonz-dev",
                "propagate_at_launch": true,
                "value": "owned"
              }
            ],
            "target_group_arns": [],
            "termination_policies": [],
            "timeouts": null,
            "traffic_source": [],
            "vpc_zone_identifier": [
              "subnet-0421df49996ddace1",
              "subnet-0739da08bd41f1623"
            ],
            "wait_for_capacity_timeout": "10m",
            "wait_for_elb_capacity": null,
            "warm_pool": [],
            "warm_pool_size": 0
          },
          "sensitive_attributes": [],
          "private": "eyJlMmJmYjczMC1lY2FhLTExZTYtOGY4OC0zNDM2M2JjN2M0YzAiOnsiZGVsZXRlIjo2MDAwMDAwMDAwMDAsInVwZGF0ZSI6NjAwMDAwMDAwMDAwfSwic2NoZW1hX3ZlcnNpb24iOiIxIn0=",
          "dependencies": [
            "module.eks.aws_cloudwatch_log_group.this",
            "module.eks.aws_eks_cluster.this",
            "module.eks.aws_iam_policy.cni_ipv6_policy",
            "module.eks.aws_iam_role.eks_auto",
            "module.eks.aws_iam_role.this",
            "module.eks.aws_iam_role_policy_attachment.this",
            "module.eks.aws_security_group.cluster",
            "module.eks.aws_security_group.node",
            "module.eks.aws_security_group_rule.cluster",
            "module.eks.aws_security_group_rule.node",
            "module.eks.data.aws_caller_identity.current",
            "module.eks.data.aws_iam_policy_document.assume_role_policy",
            "module.eks.data.aws_iam_policy_document.cni_ipv6_policy",
            "module.eks.data.aws_iam_policy_document.node_assume_role_policy",
            "module.eks.data.aws_iam_session_context.current",
            "module.eks.data.aws_partition.current",
            "module.eks.module.kms.aws_kms_external_key.this",
            "module.eks.module.kms.aws_kms_key.this",
            "module.eks.module.kms.aws_kms_replica_external_key.this",
            "module.eks.module.kms.aws_kms_replica_key.this",
            "module.eks.module.kms.data.aws_caller_identity.current",
            "module.eks.module.kms.data.aws_iam_policy_document.this",
            "module.eks.module.kms.data.aws_partition.current",
            "module.eks.module.self_managed_node_group.aws_iam_instance_profile.this",
            "module.eks.module.self_managed_node_group.aws_iam_role.this",
            "module.eks.module.self_managed_node_group.aws_iam_role_policy_attachment.additional",
            "module.eks.module.self_managed_node_group.aws_iam_role_policy_attachment.this",
            "module.eks.module.self_managed_node_group.aws_launch_template.this",
            "module.eks.module.self_managed_node_group.aws_placement_group.this",
            "module.eks.module.self_managed_node_group.data.aws_caller_identity.current",
            "module.eks.module.self_managed_node_group.data.aws_ec2_instance_type.this",
            "module.eks.module.self_managed_node_group.data.aws_iam_policy_document.assume_role_policy",
            "module.eks.module.self_managed_node_group.data.aws_partition.current",
            "module.eks.module.self_managed_node_group.data.aws_ssm_parameter.ami",
            "module.eks.module.self_managed_node_group.module.user_data.data.cloudinit_config.al2023_eks_managed_node_group",
            "module.eks.module.self_managed_node_group.module.user_data.data.cloudinit_config.al2_eks_managed_node_group",
            "module.eks.time_sleep.this"
          ],
          "create_before_destroy": true
        }
      ]
    },
    {
      "module": "module.eks.module.self_managed_node_group[\"voip-rtp\"]",
      "mode": "managed",
      "type": "aws_eks_access_entry",
      "name": "this",
      "provider": "provider[\"registry.terraform.io/hashicorp/aws\"]",
      "instances": [
        {
          "index_key": 0,
          "schema_version": 0,
          "attributes": {
            "access_entry_arn": "arn:aws:eks:us-east-1:967985385347:access-entry/bonz-dev/role/967985385347/voip-rtp-node-group-20260118164756986500000006/98cde905-56fc-5f82-8e30-83b7891235d5",
            "cluster_name": "bonz-dev",
            "created_at": "2026-01-18T16:57:54Z",
            "id": "bonz-dev:arn:aws:iam::967985385347:role/voip-rtp-node-group-20260118164756986500000006",
            "kubernetes_groups": [
              "system:nodes"
            ],
            "modified_at": "2026-01-18T16:57:54Z",
            "principal_arn": "arn:aws:iam::967985385347:role/voip-rtp-node-group-20260118164756986500000006",
            "region": "us-east-1",
            "tags": {
              "ClusterName": "bonz-dev",
              "Component": "jambonz-sbc-rtp",
              "Environment": "dev",
              "ManagedBy": "terraform",
              "NodeGroup": "voip-rtp",
              "Project": "bonz-dev",
              "Purpose": "rtp-media"
            },
            "tags_all": {
              "ClusterName": "bonz-dev",
              "Component": "jambonz-sbc-rtp",
              "Environment": "dev",
              "ManagedBy": "terraform",
              "NodeGroup": "voip-rtp",
              "Project": "bonz-dev",
              "Purpose": "rtp-media"
            },
            "timeouts": null,
            "type": "EC2_LINUX",
            "user_name": "system:node:{{EC2PrivateDNSName}}"
          },
          "sensitive_attributes": [],
          "private": "eyJlMmJmYjczMC1lY2FhLTExZTYtOGY4OC0zNDM2M2JjN2M0YzAiOnsiY3JlYXRlIjo2MDAwMDAwMDAwMDAsImRlbGV0ZSI6NjAwMDAwMDAwMDAwfX0=",
          "dependencies": [
            "module.eks.aws_cloudwatch_log_group.this",
            "module.eks.aws_eks_cluster.this",
            "module.eks.aws_iam_policy.cni_ipv6_policy",
            "module.eks.aws_iam_role.eks_auto",
            "module.eks.aws_iam_role.this",
            "module.eks.aws_iam_role_policy_attachment.this",
            "module.eks.aws_security_group.cluster",
            "module.eks.aws_security_group.node",
            "module.eks.aws_security_group_rule.cluster",
            "module.eks.aws_security_group_rule.node",
            "module.eks.data.aws_caller_identity.current",
            "module.eks.data.aws_iam_policy_document.assume_role_policy",
            "module.eks.data.aws_iam_policy_document.cni_ipv6_policy",
            "module.eks.data.aws_iam_policy_document.node_assume_role_policy",
            "module.eks.data.aws_iam_session_context.current",
            "module.eks.data.aws_partition.current",
            "module.eks.module.kms.aws_kms_external_key.this",
            "module.eks.module.kms.aws_kms_key.this",
            "module.eks.module.kms.aws_kms_replica_external_key.this",
            "module.eks.module.kms.aws_kms_replica_key.this",
            "module.eks.module.kms.data.aws_caller_identity.current",
            "module.eks.module.kms.data.aws_iam_policy_document.this",
            "module.eks.module.kms.data.aws_partition.current",
            "module.eks.module.self_managed_node_group.aws_iam_role.this",
            "module.eks.module.self_managed_node_group.data.aws_iam_policy_document.assume_role_policy",
            "module.eks.time_sleep.this"
          ]
        }
      ]
    },
    {
      "module": "module.eks.module.self_managed_node_group[\"voip-rtp\"]",
      "mode": "managed",
      "type": "aws_iam_instance_profile",
      "name": "this",
      "provider": "provider[\"registry.terraform.io/hashicorp/aws\"]",
      "instances": [
        {
          "index_key": 0,
          "schema_version": 0,
          "attributes": {
            "arn": "arn:aws:iam::967985385347:instance-profile/voip-rtp-node-group-20260118164757357400000009",
            "create_date": "2026-01-18T16:47:57Z",
            "id": "voip-rtp-node-group-20260118164757357400000009",
            "name": "voip-rtp-node-group-20260118164757357400000009",
            "name_prefix": "voip-rtp-node-group-",
            "path": "/",
            "role": "voip-rtp-node-group-20260118164756986500000006",
            "tags": {
              "ClusterName": "bonz-dev",
              "Component": "jambonz-sbc-rtp",
              "Environment": "dev",
              "ManagedBy": "terraform",
              "NodeGroup": "voip-rtp",
              "Project": "bonz-dev",
              "Purpose": "rtp-media"
            },
            "tags_all": {
              "ClusterName": "bonz-dev",
              "Component": "jambonz-sbc-rtp",
              "Environment": "dev",
              "ManagedBy": "terraform",
              "NodeGroup": "voip-rtp",
              "Project": "bonz-dev",
              "Purpose": "rtp-media"
            },
            "unique_id": "AIPA6CYDMZ6B32QRRIV3E"
          },
          "sensitive_attributes": [],
          "private": "bnVsbA==",
          "dependencies": [
            "module.eks.module.self_managed_node_group.aws_iam_role.this",
            "module.eks.module.self_managed_node_group.data.aws_iam_policy_document.assume_role_policy"
          ],
          "create_before_destroy": true
        }
      ]
    },
    {
      "module": "module.eks.module.self_managed_node_group[\"voip-rtp\"]",
      "mode": "managed",
      "type": "aws_iam_role",
      "name": "this",
      "provider": "provider[\"registry.terraform.io/hashicorp/aws\"]",
      "instances": [
        {
          "index_key": 0,
          "schema_version": 0,
          "attributes": {
            "arn": "arn:aws:iam::967985385347:role/voip-rtp-node-group-20260118164756986500000006",
            "assume_role_policy": "{\"Statement\":[{\"Action\":\"sts:AssumeRole\",\"Effect\":\"Allow\",\"Principal\":{\"Service\":\"ec2.amazonaws.com\"},\"Sid\":\"EKSNodeAssumeRole\"}],\"Version\":\"2012-10-17\"}",
            "create_date": "2026-01-18T16:47:56Z",
            "description": "Self managed node group IAM role",
            "force_detach_policies": true,
            "id": "voip-rtp-node-group-20260118164756986500000006",
            "inline_policy": [],
            "managed_policy_arns": [
              "arn:aws:iam::aws:policy/AmazonEC2ContainerRegistryReadOnly",
              "arn:aws:iam::aws:policy/AmazonEKSWorkerNodePolicy",
              "arn:aws:iam::aws:policy/AmazonEKS_CNI_Policy"
            ],
            "max_session_duration": 3600,
            "name": "voip-rtp-node-group-20260118164756986500000006",
            "name_prefix": "voip-rtp-node-group-",
            "path": "/",
            "permissions_boundary": "",
            "tags": {
              "ClusterName": "bonz-dev",
              "Component": "jambonz-sbc-rtp",
              "Environment": "dev",
              "ManagedBy": "terraform",
              "NodeGroup": "voip-rtp",
              "Project": "bonz-dev",
              "Purpose": "rtp-media"
            },
            "tags_all": {
              "ClusterName": "bonz-dev",
              "Component": "jambonz-sbc-rtp",
              "Environment": "dev",
              "ManagedBy": "terraform",
              "NodeGroup": "voip-rtp",
              "Project": "bonz-dev",
              "Purpose": "rtp-media"
            },
            "unique_id": "AROA6CYDMZ6B37IDS7XA7"
          },
          "sensitive_attributes": [],
          "private": "bnVsbA==",
          "dependencies": [
            "module.eks.module.self_managed_node_group.data.aws_iam_policy_document.assume_role_policy"
          ],
          "create_before_destroy": true
        }
      ]
    },
    {
      "module": "module.eks.module.self_managed_node_group[\"voip-rtp\"]",
      "mode": "managed",
      "type": "aws_iam_role_policy_attachment",
      "name": "this",
      "provider": "provider[\"registry.terraform.io/hashicorp/aws\"]",
      "instances": [
        {
          "index_key": "AmazonEC2ContainerRegistryReadOnly",
          "schema_version": 0,
          "attributes": {
            "id": "voip-rtp-node-group-20260118164756986500000006/arn:aws:iam::aws:policy/AmazonEC2ContainerRegistryReadOnly",
            "policy_arn": "arn:aws:iam::aws:policy/AmazonEC2ContainerRegistryReadOnly",
            "role": "voip-rtp-node-group-20260118164756986500000006"
          },
          "sensitive_attributes": [],
          "private": "bnVsbA==",
          "dependencies": [
            "module.eks.data.aws_caller_identity.current",
            "module.eks.data.aws_partition.current",
            "module.eks.module.self_managed_node_group.aws_iam_role.this",
            "module.eks.module.self_managed_node_group.data.aws_caller_identity.current",
            "module.eks.module.self_managed_node_group.data.aws_iam_policy_document.assume_role_policy",
            "module.eks.module.self_managed_node_group.data.aws_partition.current"
          ],
          "create_before_destroy": true
        },
        {
          "index_key": "AmazonEKSWorkerNodePolicy",
          "schema_version": 0,
          "attributes": {
            "id": "voip-rtp-node-group-20260118164756986500000006/arn:aws:iam::aws:policy/AmazonEKSWorkerNodePolicy",
            "policy_arn": "arn:aws:iam::aws:policy/AmazonEKSWorkerNodePolicy",
            "role": "voip-rtp-node-group-20260118164756986500000006"
          },
          "sensitive_attributes": [],
          "private": "bnVsbA==",
          "dependencies": [
            "module.eks.data.aws_caller_identity.current",
            "module.eks.data.aws_partition.current",
            "module.eks.module.self_managed_node_group.aws_iam_role.this",
            "module.eks.module.self_managed_node_group.data.aws_caller_identity.current",
            "module.eks.module.self_managed_node_group.data.aws_iam_policy_document.assume_role_policy",
            "module.eks.module.self_managed_node_group.data.aws_partition.current"
          ],
          "create_before_destroy": true
        },
        {
          "index_key": "AmazonEKS_CNI_Policy",
          "schema_version": 0,
          "attributes": {
            "id": "voip-rtp-node-group-20260118164756986500000006/arn:aws:iam::aws:policy/AmazonEKS_CNI_Policy",
            "policy_arn": "arn:aws:iam::aws:policy/AmazonEKS_CNI_Policy",
            "role": "voip-rtp-node-group-20260118164756986500000006"
          },
          "sensitive_attributes": [],
          "private": "bnVsbA==",
          "dependencies": [
            "module.eks.data.aws_caller_identity.current",
            "module.eks.data.aws_partition.current",
            "module.eks.module.self_managed_node_group.aws_iam_role.this",
            "module.eks.module.self_managed_node_group.data.aws_caller_identity.current",
            "module.eks.module.self_managed_node_group.data.aws_iam_policy_document.assume_role_policy",
            "module.eks.module.self_managed_node_group.data.aws_partition.current"
          ],
          "create_before_destroy": true
        }
      ]
    },
    {
      "module": "module.eks.module.self_managed_node_group[\"voip-rtp\"]",
      "mode": "managed",
      "type": "aws_launch_template",
      "name": "this",
      "provider": "provider[\"registry.terraform.io/hashicorp/aws\"]",
      "instances": [
        {
          "index_key": 0,
          "schema_version": 1,
          "attributes": {
            "arn": "arn:aws:ec2:us-east-1:967985385347:launch-template/lt-0875c7b6a4a4cea66",
            "block_device_mappings": [
              {
                "device_name": "/dev/xvda",
                "ebs": [
                  {
                    "delete_on_termination": "true",
                    "encrypted": "true",
                    "iops": 0,
                    "kms_key_id": "",
                    "snapshot_id": "",
                    "throughput": 0,
                    "volume_initialization_rate": 0,
                    "volume_size": 100,
                    "volume_type": "gp3"
                  }
                ],
                "no_device": "",
                "virtual_name": ""
              }
            ],
            "capacity_reservation_specification": [],
            "cpu_options": [],
            "credit_specification": [],
            "default_version": 1,
            "description": "Custom launch template for voip-rtp self managed node group",
            "disable_api_stop": false,
            "disable_api_termination": false,
            "ebs_optimized": "",
            "enclave_options": [],
            "hibernation_options": [],
            "iam_instance_profile": [
              {
                "arn": "arn:aws:iam::967985385347:instance-profile/voip-rtp-node-group-20260118164757357400000009",
                "name": ""
              }
            ],
            "id": "lt-0875c7b6a4a4cea66",
            "image_id": "ami-057056864e83ba9df",
            "instance_initiated_shutdown_behavior": "",
            "instance_market_options": [],
            "instance_requirements": [],
            "instance_type": "c7i-flex.large",
            "kernel_id": "",
            "key_name": "",
            "latest_version": 1,
            "license_specification": [],
            "maintenance_options": [],
            "metadata_options": [
              {
                "http_endpoint": "enabled",
                "http_protocol_ipv6": "",
                "http_put_response_hop_limit": 2,
                "http_tokens": "required",
                "instance_metadata_tags": ""
              }
            ],
            "monitoring": [],
            "name": "voip-rtp-20260118165754245800000015",
            "name_prefix": "voip-rtp-",
            "network_interfaces": [
              {
                "associate_carrier_ip_address": "",
                "associate_public_ip_address": "true",
                "connection_tracking_specification": [],
                "delete_on_termination": "true",
                "description": "Primary ENI for RTP node with public IP",
                "device_index": 0,
                "ena_srd_specification": [],
                "interface_type": "",
                "ipv4_address_count": 0,
                "ipv4_addresses": [],
                "ipv4_prefix_count": 0,
                "ipv4_prefixes": [],
                "ipv6_address_count": 0,
                "ipv6_addresses": [],
                "ipv6_prefix_count": 0,
                "ipv6_prefixes": [],
                "network_card_index": 0,
                "network_interface_id": "",
                "primary_ipv6": "",
                "private_ip_address": "",
                "security_groups": [
                  "sg-07043cef3cc4aaa20"
                ],
                "subnet_id": ""
              }
            ],
            "placement": [],
            "private_dns_name_options": [],
            "ram_disk_id": "",
            "region": "us-east-1",
            "security_group_names": [],
            "tag_specifications": [
              {
                "resource_type": "instance",
                "tags": {
                  "ClusterName": "bonz-dev",
                  "Component": "jambonz-sbc-rtp",
                  "Environment": "dev",
                  "ManagedBy": "terraform",
                  "Name": "voip-rtp",
                  "NodeGroup": "voip-rtp",
                  "Project": "bonz-dev",
                  "Purpose": "rtp-media"
                }
              },
              {
                "resource_type": "network-interface",
                "tags": {
                  "ClusterName": "bonz-dev",
                  "Component": "jambonz-sbc-rtp",
                  "Environment": "dev",
                  "ManagedBy": "terraform",
                  "Name": "voip-rtp",
                  "NodeGroup": "voip-rtp",
                  "Project": "bonz-dev",
                  "Purpose": "rtp-media"
                }
              },
              {
                "resource_type": "volume",
                "tags": {
                  "ClusterName": "bonz-dev",
                  "Component": "jambonz-sbc-rtp",
                  "Environment": "dev",
                  "ManagedBy": "terraform",
                  "Name": "voip-rtp",
                  "NodeGroup": "voip-rtp",
                  "Project": "bonz-dev",
                  "Purpose": "rtp-media"
                }
              }
            ],
            "tags": {
              "ClusterName": "bonz-dev",
              "Component": "jambonz-sbc-rtp",
              "Environment": "dev",
              "ManagedBy": "terraform",
              "NodeGroup": "voip-rtp",
              "Project": "bonz-dev",
              "Purpose": "rtp-media"
            },
            "tags_all": {
              "ClusterName": "bonz-dev",
              "Component": "jambonz-sbc-rtp",
              "Environment": "dev",
              "ManagedBy": "terraform",
              "NodeGroup": "voip-rtp",
              "Project": "bonz-dev",
              "Purpose": "rtp-media"
            },
            "update_default_version": true,
            "user_data": "Q29udGVudC1UeXBlOiBtdWx0aXBhcnQvbWl4ZWQ7IGJvdW5kYXJ5PSJNSU1FQk9VTkRBUlkiCk1JTUUtVmVyc2lvbjogMS4wDQoNCi0tTUlNRUJPVU5EQVJZDQpDb250ZW50LVRyYW5zZmVyLUVuY29kaW5nOiA3Yml0DQpDb250ZW50LVR5cGU6IGFwcGxpY2F0aW9uL25vZGUuZWtzLmF3cw0KTWltZS1WZXJzaW9uOiAxLjANCg0KLS0tCmFwaVZlcnNpb246IG5vZGUuZWtzLmF3cy92MWFscGhhMQpraW5kOiBOb2RlQ29uZmlnCnNwZWM6CiAga3ViZWxldDoKICAgIGZsYWdzOgogICAgICAtIC0tbm9kZS1sYWJlbHM9dm9pcC1lbnZpcm9ubWVudD1ydHAsd29ya2xvYWQ9dm9pcC1lZGdlLG5ldHdvcms9cHVibGljCiAgICBjb25maWc6CiAgICAgIHJlZ2lzdGVyV2l0aFRhaW50czoKICAgICAgICAtIGtleTogdm9pcC1lbnZpcm9ubWVudAogICAgICAgICAgdmFsdWU6IHJ0cAogICAgICAgICAgZWZmZWN0OiBOb1NjaGVkdWxlCg0KLS1NSU1FQk9VTkRBUlkNCkNvbnRlbnQtVHJhbnNmZXItRW5jb2Rpbmc6IDdiaXQNCkNvbnRlbnQtVHlwZTogYXBwbGljYXRpb24vbm9kZS5la3MuYXdzDQpNaW1lLVZlcnNpb246IDEuMA0KDQotLS0KYXBpVmVyc2lvbjogbm9kZS5la3MuYXdzL3YxYWxwaGExCmtpbmQ6IE5vZGVDb25maWcKc3BlYzoKICBjbHVzdGVyOgogICAgbmFtZTogYm9uei1kZXYKICAgIGFwaVNlcnZlckVuZHBvaW50OiBodHRwczovLzdCNEVFMEE3RjE3MzhCMEJENDFCREMyNDcxOEFBMTFGLmdyNy51cy1lYXN0LTEuZWtzLmFtYXpvbmF3cy5jb20KICAgIGNlcnRpZmljYXRlQXV0aG9yaXR5OiBMUzB0TFMxQ1JVZEpUaUJEUlZKVVNVWkpRMEZVUlMwdExTMHRDazFKU1VSQ1ZFTkRRV1V5WjBGM1NVSkJaMGxKVkM5NGJsbENjVkZwVWtWM1JGRlpTa3R2V2tsb2RtTk9RVkZGVEVKUlFYZEdWRVZVVFVKRlIwRXhWVVVLUVhoTlMyRXpWbWxhV0VwMVdsaFNiR042UVdWR2R6QjVUbXBCZUUxVVozaE9hbEV6VGxSQ1lVWjNNSHBPYWtGNFRWUlplRTVxVlhsT1ZFSmhUVUpWZUFwRmVrRlNRbWRPVmtKQlRWUkRiWFF4V1cxV2VXSnRWakJhV0UxM1oyZEZhVTFCTUVkRFUzRkhVMGxpTTBSUlJVSkJVVlZCUVRSSlFrUjNRWGRuWjBWTENrRnZTVUpCVVVOeGN6aDNWM0FyVGxvd09HcFFjR00wVUhCWFRVSXJiRXRZVDNwME5VSndZVEZUWkhBNGFVaGtaVWRVZUdRM01tNUVUVlJxTW5sb01tZ0tkSGM1VGt3NE1rWkpZbTlGZVhGQlUwaHZNalJPVUVOa1VXNTVPVUpyZEhWdGIwYzJZbEJHYTJkcmRHVXZTWGRUTjFCMVRIVnRhbTgyTjBGWE4yRlpOd295YWpKWGJFRmlZMVpNZUhGUlluUXdSbVUwZWpsMVdVZExhMmhrWms5NU1uaG1lWGxCVnpsRlZXSklUMnBoVWpSc015dHFiMVpwUlZVd1RucEpSMHB6Q2twMFZFWmFaVkV3YUZvckszRlZOa1l5YW5OWlpHSnhNWEp5T0V4dVIyeG9XVTlXUmxKdWRWUkxjMUJEWkUxSk5Yb3lTR2szWkM4NWJXUlZkakpxYm5vS05EWkJWVkpxT0ZwM1IzVkpOMVJzV2taTFMzQktPR1JaVUcxTE56QkZiV1JCS3pCRU15OVZXVlpOTjBsNllqQnJka0k1T1M5RmEwMU9ZVlZrZEM5R2N3cEVlRmxqWVVsVlVXYzNTWFZEYUdjeVdHdGxOVGROWWxoMmNHWmlRV2ROUWtGQlIycFhWRUpZVFVFMFIwRXhWV1JFZDBWQ0wzZFJSVUYzU1VOd1JFRlFDa0puVGxaSVVrMUNRV1k0UlVKVVFVUkJVVWd2VFVJd1IwRXhWV1JFWjFGWFFrSlVkVVJxZDNoQ00ycHNVRkZKVlU1cE1GUTRabVpoV1dWV2NHTnFRVllLUW1kT1ZraFNSVVZFYWtGTloyZHdjbVJYU214amJUVnNaRWRXZWsxQk1FZERVM0ZIVTBsaU0wUlJSVUpEZDFWQlFUUkpRa0ZSUVRkVFRrSkNURzVxZGdwNE5VbG9jVWhyT0VaMFNGbFNhVEl2TDJZM1N6ZFBTMVJYT1ZFMWJVa3djMlV2Ylc5MWJtMXBPRVpKYmtSRFlVVkJjWGMwYjBkelQyMDRSbVZLUlRsVkNuVlhXVlYyY1VGUWRWaDNOM0E1YkhwbVlYcFRWR3BLWTNRemNscFVMM1F3VkhocFlucHZPVWQzWm5ZeFpuaERRbGxWVGtSbVpTc3JiRXhCTVV4RFdIUUtSVU5QVEROWk5FVTNibE5uS3pnMFlXaHFXVmhTYkVoVFVtRXlLMnRtWnpCemRWUlJkV3d4WlhJNVdrWkVWRVZJVEZwMVdVWXZkSFZRU25OVk5uaDVSUXAzT1VkVWRqRndkakZwTVd0bWFURk9ha2hTTVhNeVNYUldjVEp2UWxGRU9HVkVTV2RYTDB0VU1YRkxRbVJsY0ZKcGMwZEdRMGRSYmswM04wUjVWVVptQ2pRd1R6WmpNMnhvYTBJeE5VNVFjMjgwWlRsMk5GVktRalZQYVU1RVFURmFTazVYTWtsVmJVdFRMek53TWxKU2VrbGhiR1ZHVTFNM1kxVndTMUpJWW5jS09HbEJUVGh4VldjMFkxSkVDaTB0TFMwdFJVNUVJRU5GVWxSSlJrbERRVlJGTFMwdExTMEsKICAgIGNpZHI6IDEwLjEwMC4wLjAvMTYKDQotLU1JTUVCT1VOREFSWS0tDQo=",
            "vpc_security_group_ids": []
          },
          "sensitive_attributes": [],
          "private": "eyJzY2hlbWFfdmVyc2lvbiI6IjEifQ==",
          "dependencies": [
            "module.eks.aws_cloudwatch_log_group.this",
            "module.eks.aws_eks_cluster.this",
            "module.eks.aws_iam_policy.cni_ipv6_policy",
            "module.eks.aws_iam_role.eks_auto",
            "module.eks.aws_iam_role.this",
            "module.eks.aws_iam_role_policy_attachment.this",
            "module.eks.aws_security_group.cluster",
            "module.eks.aws_security_group.node",
            "module.eks.aws_security_group_rule.cluster",
            "module.eks.aws_security_group_rule.node",
            "module.eks.data.aws_caller_identity.current",
            "module.eks.data.aws_iam_policy_document.assume_role_policy",
            "module.eks.data.aws_iam_policy_document.cni_ipv6_policy",
            "module.eks.data.aws_iam_policy_document.node_assume_role_policy",
            "module.eks.data.aws_iam_session_context.current",
            "module.eks.data.aws_partition.current",
            "module.eks.module.kms.aws_kms_external_key.this",
            "module.eks.module.kms.aws_kms_key.this",
            "module.eks.module.kms.aws_kms_replica_external_key.this",
            "module.eks.module.kms.aws_kms_replica_key.this",
            "module.eks.module.kms.data.aws_caller_identity.current",
            "module.eks.module.kms.data.aws_iam_policy_document.this",
            "module.eks.module.kms.data.aws_partition.current",
            "module.eks.module.self_managed_node_group.aws_iam_instance_profile.this",
            "module.eks.module.self_managed_node_group.aws_iam_role.this",
            "module.eks.module.self_managed_node_group.aws_iam_role_policy_attachment.additional",
            "module.eks.module.self_managed_node_group.aws_iam_role_policy_attachment.this",
            "module.eks.module.self_managed_node_group.aws_placement_group.this",
            "module.eks.module.self_managed_node_group.data.aws_caller_identity.current",
            "module.eks.module.self_managed_node_group.data.aws_ec2_instance_type.this",
            "module.eks.module.self_managed_node_group.data.aws_iam_policy_document.assume_role_policy",
            "module.eks.module.self_managed_node_group.data.aws_partition.current",
            "module.eks.module.self_managed_node_group.data.aws_ssm_parameter.ami",
            "module.eks.module.self_managed_node_group.module.user_data.data.cloudinit_config.al2023_eks_managed_node_group",
            "module.eks.module.self_managed_node_group.module.user_data.data.cloudinit_config.al2_eks_managed_node_group",
            "module.eks.time_sleep.this"
          ],
          "create_before_destroy": true
        }
      ]
    },
    {
      "module": "module.eks.module.self_managed_node_group[\"voip-rtp\"]",
      "mode": "managed",
      "type": "aws_security_group",
      "name": "this",
      "provider": "provider[\"registry.terraform.io/hashicorp/aws\"]",
      "instances": [
        {
          "index_key": 0,
          "schema_version": 1,
          "attributes": {
            "arn": "arn:aws:ec2:us-east-1:967985385347:security-group/sg-0550a673bec62e1c2",
            "description": "Managed by Terraform",
            "egress": [
              {
                "cidr_blocks": [
                  "0.0.0.0/0"
                ],
                "description": "Allow all outbound traffic",
                "from_port": 0,
                "ipv6_cidr_blocks": [],
                "prefix_list_ids": [],
                "protocol": "-1",
                "security_groups": [],
                "self": false,
                "to_port": 0
              }
            ],
            "id": "sg-0550a673bec62e1c2",
            "ingress": [
              {
                "cidr_blocks": [
                  "0.0.0.0/0"
                ],
                "description": "RTP media streams",
                "from_port": 10000,
                "ipv6_cidr_blocks": [],
                "prefix_list_ids": [],
                "protocol": "udp",
                "security_groups": [],
                "self": false,
                "to_port": 60000
              },
              {
                "cidr_blocks": [
                  "172.31.0.0/16"
                ],
                "description": "rtpengine NG control (internal)",
                "from_port": 22222,
                "ipv6_cidr_blocks": [],
                "prefix_list_ids": [],
                "protocol": "tcp",
                "security_groups": [],
                "self": false,
                "to_port": 22222
              },
              {
                "cidr_blocks": [
                  "172.31.0.0/16"
                ],
                "description": "rtpengine sidecar DTMF (internal)",
                "from_port": 22223,
                "ipv6_cidr_blocks": [],
                "prefix_list_ids": [],
                "protocol": "udp",
                "security_groups": [],
                "self": false,
                "to_port": 22223
              }
            ],
            "name": "bonz-dev-voip-rtp-2026011816575401610000000f",
            "name_prefix": "bonz-dev-voip-rtp-",
            "owner_id": "967985385347",
            "region": "us-east-1",
            "revoke_rules_on_delete": false,
            "tags": {
              "ClusterName": "bonz-dev",
              "Component": "jambonz-sbc-rtp",
              "Environment": "dev",
              "ManagedBy": "terraform",
              "Name": "bonz-dev-voip-rtp",
              "NodeGroup": "voip-rtp",
              "Project": "bonz-dev",
              "Purpose": "rtp-media"
            },
            "tags_all": {
              "ClusterName": "bonz-dev",
              "Component": "jambonz-sbc-rtp",
              "Environment": "dev",
              "ManagedBy": "terraform",
              "Name": "bonz-dev-voip-rtp",
              "NodeGroup": "voip-rtp",
              "Project": "bonz-dev",
              "Purpose": "rtp-media"
            },
            "timeouts": null,
            "vpc_id": "vpc-02cd6ac6167097a01"
          },
          "sensitive_attributes": [],
          "private": "eyJlMmJmYjczMC1lY2FhLTExZTYtOGY4OC0zNDM2M2JjN2M0YzAiOnsiY3JlYXRlIjo2MDAwMDAwMDAwMDAsImRlbGV0ZSI6OTAwMDAwMDAwMDAwfSwic2NoZW1hX3ZlcnNpb24iOiIxIn0=",
          "dependencies": [
            "module.eks.aws_cloudwatch_log_group.this",
            "module.eks.aws_eks_cluster.this",
            "module.eks.aws_iam_policy.cni_ipv6_policy",
            "module.eks.aws_iam_role.eks_auto",
            "module.eks.aws_iam_role.this",
            "module.eks.aws_iam_role_policy_attachment.this",
            "module.eks.aws_security_group.cluster",
            "module.eks.aws_security_group.node",
            "module.eks.aws_security_group_rule.cluster",
            "module.eks.aws_security_group_rule.node",
            "module.eks.data.aws_caller_identity.current",
            "module.eks.data.aws_iam_policy_document.assume_role_policy",
            "module.eks.data.aws_iam_policy_document.cni_ipv6_policy",
            "module.eks.data.aws_iam_policy_document.node_assume_role_policy",
            "module.eks.data.aws_iam_session_context.current",
            "module.eks.data.aws_partition.current",
            "module.eks.module.kms.aws_kms_external_key.this",
            "module.eks.module.kms.aws_kms_key.this",
            "module.eks.module.kms.aws_kms_replica_external_key.this",
            "module.eks.module.kms.aws_kms_replica_key.this",
            "module.eks.module.kms.data.aws_caller_identity.current",
            "module.eks.module.kms.data.aws_iam_policy_document.this",
            "module.eks.module.kms.data.aws_partition.current",
            "module.eks.module.self_managed_node_group.data.aws_subnet.this",
            "module.eks.time_sleep.this"
          ],
          "create_before_destroy": true
        }
      ]
    },
    {
      "module": "module.eks.module.self_managed_node_group[\"voip-rtp\"]",
      "mode": "managed",
      "type": "aws_vpc_security_group_egress_rule",
      "name": "this",
      "provider": "provider[\"registry.terraform.io/hashicorp/aws\"]",
      "instances": [
        {
          "index_key": "all_outbound",
          "schema_version": 0,
          "attributes": {
            "arn": "arn:aws:ec2:us-east-1:967985385347:security-group-rule/sgr-0723921ee106ab343",
            "cidr_ipv4": "0.0.0.0/0",
            "cidr_ipv6": null,
            "description": "Allow all outbound traffic",
            "from_port": null,
            "id": "sgr-0723921ee106ab343",
            "ip_protocol": "-1",
            "prefix_list_id": null,
            "referenced_security_group_id": null,
            "region": "us-east-1",
            "security_group_id": "sg-0550a673bec62e1c2",
            "security_group_rule_id": "sgr-0723921ee106ab343",
            "tags": {
              "ClusterName": "bonz-dev",
              "Component": "jambonz-sbc-rtp",
              "Environment": "dev",
              "ManagedBy": "terraform",
              "Name": "bonz-dev-voip-rtp-all_outbound",
              "NodeGroup": "voip-rtp",
              "Project": "bonz-dev",
              "Purpose": "rtp-media"
            },
            "tags_all": {
              "ClusterName": "bonz-dev",
              "Component": "jambonz-sbc-rtp",
              "Environment": "dev",
              "ManagedBy": "terraform",
              "Name": "bonz-dev-voip-rtp-all_outbound",
              "NodeGroup": "voip-rtp",
              "Project": "bonz-dev",
              "Purpose": "rtp-media"
            },
            "to_port": null
          },
          "sensitive_attributes": [],
          "dependencies": [
            "module.eks.aws_cloudwatch_log_group.this",
            "module.eks.aws_eks_cluster.this",
            "module.eks.aws_iam_policy.cni_ipv6_policy",
            "module.eks.aws_iam_role.eks_auto",
            "module.eks.aws_iam_role.this",
            "module.eks.aws_iam_role_policy_attachment.this",
            "module.eks.aws_security_group.cluster",
            "module.eks.aws_security_group.node",
            "module.eks.aws_security_group_rule.cluster",
            "module.eks.aws_security_group_rule.node",
            "module.eks.data.aws_caller_identity.current",
            "module.eks.data.aws_iam_policy_document.assume_role_policy",
            "module.eks.data.aws_iam_policy_document.cni_ipv6_policy",
            "module.eks.data.aws_iam_policy_document.node_assume_role_policy",
            "module.eks.data.aws_iam_session_context.current",
            "module.eks.data.aws_partition.current",
            "module.eks.module.kms.aws_kms_external_key.this",
            "module.eks.module.kms.aws_kms_key.this",
            "module.eks.module.kms.aws_kms_replica_external_key.this",
            "module.eks.module.kms.aws_kms_replica_key.this",
            "module.eks.module.kms.data.aws_caller_identity.current",
            "module.eks.module.kms.data.aws_iam_policy_document.this",
            "module.eks.module.kms.data.aws_partition.current",
            "module.eks.module.self_managed_node_group.aws_security_group.this",
            "module.eks.module.self_managed_node_group.data.aws_subnet.this",
            "module.eks.time_sleep.this"
          ]
        }
      ]
    },
    {
      "module": "module.eks.module.self_managed_node_group[\"voip-rtp\"]",
      "mode": "managed",
      "type": "aws_vpc_security_group_ingress_rule",
      "name": "this",
      "provider": "provider[\"registry.terraform.io/hashicorp/aws\"]",
      "instances": [
        {
          "index_key": "rtp_media",
          "schema_version": 0,
          "attributes": {
            "arn": "arn:aws:ec2:us-east-1:967985385347:security-group-rule/sgr-0b5dd676349e20ac6",
            "cidr_ipv4": "0.0.0.0/0",
            "cidr_ipv6": null,
            "description": "RTP media streams",
            "from_port": 10000,
            "id": "sgr-0b5dd676349e20ac6",
            "ip_protocol": "udp",
            "prefix_list_id": null,
            "referenced_security_group_id": null,
            "region": "us-east-1",
            "security_group_id": "sg-0550a673bec62e1c2",
            "security_group_rule_id": "sgr-0b5dd676349e20ac6",
            "tags": {
              "ClusterName": "bonz-dev",
              "Component": "jambonz-sbc-rtp",
              "Environment": "dev",
              "ManagedBy": "terraform",
              "Name": "bonz-dev-voip-rtp-rtp_media",
              "NodeGroup": "voip-rtp",
              "Project": "bonz-dev",
              "Purpose": "rtp-media"
            },
            "tags_all": {
              "ClusterName": "bonz-dev",
              "Component": "jambonz-sbc-rtp",
              "Environment": "dev",
              "ManagedBy": "terraform",
              "Name": "bonz-dev-voip-rtp-rtp_media",
              "NodeGroup": "voip-rtp",
              "Project": "bonz-dev",
              "Purpose": "rtp-media"
            },
            "to_port": 60000
          },
          "sensitive_attributes": [],
          "dependencies": [
            "module.eks.aws_cloudwatch_log_group.this",
            "module.eks.aws_eks_cluster.this",
            "module.eks.aws_iam_policy.cni_ipv6_policy",
            "module.eks.aws_iam_role.eks_auto",
            "module.eks.aws_iam_role.this",
            "module.eks.aws_iam_role_policy_attachment.this",
            "module.eks.aws_security_group.cluster",
            "module.eks.aws_security_group.node",
            "module.eks.aws_security_group_rule.cluster",
            "module.eks.aws_security_group_rule.node",
            "module.eks.data.aws_caller_identity.current",
            "module.eks.data.aws_iam_policy_document.assume_role_policy",
            "module.eks.data.aws_iam_policy_document.cni_ipv6_policy",
            "module.eks.data.aws_iam_policy_document.node_assume_role_policy",
            "module.eks.data.aws_iam_session_context.current",
            "module.eks.data.aws_partition.current",
            "module.eks.module.kms.aws_kms_external_key.this",
            "module.eks.module.kms.aws_kms_key.this",
            "module.eks.module.kms.aws_kms_replica_external_key.this",
            "module.eks.module.kms.aws_kms_replica_key.this",
            "module.eks.module.kms.data.aws_caller_identity.current",
            "module.eks.module.kms.data.aws_iam_policy_document.this",
            "module.eks.module.kms.data.aws_partition.current",
            "module.eks.module.self_managed_node_group.aws_security_group.this",
            "module.eks.module.self_managed_node_group.data.aws_subnet.this",
            "module.eks.time_sleep.this"
          ]
        },
        {
          "index_key": "rtpengine_ng",
          "schema_version": 0,
          "attributes": {
            "arn": "arn:aws:ec2:us-east-1:967985385347:security-group-rule/sgr-031e64f0daf9ddd57",
            "cidr_ipv4": "172.31.0.0/16",
            "cidr_ipv6": null,
            "description": "rtpengine NG control (internal)",
            "from_port": 22222,
            "id": "sgr-031e64f0daf9ddd57",
            "ip_protocol": "tcp",
            "prefix_list_id": null,
            "referenced_security_group_id": null,
            "region": "us-east-1",
            "security_group_id": "sg-0550a673bec62e1c2",
            "security_group_rule_id": "sgr-031e64f0daf9ddd57",
            "tags": {
              "ClusterName": "bonz-dev",
              "Component": "jambonz-sbc-rtp",
              "Environment": "dev",
              "ManagedBy": "terraform",
              "Name": "bonz-dev-voip-rtp-rtpengine_ng",
              "NodeGroup": "voip-rtp",
              "Project": "bonz-dev",
              "Purpose": "rtp-media"
            },
            "tags_all": {
              "ClusterName": "bonz-dev",
              "Component": "jambonz-sbc-rtp",
              "Environment": "dev",
              "ManagedBy": "terraform",
              "Name": "bonz-dev-voip-rtp-rtpengine_ng",
              "NodeGroup": "voip-rtp",
              "Project": "bonz-dev",
              "Purpose": "rtp-media"
            },
            "to_port": 22222
          },
          "sensitive_attributes": [],
          "dependencies": [
            "module.eks.aws_cloudwatch_log_group.this",
            "module.eks.aws_eks_cluster.this",
            "module.eks.aws_iam_policy.cni_ipv6_policy",
            "module.eks.aws_iam_role.eks_auto",
            "module.eks.aws_iam_role.this",
            "module.eks.aws_iam_role_policy_attachment.this",
            "module.eks.aws_security_group.cluster",
            "module.eks.aws_security_group.node",
            "module.eks.aws_security_group_rule.cluster",
            "module.eks.aws_security_group_rule.node",
            "module.eks.data.aws_caller_identity.current",
            "module.eks.data.aws_iam_policy_document.assume_role_policy",
            "module.eks.data.aws_iam_policy_document.cni_ipv6_policy",
            "module.eks.data.aws_iam_policy_document.node_assume_role_policy",
            "module.eks.data.aws_iam_session_context.current",
            "module.eks.data.aws_partition.current",
            "module.eks.module.kms.aws_kms_external_key.this",
            "module.eks.module.kms.aws_kms_key.this",
            "module.eks.module.kms.aws_kms_replica_external_key.this",
            "module.eks.module.kms.aws_kms_replica_key.this",
            "module.eks.module.kms.data.aws_caller_identity.current",
            "module.eks.module.kms.data.aws_iam_policy_document.this",
            "module.eks.module.kms.data.aws_partition.current",
            "module.eks.module.self_managed_node_group.aws_security_group.this",
            "module.eks.module.self_managed_node_group.data.aws_subnet.this",
            "module.eks.time_sleep.this"
          ]
        },
        {
          "index_key": "rtpengine_sidecar",
          "schema_version": 0,
          "attributes": {
            "arn": "arn:aws:ec2:us-east-1:967985385347:security-group-rule/sgr-0315af7541a5261fc",
            "cidr_ipv4": "172.31.0.0/16",
            "cidr_ipv6": null,
            "description": "rtpengine sidecar DTMF (internal)",
            "from_port": 22223,
            "id": "sgr-0315af7541a5261fc",
            "ip_protocol": "udp",
            "prefix_list_id": null,
            "referenced_security_group_id": null,
            "region": "us-east-1",
            "security_group_id": "sg-0550a673bec62e1c2",
            "security_group_rule_id": "sgr-0315af7541a5261fc",
            "tags": {
              "ClusterName": "bonz-dev",
              "Component": "jambonz-sbc-rtp",
              "Environment": "dev",
              "ManagedBy": "terraform",
              "Name": "bonz-dev-voip-rtp-rtpengine_sidecar",
              "NodeGroup": "voip-rtp",
              "Project": "bonz-dev",
              "Purpose": "rtp-media"
            },
            "tags_all": {
              "ClusterName": "bonz-dev",
              "Component": "jambonz-sbc-rtp",
              "Environment": "dev",
              "ManagedBy": "terraform",
              "Name": "bonz-dev-voip-rtp-rtpengine_sidecar",
              "NodeGroup": "voip-rtp",
              "Project": "bonz-dev",
              "Purpose": "rtp-media"
            },
            "to_port": 22223
          },
          "sensitive_attributes": [],
          "dependencies": [
            "module.eks.aws_cloudwatch_log_group.this",
            "module.eks.aws_eks_cluster.this",
            "module.eks.aws_iam_policy.cni_ipv6_policy",
            "module.eks.aws_iam_role.eks_auto",
            "module.eks.aws_iam_role.this",
            "module.eks.aws_iam_role_policy_attachment.this",
            "module.eks.aws_security_group.cluster",
            "module.eks.aws_security_group.node",
            "module.eks.aws_security_group_rule.cluster",
            "module.eks.aws_security_group_rule.node",
            "module.eks.data.aws_caller_identity.current",
            "module.eks.data.aws_iam_policy_document.assume_role_policy",
            "module.eks.data.aws_iam_policy_document.cni_ipv6_policy",
            "module.eks.data.aws_iam_policy_document.node_assume_role_policy",
            "module.eks.data.aws_iam_session_context.current",
            "module.eks.data.aws_partition.current",
            "module.eks.module.kms.aws_kms_external_key.this",
            "module.eks.module.kms.aws_kms_key.this",
            "module.eks.module.kms.aws_kms_replica_external_key.this",
            "module.eks.module.kms.aws_kms_replica_key.this",
            "module.eks.module.kms.data.aws_caller_identity.current",
            "module.eks.module.kms.data.aws_iam_policy_document.this",
            "module.eks.module.kms.data.aws_partition.current",
            "module.eks.module.self_managed_node_group.aws_security_group.this",
            "module.eks.module.self_managed_node_group.data.aws_subnet.this",
            "module.eks.time_sleep.this"
          ]
        }
      ]
    },
    {
      "module": "module.eks.module.self_managed_node_group[\"voip-rtp\"].module.user_data",
      "mode": "data",
      "type": "cloudinit_config",
      "name": "al2023_eks_managed_node_group",
      "provider": "provider[\"registry.terraform.io/hashicorp/cloudinit\"]",
      "instances": [
        {
          "index_key": 0,
          "schema_version": 0,
          "attributes": {
            "base64_encode": true,
            "boundary": "MIMEBOUNDARY",
            "gzip": false,
            "id": "2220482200",
            "part": [
              {
                "content": "---\napiVersion: node.eks.aws/v1alpha1\nkind: NodeConfig\nspec:\n  kubelet:\n    flags:\n      - --node-labels=voip-environment=rtp,workload=voip-edge,network=public\n    config:\n      registerWithTaints:\n        - key: voip-environment\n          value: rtp\n          effect: NoSchedule\n",
                "content_type": "application/node.eks.aws",
                "filename": null,
                "merge_type": null
              },
              {
                "content": "---\napiVersion: node.eks.aws/v1alpha1\nkind: NodeConfig\nspec:\n  cluster:\n    name: bonz-dev\n    apiServerEndpoint: https://7B4EE0A7F1738B0BD41BDC24718AA11F.gr7.us-east-1.eks.amazonaws.com\n    certificateAuthority: LS0tLS1CRUdJTiBDRVJUSUZJQ0FURS0tLS0tCk1JSURCVENDQWUyZ0F3SUJBZ0lJVC94bllCcVFpUkV3RFFZSktvWklodmNOQVFFTEJRQXdGVEVUTUJFR0ExVUUKQXhNS2EzVmlaWEp1WlhSbGN6QWVGdzB5TmpBeE1UZ3hOalEzTlRCYUZ3MHpOakF4TVRZeE5qVXlOVEJhTUJVeApFekFSQmdOVkJBTVRDbXQxWW1WeWJtVjBaWE13Z2dFaU1BMEdDU3FHU0liM0RRRUJBUVVBQTRJQkR3QXdnZ0VLCkFvSUJBUUNxczh3V3ArTlowOGpQcGM0UHBXTUIrbEtYT3p0NUJwYTFTZHA4aUhkZUdUeGQ3Mm5ETVRqMnloMmgKdHc5Tkw4MkZJYm9FeXFBU0hvMjROUENkUW55OUJrdHVtb0c2YlBGa2drdGUvSXdTN1B1THVtam82N0FXN2FZNwoyajJXbEFiY1ZMeHFRYnQwRmU0ejl1WUdLa2hkZk95MnhmeXlBVzlFVWJIT2phUjRsMytqb1ZpRVUwTnpJR0pzCkp0VEZaZVEwaForK3FVNkYyanNZZGJxMXJyOExuR2xoWU9WRlJudVRLc1BDZE1JNXoySGk3ZC85bWRVdjJqbnoKNDZBVVJqOFp3R3VJN1RsWkZLS3BKOGRZUG1LNzBFbWRBKzBEMy9VWVZNN0l6YjBrdkI5OS9Fa01OYVVkdC9GcwpEeFljYUlVUWc3SXVDaGcyWGtlNTdNYlh2cGZiQWdNQkFBR2pXVEJYTUE0R0ExVWREd0VCL3dRRUF3SUNwREFQCkJnTlZIUk1CQWY4RUJUQURBUUgvTUIwR0ExVWREZ1FXQkJUdURqd3hCM2psUFFJVU5pMFQ4ZmZhWWVWcGNqQVYKQmdOVkhSRUVEakFNZ2dwcmRXSmxjbTVsZEdWek1BMEdDU3FHU0liM0RRRUJDd1VBQTRJQkFRQTdTTkJCTG5qdgp4NUlocUhrOEZ0SFlSaTIvL2Y3SzdPS1RXOVE1bUkwc2UvbW91bm1pOEZJbkRDYUVBcXc0b0dzT204RmVKRTlVCnVXWVV2cUFQdVh3N3A5bHpmYXpTVGpKY3QzclpUL3QwVHhpYnpvOUd3ZnYxZnhDQllVTkRmZSsrbExBMUxDWHQKRUNPTDNZNEU3blNnKzg0YWhqWVhSbEhTUmEyK2tmZzBzdVRRdWwxZXI5WkZEVEVITFp1WUYvdHVQSnNVNnh5RQp3OUdUdjFwdjFpMWtmaTFOakhSMXMySXRWcTJvQlFEOGVESWdXL0tUMXFLQmRlcFJpc0dGQ0dRbk03N0R5VUZmCjQwTzZjM2xoa0IxNU5Qc280ZTl2NFVKQjVPaU5EQTFaSk5XMklVbUtTLzNwMlJSeklhbGVGU1M3Y1VwS1JIYncKOGlBTThxVWc0Y1JECi0tLS0tRU5EIENFUlRJRklDQVRFLS0tLS0K\n    cidr: 10.100.0.0/16\n",
                "content_type": "application/node.eks.aws",
                "filename": null,
                "merge_type": null
              }
            ],
            "rendered": "Q29udGVudC1UeXBlOiBtdWx0aXBhcnQvbWl4ZWQ7IGJvdW5kYXJ5PSJNSU1FQk9VTkRBUlkiCk1JTUUtVmVyc2lvbjogMS4wDQoNCi0tTUlNRUJPVU5EQVJZDQpDb250ZW50LVRyYW5zZmVyLUVuY29kaW5nOiA3Yml0DQpDb250ZW50LVR5cGU6IGFwcGxpY2F0aW9uL25vZGUuZWtzLmF3cw0KTWltZS1WZXJzaW9uOiAxLjANCg0KLS0tCmFwaVZlcnNpb246IG5vZGUuZWtzLmF3cy92MWFscGhhMQpraW5kOiBOb2RlQ29uZmlnCnNwZWM6CiAga3ViZWxldDoKICAgIGZsYWdzOgogICAgICAtIC0tbm9kZS1sYWJlbHM9dm9pcC1lbnZpcm9ubWVudD1ydHAsd29ya2xvYWQ9dm9pcC1lZGdlLG5ldHdvcms9cHVibGljCiAgICBjb25maWc6CiAgICAgIHJlZ2lzdGVyV2l0aFRhaW50czoKICAgICAgICAtIGtleTogdm9pcC1lbnZpcm9ubWVudAogICAgICAgICAgdmFsdWU6IHJ0cAogICAgICAgICAgZWZmZWN0OiBOb1NjaGVkdWxlCg0KLS1NSU1FQk9VTkRBUlkNCkNvbnRlbnQtVHJhbnNmZXItRW5jb2Rpbmc6IDdiaXQNCkNvbnRlbnQtVHlwZTogYXBwbGljYXRpb24vbm9kZS5la3MuYXdzDQpNaW1lLVZlcnNpb246IDEuMA0KDQotLS0KYXBpVmVyc2lvbjogbm9kZS5la3MuYXdzL3YxYWxwaGExCmtpbmQ6IE5vZGVDb25maWcKc3BlYzoKICBjbHVzdGVyOgogICAgbmFtZTogYm9uei1kZXYKICAgIGFwaVNlcnZlckVuZHBvaW50OiBodHRwczovLzdCNEVFMEE3RjE3MzhCMEJENDFCREMyNDcxOEFBMTFGLmdyNy51cy1lYXN0LTEuZWtzLmFtYXpvbmF3cy5jb20KICAgIGNlcnRpZmljYXRlQXV0aG9yaXR5OiBMUzB0TFMxQ1JVZEpUaUJEUlZKVVNVWkpRMEZVUlMwdExTMHRDazFKU1VSQ1ZFTkRRV1V5WjBGM1NVSkJaMGxKVkM5NGJsbENjVkZwVWtWM1JGRlpTa3R2V2tsb2RtTk9RVkZGVEVKUlFYZEdWRVZVVFVKRlIwRXhWVVVLUVhoTlMyRXpWbWxhV0VwMVdsaFNiR042UVdWR2R6QjVUbXBCZUUxVVozaE9hbEV6VGxSQ1lVWjNNSHBPYWtGNFRWUlplRTVxVlhsT1ZFSmhUVUpWZUFwRmVrRlNRbWRPVmtKQlRWUkRiWFF4V1cxV2VXSnRWakJhV0UxM1oyZEZhVTFCTUVkRFUzRkhVMGxpTTBSUlJVSkJVVlZCUVRSSlFrUjNRWGRuWjBWTENrRnZTVUpCVVVOeGN6aDNWM0FyVGxvd09HcFFjR00wVUhCWFRVSXJiRXRZVDNwME5VSndZVEZUWkhBNGFVaGtaVWRVZUdRM01tNUVUVlJxTW5sb01tZ0tkSGM1VGt3NE1rWkpZbTlGZVhGQlUwaHZNalJPVUVOa1VXNTVPVUpyZEhWdGIwYzJZbEJHYTJkcmRHVXZTWGRUTjFCMVRIVnRhbTgyTjBGWE4yRlpOd295YWpKWGJFRmlZMVpNZUhGUlluUXdSbVUwZWpsMVdVZExhMmhrWms5NU1uaG1lWGxCVnpsRlZXSklUMnBoVWpSc015dHFiMVpwUlZVd1RucEpSMHB6Q2twMFZFWmFaVkV3YUZvckszRlZOa1l5YW5OWlpHSnhNWEp5T0V4dVIyeG9XVTlXUmxKdWRWUkxjMUJEWkUxSk5Yb3lTR2szWkM4NWJXUlZkakpxYm5vS05EWkJWVkpxT0ZwM1IzVkpOMVJzV2taTFMzQktPR1JaVUcxTE56QkZiV1JCS3pCRU15OVZXVlpOTjBsNllqQnJka0k1T1M5RmEwMU9ZVlZrZEM5R2N3cEVlRmxqWVVsVlVXYzNTWFZEYUdjeVdHdGxOVGROWWxoMmNHWmlRV2ROUWtGQlIycFhWRUpZVFVFMFIwRXhWV1JFZDBWQ0wzZFJSVUYzU1VOd1JFRlFDa0puVGxaSVVrMUNRV1k0UlVKVVFVUkJVVWd2VFVJd1IwRXhWV1JFWjFGWFFrSlVkVVJxZDNoQ00ycHNVRkZKVlU1cE1GUTRabVpoV1dWV2NHTnFRVllLUW1kT1ZraFNSVVZFYWtGTloyZHdjbVJYU214amJUVnNaRWRXZWsxQk1FZERVM0ZIVTBsaU0wUlJSVUpEZDFWQlFUUkpRa0ZSUVRkVFRrSkNURzVxZGdwNE5VbG9jVWhyT0VaMFNGbFNhVEl2TDJZM1N6ZFBTMVJYT1ZFMWJVa3djMlV2Ylc5MWJtMXBPRVpKYmtSRFlVVkJjWGMwYjBkelQyMDRSbVZLUlRsVkNuVlhXVlYyY1VGUWRWaDNOM0E1YkhwbVlYcFRWR3BLWTNRemNscFVMM1F3VkhocFlucHZPVWQzWm5ZeFpuaERRbGxWVGtSbVpTc3JiRXhCTVV4RFdIUUtSVU5QVEROWk5FVTNibE5uS3pnMFlXaHFXVmhTYkVoVFVtRXlLMnRtWnpCemRWUlJkV3d4WlhJNVdrWkVWRVZJVEZwMVdVWXZkSFZRU25OVk5uaDVSUXAzT1VkVWRqRndkakZwTVd0bWFURk9ha2hTTVhNeVNYUldjVEp2UWxGRU9HVkVTV2RYTDB0VU1YRkxRbVJsY0ZKcGMwZEdRMGRSYmswM04wUjVWVVptQ2pRd1R6WmpNMnhvYTBJeE5VNVFjMjgwWlRsMk5GVktRalZQYVU1RVFURmFTazVYTWtsVmJVdFRMek53TWxKU2VrbGhiR1ZHVTFNM1kxVndTMUpJWW5jS09HbEJUVGh4VldjMFkxSkVDaTB0TFMwdFJVNUVJRU5GVWxSSlJrbERRVlJGTFMwdExTMEsKICAgIGNpZHI6IDEwLjEwMC4wLjAvMTYKDQotLU1JTUVCT1VOREFSWS0tDQo="
          },
          "sensitive_attributes": []
        }
      ]
    },
    {
      "module": "module.eks.module.self_managed_node_group[\"voip-rtp\"].module.user_data",
      "mode": "managed",
      "type": "null_resource",
      "name": "validate_cluster_service_cidr",
      "provider": "provider[\"registry.terraform.io/hashicorp/null\"]",
      "instances": [
        {
          "schema_version": 0,
          "attributes": {
            "id": "2254716972838509329",
            "triggers": null
          },
          "sensitive_attributes": [],
          "dependencies": [
            "module.eks.aws_cloudwatch_log_group.this",
            "module.eks.aws_eks_cluster.this",
            "module.eks.aws_iam_policy.cni_ipv6_policy",
            "module.eks.aws_iam_role.eks_auto",
            "module.eks.aws_iam_role.this",
            "module.eks.aws_iam_role_policy_attachment.this",
            "module.eks.aws_security_group.cluster",
            "module.eks.aws_security_group.node",
            "module.eks.aws_security_group_rule.cluster",
            "module.eks.aws_security_group_rule.node",
            "module.eks.data.aws_caller_identity.current",
            "module.eks.data.aws_iam_policy_document.assume_role_policy",
            "module.eks.data.aws_iam_policy_document.cni_ipv6_policy",
            "module.eks.data.aws_iam_policy_document.node_assume_role_policy",
            "module.eks.data.aws_iam_session_context.current",
            "module.eks.data.aws_partition.current",
            "module.eks.module.kms.aws_kms_external_key.this",
            "module.eks.module.kms.aws_kms_key.this",
            "module.eks.module.kms.aws_kms_replica_external_key.this",
            "module.eks.module.kms.aws_kms_replica_key.this",
            "module.eks.module.kms.data.aws_caller_identity.current",
            "module.eks.module.kms.data.aws_iam_policy_document.this",
            "module.eks.module.kms.data.aws_partition.current",
            "module.eks.time_sleep.this"
          ]
        }
      ]
    },
    {
      "module": "module.eks.module.self_managed_node_group[\"voip-sip\"]",
      "mode": "data",
      "type": "aws_iam_policy_document",
      "name": "assume_role_policy",
      "provider": "provider[\"registry.terraform.io/hashicorp/aws\"]",
      "instances": [
        {
          "index_key": 0,
          "schema_version": 0,
          "attributes": {
            "id": "2560088296",
            "json": "{\n  \"Version\": \"2012-10-17\",\n  \"Statement\": [\n    {\n      \"Sid\": \"EKSNodeAssumeRole\",\n      \"Effect\": \"Allow\",\n      \"Action\": \"sts:AssumeRole\",\n      \"Principal\": {\n        \"Service\": \"ec2.amazonaws.com\"\n      }\n    }\n  ]\n}",
            "minified_json": "{\"Version\":\"2012-10-17\",\"Statement\":[{\"Sid\":\"EKSNodeAssumeRole\",\"Effect\":\"Allow\",\"Action\":\"sts:AssumeRole\",\"Principal\":{\"Service\":\"ec2.amazonaws.com\"}}]}",
            "override_json": null,
            "override_policy_documents": null,
            "policy_id": null,
            "source_json": null,
            "source_policy_documents": null,
            "statement": [
              {
                "actions": [
                  "sts:AssumeRole"
                ],
                "condition": [],
                "effect": "Allow",
                "not_actions": [],
                "not_principals": [],
                "not_resources": [],
                "principals": [
                  {
                    "identifiers": [
                      "ec2.amazonaws.com"
                    ],
                    "type": "Service"
                  }
                ],
                "resources": [],
                "sid": "EKSNodeAssumeRole"
              }
            ],
            "version": "2012-10-17"
          },
          "sensitive_attributes": []
        }
      ]
    },
    {
      "module": "module.eks.module.self_managed_node_group[\"voip-sip\"]",
      "mode": "data",
      "type": "aws_ssm_parameter",
      "name": "ami",
      "provider": "provider[\"registry.terraform.io/hashicorp/aws\"]",
      "instances": [
        {
          "index_key": 0,
          "schema_version": 0,
          "attributes": {
            "arn": "arn:aws:ssm:us-east-1::parameter/aws/service/eks/optimized-ami/1.33/amazon-linux-2023/x86_64/standard/recommended/image_id",
            "id": "/aws/service/eks/optimized-ami/1.33/amazon-linux-2023/x86_64/standard/recommended/image_id",
            "insecure_value": "ami-057056864e83ba9df",
            "name": "/aws/service/eks/optimized-ami/1.33/amazon-linux-2023/x86_64/standard/recommended/image_id",
            "region": "us-east-1",
            "type": "String",
            "value": "ami-057056864e83ba9df",
            "version": 29,
            "with_decryption": true
          },
          "sensitive_attributes": [
            [
              {
                "type": "get_attr",
                "value": "value"
              }
            ]
          ]
        }
      ]
    },
    {
      "module": "module.eks.module.self_managed_node_group[\"voip-sip\"]",
      "mode": "data",
      "type": "aws_subnet",
      "name": "this",
      "provider": "provider[\"registry.terraform.io/hashicorp/aws\"]",
      "instances": [
        {
          "index_key": 0,
          "schema_version": 0,
          "attributes": {
            "arn": "arn:aws:ec2:us-east-1:967985385347:subnet/subnet-0739da08bd41f1623",
            "assign_ipv6_address_on_creation": false,
            "availability_zone": "us-east-1b",
            "availability_zone_id": "use1-az2",
            "available_ip_address_count": 1018,
            "cidr_block": "172.31.4.0/22",
            "customer_owned_ipv4_pool": "",
            "default_for_az": false,
            "enable_dns64": false,
            "enable_lni_at_device_index": 0,
            "enable_resource_name_dns_a_record_on_launch": false,
            "enable_resource_name_dns_aaaa_record_on_launch": false,
            "filter": null,
            "id": "subnet-0739da08bd41f1623",
            "ipv6_cidr_block": "",
            "ipv6_cidr_block_association_id": "",
            "ipv6_native": false,
            "map_customer_owned_ip_on_launch": false,
            "map_public_ip_on_launch": false,
            "outpost_arn": "",
            "owner_id": "967985385347",
            "private_dns_hostname_type_on_launch": "ip-name",
            "region": "us-east-1",
            "state": "available",
            "tags": {
              "Environment": "development",
              "ManagedBy": "terraform",
              "Name": "bonz-dev-public-us-east-1b",
              "kubernetes.io/role/elb": "1"
            },
            "timeouts": null,
            "vpc_id": "vpc-02cd6ac6167097a01"
          },
          "sensitive_attributes": []
        }
      ]
    },
    {
      "module": "module.eks.module.self_managed_node_group[\"voip-sip\"]",
      "mode": "managed",
      "type": "aws_autoscaling_group",
      "name": "this",
      "provider": "provider[\"registry.terraform.io/hashicorp/aws\"]",
      "instances": [
        {
          "index_key": 0,
          "schema_version": 1,
          "attributes": {
            "arn": "arn:aws:autoscaling:us-east-1:967985385347:autoScalingGroup:8ea0f460-abe6-4c2e-a9d2-b8f7c65db2ef:autoScalingGroupName/voip-sip-20260118165919964300000001",
            "availability_zone_distribution": [
              {
                "capacity_distribution_strategy": "balanced-best-effort"
              }
            ],
            "availability_zones": [
              "us-east-1a",
              "us-east-1b"
            ],
            "capacity_rebalance": false,
            "capacity_reservation_specification": [
              {
                "capacity_reservation_preference": "default",
                "capacity_reservation_target": []
              }
            ],
            "context": "",
            "default_cooldown": 300,
            "default_instance_warmup": 0,
            "desired_capacity": 1,
            "desired_capacity_type": "",
            "enabled_metrics": null,
            "force_delete": false,
            "force_delete_warm_pool": false,
            "health_check_grace_period": 300,
            "health_check_type": "EC2",
            "id": "voip-sip-20260118165919964300000001",
            "ignore_failed_scaling_activities": false,
            "initial_lifecycle_hook": [],
            "instance_maintenance_policy": [],
            "instance_refresh": [
              {
                "preferences": [
                  {
                    "alarm_specification": [],
                    "auto_rollback": false,
                    "checkpoint_delay": "",
                    "checkpoint_percentages": null,
                    "instance_warmup": "",
                    "max_healthy_percentage": 100,
                    "min_healthy_percentage": 66,
                    "scale_in_protected_instances": "Ignore",
                    "skip_matching": false,
                    "standby_instances": "Ignore"
                  }
                ],
                "strategy": "Rolling",
                "triggers": null
              }
            ],
            "launch_configuration": "",
            "launch_template": [
              {
                "id": "lt-015e73a620e6b8041",
                "name": "voip-sip-20260118165754230100000011",
                "version": "1"
              }
            ],
            "load_balancers": [],
            "max_instance_lifetime": 0,
            "max_size": 1,
            "metrics_granularity": "1Minute",
            "min_elb_capacity": null,
            "min_size": 1,
            "mixed_instances_policy": [],
            "name": "voip-sip-20260118165919964300000001",
            "name_prefix": "voip-sip-",
            "placement_group": "",
            "predicted_capacity": 0,
            "protect_from_scale_in": false,
            "region": "us-east-1",
            "service_linked_role_arn": "arn:aws:iam::967985385347:role/aws-service-role/autoscaling.amazonaws.com/AWSServiceRoleForAutoScaling",
            "suspended_processes": null,
            "tag": [
              {
                "key": "ClusterName",
                "propagate_at_launch": true,
                "value": "bonz-dev"
              },
              {
                "key": "Component",
                "propagate_at_launch": true,
                "value": "jambonz-sbc-sip"
              },
              {
                "key": "Environment",
                "propagate_at_launch": true,
                "value": "dev"
              },
              {
                "key": "ManagedBy",
                "propagate_at_launch": true,
                "value": "terraform"
              },
              {
                "key": "Name",
                "propagate_at_launch": true,
                "value": "voip-sip"
              },
              {
                "key": "NodeGroup",
                "propagate_at_launch": true,
                "value": "voip-sip"
              },
              {
                "key": "Project",
                "propagate_at_launch": true,
                "value": "bonz-dev"
              },
              {
                "key": "Purpose",
                "propagate_at_launch": true,
                "value": "sip-signaling"
              },
              {
                "key": "k8s.io/cluster/bonz-dev",
                "propagate_at_launch": true,
                "value": "owned"
              },
              {
                "key": "kubernetes.io/cluster/bonz-dev",
                "propagate_at_launch": true,
                "value": "owned"
              }
            ],
            "target_group_arns": [],
            "termination_policies": [],
            "timeouts": null,
            "traffic_source": [],
            "vpc_zone_identifier": [
              "subnet-0421df49996ddace1",
              "subnet-0739da08bd41f1623"
            ],
            "wait_for_capacity_timeout": "10m",
            "wait_for_elb_capacity": null,
            "warm_pool": [],
            "warm_pool_size": 0
          },
          "sensitive_attributes": [],
          "private": "eyJlMmJmYjczMC1lY2FhLTExZTYtOGY4OC0zNDM2M2JjN2M0YzAiOnsiZGVsZXRlIjo2MDAwMDAwMDAwMDAsInVwZGF0ZSI6NjAwMDAwMDAwMDAwfSwic2NoZW1hX3ZlcnNpb24iOiIxIn0=",
          "dependencies": [
            "module.eks.aws_cloudwatch_log_group.this",
            "module.eks.aws_eks_cluster.this",
            "module.eks.aws_iam_policy.cni_ipv6_policy",
            "module.eks.aws_iam_role.eks_auto",
            "module.eks.aws_iam_role.this",
            "module.eks.aws_iam_role_policy_attachment.this",
            "module.eks.aws_security_group.cluster",
            "module.eks.aws_security_group.node",
            "module.eks.aws_security_group_rule.cluster",
            "module.eks.aws_security_group_rule.node",
            "module.eks.data.aws_caller_identity.current",
            "module.eks.data.aws_iam_policy_document.assume_role_policy",
            "module.eks.data.aws_iam_policy_document.cni_ipv6_policy",
            "module.eks.data.aws_iam_policy_document.node_assume_role_policy",
            "module.eks.data.aws_iam_session_context.current",
            "module.eks.data.aws_partition.current",
            "module.eks.module.kms.aws_kms_external_key.this",
            "module.eks.module.kms.aws_kms_key.this",
            "module.eks.module.kms.aws_kms_replica_external_key.this",
            "module.eks.module.kms.aws_kms_replica_key.this",
            "module.eks.module.kms.data.aws_caller_identity.current",
            "module.eks.module.kms.data.aws_iam_policy_document.this",
            "module.eks.module.kms.data.aws_partition.current",
            "module.eks.module.self_managed_node_group.aws_iam_instance_profile.this",
            "module.eks.module.self_managed_node_group.aws_iam_role.this",
            "module.eks.module.self_managed_node_group.aws_iam_role_policy_attachment.additional",
            "module.eks.module.self_managed_node_group.aws_iam_role_policy_attachment.this",
            "module.eks.module.self_managed_node_group.aws_launch_template.this",
            "module.eks.module.self_managed_node_group.aws_placement_group.this",
            "module.eks.module.self_managed_node_group.data.aws_caller_identity.current",
            "module.eks.module.self_managed_node_group.data.aws_ec2_instance_type.this",
            "module.eks.module.self_managed_node_group.data.aws_iam_policy_document.assume_role_policy",
            "module.eks.module.self_managed_node_group.data.aws_partition.current",
            "module.eks.module.self_managed_node_group.data.aws_ssm_parameter.ami",
            "module.eks.module.self_managed_node_group.module.user_data.data.cloudinit_config.al2023_eks_managed_node_group",
            "module.eks.module.self_managed_node_group.module.user_data.data.cloudinit_config.al2_eks_managed_node_group",
            "module.eks.time_sleep.this"
          ],
          "create_before_destroy": true
        }
      ]
    },
    {
      "module": "module.eks.module.self_managed_node_group[\"voip-sip\"]",
      "mode": "managed",
      "type": "aws_eks_access_entry",
      "name": "this",
      "provider": "provider[\"registry.terraform.io/hashicorp/aws\"]",
      "instances": [
        {
          "index_key": 0,
          "schema_version": 0,
          "attributes": {
            "access_entry_arn": "arn:aws:eks:us-east-1:967985385347:access-entry/bonz-dev/role/967985385347/voip-sip-node-group-20260118164756556200000003/5ecde905-5706-4c04-0050-548a448ef49a",
            "cluster_name": "bonz-dev",
            "created_at": "2026-01-18T16:57:54Z",
            "id": "bonz-dev:arn:aws:iam::967985385347:role/voip-sip-node-group-20260118164756556200000003",
            "kubernetes_groups": [
              "system:nodes"
            ],
            "modified_at": "2026-01-18T16:57:54Z",
            "principal_arn": "arn:aws:iam::967985385347:role/voip-sip-node-group-20260118164756556200000003",
            "region": "us-east-1",
            "tags": {
              "ClusterName": "bonz-dev",
              "Component": "jambonz-sbc-sip",
              "Environment": "dev",
              "ManagedBy": "terraform",
              "NodeGroup": "voip-sip",
              "Project": "bonz-dev",
              "Purpose": "sip-signaling"
            },
            "tags_all": {
              "ClusterName": "bonz-dev",
              "Component": "jambonz-sbc-sip",
              "Environment": "dev",
              "ManagedBy": "terraform",
              "NodeGroup": "voip-sip",
              "Project": "bonz-dev",
              "Purpose": "sip-signaling"
            },
            "timeouts": null,
            "type": "EC2_LINUX",
            "user_name": "system:node:{{EC2PrivateDNSName}}"
          },
          "sensitive_attributes": [],
          "private": "eyJlMmJmYjczMC1lY2FhLTExZTYtOGY4OC0zNDM2M2JjN2M0YzAiOnsiY3JlYXRlIjo2MDAwMDAwMDAwMDAsImRlbGV0ZSI6NjAwMDAwMDAwMDAwfX0=",
          "dependencies": [
            "module.eks.aws_cloudwatch_log_group.this",
            "module.eks.aws_eks_cluster.this",
            "module.eks.aws_iam_policy.cni_ipv6_policy",
            "module.eks.aws_iam_role.eks_auto",
            "module.eks.aws_iam_role.this",
            "module.eks.aws_iam_role_policy_attachment.this",
            "module.eks.aws_security_group.cluster",
            "module.eks.aws_security_group.node",
            "module.eks.aws_security_group_rule.cluster",
            "module.eks.aws_security_group_rule.node",
            "module.eks.data.aws_caller_identity.current",
            "module.eks.data.aws_iam_policy_document.assume_role_policy",
            "module.eks.data.aws_iam_policy_document.cni_ipv6_policy",
            "module.eks.data.aws_iam_policy_document.node_assume_role_policy",
            "module.eks.data.aws_iam_session_context.current",
            "module.eks.data.aws_partition.current",
            "module.eks.module.kms.aws_kms_external_key.this",
            "module.eks.module.kms.aws_kms_key.this",
            "module.eks.module.kms.aws_kms_replica_external_key.this",
            "module.eks.module.kms.aws_kms_replica_key.this",
            "module.eks.module.kms.data.aws_caller_identity.current",
            "module.eks.module.kms.data.aws_iam_policy_document.this",
            "module.eks.module.kms.data.aws_partition.current",
            "module.eks.module.self_managed_node_group.aws_iam_role.this",
            "module.eks.module.self_managed_node_group.data.aws_iam_policy_document.assume_role_policy",
            "module.eks.time_sleep.this"
          ]
        }
      ]
    },
    {
      "module": "module.eks.module.self_managed_node_group[\"voip-sip\"]",
      "mode": "managed",
      "type": "aws_iam_instance_profile",
      "name": "this",
      "provider": "provider[\"registry.terraform.io/hashicorp/aws\"]",
      "instances": [
        {
          "index_key": 0,
          "schema_version": 0,
          "attributes": {
            "arn": "arn:aws:iam::967985385347:instance-profile/voip-sip-node-group-2026011816475735880000000b",
            "create_date": "2026-01-18T16:47:57Z",
            "id": "voip-sip-node-group-2026011816475735880000000b",
            "name": "voip-sip-node-group-2026011816475735880000000b",
            "name_prefix": "voip-sip-node-group-",
            "path": "/",
            "role": "voip-sip-node-group-20260118164756556200000003",
            "tags": {
              "ClusterName": "bonz-dev",
              "Component": "jambonz-sbc-sip",
              "Environment": "dev",
              "ManagedBy": "terraform",
              "NodeGroup": "voip-sip",
              "Project": "bonz-dev",
              "Purpose": "sip-signaling"
            },
            "tags_all": {
              "ClusterName": "bonz-dev",
              "Component": "jambonz-sbc-sip",
              "Environment": "dev",
              "ManagedBy": "terraform",
              "NodeGroup": "voip-sip",
              "Project": "bonz-dev",
              "Purpose": "sip-signaling"
            },
            "unique_id": "AIPA6CYDMZ6BQ6QD4SU3U"
          },
          "sensitive_attributes": [],
          "private": "bnVsbA==",
          "dependencies": [
            "module.eks.module.self_managed_node_group.aws_iam_role.this",
            "module.eks.module.self_managed_node_group.data.aws_iam_policy_document.assume_role_policy"
          ],
          "create_before_destroy": true
        }
      ]
    },
    {
      "module": "module.eks.module.self_managed_node_group[\"voip-sip\"]",
      "mode": "managed",
      "type": "aws_iam_role",
      "name": "this",
      "provider": "provider[\"registry.terraform.io/hashicorp/aws\"]",
      "instances": [
        {
          "index_key": 0,
          "schema_version": 0,
          "attributes": {
            "arn": "arn:aws:iam::967985385347:role/voip-sip-node-group-20260118164756556200000003",
            "assume_role_policy": "{\"Statement\":[{\"Action\":\"sts:AssumeRole\",\"Effect\":\"Allow\",\"Principal\":{\"Service\":\"ec2.amazonaws.com\"},\"Sid\":\"EKSNodeAssumeRole\"}],\"Version\":\"2012-10-17\"}",
            "create_date": "2026-01-18T16:47:56Z",
            "description": "Self managed node group IAM role",
            "force_detach_policies": true,
            "id": "voip-sip-node-group-20260118164756556200000003",
            "inline_policy": [],
            "managed_policy_arns": [
              "arn:aws:iam::aws:policy/AmazonEC2ContainerRegistryReadOnly",
              "arn:aws:iam::aws:policy/AmazonEKSWorkerNodePolicy",
              "arn:aws:iam::aws:policy/AmazonEKS_CNI_Policy"
            ],
            "max_session_duration": 3600,
            "name": "voip-sip-node-group-20260118164756556200000003",
            "name_prefix": "voip-sip-node-group-",
            "path": "/",
            "permissions_boundary": "",
            "tags": {
              "ClusterName": "bonz-dev",
              "Component": "jambonz-sbc-sip",
              "Environment": "dev",
              "ManagedBy": "terraform",
              "NodeGroup": "voip-sip",
              "Project": "bonz-dev",
              "Purpose": "sip-signaling"
            },
            "tags_all": {
              "ClusterName": "bonz-dev",
              "Component": "jambonz-sbc-sip",
              "Environment": "dev",
              "ManagedBy": "terraform",
              "NodeGroup": "voip-sip",
              "Project": "bonz-dev",
              "Purpose": "sip-signaling"
            },
            "unique_id": "AROA6CYDMZ6B75GRDYMHY"
          },
          "sensitive_attributes": [],
          "private": "bnVsbA==",
          "dependencies": [
            "module.eks.module.self_managed_node_group.data.aws_iam_policy_document.assume_role_policy"
          ],
          "create_before_destroy": true
        }
      ]
    },
    {
      "module": "module.eks.module.self_managed_node_group[\"voip-sip\"]",
      "mode": "managed",
      "type": "aws_iam_role_policy_attachment",
      "name": "this",
      "provider": "provider[\"registry.terraform.io/hashicorp/aws\"]",
      "instances": [
        {
          "index_key": "AmazonEC2ContainerRegistryReadOnly",
          "schema_version": 0,
          "attributes": {
            "id": "voip-sip-node-group-20260118164756556200000003/arn:aws:iam::aws:policy/AmazonEC2ContainerRegistryReadOnly",
            "policy_arn": "arn:aws:iam::aws:policy/AmazonEC2ContainerRegistryReadOnly",
            "role": "voip-sip-node-group-20260118164756556200000003"
          },
          "sensitive_attributes": [],
          "private": "bnVsbA==",
          "dependencies": [
            "module.eks.data.aws_caller_identity.current",
            "module.eks.data.aws_partition.current",
            "module.eks.module.self_managed_node_group.aws_iam_role.this",
            "module.eks.module.self_managed_node_group.data.aws_caller_identity.current",
            "module.eks.module.self_managed_node_group.data.aws_iam_policy_document.assume_role_policy",
            "module.eks.module.self_managed_node_group.data.aws_partition.current"
          ],
          "create_before_destroy": true
        },
        {
          "index_key": "AmazonEKSWorkerNodePolicy",
          "schema_version": 0,
          "attributes": {
            "id": "voip-sip-node-group-20260118164756556200000003/arn:aws:iam::aws:policy/AmazonEKSWorkerNodePolicy",
            "policy_arn": "arn:aws:iam::aws:policy/AmazonEKSWorkerNodePolicy",
            "role": "voip-sip-node-group-20260118164756556200000003"
          },
          "sensitive_attributes": [],
          "private": "bnVsbA==",
          "dependencies": [
            "module.eks.data.aws_caller_identity.current",
            "module.eks.data.aws_partition.current",
            "module.eks.module.self_managed_node_group.aws_iam_role.this",
            "module.eks.module.self_managed_node_group.data.aws_caller_identity.current",
            "module.eks.module.self_managed_node_group.data.aws_iam_policy_document.assume_role_policy",
            "module.eks.module.self_managed_node_group.data.aws_partition.current"
          ],
          "create_before_destroy": true
        },
        {
          "index_key": "AmazonEKS_CNI_Policy",
          "schema_version": 0,
          "attributes": {
            "id": "voip-sip-node-group-20260118164756556200000003/arn:aws:iam::aws:policy/AmazonEKS_CNI_Policy",
            "policy_arn": "arn:aws:iam::aws:policy/AmazonEKS_CNI_Policy",
            "role": "voip-sip-node-group-20260118164756556200000003"
          },
          "sensitive_attributes": [],
          "private": "bnVsbA==",
          "dependencies": [
            "module.eks.data.aws_caller_identity.current",
            "module.eks.data.aws_partition.current",
            "module.eks.module.self_managed_node_group.aws_iam_role.this",
            "module.eks.module.self_managed_node_group.data.aws_caller_identity.current",
            "module.eks.module.self_managed_node_group.data.aws_iam_policy_document.assume_role_policy",
            "module.eks.module.self_managed_node_group.data.aws_partition.current"
          ],
          "create_before_destroy": true
        }
      ]
    },
    {
      "module": "module.eks.module.self_managed_node_group[\"voip-sip\"]",
      "mode": "managed",
      "type": "aws_launch_template",
      "name": "this",
      "provider": "provider[\"registry.terraform.io/hashicorp/aws\"]",
      "instances": [
        {
          "index_key": 0,
          "schema_version": 1,
          "attributes": {
            "arn": "arn:aws:ec2:us-east-1:967985385347:launch-template/lt-015e73a620e6b8041",
            "block_device_mappings": [
              {
                "device_name": "/dev/xvda",
                "ebs": [
                  {
                    "delete_on_termination": "true",
                    "encrypted": "true",
                    "iops": 0,
                    "kms_key_id": "",
                    "snapshot_id": "",
                    "throughput": 0,
                    "volume_initialization_rate": 0,
                    "volume_size": 50,
                    "volume_type": "gp3"
                  }
                ],
                "no_device": "",
                "virtual_name": ""
              }
            ],
            "capacity_reservation_specification": [],
            "cpu_options": [],
            "credit_specification": [],
            "default_version": 1,
            "description": "Custom launch template for voip-sip self managed node group",
            "disable_api_stop": false,
            "disable_api_termination": false,
            "ebs_optimized": "",
            "enclave_options": [],
            "hibernation_options": [],
            "iam_instance_profile": [
              {
                "arn": "arn:aws:iam::967985385347:instance-profile/voip-sip-node-group-2026011816475735880000000b",
                "name": ""
              }
            ],
            "id": "lt-015e73a620e6b8041",
            "image_id": "ami-057056864e83ba9df",
            "instance_initiated_shutdown_behavior": "",
            "instance_market_options": [],
            "instance_requirements": [],
            "instance_type": "c7i-flex.large",
            "kernel_id": "",
            "key_name": "",
            "latest_version": 1,
            "license_specification": [],
            "maintenance_options": [],
            "metadata_options": [
              {
                "http_endpoint": "enabled",
                "http_protocol_ipv6": "",
                "http_put_response_hop_limit": 2,
                "http_tokens": "required",
                "instance_metadata_tags": ""
              }
            ],
            "monitoring": [],
            "name": "voip-sip-20260118165754230100000011",
            "name_prefix": "voip-sip-",
            "network_interfaces": [
              {
                "associate_carrier_ip_address": "",
                "associate_public_ip_address": "true",
                "connection_tracking_specification": [],
                "delete_on_termination": "true",
                "description": "Primary ENI for SIP node with public IP",
                "device_index": 0,
                "ena_srd_specification": [],
                "interface_type": "",
                "ipv4_address_count": 0,
                "ipv4_addresses": [],
                "ipv4_prefix_count": 0,
                "ipv4_prefixes": [],
                "ipv6_address_count": 0,
                "ipv6_addresses": [],
                "ipv6_prefix_count": 0,
                "ipv6_prefixes": [],
                "network_card_index": 0,
                "network_interface_id": "",
                "primary_ipv6": "",
                "private_ip_address": "",
                "security_groups": [
                  "sg-07043cef3cc4aaa20"
                ],
                "subnet_id": ""
              }
            ],
            "placement": [],
            "private_dns_name_options": [],
            "ram_disk_id": "",
            "region": "us-east-1",
            "security_group_names": [],
            "tag_specifications": [
              {
                "resource_type": "instance",
                "tags": {
                  "ClusterName": "bonz-dev",
                  "Component": "jambonz-sbc-sip",
                  "Environment": "dev",
                  "ManagedBy": "terraform",
                  "Name": "voip-sip",
                  "NodeGroup": "voip-sip",
                  "Project": "bonz-dev",
                  "Purpose": "sip-signaling"
                }
              },
              {
                "resource_type": "network-interface",
                "tags": {
                  "ClusterName": "bonz-dev",
                  "Component": "jambonz-sbc-sip",
                  "Environment": "dev",
                  "ManagedBy": "terraform",
                  "Name": "voip-sip",
                  "NodeGroup": "voip-sip",
                  "Project": "bonz-dev",
                  "Purpose": "sip-signaling"
                }
              },
              {
                "resource_type": "volume",
                "tags": {
                  "ClusterName": "bonz-dev",
                  "Component": "jambonz-sbc-sip",
                  "Environment": "dev",
                  "ManagedBy": "terraform",
                  "Name": "voip-sip",
                  "NodeGroup": "voip-sip",
                  "Project": "bonz-dev",
                  "Purpose": "sip-signaling"
                }
              }
            ],
            "tags": {
              "ClusterName": "bonz-dev",
              "Component": "jambonz-sbc-sip",
              "Environment": "dev",
              "ManagedBy": "terraform",
              "NodeGroup": "voip-sip",
              "Project": "bonz-dev",
              "Purpose": "sip-signaling"
            },
            "tags_all": {
              "ClusterName": "bonz-dev",
              "Component": "jambonz-sbc-sip",
              "Environment": "dev",
              "ManagedBy": "terraform",
              "NodeGroup": "voip-sip",
              "Project": "bonz-dev",
              "Purpose": "sip-signaling"
            },
            "update_default_version": true,
            "user_data": "Q29udGVudC1UeXBlOiBtdWx0aXBhcnQvbWl4ZWQ7IGJvdW5kYXJ5PSJNSU1FQk9VTkRBUlkiCk1JTUUtVmVyc2lvbjogMS4wDQoNCi0tTUlNRUJPVU5EQVJZDQpDb250ZW50LVRyYW5zZmVyLUVuY29kaW5nOiA3Yml0DQpDb250ZW50LVR5cGU6IGFwcGxpY2F0aW9uL25vZGUuZWtzLmF3cw0KTWltZS1WZXJzaW9uOiAxLjANCg0KLS0tCmFwaVZlcnNpb246IG5vZGUuZWtzLmF3cy92MWFscGhhMQpraW5kOiBOb2RlQ29uZmlnCnNwZWM6CiAga3ViZWxldDoKICAgIGZsYWdzOgogICAgICAtIC0tbm9kZS1sYWJlbHM9dm9pcC1lbnZpcm9ubWVudD1zaXAsd29ya2xvYWQ9dm9pcC1lZGdlLG5ldHdvcms9cHVibGljCiAgICBjb25maWc6CiAgICAgIHJlZ2lzdGVyV2l0aFRhaW50czoKICAgICAgICAtIGtleTogdm9pcC1lbnZpcm9ubWVudAogICAgICAgICAgdmFsdWU6IHNpcAogICAgICAgICAgZWZmZWN0OiBOb1NjaGVkdWxlCg0KLS1NSU1FQk9VTkRBUlkNCkNvbnRlbnQtVHJhbnNmZXItRW5jb2Rpbmc6IDdiaXQNCkNvbnRlbnQtVHlwZTogYXBwbGljYXRpb24vbm9kZS5la3MuYXdzDQpNaW1lLVZlcnNpb246IDEuMA0KDQotLS0KYXBpVmVyc2lvbjogbm9kZS5la3MuYXdzL3YxYWxwaGExCmtpbmQ6IE5vZGVDb25maWcKc3BlYzoKICBjbHVzdGVyOgogICAgbmFtZTogYm9uei1kZXYKICAgIGFwaVNlcnZlckVuZHBvaW50OiBodHRwczovLzdCNEVFMEE3RjE3MzhCMEJENDFCREMyNDcxOEFBMTFGLmdyNy51cy1lYXN0LTEuZWtzLmFtYXpvbmF3cy5jb20KICAgIGNlcnRpZmljYXRlQXV0aG9yaXR5OiBMUzB0TFMxQ1JVZEpUaUJEUlZKVVNVWkpRMEZVUlMwdExTMHRDazFKU1VSQ1ZFTkRRV1V5WjBGM1NVSkJaMGxKVkM5NGJsbENjVkZwVWtWM1JGRlpTa3R2V2tsb2RtTk9RVkZGVEVKUlFYZEdWRVZVVFVKRlIwRXhWVVVLUVhoTlMyRXpWbWxhV0VwMVdsaFNiR042UVdWR2R6QjVUbXBCZUUxVVozaE9hbEV6VGxSQ1lVWjNNSHBPYWtGNFRWUlplRTVxVlhsT1ZFSmhUVUpWZUFwRmVrRlNRbWRPVmtKQlRWUkRiWFF4V1cxV2VXSnRWakJhV0UxM1oyZEZhVTFCTUVkRFUzRkhVMGxpTTBSUlJVSkJVVlZCUVRSSlFrUjNRWGRuWjBWTENrRnZTVUpCVVVOeGN6aDNWM0FyVGxvd09HcFFjR00wVUhCWFRVSXJiRXRZVDNwME5VSndZVEZUWkhBNGFVaGtaVWRVZUdRM01tNUVUVlJxTW5sb01tZ0tkSGM1VGt3NE1rWkpZbTlGZVhGQlUwaHZNalJPVUVOa1VXNTVPVUpyZEhWdGIwYzJZbEJHYTJkcmRHVXZTWGRUTjFCMVRIVnRhbTgyTjBGWE4yRlpOd295YWpKWGJFRmlZMVpNZUhGUlluUXdSbVUwZWpsMVdVZExhMmhrWms5NU1uaG1lWGxCVnpsRlZXSklUMnBoVWpSc015dHFiMVpwUlZVd1RucEpSMHB6Q2twMFZFWmFaVkV3YUZvckszRlZOa1l5YW5OWlpHSnhNWEp5T0V4dVIyeG9XVTlXUmxKdWRWUkxjMUJEWkUxSk5Yb3lTR2szWkM4NWJXUlZkakpxYm5vS05EWkJWVkpxT0ZwM1IzVkpOMVJzV2taTFMzQktPR1JaVUcxTE56QkZiV1JCS3pCRU15OVZXVlpOTjBsNllqQnJka0k1T1M5RmEwMU9ZVlZrZEM5R2N3cEVlRmxqWVVsVlVXYzNTWFZEYUdjeVdHdGxOVGROWWxoMmNHWmlRV2ROUWtGQlIycFhWRUpZVFVFMFIwRXhWV1JFZDBWQ0wzZFJSVUYzU1VOd1JFRlFDa0puVGxaSVVrMUNRV1k0UlVKVVFVUkJVVWd2VFVJd1IwRXhWV1JFWjFGWFFrSlVkVVJxZDNoQ00ycHNVRkZKVlU1cE1GUTRabVpoV1dWV2NHTnFRVllLUW1kT1ZraFNSVVZFYWtGTloyZHdjbVJYU214amJUVnNaRWRXZWsxQk1FZERVM0ZIVTBsaU0wUlJSVUpEZDFWQlFUUkpRa0ZSUVRkVFRrSkNURzVxZGdwNE5VbG9jVWhyT0VaMFNGbFNhVEl2TDJZM1N6ZFBTMVJYT1ZFMWJVa3djMlV2Ylc5MWJtMXBPRVpKYmtSRFlVVkJjWGMwYjBkelQyMDRSbVZLUlRsVkNuVlhXVlYyY1VGUWRWaDNOM0E1YkhwbVlYcFRWR3BLWTNRemNscFVMM1F3VkhocFlucHZPVWQzWm5ZeFpuaERRbGxWVGtSbVpTc3JiRXhCTVV4RFdIUUtSVU5QVEROWk5FVTNibE5uS3pnMFlXaHFXVmhTYkVoVFVtRXlLMnRtWnpCemRWUlJkV3d4WlhJNVdrWkVWRVZJVEZwMVdVWXZkSFZRU25OVk5uaDVSUXAzT1VkVWRqRndkakZwTVd0bWFURk9ha2hTTVhNeVNYUldjVEp2UWxGRU9HVkVTV2RYTDB0VU1YRkxRbVJsY0ZKcGMwZEdRMGRSYmswM04wUjVWVVptQ2pRd1R6WmpNMnhvYTBJeE5VNVFjMjgwWlRsMk5GVktRalZQYVU1RVFURmFTazVYTWtsVmJVdFRMek53TWxKU2VrbGhiR1ZHVTFNM1kxVndTMUpJWW5jS09HbEJUVGh4VldjMFkxSkVDaTB0TFMwdFJVNUVJRU5GVWxSSlJrbERRVlJGTFMwdExTMEsKICAgIGNpZHI6IDEwLjEwMC4wLjAvMTYKDQotLU1JTUVCT1VOREFSWS0tDQo=",
            "vpc_security_group_ids": []
          },
          "sensitive_attributes": [],
          "private": "eyJzY2hlbWFfdmVyc2lvbiI6IjEifQ==",
          "dependencies": [
            "module.eks.aws_cloudwatch_log_group.this",
            "module.eks.aws_eks_cluster.this",
            "module.eks.aws_iam_policy.cni_ipv6_policy",
            "module.eks.aws_iam_role.eks_auto",
            "module.eks.aws_iam_role.this",
            "module.eks.aws_iam_role_policy_attachment.this",
            "module.eks.aws_security_group.cluster",
            "module.eks.aws_security_group.node",
            "module.eks.aws_security_group_rule.cluster",
            "module.eks.aws_security_group_rule.node",
            "module.eks.data.aws_caller_identity.current",
            "module.eks.data.aws_iam_policy_document.assume_role_policy",
            "module.eks.data.aws_iam_policy_document.cni_ipv6_policy",
            "module.eks.data.aws_iam_policy_document.node_assume_role_policy",
            "module.eks.data.aws_iam_session_context.current",
            "module.eks.data.aws_partition.current",
            "module.eks.module.kms.aws_kms_external_key.this",
            "module.eks.module.kms.aws_kms_key.this",
            "module.eks.module.kms.aws_kms_replica_external_key.this",
            "module.eks.module.kms.aws_kms_replica_key.this",
            "module.eks.module.kms.data.aws_caller_identity.current",
            "module.eks.module.kms.data.aws_iam_policy_document.this",
            "module.eks.module.kms.data.aws_partition.current",
            "module.eks.module.self_managed_node_group.aws_iam_instance_profile.this",
            "module.eks.module.self_managed_node_group.aws_iam_role.this",
            "module.eks.module.self_managed_node_group.aws_iam_role_policy_attachment.additional",
            "module.eks.module.self_managed_node_group.aws_iam_role_policy_attachment.this",
            "module.eks.module.self_managed_node_group.aws_placement_group.this",
            "module.eks.module.self_managed_node_group.data.aws_caller_identity.current",
            "module.eks.module.self_managed_node_group.data.aws_ec2_instance_type.this",
            "module.eks.module.self_managed_node_group.data.aws_iam_policy_document.assume_role_policy",
            "module.eks.module.self_managed_node_group.data.aws_partition.current",
            "module.eks.module.self_managed_node_group.data.aws_ssm_parameter.ami",
            "module.eks.module.self_managed_node_group.module.user_data.data.cloudinit_config.al2023_eks_managed_node_group",
            "module.eks.module.self_managed_node_group.module.user_data.data.cloudinit_config.al2_eks_managed_node_group",
            "module.eks.time_sleep.this"
          ],
          "create_before_destroy": true
        }
      ]
    },
    {
      "module": "module.eks.module.self_managed_node_group[\"voip-sip\"]",
      "mode": "managed",
      "type": "aws_security_group",
      "name": "this",
      "provider": "provider[\"registry.terraform.io/hashicorp/aws\"]",
      "instances": [
        {
          "index_key": 0,
          "schema_version": 1,
          "attributes": {
            "arn": "arn:aws:ec2:us-east-1:967985385347:security-group/sg-0777b8a0e7f416c17",
            "description": "Managed by Terraform",
            "egress": [
              {
                "cidr_blocks": [
                  "0.0.0.0/0"
                ],
                "description": "Allow all outbound traffic",
                "from_port": 0,
                "ipv6_cidr_blocks": [],
                "prefix_list_ids": [],
                "protocol": "-1",
                "security_groups": [],
                "self": false,
                "to_port": 0
              }
            ],
            "id": "sg-0777b8a0e7f416c17",
            "ingress": [
              {
                "cidr_blocks": [
                  "103.109.103.64/28",
                  "185.45.152.0/24",
                  "185.45.155.0/24",
                  "15.235.128.64/28",
                  "185.45.154.0/24",
                  "31.31.222.192/27",
                  "195.122.19.0/27"
                ],
                "description": "SIP UDP - Zadarma",
                "from_port": 5060,
                "ipv6_cidr_blocks": [],
                "prefix_list_ids": [],
                "protocol": "udp",
                "security_groups": [],
                "self": false,
                "to_port": 5060
              },
              {
                "cidr_blocks": [
                  "15.235.128.64/28",
                  "185.45.154.0/24",
                  "31.31.222.192/27",
                  "195.122.19.0/27",
                  "185.45.152.0/24",
                  "185.45.155.0/24",
                  "103.109.103.64/28"
                ],
                "description": "SIP TLS - Zadarma",
                "from_port": 5061,
                "ipv6_cidr_blocks": [],
                "prefix_list_ids": [],
                "protocol": "tcp",
                "security_groups": [],
                "self": false,
                "to_port": 5061
              },
              {
                "cidr_blocks": [
                  "172.31.0.0/16"
                ],
                "description": "drachtio admin port (internal)",
                "from_port": 9022,
                "ipv6_cidr_blocks": [],
                "prefix_list_ids": [],
                "protocol": "tcp",
                "security_groups": [],
                "self": false,
                "to_port": 9022
              },
              {
                "cidr_blocks": [
                  "195.122.19.0/27",
                  "31.31.222.192/27",
                  "185.45.154.0/24",
                  "15.235.128.64/28",
                  "103.109.103.64/28",
                  "185.45.152.0/24",
                  "185.45.155.0/24"
                ],
                "description": "SIP TCP - Zadarma",
                "from_port": 5060,
                "ipv6_cidr_blocks": [],
                "prefix_list_ids": [],
                "protocol": "tcp",
                "security_groups": [],
                "self": false,
                "to_port": 5060
              }
            ],
            "name": "bonz-dev-voip-sip-20260118165754033800000010",
            "name_prefix": "bonz-dev-voip-sip-",
            "owner_id": "967985385347",
            "region": "us-east-1",
            "revoke_rules_on_delete": false,
            "tags": {
              "ClusterName": "bonz-dev",
              "Component": "jambonz-sbc-sip",
              "Environment": "dev",
              "ManagedBy": "terraform",
              "Name": "bonz-dev-voip-sip",
              "NodeGroup": "voip-sip",
              "Project": "bonz-dev",
              "Purpose": "sip-signaling"
            },
            "tags_all": {
              "ClusterName": "bonz-dev",
              "Component": "jambonz-sbc-sip",
              "Environment": "dev",
              "ManagedBy": "terraform",
              "Name": "bonz-dev-voip-sip",
              "NodeGroup": "voip-sip",
              "Project": "bonz-dev",
              "Purpose": "sip-signaling"
            },
            "timeouts": null,
            "vpc_id": "vpc-02cd6ac6167097a01"
          },
          "sensitive_attributes": [],
          "private": "eyJlMmJmYjczMC1lY2FhLTExZTYtOGY4OC0zNDM2M2JjN2M0YzAiOnsiY3JlYXRlIjo2MDAwMDAwMDAwMDAsImRlbGV0ZSI6OTAwMDAwMDAwMDAwfSwic2NoZW1hX3ZlcnNpb24iOiIxIn0=",
          "dependencies": [
            "module.eks.aws_cloudwatch_log_group.this",
            "module.eks.aws_eks_cluster.this",
            "module.eks.aws_iam_policy.cni_ipv6_policy",
            "module.eks.aws_iam_role.eks_auto",
            "module.eks.aws_iam_role.this",
            "module.eks.aws_iam_role_policy_attachment.this",
            "module.eks.aws_security_group.cluster",
            "module.eks.aws_security_group.node",
            "module.eks.aws_security_group_rule.cluster",
            "module.eks.aws_security_group_rule.node",
            "module.eks.data.aws_caller_identity.current",
            "module.eks.data.aws_iam_policy_document.assume_role_policy",
            "module.eks.data.aws_iam_policy_document.cni_ipv6_policy",
            "module.eks.data.aws_iam_policy_document.node_assume_role_policy",
            "module.eks.data.aws_iam_session_context.current",
            "module.eks.data.aws_partition.current",
            "module.eks.module.kms.aws_kms_external_key.this",
            "module.eks.module.kms.aws_kms_key.this",
            "module.eks.module.kms.aws_kms_replica_external_key.this",
            "module.eks.module.kms.aws_kms_replica_key.this",
            "module.eks.module.kms.data.aws_caller_identity.current",
            "module.eks.module.kms.data.aws_iam_policy_document.this",
            "module.eks.module.kms.data.aws_partition.current",
            "module.eks.module.self_managed_node_group.data.aws_subnet.this",
            "module.eks.time_sleep.this"
          ],
          "create_before_destroy": true
        }
      ]
    },
    {
      "module": "module.eks.module.self_managed_node_group[\"voip-sip\"]",
      "mode": "managed",
      "type": "aws_vpc_security_group_egress_rule",
      "name": "this",
      "provider": "provider[\"registry.terraform.io/hashicorp/aws\"]",
      "instances": [
        {
          "index_key": "all_outbound",
          "schema_version": 0,
          "attributes": {
            "arn": "arn:aws:ec2:us-east-1:967985385347:security-group-rule/sgr-0cd7f73e17b41f930",
            "cidr_ipv4": "0.0.0.0/0",
            "cidr_ipv6": null,
            "description": "Allow all outbound traffic",
            "from_port": null,
            "id": "sgr-0cd7f73e17b41f930",
            "ip_protocol": "-1",
            "prefix_list_id": null,
            "referenced_security_group_id": null,
            "region": "us-east-1",
            "security_group_id": "sg-0777b8a0e7f416c17",
            "security_group_rule_id": "sgr-0cd7f73e17b41f930",
            "tags": {
              "ClusterName": "bonz-dev",
              "Component": "jambonz-sbc-sip",
              "Environment": "dev",
              "ManagedBy": "terraform",
              "Name": "bonz-dev-voip-sip-all_outbound",
              "NodeGroup": "voip-sip",
              "Project": "bonz-dev",
              "Purpose": "sip-signaling"
            },
            "tags_all": {
              "ClusterName": "bonz-dev",
              "Component": "jambonz-sbc-sip",
              "Environment": "dev",
              "ManagedBy": "terraform",
              "Name": "bonz-dev-voip-sip-all_outbound",
              "NodeGroup": "voip-sip",
              "Project": "bonz-dev",
              "Purpose": "sip-signaling"
            },
            "to_port": null
          },
          "sensitive_attributes": [],
          "dependencies": [
            "module.eks.aws_cloudwatch_log_group.this",
            "module.eks.aws_eks_cluster.this",
            "module.eks.aws_iam_policy.cni_ipv6_policy",
            "module.eks.aws_iam_role.eks_auto",
            "module.eks.aws_iam_role.this",
            "module.eks.aws_iam_role_policy_attachment.this",
            "module.eks.aws_security_group.cluster",
            "module.eks.aws_security_group.node",
            "module.eks.aws_security_group_rule.cluster",
            "module.eks.aws_security_group_rule.node",
            "module.eks.data.aws_caller_identity.current",
            "module.eks.data.aws_iam_policy_document.assume_role_policy",
            "module.eks.data.aws_iam_policy_document.cni_ipv6_policy",
            "module.eks.data.aws_iam_policy_document.node_assume_role_policy",
            "module.eks.data.aws_iam_session_context.current",
            "module.eks.data.aws_partition.current",
            "module.eks.module.kms.aws_kms_external_key.this",
            "module.eks.module.kms.aws_kms_key.this",
            "module.eks.module.kms.aws_kms_replica_external_key.this",
            "module.eks.module.kms.aws_kms_replica_key.this",
            "module.eks.module.kms.data.aws_caller_identity.current",
            "module.eks.module.kms.data.aws_iam_policy_document.this",
            "module.eks.module.kms.data.aws_partition.current",
            "module.eks.module.self_managed_node_group.aws_security_group.this",
            "module.eks.module.self_managed_node_group.data.aws_subnet.this",
            "module.eks.time_sleep.this"
          ]
        }
      ]
    },
    {
      "module": "module.eks.module.self_managed_node_group[\"voip-sip\"]",
      "mode": "managed",
      "type": "aws_vpc_security_group_ingress_rule",
      "name": "this",
      "provider": "provider[\"registry.terraform.io/hashicorp/aws\"]",
      "instances": [
        {
          "index_key": "drachtio_admin",
          "schema_version": 0,
          "attributes": {
            "arn": "arn:aws:ec2:us-east-1:967985385347:security-group-rule/sgr-07c83c49df81f8b14",
            "cidr_ipv4": "172.31.0.0/16",
            "cidr_ipv6": null,
            "description": "drachtio admin port (internal)",
            "from_port": 9022,
            "id": "sgr-07c83c49df81f8b14",
            "ip_protocol": "tcp",
            "prefix_list_id": null,
            "referenced_security_group_id": null,
            "region": "us-east-1",
            "security_group_id": "sg-0777b8a0e7f416c17",
            "security_group_rule_id": "sgr-07c83c49df81f8b14",
            "tags": {
              "ClusterName": "bonz-dev",
              "Component": "jambonz-sbc-sip",
              "Environment": "dev",
              "ManagedBy": "terraform",
              "Name": "bonz-dev-voip-sip-drachtio_admin",
              "NodeGroup": "voip-sip",
              "Project": "bonz-dev",
              "Purpose": "sip-signaling"
            },
            "tags_all": {
              "ClusterName": "bonz-dev",
              "Component": "jambonz-sbc-sip",
              "Environment": "dev",
              "ManagedBy": "terraform",
              "Name": "bonz-dev-voip-sip-drachtio_admin",
              "NodeGroup": "voip-sip",
              "Project": "bonz-dev",
              "Purpose": "sip-signaling"
            },
            "to_port": 9022
          },
          "sensitive_attributes": [],
          "dependencies": [
            "module.eks.aws_cloudwatch_log_group.this",
            "module.eks.aws_eks_cluster.this",
            "module.eks.aws_iam_policy.cni_ipv6_policy",
            "module.eks.aws_iam_role.eks_auto",
            "module.eks.aws_iam_role.this",
            "module.eks.aws_iam_role_policy_attachment.this",
            "module.eks.aws_security_group.cluster",
            "module.eks.aws_security_group.node",
            "module.eks.aws_security_group_rule.cluster",
            "module.eks.aws_security_group_rule.node",
            "module.eks.data.aws_caller_identity.current",
            "module.eks.data.aws_iam_policy_document.assume_role_policy",
            "module.eks.data.aws_iam_policy_document.cni_ipv6_policy",
            "module.eks.data.aws_iam_policy_document.node_assume_role_policy",
            "module.eks.data.aws_iam_session_context.current",
            "module.eks.data.aws_partition.current",
            "module.eks.module.kms.aws_kms_external_key.this",
            "module.eks.module.kms.aws_kms_key.this",
            "module.eks.module.kms.aws_kms_replica_external_key.this",
            "module.eks.module.kms.aws_kms_replica_key.this",
            "module.eks.module.kms.data.aws_caller_identity.current",
            "module.eks.module.kms.data.aws_iam_policy_document.this",
            "module.eks.module.kms.data.aws_partition.current",
            "module.eks.module.self_managed_node_group.aws_security_group.this",
            "module.eks.module.self_managed_node_group.data.aws_subnet.this",
            "module.eks.time_sleep.this"
          ]
        },
        {
          "index_key": "sip_tcp_zadarma_1",
          "schema_version": 0,
          "attributes": {
            "arn": "arn:aws:ec2:us-east-1:967985385347:security-group-rule/sgr-04b16ba3e23e45483",
            "cidr_ipv4": "185.45.152.0/24",
            "cidr_ipv6": null,
            "description": "SIP TCP - Zadarma",
            "from_port": 5060,
            "id": "sgr-04b16ba3e23e45483",
            "ip_protocol": "tcp",
            "prefix_list_id": null,
            "referenced_security_group_id": null,
            "region": "us-east-1",
            "security_group_id": "sg-0777b8a0e7f416c17",
            "security_group_rule_id": "sgr-04b16ba3e23e45483",
            "tags": {
              "ClusterName": "bonz-dev",
              "Component": "jambonz-sbc-sip",
              "Environment": "dev",
              "ManagedBy": "terraform",
              "Name": "bonz-dev-voip-sip-sip_tcp_zadarma_1",
              "NodeGroup": "voip-sip",
              "Project": "bonz-dev",
              "Purpose": "sip-signaling"
            },
            "tags_all": {
              "ClusterName": "bonz-dev",
              "Component": "jambonz-sbc-sip",
              "Environment": "dev",
              "ManagedBy": "terraform",
              "Name": "bonz-dev-voip-sip-sip_tcp_zadarma_1",
              "NodeGroup": "voip-sip",
              "Project": "bonz-dev",
              "Purpose": "sip-signaling"
            },
            "to_port": 5060
          },
          "sensitive_attributes": [],
          "dependencies": [
            "module.eks.aws_cloudwatch_log_group.this",
            "module.eks.aws_eks_cluster.this",
            "module.eks.aws_iam_policy.cni_ipv6_policy",
            "module.eks.aws_iam_role.eks_auto",
            "module.eks.aws_iam_role.this",
            "module.eks.aws_iam_role_policy_attachment.this",
            "module.eks.aws_security_group.cluster",
            "module.eks.aws_security_group.node",
            "module.eks.aws_security_group_rule.cluster",
            "module.eks.aws_security_group_rule.node",
            "module.eks.data.aws_caller_identity.current",
            "module.eks.data.aws_iam_policy_document.assume_role_policy",
            "module.eks.data.aws_iam_policy_document.cni_ipv6_policy",
            "module.eks.data.aws_iam_policy_document.node_assume_role_policy",
            "module.eks.data.aws_iam_session_context.current",
            "module.eks.data.aws_partition.current",
            "module.eks.module.kms.aws_kms_external_key.this",
            "module.eks.module.kms.aws_kms_key.this",
            "module.eks.module.kms.aws_kms_replica_external_key.this",
            "module.eks.module.kms.aws_kms_replica_key.this",
            "module.eks.module.kms.data.aws_caller_identity.current",
            "module.eks.module.kms.data.aws_iam_policy_document.this",
            "module.eks.module.kms.data.aws_partition.current",
            "module.eks.module.self_managed_node_group.aws_security_group.this",
            "module.eks.module.self_managed_node_group.data.aws_subnet.this",
            "module.eks.time_sleep.this"
          ]
        },
        {
          "index_key": "sip_tcp_zadarma_2",
          "schema_version": 0,
          "attributes": {
            "arn": "arn:aws:ec2:us-east-1:967985385347:security-group-rule/sgr-0b7eecf39315cfc52",
            "cidr_ipv4": "185.45.154.0/24",
            "cidr_ipv6": null,
            "description": "SIP TCP - Zadarma",
            "from_port": 5060,
            "id": "sgr-0b7eecf39315cfc52",
            "ip_protocol": "tcp",
            "prefix_list_id": null,
            "referenced_security_group_id": null,
            "region": "us-east-1",
            "security_group_id": "sg-0777b8a0e7f416c17",
            "security_group_rule_id": "sgr-0b7eecf39315cfc52",
            "tags": {
              "ClusterName": "bonz-dev",
              "Component": "jambonz-sbc-sip",
              "Environment": "dev",
              "ManagedBy": "terraform",
              "Name": "bonz-dev-voip-sip-sip_tcp_zadarma_2",
              "NodeGroup": "voip-sip",
              "Project": "bonz-dev",
              "Purpose": "sip-signaling"
            },
            "tags_all": {
              "ClusterName": "bonz-dev",
              "Component": "jambonz-sbc-sip",
              "Environment": "dev",
              "ManagedBy": "terraform",
              "Name": "bonz-dev-voip-sip-sip_tcp_zadarma_2",
              "NodeGroup": "voip-sip",
              "Project": "bonz-dev",
              "Purpose": "sip-signaling"
            },
            "to_port": 5060
          },
          "sensitive_attributes": [],
          "dependencies": [
            "module.eks.aws_cloudwatch_log_group.this",
            "module.eks.aws_eks_cluster.this",
            "module.eks.aws_iam_policy.cni_ipv6_policy",
            "module.eks.aws_iam_role.eks_auto",
            "module.eks.aws_iam_role.this",
            "module.eks.aws_iam_role_policy_attachment.this",
            "module.eks.aws_security_group.cluster",
            "module.eks.aws_security_group.node",
            "module.eks.aws_security_group_rule.cluster",
            "module.eks.aws_security_group_rule.node",
            "module.eks.data.aws_caller_identity.current",
            "module.eks.data.aws_iam_policy_document.assume_role_policy",
            "module.eks.data.aws_iam_policy_document.cni_ipv6_policy",
            "module.eks.data.aws_iam_policy_document.node_assume_role_policy",
            "module.eks.data.aws_iam_session_context.current",
            "module.eks.data.aws_partition.current",
            "module.eks.module.kms.aws_kms_external_key.this",
            "module.eks.module.kms.aws_kms_key.this",
            "module.eks.module.kms.aws_kms_replica_external_key.this",
            "module.eks.module.kms.aws_kms_replica_key.this",
            "module.eks.module.kms.data.aws_caller_identity.current",
            "module.eks.module.kms.data.aws_iam_policy_document.this",
            "module.eks.module.kms.data.aws_partition.current",
            "module.eks.module.self_managed_node_group.aws_security_group.this",
            "module.eks.module.self_managed_node_group.data.aws_subnet.this",
            "module.eks.time_sleep.this"
          ]
        },
        {
          "index_key": "sip_tcp_zadarma_3",
          "schema_version": 0,
          "attributes": {
            "arn": "arn:aws:ec2:us-east-1:967985385347:security-group-rule/sgr-0586c1d2f7b14d138",
            "cidr_ipv4": "185.45.155.0/24",
            "cidr_ipv6": null,
            "description": "SIP TCP - Zadarma",
            "from_port": 5060,
            "id": "sgr-0586c1d2f7b14d138",
            "ip_protocol": "tcp",
            "prefix_list_id": null,
            "referenced_security_group_id": null,
            "region": "us-east-1",
            "security_group_id": "sg-0777b8a0e7f416c17",
            "security_group_rule_id": "sgr-0586c1d2f7b14d138",
            "tags": {
              "ClusterName": "bonz-dev",
              "Component": "jambonz-sbc-sip",
              "Environment": "dev",
              "ManagedBy": "terraform",
              "Name": "bonz-dev-voip-sip-sip_tcp_zadarma_3",
              "NodeGroup": "voip-sip",
              "Project": "bonz-dev",
              "Purpose": "sip-signaling"
            },
            "tags_all": {
              "ClusterName": "bonz-dev",
              "Component": "jambonz-sbc-sip",
              "Environment": "dev",
              "ManagedBy": "terraform",
              "Name": "bonz-dev-voip-sip-sip_tcp_zadarma_3",
              "NodeGroup": "voip-sip",
              "Project": "bonz-dev",
              "Purpose": "sip-signaling"
            },
            "to_port": 5060
          },
          "sensitive_attributes": [],
          "dependencies": [
            "module.eks.aws_cloudwatch_log_group.this",
            "module.eks.aws_eks_cluster.this",
            "module.eks.aws_iam_policy.cni_ipv6_policy",
            "module.eks.aws_iam_role.eks_auto",
            "module.eks.aws_iam_role.this",
            "module.eks.aws_iam_role_policy_attachment.this",
            "module.eks.aws_security_group.cluster",
            "module.eks.aws_security_group.node",
            "module.eks.aws_security_group_rule.cluster",
            "module.eks.aws_security_group_rule.node",
            "module.eks.data.aws_caller_identity.current",
            "module.eks.data.aws_iam_policy_document.assume_role_policy",
            "module.eks.data.aws_iam_policy_document.cni_ipv6_policy",
            "module.eks.data.aws_iam_policy_document.node_assume_role_policy",
            "module.eks.data.aws_iam_session_context.current",
            "module.eks.data.aws_partition.current",
            "module.eks.module.kms.aws_kms_external_key.this",
            "module.eks.module.kms.aws_kms_key.this",
            "module.eks.module.kms.aws_kms_replica_external_key.this",
            "module.eks.module.kms.aws_kms_replica_key.this",
            "module.eks.module.kms.data.aws_caller_identity.current",
            "module.eks.module.kms.data.aws_iam_policy_document.this",
            "module.eks.module.kms.data.aws_partition.current",
            "module.eks.module.self_managed_node_group.aws_security_group.this",
            "module.eks.module.self_managed_node_group.data.aws_subnet.this",
            "module.eks.time_sleep.this"
          ]
        },
        {
          "index_key": "sip_tcp_zadarma_4",
          "schema_version": 0,
          "attributes": {
            "arn": "arn:aws:ec2:us-east-1:967985385347:security-group-rule/sgr-03d91e0edcba24b4e",
            "cidr_ipv4": "195.122.19.0/27",
            "cidr_ipv6": null,
            "description": "SIP TCP - Zadarma",
            "from_port": 5060,
            "id": "sgr-03d91e0edcba24b4e",
            "ip_protocol": "tcp",
            "prefix_list_id": null,
            "referenced_security_group_id": null,
            "region": "us-east-1",
            "security_group_id": "sg-0777b8a0e7f416c17",
            "security_group_rule_id": "sgr-03d91e0edcba24b4e",
            "tags": {
              "ClusterName": "bonz-dev",
              "Component": "jambonz-sbc-sip",
              "Environment": "dev",
              "ManagedBy": "terraform",
              "Name": "bonz-dev-voip-sip-sip_tcp_zadarma_4",
              "NodeGroup": "voip-sip",
              "Project": "bonz-dev",
              "Purpose": "sip-signaling"
            },
            "tags_all": {
              "ClusterName": "bonz-dev",
              "Component": "jambonz-sbc-sip",
              "Environment": "dev",
              "ManagedBy": "terraform",
              "Name": "bonz-dev-voip-sip-sip_tcp_zadarma_4",
              "NodeGroup": "voip-sip",
              "Project": "bonz-dev",
              "Purpose": "sip-signaling"
            },
            "to_port": 5060
          },
          "sensitive_attributes": [],
          "dependencies": [
            "module.eks.aws_cloudwatch_log_group.this",
            "module.eks.aws_eks_cluster.this",
            "module.eks.aws_iam_policy.cni_ipv6_policy",
            "module.eks.aws_iam_role.eks_auto",
            "module.eks.aws_iam_role.this",
            "module.eks.aws_iam_role_policy_attachment.this",
            "module.eks.aws_security_group.cluster",
            "module.eks.aws_security_group.node",
            "module.eks.aws_security_group_rule.cluster",
            "module.eks.aws_security_group_rule.node",
            "module.eks.data.aws_caller_identity.current",
            "module.eks.data.aws_iam_policy_document.assume_role_policy",
            "module.eks.data.aws_iam_policy_document.cni_ipv6_policy",
            "module.eks.data.aws_iam_policy_document.node_assume_role_policy",
            "module.eks.data.aws_iam_session_context.current",
            "module.eks.data.aws_partition.current",
            "module.eks.module.kms.aws_kms_external_key.this",
            "module.eks.module.kms.aws_kms_key.this",
            "module.eks.module.kms.aws_kms_replica_external_key.this",
            "module.eks.module.kms.aws_kms_replica_key.this",
            "module.eks.module.kms.data.aws_caller_identity.current",
            "module.eks.module.kms.data.aws_iam_policy_document.this",
            "module.eks.module.kms.data.aws_partition.current",
            "module.eks.module.self_managed_node_group.aws_security_group.this",
            "module.eks.module.self_managed_node_group.data.aws_subnet.this",
            "module.eks.time_sleep.this"
          ]
        },
        {
          "index_key": "sip_tcp_zadarma_5",
          "schema_version": 0,
          "attributes": {
            "arn": "arn:aws:ec2:us-east-1:967985385347:security-group-rule/sgr-02342e1060ed75358",
            "cidr_ipv4": "103.109.103.64/28",
            "cidr_ipv6": null,
            "description": "SIP TCP - Zadarma",
            "from_port": 5060,
            "id": "sgr-02342e1060ed75358",
            "ip_protocol": "tcp",
            "prefix_list_id": null,
            "referenced_security_group_id": null,
            "region": "us-east-1",
            "security_group_id": "sg-0777b8a0e7f416c17",
            "security_group_rule_id": "sgr-02342e1060ed75358",
            "tags": {
              "ClusterName": "bonz-dev",
              "Component": "jambonz-sbc-sip",
              "Environment": "dev",
              "ManagedBy": "terraform",
              "Name": "bonz-dev-voip-sip-sip_tcp_zadarma_5",
              "NodeGroup": "voip-sip",
              "Project": "bonz-dev",
              "Purpose": "sip-signaling"
            },
            "tags_all": {
              "ClusterName": "bonz-dev",
              "Component": "jambonz-sbc-sip",
              "Environment": "dev",
              "ManagedBy": "terraform",
              "Name": "bonz-dev-voip-sip-sip_tcp_zadarma_5",
              "NodeGroup": "voip-sip",
              "Project": "bonz-dev",
              "Purpose": "sip-signaling"
            },
            "to_port": 5060
          },
          "sensitive_attributes": [],
          "dependencies": [
            "module.eks.aws_cloudwatch_log_group.this",
            "module.eks.aws_eks_cluster.this",
            "module.eks.aws_iam_policy.cni_ipv6_policy",
            "module.eks.aws_iam_role.eks_auto",
            "module.eks.aws_iam_role.this",
            "module.eks.aws_iam_role_policy_attachment.this",
            "module.eks.aws_security_group.cluster",
            "module.eks.aws_security_group.node",
            "module.eks.aws_security_group_rule.cluster",
            "module.eks.aws_security_group_rule.node",
            "module.eks.data.aws_caller_identity.current",
            "module.eks.data.aws_iam_policy_document.assume_role_policy",
            "module.eks.data.aws_iam_policy_document.cni_ipv6_policy",
            "module.eks.data.aws_iam_policy_document.node_assume_role_policy",
            "module.eks.data.aws_iam_session_context.current",
            "module.eks.data.aws_partition.current",
            "module.eks.module.kms.aws_kms_external_key.this",
            "module.eks.module.kms.aws_kms_key.this",
            "module.eks.module.kms.aws_kms_replica_external_key.this",
            "module.eks.module.kms.aws_kms_replica_key.this",
            "module.eks.module.kms.data.aws_caller_identity.current",
            "module.eks.module.kms.data.aws_iam_policy_document.this",
            "module.eks.module.kms.data.aws_partition.current",
            "module.eks.module.self_managed_node_group.aws_security_group.this",
            "module.eks.module.self_managed_node_group.data.aws_subnet.this",
            "module.eks.time_sleep.this"
          ]
        },
        {
          "index_key": "sip_tcp_zadarma_6",
          "schema_version": 0,
          "attributes": {
            "arn": "arn:aws:ec2:us-east-1:967985385347:security-group-rule/sgr-02878f076107dac61",
            "cidr_ipv4": "31.31.222.192/27",
            "cidr_ipv6": null,
            "description": "SIP TCP - Zadarma",
            "from_port": 5060,
            "id": "sgr-02878f076107dac61",
            "ip_protocol": "tcp",
            "prefix_list_id": null,
            "referenced_security_group_id": null,
            "region": "us-east-1",
            "security_group_id": "sg-0777b8a0e7f416c17",
            "security_group_rule_id": "sgr-02878f076107dac61",
            "tags": {
              "ClusterName": "bonz-dev",
              "Component": "jambonz-sbc-sip",
              "Environment": "dev",
              "ManagedBy": "terraform",
              "Name": "bonz-dev-voip-sip-sip_tcp_zadarma_6",
              "NodeGroup": "voip-sip",
              "Project": "bonz-dev",
              "Purpose": "sip-signaling"
            },
            "tags_all": {
              "ClusterName": "bonz-dev",
              "Component": "jambonz-sbc-sip",
              "Environment": "dev",
              "ManagedBy": "terraform",
              "Name": "bonz-dev-voip-sip-sip_tcp_zadarma_6",
              "NodeGroup": "voip-sip",
              "Project": "bonz-dev",
              "Purpose": "sip-signaling"
            },
            "to_port": 5060
          },
          "sensitive_attributes": [],
          "dependencies": [
            "module.eks.aws_cloudwatch_log_group.this",
            "module.eks.aws_eks_cluster.this",
            "module.eks.aws_iam_policy.cni_ipv6_policy",
            "module.eks.aws_iam_role.eks_auto",
            "module.eks.aws_iam_role.this",
            "module.eks.aws_iam_role_policy_attachment.this",
            "module.eks.aws_security_group.cluster",
            "module.eks.aws_security_group.node",
            "module.eks.aws_security_group_rule.cluster",
            "module.eks.aws_security_group_rule.node",
            "module.eks.data.aws_caller_identity.current",
            "module.eks.data.aws_iam_policy_document.assume_role_policy",
            "module.eks.data.aws_iam_policy_document.cni_ipv6_policy",
            "module.eks.data.aws_iam_policy_document.node_assume_role_policy",
            "module.eks.data.aws_iam_session_context.current",
            "module.eks.data.aws_partition.current",
            "module.eks.module.kms.aws_kms_external_key.this",
            "module.eks.module.kms.aws_kms_key.this",
            "module.eks.module.kms.aws_kms_replica_external_key.this",
            "module.eks.module.kms.aws_kms_replica_key.this",
            "module.eks.module.kms.data.aws_caller_identity.current",
            "module.eks.module.kms.data.aws_iam_policy_document.this",
            "module.eks.module.kms.data.aws_partition.current",
            "module.eks.module.self_managed_node_group.aws_security_group.this",
            "module.eks.module.self_managed_node_group.data.aws_subnet.this",
            "module.eks.time_sleep.this"
          ]
        },
        {
          "index_key": "sip_tcp_zadarma_7",
          "schema_version": 0,
          "attributes": {
            "arn": "arn:aws:ec2:us-east-1:967985385347:security-group-rule/sgr-017da9074b26537e7",
            "cidr_ipv4": "15.235.128.64/28",
            "cidr_ipv6": null,
            "description": "SIP TCP - Zadarma",
            "from_port": 5060,
            "id": "sgr-017da9074b26537e7",
            "ip_protocol": "tcp",
            "prefix_list_id": null,
            "referenced_security_group_id": null,
            "region": "us-east-1",
            "security_group_id": "sg-0777b8a0e7f416c17",
            "security_group_rule_id": "sgr-017da9074b26537e7",
            "tags": {
              "ClusterName": "bonz-dev",
              "Component": "jambonz-sbc-sip",
              "Environment": "dev",
              "ManagedBy": "terraform",
              "Name": "bonz-dev-voip-sip-sip_tcp_zadarma_7",
              "NodeGroup": "voip-sip",
              "Project": "bonz-dev",
              "Purpose": "sip-signaling"
            },
            "tags_all": {
              "ClusterName": "bonz-dev",
              "Component": "jambonz-sbc-sip",
              "Environment": "dev",
              "ManagedBy": "terraform",
              "Name": "bonz-dev-voip-sip-sip_tcp_zadarma_7",
              "NodeGroup": "voip-sip",
              "Project": "bonz-dev",
              "Purpose": "sip-signaling"
            },
            "to_port": 5060
          },
          "sensitive_attributes": [],
          "dependencies": [
            "module.eks.aws_cloudwatch_log_group.this",
            "module.eks.aws_eks_cluster.this",
            "module.eks.aws_iam_policy.cni_ipv6_policy",
            "module.eks.aws_iam_role.eks_auto",
            "module.eks.aws_iam_role.this",
            "module.eks.aws_iam_role_policy_attachment.this",
            "module.eks.aws_security_group.cluster",
            "module.eks.aws_security_group.node",
            "module.eks.aws_security_group_rule.cluster",
            "module.eks.aws_security_group_rule.node",
            "module.eks.data.aws_caller_identity.current",
            "module.eks.data.aws_iam_policy_document.assume_role_policy",
            "module.eks.data.aws_iam_policy_document.cni_ipv6_policy",
            "module.eks.data.aws_iam_policy_document.node_assume_role_policy",
            "module.eks.data.aws_iam_session_context.current",
            "module.eks.data.aws_partition.current",
            "module.eks.module.kms.aws_kms_external_key.this",
            "module.eks.module.kms.aws_kms_key.this",
            "module.eks.module.kms.aws_kms_replica_external_key.this",
            "module.eks.module.kms.aws_kms_replica_key.this",
            "module.eks.module.kms.data.aws_caller_identity.current",
            "module.eks.module.kms.data.aws_iam_policy_document.this",
            "module.eks.module.kms.data.aws_partition.current",
            "module.eks.module.self_managed_node_group.aws_security_group.this",
            "module.eks.module.self_managed_node_group.data.aws_subnet.this",
            "module.eks.time_sleep.this"
          ]
        },
        {
          "index_key": "sip_tls_zadarma_1",
          "schema_version": 0,
          "attributes": {
            "arn": "arn:aws:ec2:us-east-1:967985385347:security-group-rule/sgr-07331316a246183cc",
            "cidr_ipv4": "185.45.152.0/24",
            "cidr_ipv6": null,
            "description": "SIP TLS - Zadarma",
            "from_port": 5061,
            "id": "sgr-07331316a246183cc",
            "ip_protocol": "tcp",
            "prefix_list_id": null,
            "referenced_security_group_id": null,
            "region": "us-east-1",
            "security_group_id": "sg-0777b8a0e7f416c17",
            "security_group_rule_id": "sgr-07331316a246183cc",
            "tags": {
              "ClusterName": "bonz-dev",
              "Component": "jambonz-sbc-sip",
              "Environment": "dev",
              "ManagedBy": "terraform",
              "Name": "bonz-dev-voip-sip-sip_tls_zadarma_1",
              "NodeGroup": "voip-sip",
              "Project": "bonz-dev",
              "Purpose": "sip-signaling"
            },
            "tags_all": {
              "ClusterName": "bonz-dev",
              "Component": "jambonz-sbc-sip",
              "Environment": "dev",
              "ManagedBy": "terraform",
              "Name": "bonz-dev-voip-sip-sip_tls_zadarma_1",
              "NodeGroup": "voip-sip",
              "Project": "bonz-dev",
              "Purpose": "sip-signaling"
            },
            "to_port": 5061
          },
          "sensitive_attributes": [],
          "dependencies": [
            "module.eks.aws_cloudwatch_log_group.this",
            "module.eks.aws_eks_cluster.this",
            "module.eks.aws_iam_policy.cni_ipv6_policy",
            "module.eks.aws_iam_role.eks_auto",
            "module.eks.aws_iam_role.this",
            "module.eks.aws_iam_role_policy_attachment.this",
            "module.eks.aws_security_group.cluster",
            "module.eks.aws_security_group.node",
            "module.eks.aws_security_group_rule.cluster",
            "module.eks.aws_security_group_rule.node",
            "module.eks.data.aws_caller_identity.current",
            "module.eks.data.aws_iam_policy_document.assume_role_policy",
            "module.eks.data.aws_iam_policy_document.cni_ipv6_policy",
            "module.eks.data.aws_iam_policy_document.node_assume_role_policy",
            "module.eks.data.aws_iam_session_context.current",
            "module.eks.data.aws_partition.current",
            "module.eks.module.kms.aws_kms_external_key.this",
            "module.eks.module.kms.aws_kms_key.this",
            "module.eks.module.kms.aws_kms_replica_external_key.this",
            "module.eks.module.kms.aws_kms_replica_key.this",
            "module.eks.module.kms.data.aws_caller_identity.current",
            "module.eks.module.kms.data.aws_iam_policy_document.this",
            "module.eks.module.kms.data.aws_partition.current",
            "module.eks.module.self_managed_node_group.aws_security_group.this",
            "module.eks.module.self_managed_node_group.data.aws_subnet.this",
            "module.eks.time_sleep.this"
          ]
        },
        {
          "index_key": "sip_tls_zadarma_2",
          "schema_version": 0,
          "attributes": {
            "arn": "arn:aws:ec2:us-east-1:967985385347:security-group-rule/sgr-073f1fb4e74ed415c",
            "cidr_ipv4": "185.45.154.0/24",
            "cidr_ipv6": null,
            "description": "SIP TLS - Zadarma",
            "from_port": 5061,
            "id": "sgr-073f1fb4e74ed415c",
            "ip_protocol": "tcp",
            "prefix_list_id": null,
            "referenced_security_group_id": null,
            "region": "us-east-1",
            "security_group_id": "sg-0777b8a0e7f416c17",
            "security_group_rule_id": "sgr-073f1fb4e74ed415c",
            "tags": {
              "ClusterName": "bonz-dev",
              "Component": "jambonz-sbc-sip",
              "Environment": "dev",
              "ManagedBy": "terraform",
              "Name": "bonz-dev-voip-sip-sip_tls_zadarma_2",
              "NodeGroup": "voip-sip",
              "Project": "bonz-dev",
              "Purpose": "sip-signaling"
            },
            "tags_all": {
              "ClusterName": "bonz-dev",
              "Component": "jambonz-sbc-sip",
              "Environment": "dev",
              "ManagedBy": "terraform",
              "Name": "bonz-dev-voip-sip-sip_tls_zadarma_2",
              "NodeGroup": "voip-sip",
              "Project": "bonz-dev",
              "Purpose": "sip-signaling"
            },
            "to_port": 5061
          },
          "sensitive_attributes": [],
          "dependencies": [
            "module.eks.aws_cloudwatch_log_group.this",
            "module.eks.aws_eks_cluster.this",
            "module.eks.aws_iam_policy.cni_ipv6_policy",
            "module.eks.aws_iam_role.eks_auto",
            "module.eks.aws_iam_role.this",
            "module.eks.aws_iam_role_policy_attachment.this",
            "module.eks.aws_security_group.cluster",
            "module.eks.aws_security_group.node",
            "module.eks.aws_security_group_rule.cluster",
            "module.eks.aws_security_group_rule.node",
            "module.eks.data.aws_caller_identity.current",
            "module.eks.data.aws_iam_policy_document.assume_role_policy",
            "module.eks.data.aws_iam_policy_document.cni_ipv6_policy",
            "module.eks.data.aws_iam_policy_document.node_assume_role_policy",
            "module.eks.data.aws_iam_session_context.current",
            "module.eks.data.aws_partition.current",
            "module.eks.module.kms.aws_kms_external_key.this",
            "module.eks.module.kms.aws_kms_key.this",
            "module.eks.module.kms.aws_kms_replica_external_key.this",
            "module.eks.module.kms.aws_kms_replica_key.this",
            "module.eks.module.kms.data.aws_caller_identity.current",
            "module.eks.module.kms.data.aws_iam_policy_document.this",
            "module.eks.module.kms.data.aws_partition.current",
            "module.eks.module.self_managed_node_group.aws_security_group.this",
            "module.eks.module.self_managed_node_group.data.aws_subnet.this",
            "module.eks.time_sleep.this"
          ]
        },
        {
          "index_key": "sip_tls_zadarma_3",
          "schema_version": 0,
          "attributes": {
            "arn": "arn:aws:ec2:us-east-1:967985385347:security-group-rule/sgr-06b66e3ea62fa39b1",
            "cidr_ipv4": "185.45.155.0/24",
            "cidr_ipv6": null,
            "description": "SIP TLS - Zadarma",
            "from_port": 5061,
            "id": "sgr-06b66e3ea62fa39b1",
            "ip_protocol": "tcp",
            "prefix_list_id": null,
            "referenced_security_group_id": null,
            "region": "us-east-1",
            "security_group_id": "sg-0777b8a0e7f416c17",
            "security_group_rule_id": "sgr-06b66e3ea62fa39b1",
            "tags": {
              "ClusterName": "bonz-dev",
              "Component": "jambonz-sbc-sip",
              "Environment": "dev",
              "ManagedBy": "terraform",
              "Name": "bonz-dev-voip-sip-sip_tls_zadarma_3",
              "NodeGroup": "voip-sip",
              "Project": "bonz-dev",
              "Purpose": "sip-signaling"
            },
            "tags_all": {
              "ClusterName": "bonz-dev",
              "Component": "jambonz-sbc-sip",
              "Environment": "dev",
              "ManagedBy": "terraform",
              "Name": "bonz-dev-voip-sip-sip_tls_zadarma_3",
              "NodeGroup": "voip-sip",
              "Project": "bonz-dev",
              "Purpose": "sip-signaling"
            },
            "to_port": 5061
          },
          "sensitive_attributes": [],
          "dependencies": [
            "module.eks.aws_cloudwatch_log_group.this",
            "module.eks.aws_eks_cluster.this",
            "module.eks.aws_iam_policy.cni_ipv6_policy",
            "module.eks.aws_iam_role.eks_auto",
            "module.eks.aws_iam_role.this",
            "module.eks.aws_iam_role_policy_attachment.this",
            "module.eks.aws_security_group.cluster",
            "module.eks.aws_security_group.node",
            "module.eks.aws_security_group_rule.cluster",
            "module.eks.aws_security_group_rule.node",
            "module.eks.data.aws_caller_identity.current",
            "module.eks.data.aws_iam_policy_document.assume_role_policy",
            "module.eks.data.aws_iam_policy_document.cni_ipv6_policy",
            "module.eks.data.aws_iam_policy_document.node_assume_role_policy",
            "module.eks.data.aws_iam_session_context.current",
            "module.eks.data.aws_partition.current",
            "module.eks.module.kms.aws_kms_external_key.this",
            "module.eks.module.kms.aws_kms_key.this",
            "module.eks.module.kms.aws_kms_replica_external_key.this",
            "module.eks.module.kms.aws_kms_replica_key.this",
            "module.eks.module.kms.data.aws_caller_identity.current",
            "module.eks.module.kms.data.aws_iam_policy_document.this",
            "module.eks.module.kms.data.aws_partition.current",
            "module.eks.module.self_managed_node_group.aws_security_group.this",
            "module.eks.module.self_managed_node_group.data.aws_subnet.this",
            "module.eks.time_sleep.this"
          ]
        },
        {
          "index_key": "sip_tls_zadarma_4",
          "schema_version": 0,
          "attributes": {
            "arn": "arn:aws:ec2:us-east-1:967985385347:security-group-rule/sgr-07d200ce4592b7e0f",
            "cidr_ipv4": "195.122.19.0/27",
            "cidr_ipv6": null,
            "description": "SIP TLS - Zadarma",
            "from_port": 5061,
            "id": "sgr-07d200ce4592b7e0f",
            "ip_protocol": "tcp",
            "prefix_list_id": null,
            "referenced_security_group_id": null,
            "region": "us-east-1",
            "security_group_id": "sg-0777b8a0e7f416c17",
            "security_group_rule_id": "sgr-07d200ce4592b7e0f",
            "tags": {
              "ClusterName": "bonz-dev",
              "Component": "jambonz-sbc-sip",
              "Environment": "dev",
              "ManagedBy": "terraform",
              "Name": "bonz-dev-voip-sip-sip_tls_zadarma_4",
              "NodeGroup": "voip-sip",
              "Project": "bonz-dev",
              "Purpose": "sip-signaling"
            },
            "tags_all": {
              "ClusterName": "bonz-dev",
              "Component": "jambonz-sbc-sip",
              "Environment": "dev",
              "ManagedBy": "terraform",
              "Name": "bonz-dev-voip-sip-sip_tls_zadarma_4",
              "NodeGroup": "voip-sip",
              "Project": "bonz-dev",
              "Purpose": "sip-signaling"
            },
            "to_port": 5061
          },
          "sensitive_attributes": [],
          "dependencies": [
            "module.eks.aws_cloudwatch_log_group.this",
            "module.eks.aws_eks_cluster.this",
            "module.eks.aws_iam_policy.cni_ipv6_policy",
            "module.eks.aws_iam_role.eks_auto",
            "module.eks.aws_iam_role.this",
            "module.eks.aws_iam_role_policy_attachment.this",
            "module.eks.aws_security_group.cluster",
            "module.eks.aws_security_group.node",
            "module.eks.aws_security_group_rule.cluster",
            "module.eks.aws_security_group_rule.node",
            "module.eks.data.aws_caller_identity.current",
            "module.eks.data.aws_iam_policy_document.assume_role_policy",
            "module.eks.data.aws_iam_policy_document.cni_ipv6_policy",
            "module.eks.data.aws_iam_policy_document.node_assume_role_policy",
            "module.eks.data.aws_iam_session_context.current",
            "module.eks.data.aws_partition.current",
            "module.eks.module.kms.aws_kms_external_key.this",
            "module.eks.module.kms.aws_kms_key.this",
            "module.eks.module.kms.aws_kms_replica_external_key.this",
            "module.eks.module.kms.aws_kms_replica_key.this",
            "module.eks.module.kms.data.aws_caller_identity.current",
            "module.eks.module.kms.data.aws_iam_policy_document.this",
            "module.eks.module.kms.data.aws_partition.current",
            "module.eks.module.self_managed_node_group.aws_security_group.this",
            "module.eks.module.self_managed_node_group.data.aws_subnet.this",
            "module.eks.time_sleep.this"
          ]
        },
        {
          "index_key": "sip_tls_zadarma_5",
          "schema_version": 0,
          "attributes": {
            "arn": "arn:aws:ec2:us-east-1:967985385347:security-group-rule/sgr-03aa619b321f544f2",
            "cidr_ipv4": "103.109.103.64/28",
            "cidr_ipv6": null,
            "description": "SIP TLS - Zadarma",
            "from_port": 5061,
            "id": "sgr-03aa619b321f544f2",
            "ip_protocol": "tcp",
            "prefix_list_id": null,
            "referenced_security_group_id": null,
            "region": "us-east-1",
            "security_group_id": "sg-0777b8a0e7f416c17",
            "security_group_rule_id": "sgr-03aa619b321f544f2",
            "tags": {
              "ClusterName": "bonz-dev",
              "Component": "jambonz-sbc-sip",
              "Environment": "dev",
              "ManagedBy": "terraform",
              "Name": "bonz-dev-voip-sip-sip_tls_zadarma_5",
              "NodeGroup": "voip-sip",
              "Project": "bonz-dev",
              "Purpose": "sip-signaling"
            },
            "tags_all": {
              "ClusterName": "bonz-dev",
              "Component": "jambonz-sbc-sip",
              "Environment": "dev",
              "ManagedBy": "terraform",
              "Name": "bonz-dev-voip-sip-sip_tls_zadarma_5",
              "NodeGroup": "voip-sip",
              "Project": "bonz-dev",
              "Purpose": "sip-signaling"
            },
            "to_port": 5061
          },
          "sensitive_attributes": [],
          "dependencies": [
            "module.eks.aws_cloudwatch_log_group.this",
            "module.eks.aws_eks_cluster.this",
            "module.eks.aws_iam_policy.cni_ipv6_policy",
            "module.eks.aws_iam_role.eks_auto",
            "module.eks.aws_iam_role.this",
            "module.eks.aws_iam_role_policy_attachment.this",
            "module.eks.aws_security_group.cluster",
            "module.eks.aws_security_group.node",
            "module.eks.aws_security_group_rule.cluster",
            "module.eks.aws_security_group_rule.node",
            "module.eks.data.aws_caller_identity.current",
            "module.eks.data.aws_iam_policy_document.assume_role_policy",
            "module.eks.data.aws_iam_policy_document.cni_ipv6_policy",
            "module.eks.data.aws_iam_policy_document.node_assume_role_policy",
            "module.eks.data.aws_iam_session_context.current",
            "module.eks.data.aws_partition.current",
            "module.eks.module.kms.aws_kms_external_key.this",
            "module.eks.module.kms.aws_kms_key.this",
            "module.eks.module.kms.aws_kms_replica_external_key.this",
            "module.eks.module.kms.aws_kms_replica_key.this",
            "module.eks.module.kms.data.aws_caller_identity.current",
            "module.eks.module.kms.data.aws_iam_policy_document.this",
            "module.eks.module.kms.data.aws_partition.current",
            "module.eks.module.self_managed_node_group.aws_security_group.this",
            "module.eks.module.self_managed_node_group.data.aws_subnet.this",
            "module.eks.time_sleep.this"
          ]
        },
        {
          "index_key": "sip_tls_zadarma_6",
          "schema_version": 0,
          "attributes": {
            "arn": "arn:aws:ec2:us-east-1:967985385347:security-group-rule/sgr-073194d2cde443738",
            "cidr_ipv4": "31.31.222.192/27",
            "cidr_ipv6": null,
            "description": "SIP TLS - Zadarma",
            "from_port": 5061,
            "id": "sgr-073194d2cde443738",
            "ip_protocol": "tcp",
            "prefix_list_id": null,
            "referenced_security_group_id": null,
            "region": "us-east-1",
            "security_group_id": "sg-0777b8a0e7f416c17",
            "security_group_rule_id": "sgr-073194d2cde443738",
            "tags": {
              "ClusterName": "bonz-dev",
              "Component": "jambonz-sbc-sip",
              "Environment": "dev",
              "ManagedBy": "terraform",
              "Name": "bonz-dev-voip-sip-sip_tls_zadarma_6",
              "NodeGroup": "voip-sip",
              "Project": "bonz-dev",
              "Purpose": "sip-signaling"
            },
            "tags_all": {
              "ClusterName": "bonz-dev",
              "Component": "jambonz-sbc-sip",
              "Environment": "dev",
              "ManagedBy": "terraform",
              "Name": "bonz-dev-voip-sip-sip_tls_zadarma_6",
              "NodeGroup": "voip-sip",
              "Project": "bonz-dev",
              "Purpose": "sip-signaling"
            },
            "to_port": 5061
          },
          "sensitive_attributes": [],
          "dependencies": [
            "module.eks.aws_cloudwatch_log_group.this",
            "module.eks.aws_eks_cluster.this",
            "module.eks.aws_iam_policy.cni_ipv6_policy",
            "module.eks.aws_iam_role.eks_auto",
            "module.eks.aws_iam_role.this",
            "module.eks.aws_iam_role_policy_attachment.this",
            "module.eks.aws_security_group.cluster",
            "module.eks.aws_security_group.node",
            "module.eks.aws_security_group_rule.cluster",
            "module.eks.aws_security_group_rule.node",
            "module.eks.data.aws_caller_identity.current",
            "module.eks.data.aws_iam_policy_document.assume_role_policy",
            "module.eks.data.aws_iam_policy_document.cni_ipv6_policy",
            "module.eks.data.aws_iam_policy_document.node_assume_role_policy",
            "module.eks.data.aws_iam_session_context.current",
            "module.eks.data.aws_partition.current",
            "module.eks.module.kms.aws_kms_external_key.this",
            "module.eks.module.kms.aws_kms_key.this",
            "module.eks.module.kms.aws_kms_replica_external_key.this",
            "module.eks.module.kms.aws_kms_replica_key.this",
            "module.eks.module.kms.data.aws_caller_identity.current",
            "module.eks.module.kms.data.aws_iam_policy_document.this",
            "module.eks.module.kms.data.aws_partition.current",
            "module.eks.module.self_managed_node_group.aws_security_group.this",
            "module.eks.module.self_managed_node_group.data.aws_subnet.this",
            "module.eks.time_sleep.this"
          ]
        },
        {
          "index_key": "sip_tls_zadarma_7",
          "schema_version": 0,
          "attributes": {
            "arn": "arn:aws:ec2:us-east-1:967985385347:security-group-rule/sgr-003bceede9aac7b5f",
            "cidr_ipv4": "15.235.128.64/28",
            "cidr_ipv6": null,
            "description": "SIP TLS - Zadarma",
            "from_port": 5061,
            "id": "sgr-003bceede9aac7b5f",
            "ip_protocol": "tcp",
            "prefix_list_id": null,
            "referenced_security_group_id": null,
            "region": "us-east-1",
            "security_group_id": "sg-0777b8a0e7f416c17",
            "security_group_rule_id": "sgr-003bceede9aac7b5f",
            "tags": {
              "ClusterName": "bonz-dev",
              "Component": "jambonz-sbc-sip",
              "Environment": "dev",
              "ManagedBy": "terraform",
              "Name": "bonz-dev-voip-sip-sip_tls_zadarma_7",
              "NodeGroup": "voip-sip",
              "Project": "bonz-dev",
              "Purpose": "sip-signaling"
            },
            "tags_all": {
              "ClusterName": "bonz-dev",
              "Component": "jambonz-sbc-sip",
              "Environment": "dev",
              "ManagedBy": "terraform",
              "Name": "bonz-dev-voip-sip-sip_tls_zadarma_7",
              "NodeGroup": "voip-sip",
              "Project": "bonz-dev",
              "Purpose": "sip-signaling"
            },
            "to_port": 5061
          },
          "sensitive_attributes": [],
          "dependencies": [
            "module.eks.aws_cloudwatch_log_group.this",
            "module.eks.aws_eks_cluster.this",
            "module.eks.aws_iam_policy.cni_ipv6_policy",
            "module.eks.aws_iam_role.eks_auto",
            "module.eks.aws_iam_role.this",
            "module.eks.aws_iam_role_policy_attachment.this",
            "module.eks.aws_security_group.cluster",
            "module.eks.aws_security_group.node",
            "module.eks.aws_security_group_rule.cluster",
            "module.eks.aws_security_group_rule.node",
            "module.eks.data.aws_caller_identity.current",
            "module.eks.data.aws_iam_policy_document.assume_role_policy",
            "module.eks.data.aws_iam_policy_document.cni_ipv6_policy",
            "module.eks.data.aws_iam_policy_document.node_assume_role_policy",
            "module.eks.data.aws_iam_session_context.current",
            "module.eks.data.aws_partition.current",
            "module.eks.module.kms.aws_kms_external_key.this",
            "module.eks.module.kms.aws_kms_key.this",
            "module.eks.module.kms.aws_kms_replica_external_key.this",
            "module.eks.module.kms.aws_kms_replica_key.this",
            "module.eks.module.kms.data.aws_caller_identity.current",
            "module.eks.module.kms.data.aws_iam_policy_document.this",
            "module.eks.module.kms.data.aws_partition.current",
            "module.eks.module.self_managed_node_group.aws_security_group.this",
            "module.eks.module.self_managed_node_group.data.aws_subnet.this",
            "module.eks.time_sleep.this"
          ]
        },
        {
          "index_key": "sip_udp_zadarma_1",
          "schema_version": 0,
          "attributes": {
            "arn": "arn:aws:ec2:us-east-1:967985385347:security-group-rule/sgr-07f0877c7f6da04c9",
            "cidr_ipv4": "185.45.152.0/24",
            "cidr_ipv6": null,
            "description": "SIP UDP - Zadarma",
            "from_port": 5060,
            "id": "sgr-07f0877c7f6da04c9",
            "ip_protocol": "udp",
            "prefix_list_id": null,
            "referenced_security_group_id": null,
            "region": "us-east-1",
            "security_group_id": "sg-0777b8a0e7f416c17",
            "security_group_rule_id": "sgr-07f0877c7f6da04c9",
            "tags": {
              "ClusterName": "bonz-dev",
              "Component": "jambonz-sbc-sip",
              "Environment": "dev",
              "ManagedBy": "terraform",
              "Name": "bonz-dev-voip-sip-sip_udp_zadarma_1",
              "NodeGroup": "voip-sip",
              "Project": "bonz-dev",
              "Purpose": "sip-signaling"
            },
            "tags_all": {
              "ClusterName": "bonz-dev",
              "Component": "jambonz-sbc-sip",
              "Environment": "dev",
              "ManagedBy": "terraform",
              "Name": "bonz-dev-voip-sip-sip_udp_zadarma_1",
              "NodeGroup": "voip-sip",
              "Project": "bonz-dev",
              "Purpose": "sip-signaling"
            },
            "to_port": 5060
          },
          "sensitive_attributes": [],
          "dependencies": [
            "module.eks.aws_cloudwatch_log_group.this",
            "module.eks.aws_eks_cluster.this",
            "module.eks.aws_iam_policy.cni_ipv6_policy",
            "module.eks.aws_iam_role.eks_auto",
            "module.eks.aws_iam_role.this",
            "module.eks.aws_iam_role_policy_attachment.this",
            "module.eks.aws_security_group.cluster",
            "module.eks.aws_security_group.node",
            "module.eks.aws_security_group_rule.cluster",
            "module.eks.aws_security_group_rule.node",
            "module.eks.data.aws_caller_identity.current",
            "module.eks.data.aws_iam_policy_document.assume_role_policy",
            "module.eks.data.aws_iam_policy_document.cni_ipv6_policy",
            "module.eks.data.aws_iam_policy_document.node_assume_role_policy",
            "module.eks.data.aws_iam_session_context.current",
            "module.eks.data.aws_partition.current",
            "module.eks.module.kms.aws_kms_external_key.this",
            "module.eks.module.kms.aws_kms_key.this",
            "module.eks.module.kms.aws_kms_replica_external_key.this",
            "module.eks.module.kms.aws_kms_replica_key.this",
            "module.eks.module.kms.data.aws_caller_identity.current",
            "module.eks.module.kms.data.aws_iam_policy_document.this",
            "module.eks.module.kms.data.aws_partition.current",
            "module.eks.module.self_managed_node_group.aws_security_group.this",
            "module.eks.module.self_managed_node_group.data.aws_subnet.this",
            "module.eks.time_sleep.this"
          ]
        },
        {
          "index_key": "sip_udp_zadarma_2",
          "schema_version": 0,
          "attributes": {
            "arn": "arn:aws:ec2:us-east-1:967985385347:security-group-rule/sgr-05fcf429ff8b68d03",
            "cidr_ipv4": "185.45.154.0/24",
            "cidr_ipv6": null,
            "description": "SIP UDP - Zadarma",
            "from_port": 5060,
            "id": "sgr-05fcf429ff8b68d03",
            "ip_protocol": "udp",
            "prefix_list_id": null,
            "referenced_security_group_id": null,
            "region": "us-east-1",
            "security_group_id": "sg-0777b8a0e7f416c17",
            "security_group_rule_id": "sgr-05fcf429ff8b68d03",
            "tags": {
              "ClusterName": "bonz-dev",
              "Component": "jambonz-sbc-sip",
              "Environment": "dev",
              "ManagedBy": "terraform",
              "Name": "bonz-dev-voip-sip-sip_udp_zadarma_2",
              "NodeGroup": "voip-sip",
              "Project": "bonz-dev",
              "Purpose": "sip-signaling"
            },
            "tags_all": {
              "ClusterName": "bonz-dev",
              "Component": "jambonz-sbc-sip",
              "Environment": "dev",
              "ManagedBy": "terraform",
              "Name": "bonz-dev-voip-sip-sip_udp_zadarma_2",
              "NodeGroup": "voip-sip",
              "Project": "bonz-dev",
              "Purpose": "sip-signaling"
            },
            "to_port": 5060
          },
          "sensitive_attributes": [],
          "dependencies": [
            "module.eks.aws_cloudwatch_log_group.this",
            "module.eks.aws_eks_cluster.this",
            "module.eks.aws_iam_policy.cni_ipv6_policy",
            "module.eks.aws_iam_role.eks_auto",
            "module.eks.aws_iam_role.this",
            "module.eks.aws_iam_role_policy_attachment.this",
            "module.eks.aws_security_group.cluster",
            "module.eks.aws_security_group.node",
            "module.eks.aws_security_group_rule.cluster",
            "module.eks.aws_security_group_rule.node",
            "module.eks.data.aws_caller_identity.current",
            "module.eks.data.aws_iam_policy_document.assume_role_policy",
            "module.eks.data.aws_iam_policy_document.cni_ipv6_policy",
            "module.eks.data.aws_iam_policy_document.node_assume_role_policy",
            "module.eks.data.aws_iam_session_context.current",
            "module.eks.data.aws_partition.current",
            "module.eks.module.kms.aws_kms_external_key.this",
            "module.eks.module.kms.aws_kms_key.this",
            "module.eks.module.kms.aws_kms_replica_external_key.this",
            "module.eks.module.kms.aws_kms_replica_key.this",
            "module.eks.module.kms.data.aws_caller_identity.current",
            "module.eks.module.kms.data.aws_iam_policy_document.this",
            "module.eks.module.kms.data.aws_partition.current",
            "module.eks.module.self_managed_node_group.aws_security_group.this",
            "module.eks.module.self_managed_node_group.data.aws_subnet.this",
            "module.eks.time_sleep.this"
          ]
        },
        {
          "index_key": "sip_udp_zadarma_3",
          "schema_version": 0,
          "attributes": {
            "arn": "arn:aws:ec2:us-east-1:967985385347:security-group-rule/sgr-0230d6d984a85effd",
            "cidr_ipv4": "185.45.155.0/24",
            "cidr_ipv6": null,
            "description": "SIP UDP - Zadarma",
            "from_port": 5060,
            "id": "sgr-0230d6d984a85effd",
            "ip_protocol": "udp",
            "prefix_list_id": null,
            "referenced_security_group_id": null,
            "region": "us-east-1",
            "security_group_id": "sg-0777b8a0e7f416c17",
            "security_group_rule_id": "sgr-0230d6d984a85effd",
            "tags": {
              "ClusterName": "bonz-dev",
              "Component": "jambonz-sbc-sip",
              "Environment": "dev",
              "ManagedBy": "terraform",
              "Name": "bonz-dev-voip-sip-sip_udp_zadarma_3",
              "NodeGroup": "voip-sip",
              "Project": "bonz-dev",
              "Purpose": "sip-signaling"
            },
            "tags_all": {
              "ClusterName": "bonz-dev",
              "Component": "jambonz-sbc-sip",
              "Environment": "dev",
              "ManagedBy": "terraform",
              "Name": "bonz-dev-voip-sip-sip_udp_zadarma_3",
              "NodeGroup": "voip-sip",
              "Project": "bonz-dev",
              "Purpose": "sip-signaling"
            },
            "to_port": 5060
          },
          "sensitive_attributes": [],
          "dependencies": [
            "module.eks.aws_cloudwatch_log_group.this",
            "module.eks.aws_eks_cluster.this",
            "module.eks.aws_iam_policy.cni_ipv6_policy",
            "module.eks.aws_iam_role.eks_auto",
            "module.eks.aws_iam_role.this",
            "module.eks.aws_iam_role_policy_attachment.this",
            "module.eks.aws_security_group.cluster",
            "module.eks.aws_security_group.node",
            "module.eks.aws_security_group_rule.cluster",
            "module.eks.aws_security_group_rule.node",
            "module.eks.data.aws_caller_identity.current",
            "module.eks.data.aws_iam_policy_document.assume_role_policy",
            "module.eks.data.aws_iam_policy_document.cni_ipv6_policy",
            "module.eks.data.aws_iam_policy_document.node_assume_role_policy",
            "module.eks.data.aws_iam_session_context.current",
            "module.eks.data.aws_partition.current",
            "module.eks.module.kms.aws_kms_external_key.this",
            "module.eks.module.kms.aws_kms_key.this",
            "module.eks.module.kms.aws_kms_replica_external_key.this",
            "module.eks.module.kms.aws_kms_replica_key.this",
            "module.eks.module.kms.data.aws_caller_identity.current",
            "module.eks.module.kms.data.aws_iam_policy_document.this",
            "module.eks.module.kms.data.aws_partition.current",
            "module.eks.module.self_managed_node_group.aws_security_group.this",
            "module.eks.module.self_managed_node_group.data.aws_subnet.this",
            "module.eks.time_sleep.this"
          ]
        },
        {
          "index_key": "sip_udp_zadarma_4",
          "schema_version": 0,
          "attributes": {
            "arn": "arn:aws:ec2:us-east-1:967985385347:security-group-rule/sgr-0b12e694deea0623d",
            "cidr_ipv4": "195.122.19.0/27",
            "cidr_ipv6": null,
            "description": "SIP UDP - Zadarma",
            "from_port": 5060,
            "id": "sgr-0b12e694deea0623d",
            "ip_protocol": "udp",
            "prefix_list_id": null,
            "referenced_security_group_id": null,
            "region": "us-east-1",
            "security_group_id": "sg-0777b8a0e7f416c17",
            "security_group_rule_id": "sgr-0b12e694deea0623d",
            "tags": {
              "ClusterName": "bonz-dev",
              "Component": "jambonz-sbc-sip",
              "Environment": "dev",
              "ManagedBy": "terraform",
              "Name": "bonz-dev-voip-sip-sip_udp_zadarma_4",
              "NodeGroup": "voip-sip",
              "Project": "bonz-dev",
              "Purpose": "sip-signaling"
            },
            "tags_all": {
              "ClusterName": "bonz-dev",
              "Component": "jambonz-sbc-sip",
              "Environment": "dev",
              "ManagedBy": "terraform",
              "Name": "bonz-dev-voip-sip-sip_udp_zadarma_4",
              "NodeGroup": "voip-sip",
              "Project": "bonz-dev",
              "Purpose": "sip-signaling"
            },
            "to_port": 5060
          },
          "sensitive_attributes": [],
          "dependencies": [
            "module.eks.aws_cloudwatch_log_group.this",
            "module.eks.aws_eks_cluster.this",
            "module.eks.aws_iam_policy.cni_ipv6_policy",
            "module.eks.aws_iam_role.eks_auto",
            "module.eks.aws_iam_role.this",
            "module.eks.aws_iam_role_policy_attachment.this",
            "module.eks.aws_security_group.cluster",
            "module.eks.aws_security_group.node",
            "module.eks.aws_security_group_rule.cluster",
            "module.eks.aws_security_group_rule.node",
            "module.eks.data.aws_caller_identity.current",
            "module.eks.data.aws_iam_policy_document.assume_role_policy",
            "module.eks.data.aws_iam_policy_document.cni_ipv6_policy",
            "module.eks.data.aws_iam_policy_document.node_assume_role_policy",
            "module.eks.data.aws_iam_session_context.current",
            "module.eks.data.aws_partition.current",
            "module.eks.module.kms.aws_kms_external_key.this",
            "module.eks.module.kms.aws_kms_key.this",
            "module.eks.module.kms.aws_kms_replica_external_key.this",
            "module.eks.module.kms.aws_kms_replica_key.this",
            "module.eks.module.kms.data.aws_caller_identity.current",
            "module.eks.module.kms.data.aws_iam_policy_document.this",
            "module.eks.module.kms.data.aws_partition.current",
            "module.eks.module.self_managed_node_group.aws_security_group.this",
            "module.eks.module.self_managed_node_group.data.aws_subnet.this",
            "module.eks.time_sleep.this"
          ]
        },
        {
          "index_key": "sip_udp_zadarma_5",
          "schema_version": 0,
          "attributes": {
            "arn": "arn:aws:ec2:us-east-1:967985385347:security-group-rule/sgr-0d2b6ce1ea0e3a5d0",
            "cidr_ipv4": "103.109.103.64/28",
            "cidr_ipv6": null,
            "description": "SIP UDP - Zadarma",
            "from_port": 5060,
            "id": "sgr-0d2b6ce1ea0e3a5d0",
            "ip_protocol": "udp",
            "prefix_list_id": null,
            "referenced_security_group_id": null,
            "region": "us-east-1",
            "security_group_id": "sg-0777b8a0e7f416c17",
            "security_group_rule_id": "sgr-0d2b6ce1ea0e3a5d0",
            "tags": {
              "ClusterName": "bonz-dev",
              "Component": "jambonz-sbc-sip",
              "Environment": "dev",
              "ManagedBy": "terraform",
              "Name": "bonz-dev-voip-sip-sip_udp_zadarma_5",
              "NodeGroup": "voip-sip",
              "Project": "bonz-dev",
              "Purpose": "sip-signaling"
            },
            "tags_all": {
              "ClusterName": "bonz-dev",
              "Component": "jambonz-sbc-sip",
              "Environment": "dev",
              "ManagedBy": "terraform",
              "Name": "bonz-dev-voip-sip-sip_udp_zadarma_5",
              "NodeGroup": "voip-sip",
              "Project": "bonz-dev",
              "Purpose": "sip-signaling"
            },
            "to_port": 5060
          },
          "sensitive_attributes": [],
          "dependencies": [
            "module.eks.aws_cloudwatch_log_group.this",
            "module.eks.aws_eks_cluster.this",
            "module.eks.aws_iam_policy.cni_ipv6_policy",
            "module.eks.aws_iam_role.eks_auto",
            "module.eks.aws_iam_role.this",
            "module.eks.aws_iam_role_policy_attachment.this",
            "module.eks.aws_security_group.cluster",
            "module.eks.aws_security_group.node",
            "module.eks.aws_security_group_rule.cluster",
            "module.eks.aws_security_group_rule.node",
            "module.eks.data.aws_caller_identity.current",
            "module.eks.data.aws_iam_policy_document.assume_role_policy",
            "module.eks.data.aws_iam_policy_document.cni_ipv6_policy",
            "module.eks.data.aws_iam_policy_document.node_assume_role_policy",
            "module.eks.data.aws_iam_session_context.current",
            "module.eks.data.aws_partition.current",
            "module.eks.module.kms.aws_kms_external_key.this",
            "module.eks.module.kms.aws_kms_key.this",
            "module.eks.module.kms.aws_kms_replica_external_key.this",
            "module.eks.module.kms.aws_kms_replica_key.this",
            "module.eks.module.kms.data.aws_caller_identity.current",
            "module.eks.module.kms.data.aws_iam_policy_document.this",
            "module.eks.module.kms.data.aws_partition.current",
            "module.eks.module.self_managed_node_group.aws_security_group.this",
            "module.eks.module.self_managed_node_group.data.aws_subnet.this",
            "module.eks.time_sleep.this"
          ]
        },
        {
          "index_key": "sip_udp_zadarma_6",
          "schema_version": 0,
          "attributes": {
            "arn": "arn:aws:ec2:us-east-1:967985385347:security-group-rule/sgr-0a3fb2d84798e4697",
            "cidr_ipv4": "31.31.222.192/27",
            "cidr_ipv6": null,
            "description": "SIP UDP - Zadarma",
            "from_port": 5060,
            "id": "sgr-0a3fb2d84798e4697",
            "ip_protocol": "udp",
            "prefix_list_id": null,
            "referenced_security_group_id": null,
            "region": "us-east-1",
            "security_group_id": "sg-0777b8a0e7f416c17",
            "security_group_rule_id": "sgr-0a3fb2d84798e4697",
            "tags": {
              "ClusterName": "bonz-dev",
              "Component": "jambonz-sbc-sip",
              "Environment": "dev",
              "ManagedBy": "terraform",
              "Name": "bonz-dev-voip-sip-sip_udp_zadarma_6",
              "NodeGroup": "voip-sip",
              "Project": "bonz-dev",
              "Purpose": "sip-signaling"
            },
            "tags_all": {
              "ClusterName": "bonz-dev",
              "Component": "jambonz-sbc-sip",
              "Environment": "dev",
              "ManagedBy": "terraform",
              "Name": "bonz-dev-voip-sip-sip_udp_zadarma_6",
              "NodeGroup": "voip-sip",
              "Project": "bonz-dev",
              "Purpose": "sip-signaling"
            },
            "to_port": 5060
          },
          "sensitive_attributes": [],
          "dependencies": [
            "module.eks.aws_cloudwatch_log_group.this",
            "module.eks.aws_eks_cluster.this",
            "module.eks.aws_iam_policy.cni_ipv6_policy",
            "module.eks.aws_iam_role.eks_auto",
            "module.eks.aws_iam_role.this",
            "module.eks.aws_iam_role_policy_attachment.this",
            "module.eks.aws_security_group.cluster",
            "module.eks.aws_security_group.node",
            "module.eks.aws_security_group_rule.cluster",
            "module.eks.aws_security_group_rule.node",
            "module.eks.data.aws_caller_identity.current",
            "module.eks.data.aws_iam_policy_document.assume_role_policy",
            "module.eks.data.aws_iam_policy_document.cni_ipv6_policy",
            "module.eks.data.aws_iam_policy_document.node_assume_role_policy",
            "module.eks.data.aws_iam_session_context.current",
            "module.eks.data.aws_partition.current",
            "module.eks.module.kms.aws_kms_external_key.this",
            "module.eks.module.kms.aws_kms_key.this",
            "module.eks.module.kms.aws_kms_replica_external_key.this",
            "module.eks.module.kms.aws_kms_replica_key.this",
            "module.eks.module.kms.data.aws_caller_identity.current",
            "module.eks.module.kms.data.aws_iam_policy_document.this",
            "module.eks.module.kms.data.aws_partition.current",
            "module.eks.module.self_managed_node_group.aws_security_group.this",
            "module.eks.module.self_managed_node_group.data.aws_subnet.this",
            "module.eks.time_sleep.this"
          ]
        },
        {
          "index_key": "sip_udp_zadarma_7",
          "schema_version": 0,
          "attributes": {
            "arn": "arn:aws:ec2:us-east-1:967985385347:security-group-rule/sgr-0082d83dd95073f22",
            "cidr_ipv4": "15.235.128.64/28",
            "cidr_ipv6": null,
            "description": "SIP UDP - Zadarma",
            "from_port": 5060,
            "id": "sgr-0082d83dd95073f22",
            "ip_protocol": "udp",
            "prefix_list_id": null,
            "referenced_security_group_id": null,
            "region": "us-east-1",
            "security_group_id": "sg-0777b8a0e7f416c17",
            "security_group_rule_id": "sgr-0082d83dd95073f22",
            "tags": {
              "ClusterName": "bonz-dev",
              "Component": "jambonz-sbc-sip",
              "Environment": "dev",
              "ManagedBy": "terraform",
              "Name": "bonz-dev-voip-sip-sip_udp_zadarma_7",
              "NodeGroup": "voip-sip",
              "Project": "bonz-dev",
              "Purpose": "sip-signaling"
            },
            "tags_all": {
              "ClusterName": "bonz-dev",
              "Component": "jambonz-sbc-sip",
              "Environment": "dev",
              "ManagedBy": "terraform",
              "Name": "bonz-dev-voip-sip-sip_udp_zadarma_7",
              "NodeGroup": "voip-sip",
              "Project": "bonz-dev",
              "Purpose": "sip-signaling"
            },
            "to_port": 5060
          },
          "sensitive_attributes": [],
          "dependencies": [
            "module.eks.aws_cloudwatch_log_group.this",
            "module.eks.aws_eks_cluster.this",
            "module.eks.aws_iam_policy.cni_ipv6_policy",
            "module.eks.aws_iam_role.eks_auto",
            "module.eks.aws_iam_role.this",
            "module.eks.aws_iam_role_policy_attachment.this",
            "module.eks.aws_security_group.cluster",
            "module.eks.aws_security_group.node",
            "module.eks.aws_security_group_rule.cluster",
            "module.eks.aws_security_group_rule.node",
            "module.eks.data.aws_caller_identity.current",
            "module.eks.data.aws_iam_policy_document.assume_role_policy",
            "module.eks.data.aws_iam_policy_document.cni_ipv6_policy",
            "module.eks.data.aws_iam_policy_document.node_assume_role_policy",
            "module.eks.data.aws_iam_session_context.current",
            "module.eks.data.aws_partition.current",
            "module.eks.module.kms.aws_kms_external_key.this",
            "module.eks.module.kms.aws_kms_key.this",
            "module.eks.module.kms.aws_kms_replica_external_key.this",
            "module.eks.module.kms.aws_kms_replica_key.this",
            "module.eks.module.kms.data.aws_caller_identity.current",
            "module.eks.module.kms.data.aws_iam_policy_document.this",
            "module.eks.module.kms.data.aws_partition.current",
            "module.eks.module.self_managed_node_group.aws_security_group.this",
            "module.eks.module.self_managed_node_group.data.aws_subnet.this",
            "module.eks.time_sleep.this"
          ]
        }
      ]
    },
    {
      "module": "module.eks.module.self_managed_node_group[\"voip-sip\"].module.user_data",
      "mode": "data",
      "type": "cloudinit_config",
      "name": "al2023_eks_managed_node_group",
      "provider": "provider[\"registry.terraform.io/hashicorp/cloudinit\"]",
      "instances": [
        {
          "index_key": 0,
          "schema_version": 0,
          "attributes": {
            "base64_encode": true,
            "boundary": "MIMEBOUNDARY",
            "gzip": false,
            "id": "844602379",
            "part": [
              {
                "content": "---\napiVersion: node.eks.aws/v1alpha1\nkind: NodeConfig\nspec:\n  kubelet:\n    flags:\n      - --node-labels=voip-environment=sip,workload=voip-edge,network=public\n    config:\n      registerWithTaints:\n        - key: voip-environment\n          value: sip\n          effect: NoSchedule\n",
                "content_type": "application/node.eks.aws",
                "filename": null,
                "merge_type": null
              },
              {
                "content": "---\napiVersion: node.eks.aws/v1alpha1\nkind: NodeConfig\nspec:\n  cluster:\n    name: bonz-dev\n    apiServerEndpoint: https://7B4EE0A7F1738B0BD41BDC24718AA11F.gr7.us-east-1.eks.amazonaws.com\n    certificateAuthority: LS0tLS1CRUdJTiBDRVJUSUZJQ0FURS0tLS0tCk1JSURCVENDQWUyZ0F3SUJBZ0lJVC94bllCcVFpUkV3RFFZSktvWklodmNOQVFFTEJRQXdGVEVUTUJFR0ExVUUKQXhNS2EzVmlaWEp1WlhSbGN6QWVGdzB5TmpBeE1UZ3hOalEzTlRCYUZ3MHpOakF4TVRZeE5qVXlOVEJhTUJVeApFekFSQmdOVkJBTVRDbXQxWW1WeWJtVjBaWE13Z2dFaU1BMEdDU3FHU0liM0RRRUJBUVVBQTRJQkR3QXdnZ0VLCkFvSUJBUUNxczh3V3ArTlowOGpQcGM0UHBXTUIrbEtYT3p0NUJwYTFTZHA4aUhkZUdUeGQ3Mm5ETVRqMnloMmgKdHc5Tkw4MkZJYm9FeXFBU0hvMjROUENkUW55OUJrdHVtb0c2YlBGa2drdGUvSXdTN1B1THVtam82N0FXN2FZNwoyajJXbEFiY1ZMeHFRYnQwRmU0ejl1WUdLa2hkZk95MnhmeXlBVzlFVWJIT2phUjRsMytqb1ZpRVUwTnpJR0pzCkp0VEZaZVEwaForK3FVNkYyanNZZGJxMXJyOExuR2xoWU9WRlJudVRLc1BDZE1JNXoySGk3ZC85bWRVdjJqbnoKNDZBVVJqOFp3R3VJN1RsWkZLS3BKOGRZUG1LNzBFbWRBKzBEMy9VWVZNN0l6YjBrdkI5OS9Fa01OYVVkdC9GcwpEeFljYUlVUWc3SXVDaGcyWGtlNTdNYlh2cGZiQWdNQkFBR2pXVEJYTUE0R0ExVWREd0VCL3dRRUF3SUNwREFQCkJnTlZIUk1CQWY4RUJUQURBUUgvTUIwR0ExVWREZ1FXQkJUdURqd3hCM2psUFFJVU5pMFQ4ZmZhWWVWcGNqQVYKQmdOVkhSRUVEakFNZ2dwcmRXSmxjbTVsZEdWek1BMEdDU3FHU0liM0RRRUJDd1VBQTRJQkFRQTdTTkJCTG5qdgp4NUlocUhrOEZ0SFlSaTIvL2Y3SzdPS1RXOVE1bUkwc2UvbW91bm1pOEZJbkRDYUVBcXc0b0dzT204RmVKRTlVCnVXWVV2cUFQdVh3N3A5bHpmYXpTVGpKY3QzclpUL3QwVHhpYnpvOUd3ZnYxZnhDQllVTkRmZSsrbExBMUxDWHQKRUNPTDNZNEU3blNnKzg0YWhqWVhSbEhTUmEyK2tmZzBzdVRRdWwxZXI5WkZEVEVITFp1WUYvdHVQSnNVNnh5RQp3OUdUdjFwdjFpMWtmaTFOakhSMXMySXRWcTJvQlFEOGVESWdXL0tUMXFLQmRlcFJpc0dGQ0dRbk03N0R5VUZmCjQwTzZjM2xoa0IxNU5Qc280ZTl2NFVKQjVPaU5EQTFaSk5XMklVbUtTLzNwMlJSeklhbGVGU1M3Y1VwS1JIYncKOGlBTThxVWc0Y1JECi0tLS0tRU5EIENFUlRJRklDQVRFLS0tLS0K\n    cidr: 10.100.0.0/16\n",
                "content_type": "application/node.eks.aws",
                "filename": null,
                "merge_type": null
              }
            ],
            "rendered": "Q29udGVudC1UeXBlOiBtdWx0aXBhcnQvbWl4ZWQ7IGJvdW5kYXJ5PSJNSU1FQk9VTkRBUlkiCk1JTUUtVmVyc2lvbjogMS4wDQoNCi0tTUlNRUJPVU5EQVJZDQpDb250ZW50LVRyYW5zZmVyLUVuY29kaW5nOiA3Yml0DQpDb250ZW50LVR5cGU6IGFwcGxpY2F0aW9uL25vZGUuZWtzLmF3cw0KTWltZS1WZXJzaW9uOiAxLjANCg0KLS0tCmFwaVZlcnNpb246IG5vZGUuZWtzLmF3cy92MWFscGhhMQpraW5kOiBOb2RlQ29uZmlnCnNwZWM6CiAga3ViZWxldDoKICAgIGZsYWdzOgogICAgICAtIC0tbm9kZS1sYWJlbHM9dm9pcC1lbnZpcm9ubWVudD1zaXAsd29ya2xvYWQ9dm9pcC1lZGdlLG5ldHdvcms9cHVibGljCiAgICBjb25maWc6CiAgICAgIHJlZ2lzdGVyV2l0aFRhaW50czoKICAgICAgICAtIGtleTogdm9pcC1lbnZpcm9ubWVudAogICAgICAgICAgdmFsdWU6IHNpcAogICAgICAgICAgZWZmZWN0OiBOb1NjaGVkdWxlCg0KLS1NSU1FQk9VTkRBUlkNCkNvbnRlbnQtVHJhbnNmZXItRW5jb2Rpbmc6IDdiaXQNCkNvbnRlbnQtVHlwZTogYXBwbGljYXRpb24vbm9kZS5la3MuYXdzDQpNaW1lLVZlcnNpb246IDEuMA0KDQotLS0KYXBpVmVyc2lvbjogbm9kZS5la3MuYXdzL3YxYWxwaGExCmtpbmQ6IE5vZGVDb25maWcKc3BlYzoKICBjbHVzdGVyOgogICAgbmFtZTogYm9uei1kZXYKICAgIGFwaVNlcnZlckVuZHBvaW50OiBodHRwczovLzdCNEVFMEE3RjE3MzhCMEJENDFCREMyNDcxOEFBMTFGLmdyNy51cy1lYXN0LTEuZWtzLmFtYXpvbmF3cy5jb20KICAgIGNlcnRpZmljYXRlQXV0aG9yaXR5OiBMUzB0TFMxQ1JVZEpUaUJEUlZKVVNVWkpRMEZVUlMwdExTMHRDazFKU1VSQ1ZFTkRRV1V5WjBGM1NVSkJaMGxKVkM5NGJsbENjVkZwVWtWM1JGRlpTa3R2V2tsb2RtTk9RVkZGVEVKUlFYZEdWRVZVVFVKRlIwRXhWVVVLUVhoTlMyRXpWbWxhV0VwMVdsaFNiR042UVdWR2R6QjVUbXBCZUUxVVozaE9hbEV6VGxSQ1lVWjNNSHBPYWtGNFRWUlplRTVxVlhsT1ZFSmhUVUpWZUFwRmVrRlNRbWRPVmtKQlRWUkRiWFF4V1cxV2VXSnRWakJhV0UxM1oyZEZhVTFCTUVkRFUzRkhVMGxpTTBSUlJVSkJVVlZCUVRSSlFrUjNRWGRuWjBWTENrRnZTVUpCVVVOeGN6aDNWM0FyVGxvd09HcFFjR00wVUhCWFRVSXJiRXRZVDNwME5VSndZVEZUWkhBNGFVaGtaVWRVZUdRM01tNUVUVlJxTW5sb01tZ0tkSGM1VGt3NE1rWkpZbTlGZVhGQlUwaHZNalJPVUVOa1VXNTVPVUpyZEhWdGIwYzJZbEJHYTJkcmRHVXZTWGRUTjFCMVRIVnRhbTgyTjBGWE4yRlpOd295YWpKWGJFRmlZMVpNZUhGUlluUXdSbVUwZWpsMVdVZExhMmhrWms5NU1uaG1lWGxCVnpsRlZXSklUMnBoVWpSc015dHFiMVpwUlZVd1RucEpSMHB6Q2twMFZFWmFaVkV3YUZvckszRlZOa1l5YW5OWlpHSnhNWEp5T0V4dVIyeG9XVTlXUmxKdWRWUkxjMUJEWkUxSk5Yb3lTR2szWkM4NWJXUlZkakpxYm5vS05EWkJWVkpxT0ZwM1IzVkpOMVJzV2taTFMzQktPR1JaVUcxTE56QkZiV1JCS3pCRU15OVZXVlpOTjBsNllqQnJka0k1T1M5RmEwMU9ZVlZrZEM5R2N3cEVlRmxqWVVsVlVXYzNTWFZEYUdjeVdHdGxOVGROWWxoMmNHWmlRV2ROUWtGQlIycFhWRUpZVFVFMFIwRXhWV1JFZDBWQ0wzZFJSVUYzU1VOd1JFRlFDa0puVGxaSVVrMUNRV1k0UlVKVVFVUkJVVWd2VFVJd1IwRXhWV1JFWjFGWFFrSlVkVVJxZDNoQ00ycHNVRkZKVlU1cE1GUTRabVpoV1dWV2NHTnFRVllLUW1kT1ZraFNSVVZFYWtGTloyZHdjbVJYU214amJUVnNaRWRXZWsxQk1FZERVM0ZIVTBsaU0wUlJSVUpEZDFWQlFUUkpRa0ZSUVRkVFRrSkNURzVxZGdwNE5VbG9jVWhyT0VaMFNGbFNhVEl2TDJZM1N6ZFBTMVJYT1ZFMWJVa3djMlV2Ylc5MWJtMXBPRVpKYmtSRFlVVkJjWGMwYjBkelQyMDRSbVZLUlRsVkNuVlhXVlYyY1VGUWRWaDNOM0E1YkhwbVlYcFRWR3BLWTNRemNscFVMM1F3VkhocFlucHZPVWQzWm5ZeFpuaERRbGxWVGtSbVpTc3JiRXhCTVV4RFdIUUtSVU5QVEROWk5FVTNibE5uS3pnMFlXaHFXVmhTYkVoVFVtRXlLMnRtWnpCemRWUlJkV3d4WlhJNVdrWkVWRVZJVEZwMVdVWXZkSFZRU25OVk5uaDVSUXAzT1VkVWRqRndkakZwTVd0bWFURk9ha2hTTVhNeVNYUldjVEp2UWxGRU9HVkVTV2RYTDB0VU1YRkxRbVJsY0ZKcGMwZEdRMGRSYmswM04wUjVWVVptQ2pRd1R6WmpNMnhvYTBJeE5VNVFjMjgwWlRsMk5GVktRalZQYVU1RVFURmFTazVYTWtsVmJVdFRMek53TWxKU2VrbGhiR1ZHVTFNM1kxVndTMUpJWW5jS09HbEJUVGh4VldjMFkxSkVDaTB0TFMwdFJVNUVJRU5GVWxSSlJrbERRVlJGTFMwdExTMEsKICAgIGNpZHI6IDEwLjEwMC4wLjAvMTYKDQotLU1JTUVCT1VOREFSWS0tDQo="
          },
          "sensitive_attributes": []
        }
      ]
    },
    {
      "module": "module.eks.module.self_managed_node_group[\"voip-sip\"].module.user_data",
      "mode": "managed",
      "type": "null_resource",
      "name": "validate_cluster_service_cidr",
      "provider": "provider[\"registry.terraform.io/hashicorp/null\"]",
      "instances": [
        {
          "schema_version": 0,
          "attributes": {
            "id": "6137794619980936562",
            "triggers": null
          },
          "sensitive_attributes": [],
          "dependencies": [
            "module.eks.aws_cloudwatch_log_group.this",
            "module.eks.aws_eks_cluster.this",
            "module.eks.aws_iam_policy.cni_ipv6_policy",
            "module.eks.aws_iam_role.eks_auto",
            "module.eks.aws_iam_role.this",
            "module.eks.aws_iam_role_policy_attachment.this",
            "module.eks.aws_security_group.cluster",
            "module.eks.aws_security_group.node",
            "module.eks.aws_security_group_rule.cluster",
            "module.eks.aws_security_group_rule.node",
            "module.eks.data.aws_caller_identity.current",
            "module.eks.data.aws_iam_policy_document.assume_role_policy",
            "module.eks.data.aws_iam_policy_document.cni_ipv6_policy",
            "module.eks.data.aws_iam_policy_document.node_assume_role_policy",
            "module.eks.data.aws_iam_session_context.current",
            "module.eks.data.aws_partition.current",
            "module.eks.module.kms.aws_kms_external_key.this",
            "module.eks.module.kms.aws_kms_key.this",
            "module.eks.module.kms.aws_kms_replica_external_key.this",
            "module.eks.module.kms.aws_kms_replica_key.this",
            "module.eks.module.kms.data.aws_caller_identity.current",
            "module.eks.module.kms.data.aws_iam_policy_document.this",
            "module.eks.module.kms.data.aws_partition.current",
            "module.eks.time_sleep.this"
          ]
        }
      ]
    }
  ],
  "check_results": [
    {
      "object_kind": "resource",
      "config_addr": "module.eks.module.eks_managed_node_group.module.user_data.null_resource.validate_cluster_service_cidr",
      "status": "pass",
      "objects": null
    },
    {
      "object_kind": "resource",
      "config_addr": "module.eks.module.self_managed_node_group.module.user_data.null_resource.validate_cluster_service_cidr",
      "status": "pass",
      "objects": [
        {
          "object_addr": "module.eks.module.self_managed_node_group[\"voip-rtp\"].module.user_data.null_resource.validate_cluster_service_cidr",
          "status": "pass"
        },
        {
          "object_addr": "module.eks.module.self_managed_node_group[\"voip-sip\"].module.user_data.null_resource.validate_cluster_service_cidr",
          "status": "pass"
        },
        {
          "object_addr": "module.eks.module.self_managed_node_group[\"general\"].module.user_data.null_resource.validate_cluster_service_cidr",
          "status": "pass"
        },
        {
          "object_addr": "module.eks.module.self_managed_node_group[\"infra\"].module.user_data.null_resource.validate_cluster_service_cidr",
          "status": "pass"
        }
      ]
    }
  ]
}
